{"format_version":"1.0","provider_schemas":{"registry.terraform.io/stackitcloud/stackit":{"provider":{"version":0,"block":{"attributes":{"alb_certificates_custom_endpoint":{"type":"string","description":"Custom endpoint for the Application Load Balancer TLS Certificate service","description_kind":"plain","optional":true},"alb_custom_endpoint":{"type":"string","description":"Custom endpoint for the Application Load Balancer service","description_kind":"plain","optional":true},"authorization_custom_endpoint":{"type":"string","description":"Custom endpoint for the Membership service","description_kind":"plain","optional":true},"cdn_custom_endpoint":{"type":"string","description":"Custom endpoint for the CDN service","description_kind":"plain","optional":true},"credentials_path":{"type":"string","description":"Path of JSON from where the credentials are read. Takes precedence over the env var `STACKIT_CREDENTIALS_PATH`. Default value is `~/.stackit/credentials.json`.","description_kind":"plain","optional":true},"default_region":{"type":"string","description":"Region will be used as the default location for regional services. Not all services require a region, some are global","description_kind":"plain","optional":true},"dns_custom_endpoint":{"type":"string","description":"Custom endpoint for the DNS service","description_kind":"plain","optional":true},"edgecloud_custom_endpoint":{"type":"string","description":"Custom endpoint for the Edge Cloud service","description_kind":"plain","optional":true},"enable_beta_resources":{"type":"bool","description":"Enable beta resources. Default is false.","description_kind":"plain","optional":true},"experiments":{"type":["list","string"],"description":"Enables experiments. These are unstable features without official support. More information can be found in the README. Available Experiments: iam, routing-tables, network","description_kind":"plain","optional":true},"git_custom_endpoint":{"type":"string","description":"Custom endpoint for the Git service","description_kind":"plain","optional":true},"iaas_custom_endpoint":{"type":"string","description":"Custom endpoint for the IaaS service","description_kind":"plain","optional":true},"intake_custom_endpoint":{"type":"string","description":"Custom endpoint for the Intake service","description_kind":"plain","optional":true},"kms_custom_endpoint":{"type":"string","description":"Custom endpoint for the KMS service","description_kind":"plain","optional":true},"loadbalancer_custom_endpoint":{"type":"string","description":"Custom endpoint for the Load Balancer service","description_kind":"plain","optional":true},"logme_custom_endpoint":{"type":"string","description":"Custom endpoint for the LogMe service","description_kind":"plain","optional":true},"logs_custom_endpoint":{"type":"string","description":"Custom endpoint for the Logs service","description_kind":"plain","optional":true},"mariadb_custom_endpoint":{"type":"string","description":"Custom endpoint for the MariaDB service","description_kind":"plain","optional":true},"modelserving_custom_endpoint":{"type":"string","description":"Custom endpoint for the AI Model Serving service","description_kind":"plain","optional":true},"mongodbflex_custom_endpoint":{"type":"string","description":"Custom endpoint for the MongoDB Flex service","description_kind":"plain","optional":true},"objectstorage_custom_endpoint":{"type":"string","description":"Custom endpoint for the Object Storage service","description_kind":"plain","optional":true},"observability_custom_endpoint":{"type":"string","description":"Custom endpoint for the Observability service","description_kind":"plain","optional":true},"oidc_request_token":{"type":"string","description":"The bearer token for the request to the OIDC provider. For use when authenticating as a Service Account using OpenID Connect.","description_kind":"plain","optional":true},"oidc_request_url":{"type":"string","description":"The URL for the OIDC provider from which to request an ID token. For use when authenticating as a Service Account using OpenID Connect.","description_kind":"plain","optional":true},"opensearch_custom_endpoint":{"type":"string","description":"Custom endpoint for the OpenSearch service","description_kind":"plain","optional":true},"postgresflex_custom_endpoint":{"type":"string","description":"Custom endpoint for the PostgresFlex service","description_kind":"plain","optional":true},"private_key":{"type":"string","description":"Private RSA key used for authentication, relevant for the key flow. It takes precedence over the private key that is included in the service account key.","description_kind":"plain","optional":true},"private_key_path":{"type":"string","description":"Path for the private RSA key used for authentication, relevant for the key flow. It takes precedence over the private key that is included in the service account key.","description_kind":"plain","optional":true},"rabbitmq_custom_endpoint":{"type":"string","description":"Custom endpoint for the RabbitMQ service","description_kind":"plain","optional":true},"redis_custom_endpoint":{"type":"string","description":"Custom endpoint for the Redis service","description_kind":"plain","optional":true},"region":{"type":"string","description":"Region will be used as the default location for regional services. Not all services require a region, some are global","description_kind":"plain","deprecated":true,"optional":true},"resourcemanager_custom_endpoint":{"type":"string","description":"Custom endpoint for the Resource Manager service","description_kind":"plain","optional":true},"scf_custom_endpoint":{"type":"string","description":"Custom endpoint for the Cloud Foundry (SCF) service","description_kind":"plain","optional":true},"secretsmanager_custom_endpoint":{"type":"string","description":"Custom endpoint for the Secrets Manager service","description_kind":"plain","optional":true},"server_backup_custom_endpoint":{"type":"string","description":"Custom endpoint for the Server Backup service","description_kind":"plain","optional":true},"server_update_custom_endpoint":{"type":"string","description":"Custom endpoint for the Server Update service","description_kind":"plain","optional":true},"service_account_custom_endpoint":{"type":"string","description":"Custom endpoint for the Service Account service","description_kind":"plain","optional":true},"service_account_email":{"type":"string","description":"Service account email. It can also be set using the environment variable STACKIT_SERVICE_ACCOUNT_EMAIL. It is required if you want to use the resource manager project resource. This value is required using OpenID Connect authentication.","description_kind":"plain","optional":true},"service_account_federated_token":{"type":"string","description":"The OIDC ID token for use when authenticating as a Service Account using OpenID Connect.","description_kind":"plain","optional":true},"service_account_federated_token_path":{"type":"string","description":"Path for workload identity assertion. It can also be set using the environment variable STACKIT_FEDERATED_TOKEN_FILE.","description_kind":"plain","optional":true},"service_account_key":{"type":"string","description":"Service account key used for authentication. If set, the key flow will be used to authenticate all operations.","description_kind":"plain","optional":true},"service_account_key_path":{"type":"string","description":"Path for the service account key used for authentication. If set, the key flow will be used to authenticate all operations.","description_kind":"plain","optional":true},"service_account_token":{"type":"string","description":"Token used for authentication. If set, the token flow will be used to authenticate all operations.","description_kind":"plain","deprecated":true,"optional":true},"service_enablement_custom_endpoint":{"type":"string","description":"Custom endpoint for the Service Enablement API","description_kind":"plain","optional":true},"sfs_custom_endpoint":{"type":"string","description":"Custom endpoint for the Stackit Filestorage API","description_kind":"plain","optional":true},"ske_custom_endpoint":{"type":"string","description":"Custom endpoint for the Kubernetes Engine (SKE) service","description_kind":"plain","optional":true},"sqlserverflex_custom_endpoint":{"type":"string","description":"Custom endpoint for the SQL Server Flex service","description_kind":"plain","optional":true},"token_custom_endpoint":{"type":"string","description":"Custom endpoint for the token API, which is used to request access tokens when using the key flow","description_kind":"plain","optional":true},"use_oidc":{"type":"bool","description":"Enables OIDC for Authentication. This can also be sourced from the `STACKIT_USE_OIDC` Environment Variable. Defaults to `false`.","description_kind":"plain","optional":true}},"description_kind":"plain"}},"resource_schemas":{"stackit_affinity_group":{"version":0,"block":{"attributes":{"affinity_group_id":{"type":"string","description":"The affinity group ID.","description_kind":"plain","computed":true},"id":{"type":"string","description":"Terraform's internal resource identifier. It is structured as \"`project_id`,`region`,`affinity_group_id`\".","description_kind":"plain","computed":true},"members":{"type":["list","string"],"description":"The servers that are part of the affinity group.","description_kind":"plain","computed":true},"name":{"type":"string","description":"The name of the affinity group.","description_kind":"plain","required":true},"policy":{"type":"string","description":"The policy of the affinity group.","description_kind":"plain","required":true},"project_id":{"type":"string","description":"STACKIT Project ID to which the affinity group is associated.","description_kind":"plain","required":true},"region":{"type":"string","description":"The resource region. If not defined, the provider region is used.","description_kind":"plain","optional":true,"computed":true}},"description":"Affinity Group schema.\n\n\n\n### Usage with server\n```terraform\nresource \"stackit_affinity_group\" \"affinity-group\" {\n  project_id = \"xxxxxxxx-xxxx-xxxx-xxxx-xxxxxxxxxxxx\"\n  name       = \"example-key-pair\"\n  policy     = \"soft-affinity\"\n}\n\nresource \"stackit_server\" \"example-server\" {\n  project_id = \"xxxxxxxx-xxxx-xxxx-xxxx-xxxxxxxxxxxx\"\n  name       = \"example-server\"\n  boot_volume = {\n    size        = 64\n    source_type = \"image\"\n    source_id   = \"xxxxxxxx-xxxx-xxxx-xxxx-xxxxxxxxxxxx\"\n  }\n  affinity_group    = stackit_affinity_group.affinity-group.affinity_group_id\n  availability_zone = \"eu01-1\"\n  machine_type      = \"g2i.1\"\n}\n\n```\n\n### Policies\n\n* `hard-affinity`- All servers launched in this group will be hosted on the same compute node.\n\n* `hard-anti-affinity`- All servers launched in this group will be\n    hosted on different compute nodes.\n\n* `soft-affinity`- All servers launched in this group will be hosted\n    on the same compute node if possible, but if not possible they still will be scheduled instead of failure.\n\n* `soft-anti-affinity`- All servers launched in this group will be hosted on different compute nodes if possible,\n\tbut if not possible they still will be scheduled instead of failure.\n","description_kind":"markdown"}},"stackit_alb_certificate":{"version":0,"block":{"attributes":{"cert_id":{"type":"string","description":"The ID of the certificate.","description_kind":"plain","computed":true},"id":{"type":"string","description":"Terraform's internal resource ID. It is structured as \"`project_id`,`region`,`cert_id`\".","description_kind":"plain","computed":true},"name":{"type":"string","description":"Certificate name.","description_kind":"plain","required":true},"private_key":{"type":"string","description":"The PEM encoded private key part","description_kind":"plain","required":true,"sensitive":true},"project_id":{"type":"string","description":"STACKIT project ID to which the certificate is associated.","description_kind":"plain","required":true},"public_key":{"type":"string","description":"The PEM encoded public key part","description_kind":"plain","required":true},"region":{"type":"string","description":"The resource region (e.g. eu01). If not defined, the provider region is used.","description_kind":"plain","optional":true,"computed":true}},"description":"\n## Setting up supporting infrastructure\n\n\nThe example below creates the supporting infrastructure using the STACKIT Terraform provider, including the automatic creation of a TLS certificate resource.\n","description_kind":"markdown"}},"stackit_application_load_balancer":{"version":0,"block":{"attributes":{"disable_target_security_group_assignment":{"type":"bool","description":"Disable target security group assignemt to allow targets outside of the given network. Connectivity to targets need to be ensured by the customer, including routing and Security Groups (targetSecurityGroup can be assigned). Not changeable after creation.","description_kind":"plain","optional":true,"computed":true},"errors":{"nested_type":{"attributes":{"description":{"type":"string","description":"The error description contains additional helpful user information to fix the error state of the Application Load Balancer. For example the IP 45.135.247.139 does not exist in the project, then the description will report: Floating IP \"45.135.247.139\" could not be found.","description_kind":"plain","computed":true},"type":{"type":"string","description":"The error type specifies which part of the Application Load Balancer encountered the error. I.e. the API will not check if a provided public IP is actually available in the project. Instead the Application Load Balancer with try to use the provided IP and if not available reports TYPE_FIP_NOT_CONFIGURED error. Possible values are: `TYPE_UNSPECIFIED`, `TYPE_INTERNAL`, `TYPE_QUOTA_SECGROUP_EXCEEDED`, `TYPE_QUOTA_SECGROUPRULE_EXCEEDED`, `TYPE_PORT_NOT_CONFIGURED`, `TYPE_FIP_NOT_CONFIGURED`, `TYPE_TARGET_NOT_ACTIVE`, `TYPE_METRICS_MISCONFIGURED`, `TYPE_LOGS_MISCONFIGURED`.","description_kind":"plain","computed":true}},"nesting_mode":"set"},"description":"Reports all errors a Application Load Balancer has.","description_kind":"plain","computed":true},"external_address":{"type":"string","description":"The external IP address where this Application Load Balancer is exposed. Not changeable after creation.","description_kind":"plain","optional":true,"computed":true},"id":{"type":"string","description":"Terraform's internal resource ID. It is structured as `project_id`,`region`,`name`.","description_kind":"plain","computed":true},"labels":{"type":["map","string"],"description":"Labels represent user-defined metadata as key-value pairs. Label count cannot exceed 64 per ALB.","description_kind":"plain","optional":true},"listeners":{"nested_type":{"attributes":{"http":{"nested_type":{"attributes":{"hosts":{"nested_type":{"attributes":{"host":{"type":"string","description":"Hostname to match. Supports wildcards (e.g. *.example.com).","description_kind":"plain","required":true},"rules":{"nested_type":{"attributes":{"cookie_persistence":{"nested_type":{"attributes":{"name":{"type":"string","description":"The name of the cookie to use.","description_kind":"plain","required":true},"ttl":{"type":"string","description":"TTL specifies the time-to-live for the cookie. The default value is 0s, and it acts as a session cookie, expiring when the client session ends.","description_kind":"plain","required":true}},"nesting_mode":"single"},"description":"Routing persistence via cookies.","description_kind":"plain","optional":true},"headers":{"nested_type":{"attributes":{"exact_match":{"type":"string","description":"Exact match for the header value.","description_kind":"plain","optional":true},"name":{"type":"string","description":"Header name.","description_kind":"plain","required":true}},"nesting_mode":"set"},"description":"Headers for the rule.","description_kind":"plain","optional":true},"path":{"nested_type":{"attributes":{"exact_match":{"type":"string","description":"Exact path match. Only a request path exactly equal to the value will match, e.g. '/foo' matches only '/foo', not '/foo/bar' or '/foobar'.","description_kind":"plain","optional":true},"prefix":{"type":"string","description":"Prefix path match. Only matches on full segment boundaries, e.g. '/foo' matches '/foo' and '/foo/bar' but NOT '/foobar'.","description_kind":"plain","optional":true}},"nesting_mode":"single"},"description":"Routing via path.","description_kind":"plain","optional":true},"query_parameters":{"nested_type":{"attributes":{"exact_match":{"type":"string","description":"Exact match for the query parameters value.","description_kind":"plain","optional":true},"name":{"type":"string","description":"Query parameter name.","description_kind":"plain","required":true}},"nesting_mode":"set"},"description":"Query parameters for the rule.","description_kind":"plain","optional":true},"target_pool":{"type":"string","description":"Reference target pool by target pool name.","description_kind":"plain","required":true},"web_socket":{"type":"bool","description":"If enabled, when client sends an HTTP request with and Upgrade header, indicating the desire to establish a Websocket connection, if backend server supports WebSocket, it responds with HTTP 101 status code, switching protocols from HTTP to WebSocket. Hence the client and the server can exchange data in real-time using one long-lived TCP connection.","description_kind":"plain","optional":true,"computed":true}},"nesting_mode":"list"},"description":"Routing rules under the specified host, matched by path prefix.","description_kind":"plain","required":true}},"nesting_mode":"list"},"description":"Defines routing rules grouped by hostname.","description_kind":"plain","required":true}},"nesting_mode":"single"},"description":"Configuration for HTTP traffic.","description_kind":"plain","required":true},"https":{"nested_type":{"attributes":{"certificate_config":{"nested_type":{"attributes":{"certificate_ids":{"type":["set","string"],"description":"Certificate IDs for TLS termination.","description_kind":"plain","required":true}},"nesting_mode":"single"},"description":"TLS termination certificate configuration.","description_kind":"plain","required":true}},"nesting_mode":"single"},"description":"Configuration for handling HTTPS traffic on this listener.","description_kind":"plain","optional":true},"name":{"type":"string","description":"Unique name for the listener","description_kind":"plain","required":true},"port":{"type":"number","description":"Port number on which the listener receives incoming traffic.","description_kind":"plain","required":true},"protocol":{"type":"string","description":"Protocol is the highest network protocol we understand to load balance. Possible values are: `PROTOCOL_UNSPECIFIED`, `PROTOCOL_HTTP`, `PROTOCOL_HTTPS`.","description_kind":"plain","required":true},"waf_config_name":{"type":"string","description":"Enable Web Application Firewall (WAF), referenced by name. See \"Application Load Balancer - Web Application Firewall API\" for more information.","description_kind":"plain","optional":true}},"nesting_mode":"list"},"description":"List of all listeners which will accept traffic. Limited to 20.","description_kind":"plain","required":true},"load_balancer_security_group":{"nested_type":{"attributes":{"id":{"type":"string","description":"ID of the security Group","description_kind":"plain","computed":true},"name":{"type":"string","description":"Name of the security Group","description_kind":"plain","computed":true}},"nesting_mode":"single"},"description":"Security Group permitting network traffic from the LoadBalancer to the targets. Useful when disableTargetSecurityGroupAssignment=true to manually assign target security groups to targets.","description_kind":"plain","computed":true},"name":{"type":"string","description":"Application Load balancer name.","description_kind":"plain","required":true},"networks":{"nested_type":{"attributes":{"network_id":{"type":"string","description":"STACKIT network ID the Application Load Balancer and/or targets are in.","description_kind":"plain","required":true},"role":{"type":"string","description":"The role defines how the Application Load Balancer is using the network. Possible values are: `ROLE_UNSPECIFIED`, `ROLE_LISTENERS_AND_TARGETS`, `ROLE_LISTENERS`, `ROLE_TARGETS`.","description_kind":"plain","required":true}},"nesting_mode":"set"},"description":"List of networks that listeners and targets reside in.","description_kind":"plain","required":true},"options":{"nested_type":{"attributes":{"access_control":{"nested_type":{"attributes":{"allowed_source_ranges":{"type":["set","string"],"description":"Application Load Balancer is accessible only from an IP address in this range.","description_kind":"plain","required":true}},"nesting_mode":"single"},"description":"Use this option to limit the IP ranges that can use the Application Load Balancer.","description_kind":"plain","optional":true},"ephemeral_address":{"type":"bool","description":"This option automates the handling of the external IP address for an Application Load Balancer. If set to true a new IP address will be automatically created. It will also be automatically deleted when the Load Balancer is deleted.","description_kind":"plain","optional":true,"computed":true},"observability":{"nested_type":{"attributes":{"logs":{"nested_type":{"attributes":{"credentials_ref":{"type":"string","description":"Credentials reference for logging. This reference is created via the observability create endpoint and the credential needs to contain the basic auth username and password for the logging solution the push URL points to. Then this enables monitoring via remote write for the Application Load Balancer.","description_kind":"plain","required":true},"push_url":{"type":"string","description":"Credentials reference for logging. This reference is created via the observability create endpoint and the credential needs to contain the basic auth username and password for the logging solution the push URL points to. Then this enables monitoring via remote write for the Application Load Balancer.","description_kind":"plain","required":true}},"nesting_mode":"single"},"description":"Observability logs configuration.","description_kind":"plain","optional":true},"metrics":{"nested_type":{"attributes":{"credentials_ref":{"type":"string","description":"Credentials reference for metrics. This reference is created via the observability create endpoint and the credential needs to contain the basic auth username and password for the metrics solution the push URL points to. Then this enables monitoring via remote write for the Application Load Balancer.","description_kind":"plain","required":true},"push_url":{"type":"string","description":"Credentials reference for metrics. This reference is created via the observability create endpoint and the credential needs to contain the basic auth username and password for the metrics solution the push URL points to. Then this enables monitoring via remote write for the Application Load Balancer.","description_kind":"plain","required":true}},"nesting_mode":"single"},"description":"Observability metrics configuration.","description_kind":"plain","optional":true}},"nesting_mode":"single"},"description":"We offer Load Balancer observability via STACKIT Observability or external solutions.","description_kind":"plain","optional":true},"private_network_only":{"type":"bool","description":"Application Load Balancer is accessible only via a private network ip address. Not changeable after creation.","description_kind":"plain","optional":true,"computed":true}},"nesting_mode":"single"},"description":"Defines any optional functionality you want to have enabled on your Application Load Balancer.","description_kind":"plain","optional":true},"plan_id":{"type":"string","description":"Service Plan configures the size of the Application Load Balancer e.g. 'p10'. See available plans via STACKIT CLI 'stackit beta alb plans' or API https://docs.api.stackit.cloud/documentation/alb/version/v2#tag/Project/operation/APIService_ListPlans","description_kind":"plain","required":true},"private_address":{"type":"string","description_kind":"plain","computed":true},"project_id":{"type":"string","description":"STACKIT project ID to which the Application Load Balancer is associated.","description_kind":"plain","required":true},"region":{"type":"string","description":"The resource region (e.g. eu01). If not defined, the provider region is used.","description_kind":"plain","optional":true,"computed":true},"target_pools":{"nested_type":{"attributes":{"active_health_check":{"nested_type":{"attributes":{"healthy_threshold":{"type":"number","description":"Healthy threshold of the health checking.","description_kind":"plain","required":true},"http_health_checks":{"nested_type":{"attributes":{"ok_status":{"type":["set","string"],"description":"List of HTTP status codes that indicate a healthy response.","description_kind":"plain","required":true},"path":{"type":"string","description":"Path to send the health check request to.","description_kind":"plain","required":true}},"nesting_mode":"single"},"description":"Options for the HTTP health checking.","description_kind":"plain","optional":true},"interval":{"type":"string","description":"Interval duration of health checking in seconds.","description_kind":"plain","required":true},"interval_jitter":{"type":"string","description":"Interval duration threshold of the health checking in seconds.","description_kind":"plain","required":true},"timeout":{"type":"string","description":"Active health checking timeout duration in seconds.","description_kind":"plain","required":true},"unhealthy_threshold":{"type":"number","description":"Unhealthy threshold of the health checking.","description_kind":"plain","required":true}},"nesting_mode":"single"},"description_kind":"plain","optional":true},"name":{"type":"string","description":"Target pool name.","description_kind":"plain","required":true},"target_port":{"type":"number","description":"The number identifying the port where each target listens for traffic.","description_kind":"plain","required":true},"targets":{"nested_type":{"attributes":{"display_name":{"type":"string","description":"Target display name","description_kind":"plain","optional":true},"ip":{"type":"string","description":"Private target IP, which must by unique within a target pool.","description_kind":"plain","required":true}},"nesting_mode":"set"},"description":"List of all targets which will be used in the pool. Limited to 250.","description_kind":"plain","required":true},"tls_config":{"nested_type":{"attributes":{"custom_ca":{"type":"string","description":"Specifies a custom Certificate Authority (CA). When provided, the target pool will trust certificates signed by this CA, in addition to any system-trusted CAs. This is useful for scenarios where the target pool needs to communicate with servers using self-signed or internally-issued certificates. Enabled needs to be set to true and skip validation to false for this option.","description_kind":"plain","optional":true},"enabled":{"type":"bool","description":"Enable TLS (Transport Layer Security) bridging for the connection between Application Load Balancer and targets in this pool. When enabled, public CAs are trusted. Can be used in tandem with the options either custom CA or skip validation or alone.","description_kind":"plain","optional":true,"computed":true},"skip_certificate_validation":{"type":"bool","description":"Bypass certificate validation for TLS bridging in this target pool. This option is insecure and can only be used with public CAs by setting enabled true. Meant to be used for testing purposes only!","description_kind":"plain","optional":true,"computed":true}},"nesting_mode":"single"},"description":"Configuration for TLS bridging.","description_kind":"plain","optional":true}},"nesting_mode":"list"},"description":"List of all target pools which will be used in the Application Load Balancer. Limited to 20.","description_kind":"plain","required":true},"target_security_group":{"nested_type":{"attributes":{"id":{"type":"string","description":"ID of the security Group","description_kind":"plain","computed":true},"name":{"type":"string","description":"Name of the security Group","description_kind":"plain","computed":true}},"nesting_mode":"single"},"description":"Security Group that allows the targets to receive traffic from the LoadBalancer. Useful when disableTargetSecurityGroupAssignment=true to manually assign target security groups to targets.","description_kind":"plain","computed":true},"version":{"type":"string","description":"Application Load Balancer resource version. Used for concurrency safe updates.","description_kind":"plain","computed":true}},"description":"\n## Setting up supporting infrastructure\n\n\nThe example below creates the supporting infrastructure using the STACKIT Terraform provider, including the network, network interface, a public IP address and server resources.\n","description_kind":"markdown"}},"stackit_authorization_folder_custom_role":{"version":0,"block":{"attributes":{"description":{"type":"string","description":"A human readable description of the role.","description_kind":"plain","required":true},"id":{"type":"string","description":"Terraform's internal resource identifier. It is structured as \"[resource_id],[role_id]\".","description_kind":"plain","computed":true},"name":{"type":"string","description":"Name of the role","description_kind":"plain","required":true},"permissions":{"type":["list","string"],"description":"Permissions for the role","description_kind":"plain","required":true},"resource_id":{"type":"string","description":"Resource to add the custom role to.","description_kind":"plain","required":true},"role_id":{"type":"string","description":"The ID of the role.","description_kind":"plain","computed":true}},"description":"Custom Role resource schema.","description_kind":"plain"}},"stackit_authorization_folder_role_assignment":{"version":0,"block":{"attributes":{"id":{"type":"string","description":"Terraform's internal resource identifier. It is structured as \"`resource_id`,`role`,`subject`\".","description_kind":"plain","computed":true},"resource_id":{"type":"string","description":"Folder Resource to assign the role to.","description_kind":"plain","required":true},"role":{"type":"string","description":"Role to be assigned. Available roles can be queried using stackit-cli: `stackit curl https://authorization.api.stackit.cloud/v2/permissions`","description_kind":"plain","required":true},"subject":{"type":"string","description":"Identifier of user, service account or client. Usually email address or name in case of clients. All letters must be lowercased.","description_kind":"plain","required":true}},"description":"Folder Role Assignment resource schema.\n\n~\u003e This resource is part of the iam experiment and is likely going to undergo significant changes or be removed in the future. Use it at your own discretion.","description_kind":"plain"}},"stackit_authorization_organization_custom_role":{"version":0,"block":{"attributes":{"description":{"type":"string","description":"A human readable description of the role.","description_kind":"plain","required":true},"id":{"type":"string","description":"Terraform's internal resource identifier. It is structured as \"[resource_id],[role_id]\".","description_kind":"plain","computed":true},"name":{"type":"string","description":"Name of the role","description_kind":"plain","required":true},"permissions":{"type":["list","string"],"description":"Permissions for the role","description_kind":"plain","required":true},"resource_id":{"type":"string","description":"Resource to add the custom role to.","description_kind":"plain","required":true},"role_id":{"type":"string","description":"The ID of the role.","description_kind":"plain","computed":true}},"description":"Custom Role resource schema.","description_kind":"plain"}},"stackit_authorization_organization_role_assignment":{"version":0,"block":{"attributes":{"id":{"type":"string","description":"Terraform's internal resource identifier. It is structured as \"`resource_id`,`role`,`subject`\".","description_kind":"plain","computed":true},"resource_id":{"type":"string","description":"Organization Resource to assign the role to.","description_kind":"plain","required":true},"role":{"type":"string","description":"Role to be assigned. Available roles can be queried using stackit-cli: `stackit curl https://authorization.api.stackit.cloud/v2/permissions`","description_kind":"plain","required":true},"subject":{"type":"string","description":"Identifier of user, service account or client. Usually email address or name in case of clients. All letters must be lowercased.","description_kind":"plain","required":true}},"description":"Organization Role Assignment resource schema.\n\n~\u003e This resource is part of the iam experiment and is likely going to undergo significant changes or be removed in the future. Use it at your own discretion.","description_kind":"plain"}},"stackit_authorization_project_custom_role":{"version":0,"block":{"attributes":{"description":{"type":"string","description":"A human readable description of the role.","description_kind":"plain","required":true},"id":{"type":"string","description":"Terraform's internal resource identifier. It is structured as \"[resource_id],[role_id]\".","description_kind":"plain","computed":true},"name":{"type":"string","description":"Name of the role","description_kind":"plain","required":true},"permissions":{"type":["list","string"],"description":"Permissions for the role","description_kind":"plain","required":true},"resource_id":{"type":"string","description":"Resource to add the custom role to.","description_kind":"plain","required":true},"role_id":{"type":"string","description":"The ID of the role.","description_kind":"plain","computed":true}},"description":"Custom Role resource schema.","description_kind":"plain"}},"stackit_authorization_project_role_assignment":{"version":0,"block":{"attributes":{"id":{"type":"string","description":"Terraform's internal resource identifier. It is structured as \"`resource_id`,`role`,`subject`\".","description_kind":"plain","computed":true},"resource_id":{"type":"string","description":"Project Resource to assign the role to.","description_kind":"plain","required":true},"role":{"type":"string","description":"Role to be assigned. Available roles can be queried using stackit-cli: `stackit curl https://authorization.api.stackit.cloud/v2/permissions`","description_kind":"plain","required":true},"subject":{"type":"string","description":"Identifier of user, service account or client. Usually email address or name in case of clients. All letters must be lowercased.","description_kind":"plain","required":true}},"description":"Project Role Assignment resource schema.\n\n~\u003e This resource is part of the iam experiment and is likely going to undergo significant changes or be removed in the future. Use it at your own discretion.","description_kind":"plain"}},"stackit_authorization_service_account_role_assignment":{"version":0,"block":{"attributes":{"id":{"type":"string","description":"Terraform's internal resource identifier. It is structured as \"`resource_id`,`role`,`subject`\".","description_kind":"plain","computed":true},"resource_id":{"type":"string","description":"Service-account Resource to assign the role to.","description_kind":"plain","required":true},"role":{"type":"string","description":"Role to be assigned. Available roles can be queried using stackit-cli: `stackit curl https://authorization.api.stackit.cloud/v2/permissions`","description_kind":"plain","required":true},"subject":{"type":"string","description":"Identifier of user, service account or client. Usually email address or name in case of clients. All letters must be lowercased.","description_kind":"plain","required":true}},"description":"Service-account Role Assignment resource schema.\n\n~\u003e **Important:** Use this resource to grant 'Act-As' permissions. This allows a service-account (the `subject`) to impersonate the target Service Account. A common example is authorizing the SKE Service Account to act as a project-specific Service Account to access APIs.\n\n~\u003e This resource is part of the iam experiment and is likely going to undergo significant changes or be removed in the future. Use it at your own discretion.","description_kind":"plain"}},"stackit_cdn_custom_domain":{"version":0,"block":{"attributes":{"certificate":{"nested_type":{"attributes":{"certificate":{"type":"string","description":"The PEM-encoded TLS certificate. Required for custom certificates.","description_kind":"plain","optional":true,"sensitive":true},"private_key":{"type":"string","description":"The PEM-encoded private key for the certificate. Required for custom certificates. The certificate will be updated if this field is changed.","description_kind":"plain","optional":true,"sensitive":true},"version":{"type":"number","description":"A version identifier for the certificate. Required for custom certificates. The certificate will be updated if this field is changed.","description_kind":"plain","computed":true}},"nesting_mode":"single"},"description":"The TLS certificate for the custom domain. If omitted, a managed certificate will be used. If the block is specified, a custom certificate is used.","description_kind":"plain","optional":true},"distribution_id":{"type":"string","description":"CDN distribution ID","description_kind":"plain","required":true},"errors":{"type":["list","string"],"description":"List of distribution errors","description_kind":"plain","computed":true},"id":{"type":"string","description":"Terraform's internal resource identifier. It is structured as \"`project_id`,`distribution_id`\".","description_kind":"plain","computed":true},"name":{"type":"string","description_kind":"plain","required":true},"project_id":{"type":"string","description":"STACKIT project ID associated with the distribution","description_kind":"plain","required":true},"status":{"type":"string","description":"Status of the distribution","description_kind":"plain","computed":true}},"description":"CDN distribution data source schema.\n\n~\u003e This resource is in beta and may be subject to breaking changes in the future. Use with caution. See our [guide](https://registry.terraform.io/providers/stackitcloud/stackit/latest/docs/guides/opting_into_beta_resources) for how to opt-in to use beta resources.","description_kind":"markdown"}},"stackit_cdn_distribution":{"version":0,"block":{"attributes":{"config":{"nested_type":{"attributes":{"backend":{"nested_type":{"attributes":{"bucket_url":{"type":"string","description":"The URL of the bucket (e.g. https://s3.example.com). Required if type is 'bucket'.","description_kind":"plain","optional":true},"credentials":{"nested_type":{"attributes":{"access_key_id":{"type":"string","description":"The access key for the bucket. Required if type is 'bucket'.","description_kind":"plain","required":true,"sensitive":true},"secret_access_key":{"type":"string","description":"The access key for the bucket. Required if type is 'bucket'.","description_kind":"plain","required":true,"sensitive":true}},"nesting_mode":"single"},"description":"The credentials for the bucket. Required if type is 'bucket'.","description_kind":"plain","optional":true},"geofencing":{"type":["map",["list","string"]],"description":"The configured type http to configure countries where content is allowed. A map of URLs to a list of countries","description_kind":"plain","optional":true},"origin_request_headers":{"type":["map","string"],"description":"The configured type http origin request headers for the backend","description_kind":"plain","optional":true},"origin_url":{"type":"string","description":"The configured backend type http for the distribution","description_kind":"plain","optional":true},"region":{"type":"string","description":"The region where the bucket is hosted. Required if type is 'bucket'.","description_kind":"plain","optional":true},"type":{"type":"string","description":"The configured backend type. Possible values are: `http`, `bucket`.","description_kind":"plain","required":true}},"nesting_mode":"single"},"description":"The configured backend for the distribution","description_kind":"plain","required":true},"blocked_countries":{"type":["list","string"],"description":"The configured countries where distribution of content is blocked","description_kind":"plain","optional":true,"computed":true},"optimizer":{"nested_type":{"attributes":{"enabled":{"type":"bool","description_kind":"plain","optional":true,"computed":true}},"nesting_mode":"single"},"description":"Configuration for the Image Optimizer. This is a paid feature that automatically optimizes images to reduce their file size for faster delivery, leading to improved website performance and a better user experience.","description_kind":"plain","optional":true,"computed":true},"redirects":{"nested_type":{"attributes":{"rules":{"nested_type":{"attributes":{"description":{"type":"string","description":"An optional description for the redirect rule","description_kind":"plain","optional":true,"computed":true},"enabled":{"type":"bool","description":"A toggle to enable or disable the redirect rule. Default to true","description_kind":"plain","optional":true,"computed":true},"matchers":{"nested_type":{"attributes":{"value_match_condition":{"type":"string","description":"Defines how multiple matchers within this rule are combined (ALL, ANY, NONE). Defaults to ANY.","description_kind":"plain","optional":true,"computed":true},"values":{"type":["list","string"],"description":"A list of glob patterns to match against the request path. At least one value is required. Examples: \"/shop/*\" or \"*/img/*\"","description_kind":"plain","required":true}},"nesting_mode":"list"},"description":"A list of matchers that define when this rule should apply. At least one matcher is required","description_kind":"plain","required":true},"rule_match_condition":{"type":"string","description":"Defines how multiple matchers within this rule are combined (ALL, ANY, NONE). Defaults to ANY.","description_kind":"plain","optional":true,"computed":true},"status_code":{"type":"number","description":"The HTTP status code for the redirect. Must be one of 301, 302, 303, 307, or 308.","description_kind":"plain","required":true},"target_url":{"type":"string","description":"The target URL to redirect to. Must be a valid URI","description_kind":"plain","required":true}},"nesting_mode":"list"},"description":"A list of redirect rules. The order of rules matters for evaluation","description_kind":"plain","required":true}},"nesting_mode":"single"},"description":"A wrapper for a list of redirect rules that allows for redirect settings on a distribution","description_kind":"plain","optional":true},"regions":{"type":["list","string"],"description":"The configured regions where content will be hosted","description_kind":"plain","required":true},"waf":{"nested_type":{"attributes":{"allowed_http_methods":{"type":["set","string"],"description":"Restricts which HTTP methods the distribution accepts. If provided, the set must contain at least one item. Case you removed waf will retain the last known state and if omitted, the API applies the following defaults: `GET`, `HEAD`, `POST`, `PUT`, `DELETE`, `CONNECT`, `OPTIONS`, `TRACE`, `PATCH`.","description_kind":"plain","optional":true,"computed":true},"allowed_http_versions":{"type":["set","string"],"description":"Restricts which HTTP protocol versions are accepted. If provided, the set must contain at least one item. If omitted, the API applies the following defaults: `HTTP/1.0`, `HTTP/1.1`, `HTTP/2`, `HTTP/2.0`.","description_kind":"plain","optional":true,"computed":true},"allowed_request_content_types":{"type":["set","string"],"description":"Restricts which Content-Type headers are accepted in request bodies. If provided, the set must contain at least one item. Case you removed waf will retain the last known state and if omitted, the API applies the following defaults: `application/x-www-form-urlencoded`, `multipart/form-data`, `multipart/related`, `text/xml`, `application/xml`, `application/soap+xml`, `application/x-amf`, `application/json`, `application/octet-stream`, `application/csp-report`, `application/xss-auditor-report`, `text/plain`.","description_kind":"plain","optional":true,"computed":true},"disabled_rule_collection_ids":{"type":["set","string"],"description":"Set of WAF Collection IDs explicitly disabled. Can be set to an empty set to clear previously set rules. Case you removed waf will retain the last known state. To view available rule collections, please consult the API documentation: https://docs.api.eu01.stackit.cloud/documentation/cdn/version/v1#tag/WAF/operation/ListWafCollections","description_kind":"plain","optional":true,"computed":true},"disabled_rule_group_ids":{"type":["set","string"],"description":"Set of WAF Rule Group IDs explicitly disabled. Can be set to an empty set to clear previously set rules. Case you removed waf will retain the last known state. Precedence hierarchy: Groups override Collections. To view available rule groups, please consult the API documentation: https://docs.api.eu01.stackit.cloud/documentation/cdn/version/v1#tag/WAF/operation/ListWafCollections","description_kind":"plain","optional":true,"computed":true},"disabled_rule_ids":{"type":["set","string"],"description":"Set of WAF rule IDs explicitly disabled. Can be set to an empty set to clear previously set rules. Case you removed waf will retain the last known state. Precedence hierarchy: Specific Rules override Groups. For example, an explicitly disabled Rule ID takes precedence over an enabled Group ID. To view available rules, please consult the API documentation: https://docs.api.eu01.stackit.cloud/documentation/cdn/version/v1#tag/WAF/operation/ListWafCollections","description_kind":"plain","optional":true,"computed":true},"enabled_rule_collection_ids":{"type":["set","string"],"description":"Set of WAF Collection IDs explicitly enabled. Can be set to an empty set to clear previously set rules. Case you removed waf will retain the last known state. To view available rule collections, please consult the API documentation: https://docs.api.eu01.stackit.cloud/documentation/cdn/version/v1#tag/WAF/operation/ListWafCollections","description_kind":"plain","optional":true,"computed":true},"enabled_rule_group_ids":{"type":["set","string"],"description":"Set of WAF Rule Group IDs explicitly enabled. Can be set to an empty set to clear previously set rules. Case you removed waf will retain the last known state. Precedence hierarchy: Groups override Collections. To view available rule groups, please consult the API documentation: https://docs.api.eu01.stackit.cloud/documentation/cdn/version/v1#tag/WAF/operation/ListWafCollections","description_kind":"plain","optional":true,"computed":true},"enabled_rule_ids":{"type":["set","string"],"description":"Set of WAF rule IDs explicitly enabled. Can be set to an empty set to clear previously set rules. Case you removed waf will retain the last known state. Precedence hierarchy: Specific Rules override Groups. For example, an explicitly enabled Rule ID takes precedence over a disabled Group ID. To view available rules, please consult the API documentation: https://docs.api.eu01.stackit.cloud/documentation/cdn/version/v1#tag/WAF/operation/ListWafCollections","description_kind":"plain","optional":true,"computed":true},"log_only_rule_collection_ids":{"type":["set","string"],"description":"Set of WAF Collection IDs explicitly marked as Log Only. Can be set to an empty set to clear previously set rules. Case you removed waf will retain the last known state. To view available rule collections, please consult the API documentation: https://docs.api.eu01.stackit.cloud/documentation/cdn/version/v1#tag/WAF/operation/ListWafCollections","description_kind":"plain","optional":true,"computed":true},"log_only_rule_group_ids":{"type":["set","string"],"description":"Set of WAF Rule Group IDs explicitly marked as Log Only. Can be set to an empty set to clear previously set rules. Case you removed waf will retain the last known state. Precedence hierarchy: Groups override Collections. To view available rule groups, please consult the API documentation: https://docs.api.eu01.stackit.cloud/documentation/cdn/version/v1#tag/WAF/operation/ListWafCollections","description_kind":"plain","optional":true,"computed":true},"log_only_rule_ids":{"type":["set","string"],"description":"Set of WAF rule IDs explicitly marked as Log Only. Can be set to an empty set to clear previously set rules. Case you removed waf will retain the last known state. Precedence hierarchy: Specific Rules override Groups. To view available rules, please consult the API documentation: https://docs.api.eu01.stackit.cloud/documentation/cdn/version/v1#tag/WAF/operation/ListWafCollections","description_kind":"plain","optional":true,"computed":true},"mode":{"type":"string","description":"The operating mode of the WAF. 'ENABLED' actively blocks threats, 'LOG_ONLY' logs matches without blocking, and 'DISABLED' completely turns off inspection. Defaults to 'DISABLED'.","description_kind":"plain","optional":true,"computed":true},"paranoia_level":{"type":"string","description":"Defines how aggressively the WAF should act on requests. Valid values are 'L1' to 'L4'. Case you removed waf will retain the last known state and if omitted, The API applies the following default 'L1'.","description_kind":"plain","optional":true,"computed":true},"type":{"type":"string","description":"The tier of the WAF. Valid values are 'FREE' or 'PREMIUM'. Defaults to 'FREE'.","description_kind":"plain","optional":true,"computed":true}},"nesting_mode":"single"},"description":"Configures the Web Application Firewall (WAF) for the distribution. If this block is undefined or removed from your configuration, the WAF mode will default to DISABLED and the type to FREE. All other WAF properties will retain their last known state in the API; if they were never defined, the API will apply its default settings.","description_kind":"plain","optional":true,"computed":true}},"nesting_mode":"single"},"description":"The distribution configuration","description_kind":"plain","required":true},"created_at":{"type":"string","description":"Time when the distribution was created","description_kind":"plain","computed":true},"distribution_id":{"type":"string","description":"CDN distribution ID","description_kind":"plain","computed":true},"domains":{"nested_type":{"attributes":{"errors":{"type":["list","string"],"description":"List of domain errors","description_kind":"plain","computed":true},"name":{"type":"string","description":"The name of the domain","description_kind":"plain","computed":true},"status":{"type":"string","description":"The status of the domain","description_kind":"plain","computed":true},"type":{"type":"string","description":"The type of the domain. Each distribution has one domain of type \"managed\", and domains of type \"custom\" may be additionally created by the user","description_kind":"plain","computed":true}},"nesting_mode":"list"},"description":"List of configured domains for the distribution","description_kind":"plain","computed":true},"errors":{"type":["list","string"],"description":"List of distribution errors","description_kind":"plain","computed":true},"id":{"type":"string","description":"Terraform's internal resource identifier. It is structured as \"`project_id`,`distribution_id`\".","description_kind":"plain","computed":true},"project_id":{"type":"string","description":"STACKIT project ID associated with the distribution","description_kind":"plain","required":true},"status":{"type":"string","description":"Status of the distribution","description_kind":"plain","computed":true},"updated_at":{"type":"string","description":"Time when the distribution was last updated","description_kind":"plain","computed":true}},"description":"CDN distribution data source schema.\n\n~\u003e This resource is in beta and may be subject to breaking changes in the future. Use with caution. See our [guide](https://registry.terraform.io/providers/stackitcloud/stackit/latest/docs/guides/opting_into_beta_resources) for how to opt-in to use beta resources.","description_kind":"markdown"}},"stackit_dns_record_set":{"version":0,"block":{"attributes":{"active":{"type":"bool","description":"Specifies if the record set is active or not. Defaults to `true`","description_kind":"plain","optional":true,"computed":true},"comment":{"type":"string","description":"Comment.","description_kind":"plain","optional":true,"computed":true},"error":{"type":"string","description":"Error shows error in case create/update/delete failed.","description_kind":"plain","computed":true},"fqdn":{"type":"string","description":"Fully qualified domain name (FQDN) of the record set.","description_kind":"plain","computed":true},"id":{"type":"string","description":"Terraform's internal resource ID. It is structured as \"`project_id`,`zone_id`,`record_set_id`\".","description_kind":"plain","computed":true},"name":{"type":"string","description":"Name of the record which should be a valid domain according to rfc1035 Section 2.3.4. E.g. `example.com`","description_kind":"plain","required":true},"project_id":{"type":"string","description":"STACKIT project ID to which the dns record set is associated.","description_kind":"plain","required":true},"record_set_id":{"type":"string","description":"The rr set id.","description_kind":"plain","computed":true},"records":{"type":["list","string"],"description":"Records.","description_kind":"plain","required":true},"state":{"type":"string","description":"Record set state.","description_kind":"plain","computed":true},"timeouts":{"nested_type":{"attributes":{"create":{"type":"string","description":"A string that can be [parsed as a duration](https://pkg.go.dev/time#ParseDuration) consisting of numbers and unit suffixes, such as \"30s\" or \"2h45m\". Valid time units are \"s\" (seconds), \"m\" (minutes), \"h\" (hours).","description_kind":"plain","optional":true},"delete":{"type":"string","description":"A string that can be [parsed as a duration](https://pkg.go.dev/time#ParseDuration) consisting of numbers and unit suffixes, such as \"30s\" or \"2h45m\". Valid time units are \"s\" (seconds), \"m\" (minutes), \"h\" (hours). Setting a timeout for a Delete operation is only applicable if changes are saved into state before the destroy operation occurs.","description_kind":"plain","optional":true},"read":{"type":"string","description":"A string that can be [parsed as a duration](https://pkg.go.dev/time#ParseDuration) consisting of numbers and unit suffixes, such as \"30s\" or \"2h45m\". Valid time units are \"s\" (seconds), \"m\" (minutes), \"h\" (hours). Read operations occur during any refresh or planning operation when refresh is enabled.","description_kind":"plain","optional":true},"update":{"type":"string","description":"A string that can be [parsed as a duration](https://pkg.go.dev/time#ParseDuration) consisting of numbers and unit suffixes, such as \"30s\" or \"2h45m\". Valid time units are \"s\" (seconds), \"m\" (minutes), \"h\" (hours).","description_kind":"plain","optional":true}},"nesting_mode":"single"},"description_kind":"plain","optional":true},"ttl":{"type":"number","description":"Time to live. E.g. 3600","description_kind":"plain","optional":true,"computed":true},"type":{"type":"string","description":"The record set type. E.g. `A` or `CNAME`","description_kind":"plain","required":true},"zone_id":{"type":"string","description":"The zone ID to which is dns record set is associated.","description_kind":"plain","required":true}},"description":"DNS Record Set Resource schema.","description_kind":"plain"}},"stackit_dns_zone":{"version":0,"block":{"attributes":{"acl":{"type":"string","description":"The access control list. E.g. `0.0.0.0/0,::/0`","description_kind":"plain","optional":true,"computed":true},"active":{"type":"bool","description_kind":"plain","optional":true,"computed":true},"contact_email":{"type":"string","description":"A contact e-mail for the zone.","description_kind":"plain","optional":true,"computed":true},"default_ttl":{"type":"number","description":"Default time to live. E.g. 3600.","description_kind":"plain","optional":true,"computed":true},"description":{"type":"string","description":"Description of the zone.","description_kind":"plain","optional":true,"computed":true},"dns_name":{"type":"string","description":"The zone name. E.g. `example.com`","description_kind":"plain","required":true},"expire_time":{"type":"number","description":"Expire time. E.g. 1209600.","description_kind":"plain","optional":true,"computed":true},"id":{"type":"string","description":"Terraform's internal resource ID. It is structured as \"`project_id`,`zone_id`\".","description_kind":"plain","computed":true},"is_reverse_zone":{"type":"bool","description":"Specifies, if the zone is a reverse zone or not. Defaults to `false`","description_kind":"plain","optional":true,"computed":true},"name":{"type":"string","description":"The user given name of the zone.","description_kind":"plain","required":true},"negative_cache":{"type":"number","description":"Negative caching. E.g. 60","description_kind":"plain","optional":true,"computed":true},"primaries":{"type":["list","string"],"description":"Primary name server for secondary zone. E.g. [\"1.2.3.4\"]","description_kind":"plain","optional":true,"computed":true},"primary_name_server":{"type":"string","description":"Primary name server. FQDN.","description_kind":"plain","computed":true},"project_id":{"type":"string","description":"STACKIT project ID to which the dns zone is associated.","description_kind":"plain","required":true},"record_count":{"type":"number","description":"Record count how many records are in the zone.","description_kind":"plain","computed":true},"refresh_time":{"type":"number","description":"Refresh time. E.g. 3600","description_kind":"plain","optional":true,"computed":true},"retry_time":{"type":"number","description":"Retry time. E.g. 600","description_kind":"plain","optional":true,"computed":true},"serial_number":{"type":"number","description":"Serial number. E.g. `2022111400`.","description_kind":"plain","computed":true},"state":{"type":"string","description":"Zone state. E.g. `CREATE_SUCCEEDED`.","description_kind":"plain","computed":true},"timeouts":{"nested_type":{"attributes":{"create":{"type":"string","description":"A string that can be [parsed as a duration](https://pkg.go.dev/time#ParseDuration) consisting of numbers and unit suffixes, such as \"30s\" or \"2h45m\". Valid time units are \"s\" (seconds), \"m\" (minutes), \"h\" (hours).","description_kind":"plain","optional":true},"delete":{"type":"string","description":"A string that can be [parsed as a duration](https://pkg.go.dev/time#ParseDuration) consisting of numbers and unit suffixes, such as \"30s\" or \"2h45m\". Valid time units are \"s\" (seconds), \"m\" (minutes), \"h\" (hours). Setting a timeout for a Delete operation is only applicable if changes are saved into state before the destroy operation occurs.","description_kind":"plain","optional":true},"read":{"type":"string","description":"A string that can be [parsed as a duration](https://pkg.go.dev/time#ParseDuration) consisting of numbers and unit suffixes, such as \"30s\" or \"2h45m\". Valid time units are \"s\" (seconds), \"m\" (minutes), \"h\" (hours). Read operations occur during any refresh or planning operation when refresh is enabled.","description_kind":"plain","optional":true},"update":{"type":"string","description":"A string that can be [parsed as a duration](https://pkg.go.dev/time#ParseDuration) consisting of numbers and unit suffixes, such as \"30s\" or \"2h45m\". Valid time units are \"s\" (seconds), \"m\" (minutes), \"h\" (hours).","description_kind":"plain","optional":true}},"nesting_mode":"single"},"description_kind":"plain","optional":true},"type":{"type":"string","description":"Zone type. Defaults to `primary`. Possible values are: `primary`, `secondary`.","description_kind":"plain","optional":true,"computed":true},"visibility":{"type":"string","description":"Visibility of the zone. E.g. `public`.","description_kind":"plain","computed":true},"zone_id":{"type":"string","description":"The zone ID.","description_kind":"plain","computed":true}},"description":"DNS Zone resource schema.","description_kind":"plain"}},"stackit_edgecloud_instance":{"version":0,"block":{"attributes":{"created":{"type":"string","description":"The date and time the creation of the instance was triggered.","description_kind":"plain","computed":true},"description":{"type":"string","description":"Description for your STACKIT Edge Cloud instance. Max length is 256 characters","description_kind":"plain","optional":true,"computed":true},"display_name":{"type":"string","description":"Display name shown for the Edge Cloud instance. Has to be a valid hostname, with a length between 4 and 8 characters.","description_kind":"plain","required":true},"frontend_url":{"type":"string","description":"Frontend URL for the Edge Cloud instance.","description_kind":"plain","computed":true},"id":{"type":"string","description":"Terraform's internal resource ID, structured as \"`project_id`,`region`,`instance_id`\".","description_kind":"plain","computed":true},"instance_id":{"type":"string","description":"\u003cdisplayName\u003e-\u003cprojectIDHash\u003e","description_kind":"plain","computed":true},"plan_id":{"type":"string","description":"STACKIT Edge Plan ID for the Edge Cloud instance, has to be the UUID of an existing plan.","description_kind":"plain","required":true},"project_id":{"type":"string","description":"STACKIT project ID to which the Edge Cloud instance is associated.","description_kind":"plain","required":true},"region":{"type":"string","description":"STACKIT region to use for the instance, providers default_region will be used if unset.","description_kind":"plain","optional":true,"computed":true},"status":{"type":"string","description":"instance status","description_kind":"plain","computed":true}},"description":"Edge Cloud is in private Beta and not generally available.\n You can contact support if you are interested in trying it out.\n\n~\u003e This resource is in beta and may be subject to breaking changes in the future. Use with caution. See our [guide](https://registry.terraform.io/providers/stackitcloud/stackit/latest/docs/guides/opting_into_beta_resources) for how to opt-in to use beta resources.","description_kind":"markdown"}},"stackit_edgecloud_kubeconfig":{"version":0,"block":{"attributes":{"creation_time":{"type":"string","description":"Date-time when the kubeconfig was created","description_kind":"plain","computed":true},"expiration":{"type":"number","description":"Expiration time of the kubeconfig, in seconds. Minimum is 600, Maximum is 15552000. Defaults to `3600`","description_kind":"plain","optional":true,"computed":true},"expires_at":{"type":"string","description":"Timestamp when the kubeconfig expires","description_kind":"plain","computed":true},"id":{"type":"string","description":"Terraform's internal resource ID. It is structured as \"`project_id`,`region`,`instance_name` or `instance_id`,`kubeconfig_id`\".","description_kind":"plain","computed":true},"instance_id":{"type":"string","description":"ID of the Edge Cloud instance.","description_kind":"plain","optional":true},"instance_name":{"type":"string","description":"Name of the Edge Cloud instance.","description_kind":"plain","optional":true},"kubeconfig":{"type":"string","description":"Raw kubeconfig.","description_kind":"plain","computed":true,"sensitive":true},"kubeconfig_id":{"type":"string","description":"Internally generated UUID to identify a kubeconfig resource in Terraform, since the Edge Cloud API doesn't return a kubeconfig identifier","description_kind":"plain","computed":true},"project_id":{"type":"string","description":"STACKIT project ID to which the Edge Cloud instance is associated.","description_kind":"plain","required":true},"recreate_before":{"type":"number","description":"Number of seconds before expiration to trigger recreation of the kubeconfig at.","description_kind":"plain","optional":true},"region":{"type":"string","description":"The resource region. If not defined, the provider region is used.","description_kind":"plain","optional":true,"computed":true}},"description":"Edge Cloud is in private Beta and not generally available.\n You can contact support if you are interested in trying it out.\n\n~\u003e This resource is in beta and may be subject to breaking changes in the future. Use with caution. See our [guide](https://registry.terraform.io/providers/stackitcloud/stackit/latest/docs/guides/opting_into_beta_resources) for how to opt-in to use beta resources.","description_kind":"markdown"}},"stackit_edgecloud_token":{"version":0,"block":{"attributes":{"creation_time":{"type":"string","description":"Date-time when the token was created","description_kind":"plain","computed":true},"expiration":{"type":"number","description":"Expiration time of the token, in seconds. Minimum is 600, Maximum is 15552000. Defaults to `3600`","description_kind":"plain","optional":true,"computed":true},"expires_at":{"type":"string","description":"Timestamp when the token expires","description_kind":"plain","computed":true},"id":{"type":"string","description":"Terraform's internal resource ID. It is structured as \"`project_id`,`region`,`instance_name` or `instance_id`,`token_id`\".","description_kind":"plain","computed":true},"instance_id":{"type":"string","description":"ID of the Edge Cloud instance.","description_kind":"plain","optional":true},"instance_name":{"type":"string","description":"Name of the Edge Cloud instance.","description_kind":"plain","optional":true},"project_id":{"type":"string","description":"STACKIT project ID to which the Edge Cloud instance is associated.","description_kind":"plain","required":true},"recreate_before":{"type":"number","description":"Number of seconds before expiration to trigger recreation of the token at.","description_kind":"plain","optional":true},"region":{"type":"string","description":"The resource region. If not defined, the provider region is used.","description_kind":"plain","optional":true,"computed":true},"token":{"type":"string","description":"Raw token.","description_kind":"plain","computed":true,"sensitive":true},"token_id":{"type":"string","description":"Internally generated UUID to identify a token resource in Terraform, since the Edge Cloud API doesnt return a token identifier","description_kind":"plain","computed":true}},"description":"Edge Cloud is in private Beta and not generally available.\n You can contact support if you are interested in trying it out.\n\n~\u003e This resource is in beta and may be subject to breaking changes in the future. Use with caution. See our [guide](https://registry.terraform.io/providers/stackitcloud/stackit/latest/docs/guides/opting_into_beta_resources) for how to opt-in to use beta resources.","description_kind":"markdown"}},"stackit_git":{"version":0,"block":{"attributes":{"acl":{"type":["list","string"],"description":"Restricted ACL for instance access.","description_kind":"plain","optional":true,"computed":true},"consumed_disk":{"type":"string","description":"How many bytes of disk space is consumed.","description_kind":"plain","computed":true},"consumed_object_storage":{"type":"string","description":"How many bytes of Object Storage is consumed.","description_kind":"plain","computed":true},"created":{"type":"string","description":"Instance creation timestamp in RFC3339 format.","description_kind":"plain","computed":true},"flavor":{"type":"string","description":"Instance flavor. If not provided, defaults to git-100. For a list of available flavors, refer to our API documentation: `https://docs.api.stackit.cloud/documentation/git/version/v1beta`","description_kind":"plain","optional":true,"computed":true},"id":{"type":"string","description":"Terraform's internal resource ID, structured as \"`project_id`,`instance_id`\".","description_kind":"plain","computed":true},"instance_id":{"type":"string","description":"ID linked to the git instance.","description_kind":"plain","computed":true},"name":{"type":"string","description":"Unique name linked to the git instance.","description_kind":"plain","required":true},"project_id":{"type":"string","description":"STACKIT project ID to which the git instance is associated.","description_kind":"plain","required":true},"url":{"type":"string","description":"Url linked to the git instance.","description_kind":"plain","computed":true},"version":{"type":"string","description":"Version linked to the git instance.","description_kind":"plain","computed":true}},"description":"Git Instance resource schema.\n\n~\u003e This resource is in beta and may be subject to breaking changes in the future. Use with caution. See our [guide](https://registry.terraform.io/providers/stackitcloud/stackit/latest/docs/guides/opting_into_beta_resources) for how to opt-in to use beta resources. This resource currently does not support updates. Changing the ACLs, flavor, or name will trigger resource recreation. Update functionality will be added soon. In the meantime, please proceed with caution. To update these attributes, please open a support ticket.","description_kind":"markdown"}},"stackit_image":{"version":0,"block":{"attributes":{"checksum":{"nested_type":{"attributes":{"algorithm":{"type":"string","description":"Algorithm for the checksum of the image data.","description_kind":"plain","computed":true},"digest":{"type":"string","description":"Hexdigest of the checksum of the image data.","description_kind":"plain","computed":true}},"nesting_mode":"single"},"description":"Representation of an image checksum.","description_kind":"plain","computed":true},"config":{"nested_type":{"attributes":{"boot_menu":{"type":"bool","description":"Enables the BIOS bootmenu.","description_kind":"plain","optional":true,"computed":true},"cdrom_bus":{"type":"string","description":"Sets CDROM bus controller type.","description_kind":"plain","optional":true,"computed":true},"disk_bus":{"type":"string","description":"Sets Disk bus controller type.","description_kind":"plain","optional":true,"computed":true},"nic_model":{"type":"string","description":"Sets virtual network interface model.","description_kind":"plain","optional":true,"computed":true},"operating_system":{"type":"string","description":"Enables operating system specific optimizations.","description_kind":"plain","optional":true,"computed":true},"operating_system_distro":{"type":"string","description":"Operating system distribution.","description_kind":"plain","optional":true,"computed":true},"operating_system_version":{"type":"string","description":"Version of the operating system.","description_kind":"plain","optional":true,"computed":true},"rescue_bus":{"type":"string","description":"Sets the device bus when the image is used as a rescue image.","description_kind":"plain","optional":true,"computed":true},"rescue_device":{"type":"string","description":"Sets the device when the image is used as a rescue image.","description_kind":"plain","optional":true,"computed":true},"secure_boot":{"type":"bool","description":"Enables Secure Boot.","description_kind":"plain","optional":true,"computed":true},"uefi":{"type":"bool","description":"Enables UEFI boot.","description_kind":"plain","optional":true,"computed":true},"video_model":{"type":"string","description":"Sets Graphic device model.","description_kind":"plain","optional":true,"computed":true},"virtio_scsi":{"type":"bool","description":"Enables the use of VirtIO SCSI to provide block device access. By default instances use VirtIO Block.","description_kind":"plain","optional":true,"computed":true}},"nesting_mode":"single"},"description":"Properties to set hardware and scheduling settings for an image.","description_kind":"plain","optional":true,"computed":true},"disk_format":{"type":"string","description":"The disk format of the image.","description_kind":"plain","required":true},"id":{"type":"string","description":"Terraform's internal resource ID. It is structured as \"`project_id`,`region`,`image_id`\".","description_kind":"plain","computed":true},"image_id":{"type":"string","description":"The image ID.","description_kind":"plain","computed":true},"labels":{"type":["map","string"],"description":"Labels are key-value string pairs which can be attached to a resource container","description_kind":"plain","optional":true},"local_file_path":{"type":"string","description":"The filepath of the raw image file to be uploaded.","description_kind":"plain","required":true},"min_disk_size":{"type":"number","description":"The minimum disk size of the image in GB.","description_kind":"plain","optional":true,"computed":true},"min_ram":{"type":"number","description":"The minimum RAM of the image in MB.","description_kind":"plain","optional":true,"computed":true},"name":{"type":"string","description":"The name of the image.","description_kind":"plain","required":true},"project_id":{"type":"string","description":"STACKIT project ID to which the image is associated.","description_kind":"plain","required":true},"protected":{"type":"bool","description":"Whether the image is protected.","description_kind":"plain","computed":true},"region":{"type":"string","description":"The resource region. If not defined, the provider region is used.","description_kind":"plain","optional":true,"computed":true},"scope":{"type":"string","description":"The scope of the image.","description_kind":"plain","computed":true}},"description":"Image resource schema. Must have a `region` specified in the provider configuration.","description_kind":"plain"}},"stackit_intake_runner":{"version":0,"block":{"attributes":{"description":{"type":"string","description":"The description of the runner.","description_kind":"plain","optional":true},"id":{"type":"string","description":"Terraform's internal resource identifier. It is structured as \"`project_id`,`region`,`runner_id`\".","description_kind":"plain","computed":true},"labels":{"type":["map","string"],"description":"User-defined labels.","description_kind":"plain","optional":true},"max_message_size_kib":{"type":"number","description":"The maximum message size in KiB.","description_kind":"plain","required":true},"max_messages_per_hour":{"type":"number","description":"The maximum number of messages per hour.","description_kind":"plain","required":true},"name":{"type":"string","description":"The name of the runner.","description_kind":"plain","required":true},"project_id":{"type":"string","description":"STACKIT Project ID to which the runner is associated.","description_kind":"plain","required":true},"region":{"type":"string","description":"The resource region. If not defined, the provider region is used.","description_kind":"plain","optional":true,"computed":true},"runner_id":{"type":"string","description":"The runner ID.","description_kind":"plain","computed":true}},"description":"Manages STACKIT Intake Runner.","description_kind":"plain"}},"stackit_key_pair":{"version":0,"block":{"attributes":{"fingerprint":{"type":"string","description":"The fingerprint of the public SSH key.","description_kind":"plain","computed":true},"id":{"type":"string","description":"Terraform's internal resource ID. It takes the value of the key pair \"`name`\".","description_kind":"plain","computed":true},"labels":{"type":["map","string"],"description":"Labels are key-value string pairs which can be attached to a resource container.","description_kind":"plain","optional":true},"name":{"type":"string","description":"The name of the SSH key pair.","description_kind":"plain","required":true},"public_key":{"type":"string","description":"A string representation of the public SSH key. E.g., `ssh-rsa \u003ckey_data\u003e` or `ssh-ed25519 \u003ckey-data\u003e`.","description_kind":"plain","required":true}},"description":"Key pair resource schema. Must have a `region` specified in the provider configuration. Allows uploading an SSH public key to be used for server authentication.\n\n\n\n### Usage with server\n```terraform\nresource \"stackit_key_pair\" \"keypair\" {\n  name       = \"example-key-pair\"\n  public_key = chomp(file(\"path/to/id_rsa.pub\"))\n}\n\nresource \"stackit_server\" \"example-server\" {\n  project_id = \"xxxxxxxx-xxxx-xxxx-xxxx-xxxxxxxxxxxx\"\n  name       = \"example-server\"\n  boot_volume = {\n    size        = 64\n    source_type = \"image\"\n    source_id   = \"xxxxxxxx-xxxx-xxxx-xxxx-xxxxxxxxxxxx\"\n  }\n  availability_zone = \"eu01-1\"\n  machine_type      = \"g2i.1\"\n  keypair_name      = \"example-key-pair\"\n}\n\n```","description_kind":"markdown"}},"stackit_kms_key":{"version":0,"block":{"attributes":{"access_scope":{"type":"string","description":"The access scope of the key. Default is `PUBLIC`. Possible values are: `PUBLIC`, `SNA`.","description_kind":"plain","optional":true,"computed":true},"algorithm":{"type":"string","description":"The encryption algorithm that the key will use to encrypt data. Possible values are: `aes_256_gcm`, `rsa_2048_oaep_sha256`, `rsa_3072_oaep_sha256`, `rsa_4096_oaep_sha256`, `rsa_4096_oaep_sha512`, `hmac_sha256`, `hmac_sha384`, `hmac_sha512`, `ecdsa_p256_sha256`, `ecdsa_p384_sha384`, `ecdsa_p521_sha512`.","description_kind":"plain","required":true},"description":{"type":"string","description":"A user chosen description to distinguish multiple keys","description_kind":"plain","optional":true},"display_name":{"type":"string","description":"The display name to distinguish multiple keys","description_kind":"plain","required":true},"id":{"type":"string","description":"Terraform's internal resource ID. It is structured as \"`project_id`,`region`,`keyring_id`,`key_id`\".","description_kind":"plain","computed":true},"import_only":{"type":"bool","description":"States whether versions can be created or only imported.","description_kind":"plain","optional":true,"computed":true},"key_id":{"type":"string","description":"The ID of the key","description_kind":"plain","computed":true},"keyring_id":{"type":"string","description":"The ID of the associated keyring","description_kind":"plain","required":true},"project_id":{"type":"string","description":"STACKIT project ID to which the key is associated.","description_kind":"plain","required":true},"protection":{"type":"string","description":"The underlying system that is responsible for protecting the key material. Possible values are: `software`.","description_kind":"plain","required":true},"purpose":{"type":"string","description":"The purpose for which the key will be used. Possible values are: `symmetric_encrypt_decrypt`, `asymmetric_encrypt_decrypt`, `message_authentication_code`, `asymmetric_sign_verify`.","description_kind":"plain","required":true},"region":{"type":"string","description":"The resource region. If not defined, the provider region is used.","description_kind":"plain","optional":true,"computed":true}},"description":"KMS Key resource schema. Uses the `default_region` specified in the provider configuration as a fallback in case no `region` is defined on resource level.\n\n ~\u003e Keys will **not** be instantly destroyed by terraform during a `terraform destroy`. They will just be scheduled for deletion via the API and thrown out of the Terraform state afterwards. **This way we can ensure no key setups are deleted by accident and it gives you the option to recover your keys within the grace period.**","description_kind":"markdown"}},"stackit_kms_keyring":{"version":0,"block":{"attributes":{"description":{"type":"string","description":"A user chosen description to distinguish multiple keyrings.","description_kind":"plain","optional":true},"display_name":{"type":"string","description":"The display name to distinguish multiple keyrings.","description_kind":"plain","required":true},"id":{"type":"string","description":"Terraform's internal resource ID. It is structured as \"`project_id`,`region`,`keyring_id`\".","description_kind":"plain","computed":true},"keyring_id":{"type":"string","description":"An auto generated unique id which identifies the keyring.","description_kind":"plain","computed":true},"project_id":{"type":"string","description":"STACKIT project ID to which the keyring is associated.","description_kind":"plain","required":true},"region":{"type":"string","description":"The resource region. If not defined, the provider region is used.","description_kind":"plain","optional":true,"computed":true}},"description":"KMS Keyring resource schema. Uses the `default_region` specified in the provider configuration as a fallback in case no `region` is defined on resource level.\n\n ~\u003e Keyrings will **not** be destroyed by terraform during a `terraform destroy`. They will just be thrown out of the Terraform state and not deleted on API side. **This way we can ensure no keyring setups are deleted by accident and it gives you the option to recover your keys within the grace period.**","description_kind":"markdown"}},"stackit_kms_wrapping_key":{"version":0,"block":{"attributes":{"access_scope":{"type":"string","description":"The access scope of the key. Default is `PUBLIC`. Possible values are: `PUBLIC`, `SNA`.","description_kind":"plain","optional":true,"computed":true},"algorithm":{"type":"string","description":"The wrapping algorithm used to wrap the key to import. Possible values are: `rsa_2048_oaep_sha256`, `rsa_3072_oaep_sha256`, `rsa_4096_oaep_sha256`, `rsa_4096_oaep_sha512`, `rsa_2048_oaep_sha256_aes_256_key_wrap`, `rsa_3072_oaep_sha256_aes_256_key_wrap`, `rsa_4096_oaep_sha256_aes_256_key_wrap`, `rsa_4096_oaep_sha512_aes_256_key_wrap`.","description_kind":"plain","required":true},"created_at":{"type":"string","description":"The date and time the creation of the wrapping key was triggered.","description_kind":"plain","computed":true},"description":{"type":"string","description":"A user chosen description to distinguish multiple wrapping keys.","description_kind":"plain","optional":true},"display_name":{"type":"string","description":"The display name to distinguish multiple wrapping keys.","description_kind":"plain","required":true},"expires_at":{"type":"string","description":"The date and time the wrapping key will expire.","description_kind":"plain","computed":true},"id":{"type":"string","description":"Terraform's internal resource ID. It is structured as \"`project_id`,`region`,`keyring_id`,`wrapping_key_id`\".","description_kind":"plain","computed":true},"keyring_id":{"type":"string","description":"The ID of the associated keyring","description_kind":"plain","required":true},"project_id":{"type":"string","description":"STACKIT project ID to which the keyring is associated.","description_kind":"plain","required":true},"protection":{"type":"string","description":"The underlying system that is responsible for protecting the key material. Possible values are: `software`.","description_kind":"plain","required":true},"public_key":{"type":"string","description":"The public key of the wrapping key.","description_kind":"plain","computed":true},"purpose":{"type":"string","description":"The purpose for which the key will be used. Possible values are: `wrap_symmetric_key`, `wrap_asymmetric_key`.","description_kind":"plain","required":true},"region":{"type":"string","description":"The resource region. If not defined, the provider region is used.","description_kind":"plain","optional":true,"computed":true},"wrapping_key_id":{"type":"string","description":"The ID of the wrapping key","description_kind":"plain","computed":true}},"description":"KMS wrapping key resource schema.","description_kind":"plain"}},"stackit_loadbalancer":{"version":0,"block":{"attributes":{"disable_security_group_assignment":{"type":"bool","description":"If set to true, this will disable the automatic assignment of a security group to the load balancer's targets. This option is primarily used to allow targets that are not within the load balancer's own network or SNA (STACKIT network area). When this is enabled, you are fully responsible for ensuring network connectivity to the targets, including managing all routing and security group rules manually. This setting cannot be changed after the load balancer is created.","description_kind":"plain","optional":true,"computed":true},"external_address":{"type":"string","description":"External Load Balancer IP address where this Load Balancer is exposed.","description_kind":"plain","optional":true},"id":{"type":"string","description":"Terraform's internal resource ID. It is structured as \"`project_id`\",\"region\",\"`name`\".","description_kind":"plain","computed":true},"listeners":{"nested_type":{"attributes":{"display_name":{"type":"string","description_kind":"plain","optional":true,"computed":true},"port":{"type":"number","description":"Port number where we listen for traffic.","description_kind":"plain","required":true},"protocol":{"type":"string","description":"Protocol is the highest network protocol we understand to load balance. Possible values are: `PROTOCOL_UNSPECIFIED`, `PROTOCOL_TCP`, `PROTOCOL_UDP`, `PROTOCOL_TCP_PROXY`, `PROTOCOL_TLS_PASSTHROUGH`.","description_kind":"plain","required":true},"server_name_indicators":{"nested_type":{"attributes":{"name":{"type":"string","description":"A domain name to match in order to pass TLS traffic to the target pool in the current listener","description_kind":"plain","optional":true}},"nesting_mode":"list"},"description":"A list of domain names to match in order to pass TLS traffic to the target pool in the current listener","description_kind":"plain","deprecated":true,"optional":true},"target_pool":{"type":"string","description":"Reference target pool by target pool name.","description_kind":"plain","required":true},"tcp":{"nested_type":{"attributes":{"idle_timeout":{"type":"string","description":"Time after which an idle connection is closed. The default value is set to 300 seconds, and the maximum value is 3600 seconds. The format is a duration and the unit must be seconds. Example: 30s","description_kind":"plain","optional":true}},"nesting_mode":"single"},"description":"Options that are specific to the TCP protocol.","description_kind":"plain","optional":true},"udp":{"nested_type":{"attributes":{"idle_timeout":{"type":"string","description":"Time after which an idle session is closed. The default value is set to 1 minute, and the maximum value is 2 minutes. The format is a duration and the unit must be seconds. Example: 30s","description_kind":"plain","optional":true}},"nesting_mode":"single"},"description":"Options that are specific to the UDP protocol.","description_kind":"plain","optional":true}},"nesting_mode":"list"},"description":"List of all listeners which will accept traffic. Limited to 20.","description_kind":"plain","required":true},"name":{"type":"string","description":"Load balancer name.","description_kind":"plain","required":true},"networks":{"nested_type":{"attributes":{"network_id":{"type":"string","description":"Openstack network ID.","description_kind":"plain","required":true},"role":{"type":"string","description":"The role defines how the load balancer is using the network. Possible values are: `ROLE_UNSPECIFIED`, `ROLE_LISTENERS_AND_TARGETS`, `ROLE_LISTENERS`, `ROLE_TARGETS`.","description_kind":"plain","required":true}},"nesting_mode":"list"},"description":"List of networks that listeners and targets reside in.","description_kind":"plain","required":true},"options":{"nested_type":{"attributes":{"acl":{"type":["set","string"],"description":"Load Balancer is accessible only from an IP address in this range.","description_kind":"plain","optional":true,"computed":true},"observability":{"nested_type":{"attributes":{"logs":{"nested_type":{"attributes":{"credentials_ref":{"type":"string","description":"Credentials reference for logs. Not changeable after creation.","description_kind":"plain","optional":true,"computed":true},"push_url":{"type":"string","description":"The ARGUS/Loki remote write Push URL to ship the logs to. Not changeable after creation.","description_kind":"plain","optional":true,"computed":true}},"nesting_mode":"single"},"description":"Observability logs configuration. Not changeable after creation.","description_kind":"plain","optional":true,"computed":true},"metrics":{"nested_type":{"attributes":{"credentials_ref":{"type":"string","description":"Credentials reference for metrics. Not changeable after creation.","description_kind":"plain","optional":true,"computed":true},"push_url":{"type":"string","description":"The ARGUS/Prometheus remote write Push URL to ship the metrics to. Not changeable after creation.","description_kind":"plain","optional":true,"computed":true}},"nesting_mode":"single"},"description":"Observability metrics configuration. Not changeable after creation.","description_kind":"plain","optional":true,"computed":true}},"nesting_mode":"single"},"description":"We offer Load Balancer metrics observability via ARGUS or external solutions. Not changeable after creation.","description_kind":"plain","optional":true,"computed":true},"private_network_only":{"type":"bool","description":"If true, Load Balancer is accessible only via a private network IP address.","description_kind":"plain","optional":true,"computed":true}},"nesting_mode":"single"},"description":"Defines any optional functionality you want to have enabled on your load balancer.","description_kind":"plain","optional":true,"computed":true},"plan_id":{"type":"string","description":"The service plan ID. If not defined, the default service plan is `p10`. Possible values are: `p10`, `p50`, `p250`, `p750`.","description_kind":"plain","optional":true,"computed":true},"private_address":{"type":"string","description":"Transient private Load Balancer IP address. It can change any time.","description_kind":"plain","computed":true},"project_id":{"type":"string","description":"STACKIT project ID to which the Load Balancer is associated.","description_kind":"plain","required":true},"region":{"type":"string","description":"The resource region. If not defined, the provider region is used.","description_kind":"plain","optional":true,"computed":true},"security_group_id":{"type":"string","description":"The ID of the egress security group assigned to the Load Balancer's internal machines. This ID is essential for allowing traffic from the Load Balancer to targets in different networks or STACKIT network areas (SNA). To enable this, create a security group rule for your target VMs and set the `remote_security_group_id` of that rule to this value. This is typically used when `disable_security_group_assignment` is set to `true`.","description_kind":"plain","computed":true},"target_pools":{"nested_type":{"attributes":{"active_health_check":{"nested_type":{"attributes":{"healthy_threshold":{"type":"number","description":"Healthy threshold of the health checking.","description_kind":"plain","optional":true,"computed":true},"interval":{"type":"string","description":"Interval duration of health checking in seconds.","description_kind":"plain","optional":true,"computed":true},"interval_jitter":{"type":"string","description":"Interval duration threshold of the health checking in seconds.","description_kind":"plain","optional":true,"computed":true},"timeout":{"type":"string","description":"Active health checking timeout duration in seconds.","description_kind":"plain","optional":true,"computed":true},"unhealthy_threshold":{"type":"number","description":"Unhealthy threshold of the health checking.","description_kind":"plain","optional":true,"computed":true}},"nesting_mode":"single"},"description_kind":"plain","optional":true,"computed":true},"name":{"type":"string","description":"Target pool name.","description_kind":"plain","required":true},"session_persistence":{"nested_type":{"attributes":{"use_source_ip_address":{"type":"bool","description":"If true then all connections from one source IP address are redirected to the same target. This setting changes the load balancing algorithm to Maglev.","description_kind":"plain","optional":true,"computed":true}},"nesting_mode":"single"},"description":"Here you can setup various session persistence options, so far only \"`use_source_ip_address`\" is supported.","description_kind":"plain","optional":true,"computed":true},"target_port":{"type":"number","description":"Identical port number where each target listens for traffic.","description_kind":"plain","required":true},"targets":{"nested_type":{"attributes":{"display_name":{"type":"string","description":"Target display name","description_kind":"plain","required":true},"ip":{"type":"string","description":"Target IP","description_kind":"plain","required":true}},"nesting_mode":"list"},"description":"List of all targets which will be used in the pool. Limited to 1000.","description_kind":"plain","required":true}},"nesting_mode":"list"},"description":"List of all target pools which will be used in the Load Balancer. Limited to 20.","description_kind":"plain","required":true},"version":{"type":"string","description":"Load balancer resource version. This is needed to have concurrency safe updates.","description_kind":"plain","computed":true}},"description":"\n## Setting up supporting infrastructure\n\n\nThe example below creates the supporting infrastructure using the STACKIT Terraform provider, including the network, network interface, a public IP address and server resources.\n","description_kind":"markdown"}},"stackit_loadbalancer_observability_credential":{"version":0,"block":{"attributes":{"credentials_ref":{"type":"string","description":"The credentials reference is used by the Load Balancer to define which credentials it will use.","description_kind":"plain","computed":true},"display_name":{"type":"string","description":"Observability credential name.","description_kind":"plain","required":true},"id":{"type":"string","description":"Terraform's internal resource ID. It is structured as \"`project_id`\",\"region\",\"`credentials_ref`\".","description_kind":"plain","computed":true},"password":{"type":"string","description":"The username for the observability service (e.g. Argus) where the logs/metrics will be pushed into.","description_kind":"plain","required":true},"project_id":{"type":"string","description":"STACKIT project ID to which the load balancer observability credential is associated.","description_kind":"plain","required":true},"region":{"type":"string","description":"The resource region. If not defined, the provider region is used.","description_kind":"plain","optional":true,"computed":true},"username":{"type":"string","description":"The password for the observability service (e.g. Argus) where the logs/metrics will be pushed into.","description_kind":"plain","required":true}},"description":"Load balancer observability credential resource schema. Must have a `region` specified in the provider configuration. These contain the username and password for the observability service (e.g. Argus) where the load balancer logs/metrics will be pushed into","description_kind":"plain"}},"stackit_logme_credential":{"version":0,"block":{"attributes":{"credential_id":{"type":"string","description":"The credential's ID.","description_kind":"plain","computed":true},"host":{"type":"string","description_kind":"plain","computed":true},"id":{"type":"string","description":"Terraform's internal resource identifier. It is structured as \"`project_id`,`instance_id`,`credential_id`\".","description_kind":"plain","computed":true},"instance_id":{"type":"string","description":"ID of the LogMe instance.","description_kind":"plain","required":true},"password":{"type":"string","description_kind":"plain","computed":true,"sensitive":true},"port":{"type":"number","description_kind":"plain","computed":true},"project_id":{"type":"string","description":"STACKIT Project ID to which the instance is associated.","description_kind":"plain","required":true},"uri":{"type":"string","description_kind":"plain","computed":true,"sensitive":true},"username":{"type":"string","description_kind":"plain","computed":true}},"description":"LogMe credential resource schema. Must have a `region` specified in the provider configuration.","description_kind":"plain"}},"stackit_logme_instance":{"version":0,"block":{"attributes":{"cf_guid":{"type":"string","description_kind":"plain","computed":true},"cf_organization_guid":{"type":"string","description_kind":"plain","computed":true},"cf_space_guid":{"type":"string","description_kind":"plain","computed":true},"dashboard_url":{"type":"string","description_kind":"plain","computed":true},"id":{"type":"string","description":"Terraform's internal resource ID. It is structured as \"`project_id`,`instance_id`\".","description_kind":"plain","computed":true},"image_url":{"type":"string","description_kind":"plain","computed":true},"instance_id":{"type":"string","description":"ID of the LogMe instance.","description_kind":"plain","computed":true},"name":{"type":"string","description":"Instance name.","description_kind":"plain","required":true},"parameters":{"nested_type":{"attributes":{"enable_monitoring":{"type":"bool","description":"Enable monitoring.","description_kind":"plain","optional":true,"computed":true},"fluentd_tcp":{"type":"number","description_kind":"plain","optional":true,"computed":true},"fluentd_tls":{"type":"number","description_kind":"plain","optional":true,"computed":true},"fluentd_tls_ciphers":{"type":"string","description_kind":"plain","optional":true,"computed":true},"fluentd_tls_max_version":{"type":"string","description_kind":"plain","optional":true,"computed":true},"fluentd_tls_min_version":{"type":"string","description_kind":"plain","optional":true,"computed":true},"fluentd_tls_version":{"type":"string","description_kind":"plain","optional":true,"computed":true},"fluentd_udp":{"type":"number","description_kind":"plain","optional":true,"computed":true},"graphite":{"type":"string","description":"If set, monitoring with Graphite will be enabled. Expects the host and port where the Graphite metrics should be sent to (host:port).","description_kind":"plain","optional":true,"computed":true},"ism_deletion_after":{"type":"string","description":"Combination of an integer and a timerange when an index will be considered \"old\" and can be deleted. Possible values for the timerange are `s`, `m`, `h` and `d`.","description_kind":"plain","optional":true,"computed":true},"ism_jitter":{"type":"number","description_kind":"plain","optional":true,"computed":true},"ism_job_interval":{"type":"number","description":"Jitter of the execution time.","description_kind":"plain","optional":true,"computed":true},"java_heapspace":{"type":"number","description":"The amount of memory (in MB) allocated as heap by the JVM for OpenSearch.","description_kind":"plain","optional":true,"computed":true},"java_maxmetaspace":{"type":"number","description":"The amount of memory (in MB) used by the JVM to store metadata for OpenSearch.","description_kind":"plain","optional":true,"computed":true},"max_disk_threshold":{"type":"number","description":"The maximum disk threshold in MB. If the disk usage exceeds this threshold, the instance will be stopped.","description_kind":"plain","optional":true,"computed":true},"metrics_frequency":{"type":"number","description":"The frequency in seconds at which metrics are emitted (in seconds).","description_kind":"plain","optional":true,"computed":true},"metrics_prefix":{"type":"string","description":"The prefix for the metrics. Could be useful when using Graphite monitoring to prefix the metrics with a certain value, like an API key.","description_kind":"plain","optional":true,"computed":true},"monitoring_instance_id":{"type":"string","description":"The ID of the STACKIT monitoring instance.","description_kind":"plain","optional":true,"computed":true},"opensearch_tls_ciphers":{"type":["list","string"],"description_kind":"plain","optional":true,"computed":true},"opensearch_tls_protocols":{"type":["list","string"],"description_kind":"plain","optional":true,"computed":true},"sgw_acl":{"type":"string","description":"Comma separated list of IP networks in CIDR notation which are allowed to access this instance.","description_kind":"plain","optional":true,"computed":true},"syslog":{"type":["list","string"],"description":"List of syslog servers to send logs to.","description_kind":"plain","optional":true,"computed":true}},"nesting_mode":"single"},"description":"Configuration parameters. Please note that removing a previously configured field from your Terraform configuration won't replace its value in the API. To update a previously configured field, explicitly set a new value for it.","description_kind":"plain","optional":true,"computed":true},"plan_id":{"type":"string","description":"The selected plan ID.","description_kind":"plain","computed":true},"plan_name":{"type":"string","description":"The selected plan name.","description_kind":"plain","required":true},"project_id":{"type":"string","description":"STACKIT project ID to which the instance is associated.","description_kind":"plain","required":true},"version":{"type":"string","description":"The service version.","description_kind":"plain","required":true}},"description":"LogMe instance resource schema. Must have a `region` specified in the provider configuration.","description_kind":"plain"}},"stackit_logs_access_token":{"version":0,"block":{"attributes":{"access_token":{"type":"string","description":"The generated access token","description_kind":"plain","computed":true,"sensitive":true},"access_token_id":{"type":"string","description":"The access token ID","description_kind":"plain","computed":true},"creator":{"type":"string","description":"The user who created the access token","description_kind":"plain","computed":true},"description":{"type":"string","description":"The description of the access token","description_kind":"plain","optional":true},"display_name":{"type":"string","description":"The displayed name of the access token","description_kind":"plain","required":true},"expires":{"type":"bool","description":"Indicates if the access token can expire","description_kind":"plain","computed":true},"id":{"type":"string","description":"Terraform's internal resource identifier. It is structured as \"`project_id`,`region`,`instance_id`,`access_token_id`\".","description_kind":"plain","computed":true},"instance_id":{"type":"string","description":"The Logs instance ID associated with the access token","description_kind":"plain","required":true},"lifetime":{"type":"number","description":"A lifetime period for an access token in days. If unset the token will not expire.","description_kind":"plain","optional":true},"permissions":{"type":["list","string"],"description":"The access permissions granted to the access token. Possible values: `read`, `write`.","description_kind":"plain","required":true},"project_id":{"type":"string","description":"STACKIT project ID associated with the Logs access token","description_kind":"plain","required":true},"region":{"type":"string","description":"STACKIT region name the resource is located in. If not defined, the provider region is used.","description_kind":"plain","optional":true,"computed":true},"status":{"type":"string","description":"The status of the access token. Possible values are: `active`, `expired`.","description_kind":"plain","computed":true},"valid_until":{"type":"string","description":"The date and time until an access token is valid to (inclusively)","description_kind":"plain","computed":true}},"description":"Logs access token resource schema. Uses the `default_region` specified in the provider configuration as a fallback in case no `region` is defined on resource level.","description_kind":"plain"}},"stackit_logs_instance":{"version":0,"block":{"attributes":{"acl":{"type":["list","string"],"description":"The access control list entries for the Logs instance","description_kind":"plain","optional":true},"created":{"type":"string","description":"The date and time the creation of the Logs instance was initiated","description_kind":"plain","computed":true},"datasource_url":{"type":"string","description":"Logs instance datasource URL, can be used in Grafana as datasource URL","description_kind":"plain","computed":true},"description":{"type":"string","description":"The description of the Logs instance","description_kind":"plain","optional":true},"display_name":{"type":"string","description":"The displayed name of the Logs instance","description_kind":"plain","required":true},"id":{"type":"string","description":"Terraform's internal resource identifier. It is structured as \"`project_id`,`region`,`instance_id`\".","description_kind":"plain","computed":true},"ingest_otlp_url":{"type":"string","description":"The Logs instance's ingest logs via OTLP URL","description_kind":"plain","computed":true},"ingest_url":{"type":"string","description":"The logs instance's ingest logs URL","description_kind":"plain","computed":true},"instance_id":{"type":"string","description":"The Logs instance ID","description_kind":"plain","computed":true},"project_id":{"type":"string","description":"STACKIT project ID associated with the Logs instance","description_kind":"plain","required":true},"query_range_url":{"type":"string","description":"The Logs instance's query range URL","description_kind":"plain","computed":true},"query_url":{"type":"string","description":"The Logs instance's query URL","description_kind":"plain","computed":true},"region":{"type":"string","description":"STACKIT region name the resource is located in. If not defined, the provider region is used.","description_kind":"plain","optional":true,"computed":true},"retention_days":{"type":"number","description":"The log retention time in days","description_kind":"plain","required":true},"status":{"type":"string","description":"The status of the Logs instance, possible values: Possible values are: `active`, `deleting`, `reconciling`.","description_kind":"plain","computed":true}},"description":"Logs instance resource schema. Uses the `default_region` specified in the provider configuration as a fallback in case no `region` is defined on resource level.","description_kind":"plain"}},"stackit_mariadb_credential":{"version":0,"block":{"attributes":{"credential_id":{"type":"string","description":"The credential's ID.","description_kind":"plain","computed":true},"host":{"type":"string","description_kind":"plain","computed":true},"hosts":{"type":["list","string"],"description_kind":"plain","computed":true},"id":{"type":"string","description":"Terraform's internal resource identifier. It is structured as \"`project_id`,`instance_id`,`credential_id`\".","description_kind":"plain","computed":true},"instance_id":{"type":"string","description":"ID of the MariaDB instance.","description_kind":"plain","required":true},"name":{"type":"string","description_kind":"plain","computed":true},"password":{"type":"string","description_kind":"plain","computed":true,"sensitive":true},"port":{"type":"number","description_kind":"plain","computed":true},"project_id":{"type":"string","description":"STACKIT Project ID to which the instance is associated.","description_kind":"plain","required":true},"uri":{"type":"string","description_kind":"plain","computed":true,"sensitive":true},"username":{"type":"string","description_kind":"plain","computed":true}},"description":"MariaDB credential resource schema. Must have a `region` specified in the provider configuration.","description_kind":"plain"}},"stackit_mariadb_instance":{"version":0,"block":{"attributes":{"cf_guid":{"type":"string","description_kind":"plain","computed":true},"cf_organization_guid":{"type":"string","description_kind":"plain","computed":true},"cf_space_guid":{"type":"string","description_kind":"plain","computed":true},"dashboard_url":{"type":"string","description_kind":"plain","computed":true},"id":{"type":"string","description":"Terraform's internal resource ID. It is structured as \"`project_id`,`instance_id`\".","description_kind":"plain","computed":true},"image_url":{"type":"string","description_kind":"plain","computed":true},"instance_id":{"type":"string","description":"ID of the MariaDB instance.","description_kind":"plain","computed":true},"name":{"type":"string","description":"Instance name.","description_kind":"plain","required":true},"parameters":{"nested_type":{"attributes":{"enable_monitoring":{"type":"bool","description":"Enable monitoring.","description_kind":"plain","optional":true,"computed":true},"graphite":{"type":"string","description":"Graphite server URL (host and port). If set, monitoring with Graphite will be enabled.","description_kind":"plain","optional":true,"computed":true},"max_disk_threshold":{"type":"number","description":"The maximum disk threshold in MB. If the disk usage exceeds this threshold, the instance will be stopped.","description_kind":"plain","optional":true,"computed":true},"metrics_frequency":{"type":"number","description":"The frequency in seconds at which metrics are emitted.","description_kind":"plain","optional":true,"computed":true},"metrics_prefix":{"type":"string","description":"The prefix for the metrics. Could be useful when using Graphite monitoring to prefix the metrics with a certain value, like an API key","description_kind":"plain","optional":true,"computed":true},"monitoring_instance_id":{"type":"string","description":"The ID of the STACKIT monitoring instance. Monitoring instances with the plan \"Observability-Monitoring-Starter\" are not supported.","description_kind":"plain","optional":true,"computed":true},"sgw_acl":{"type":"string","description":"Comma separated list of IP networks in CIDR notation which are allowed to access this instance.","description_kind":"plain","optional":true,"computed":true},"syslog":{"type":["list","string"],"description":"List of syslog servers to send logs to.","description_kind":"plain","optional":true,"computed":true}},"nesting_mode":"single"},"description":"Configuration parameters. Please note that removing a previously configured field from your Terraform configuration won't replace its value in the API. To update a previously configured field, explicitly set a new value for it.","description_kind":"plain","optional":true,"computed":true},"plan_id":{"type":"string","description":"The selected plan ID.","description_kind":"plain","computed":true},"plan_name":{"type":"string","description":"The selected plan name.","description_kind":"plain","required":true},"project_id":{"type":"string","description":"STACKIT project ID to which the instance is associated.","description_kind":"plain","required":true},"version":{"type":"string","description":"The service version.","description_kind":"plain","required":true}},"description":"MariaDB instance resource schema. Must have a `region` specified in the provider configuration.","description_kind":"plain"}},"stackit_modelserving_token":{"version":0,"block":{"attributes":{"description":{"type":"string","description":"The description of the AI model serving auth token.","description_kind":"plain","optional":true},"id":{"type":"string","description":"Terraform's internal data source. ID. It is structured as \"`project_id`,`region`,`token_id`\".","description_kind":"plain","computed":true},"name":{"type":"string","description":"Name of the AI model serving auth token.","description_kind":"plain","required":true},"project_id":{"type":"string","description":"STACKIT project ID to which the AI model serving auth token is associated.","description_kind":"plain","required":true},"region":{"type":"string","description":"Region to which the AI model serving auth token is associated. If not defined, the provider region is used","description_kind":"plain","optional":true,"computed":true},"rotate_when_changed":{"type":["map","string"],"description":"A map of arbitrary key/value pairs that will force recreation of the token when they change, enabling token rotation based on external conditions such as a rotating timestamp. Changing this forces a new resource to be created.","description_kind":"plain","optional":true},"state":{"type":"string","description":"State of the AI model serving auth token.","description_kind":"plain","computed":true},"token":{"type":"string","description":"Content of the AI model serving auth token.","description_kind":"plain","computed":true,"sensitive":true},"token_id":{"type":"string","description":"The AI model serving auth token ID.","description_kind":"plain","computed":true},"ttl_duration":{"type":"string","description":"The TTL duration of the AI model serving auth token. E.g. 5h30m40s,5h,5h30m,30m,30s","description_kind":"plain","optional":true},"valid_until":{"type":"string","description":"The time until the AI model serving auth token is valid.","description_kind":"plain","computed":true}},"description":"AI Model Serving Auth Token Resource schema.\n\n## Example Usage\n\n### Automatically rotate AI model serving token\n```terraform\nresource \"time_rotating\" \"rotate\" {\n    rotation_days = 80\n}\n\nresource \"stackit_modelserving_token\" \"example\" {\n    project_id = \"xxxxxxxx-xxxx-xxxx-xxxx-xxxxxxxxxxxx\"\n    name       = \"Example token\"\n    \n    rotate_when_changed = {\n        rotation = time_rotating.rotate.id\n    }\n\n}\n```","description_kind":"plain"}},"stackit_mongodbflex_instance":{"version":0,"block":{"attributes":{"acl":{"type":["list","string"],"description":"The Access Control List (ACL) for the MongoDB Flex instance.","description_kind":"plain","required":true},"backup_schedule":{"type":"string","description":"The backup schedule. Should follow the cron scheduling system format (e.g. \"0 0 * * *\").","description_kind":"plain","required":true},"flavor":{"nested_type":{"attributes":{"cpu":{"type":"number","description_kind":"plain","required":true},"description":{"type":"string","description_kind":"plain","computed":true},"id":{"type":"string","description_kind":"plain","computed":true},"ram":{"type":"number","description_kind":"plain","required":true}},"nesting_mode":"single"},"description_kind":"plain","required":true},"id":{"type":"string","description":"Terraform's internal resource ID. It is structured as \"`project_id`,`region`,`instance_id`\".","description_kind":"plain","computed":true},"instance_id":{"type":"string","description":"ID of the MongoDB Flex instance.","description_kind":"plain","computed":true},"name":{"type":"string","description":"Instance name.","description_kind":"plain","required":true},"options":{"nested_type":{"attributes":{"daily_snapshot_retention_days":{"type":"number","description":"The number of days that daily backups will be retained.","description_kind":"plain","optional":true,"computed":true},"monthly_snapshot_retention_months":{"type":"number","description":"The number of months that monthly backups will be retained.","description_kind":"plain","optional":true,"computed":true},"point_in_time_window_hours":{"type":"number","description":"The number of hours back in time the point-in-time recovery feature will be able to recover.","description_kind":"plain","required":true},"snapshot_retention_days":{"type":"number","description":"The number of days that continuous backups (controlled via the `backup_schedule`) will be retained.","description_kind":"plain","optional":true,"computed":true},"type":{"type":"string","description":"Type of the MongoDB Flex instance. Possible values are: `Replica`, `Sharded`, `Single`.","description_kind":"plain","required":true},"weekly_snapshot_retention_weeks":{"type":"number","description":"The number of weeks that weekly backups will be retained.","description_kind":"plain","optional":true,"computed":true}},"nesting_mode":"single"},"description_kind":"plain","required":true},"project_id":{"type":"string","description":"STACKIT project ID to which the instance is associated.","description_kind":"plain","required":true},"region":{"type":"string","description":"The resource region. If not defined, the provider region is used.","description_kind":"plain","optional":true,"computed":true},"replicas":{"type":"number","description_kind":"plain","required":true},"storage":{"nested_type":{"attributes":{"class":{"type":"string","description_kind":"plain","required":true},"size":{"type":"number","description_kind":"plain","required":true}},"nesting_mode":"single"},"description_kind":"plain","required":true},"version":{"type":"string","description_kind":"plain","required":true}},"description":"MongoDB Flex instance resource schema. Must have a `region` specified in the provider configuration.","description_kind":"plain"}},"stackit_mongodbflex_user":{"version":0,"block":{"attributes":{"database":{"type":"string","description_kind":"plain","required":true},"host":{"type":"string","description_kind":"plain","computed":true},"id":{"type":"string","description":"Terraform's internal resource ID. It is structured as \"`project_id`,`instance_id`,`user_id`\".","description_kind":"plain","computed":true},"instance_id":{"type":"string","description":"ID of the MongoDB Flex instance.","description_kind":"plain","required":true},"password":{"type":"string","description_kind":"plain","computed":true,"sensitive":true},"port":{"type":"number","description_kind":"plain","computed":true},"project_id":{"type":"string","description":"STACKIT project ID to which the instance is associated.","description_kind":"plain","required":true},"region":{"type":"string","description":"The resource region. If not defined, the provider region is used.","description_kind":"plain","optional":true,"computed":true},"roles":{"type":["set","string"],"description":"Database access levels for the user. Some of the possible values are: [`read`, `readWrite`, `readWriteAnyDatabase`]","description_kind":"plain","required":true},"uri":{"type":"string","description_kind":"plain","computed":true,"sensitive":true},"user_id":{"type":"string","description":"User ID.","description_kind":"plain","computed":true},"username":{"type":"string","description_kind":"plain","optional":true,"computed":true}},"description":"MongoDB Flex user resource schema. Must have a `region` specified in the provider configuration.","description_kind":"plain"}},"stackit_network":{"version":0,"block":{"attributes":{"dhcp":{"type":"bool","description":"If the network has DHCP enabled. Default value is `true`.","description_kind":"plain","optional":true,"computed":true},"id":{"type":"string","description":"Terraform's internal resource ID. It is structured as \"`project_id`,`region`,`network_id`\".","description_kind":"plain","computed":true},"ipv4_gateway":{"type":"string","description":"The IPv4 gateway of a network. If not specified, the first IP of the network will be assigned as the gateway.","description_kind":"plain","optional":true,"computed":true},"ipv4_nameservers":{"type":["list","string"],"description":"The IPv4 nameservers of the network. If not specified on creation, it will be set with the default nameservers from the network area. If not specified on update, it will remain unchanged.","description_kind":"plain","optional":true,"computed":true},"ipv4_prefix":{"type":"string","description":"The IPv4 prefix of the network (CIDR).","description_kind":"plain","optional":true,"computed":true},"ipv4_prefix_length":{"type":"number","description":"The IPv4 prefix length of the network.","description_kind":"plain","optional":true,"computed":true},"ipv4_prefixes":{"type":["list","string"],"description":"The IPv4 prefixes of the network.","description_kind":"plain","computed":true},"ipv6_gateway":{"type":"string","description":"The IPv6 gateway of a network. If not specified, the first IP of the network will be assigned as the gateway.","description_kind":"plain","optional":true,"computed":true},"ipv6_nameservers":{"type":["list","string"],"description":"The IPv6 nameservers of the network.","description_kind":"plain","optional":true,"computed":true},"ipv6_prefix":{"type":"string","description":"The IPv6 prefix of the network (CIDR).","description_kind":"plain","optional":true,"computed":true},"ipv6_prefix_length":{"type":"number","description":"The IPv6 prefix length of the network.","description_kind":"plain","optional":true,"computed":true},"ipv6_prefixes":{"type":["list","string"],"description":"The IPv6 prefixes of the network.","description_kind":"plain","computed":true},"labels":{"type":["map","string"],"description":"Labels are key-value string pairs which can be attached to a resource container","description_kind":"plain","optional":true},"name":{"type":"string","description":"The name of the network.","description_kind":"plain","required":true},"network_id":{"type":"string","description":"The network ID.","description_kind":"plain","computed":true},"no_ipv4_gateway":{"type":"bool","description":"If set to `true`, the network doesn't have a gateway.","description_kind":"plain","optional":true},"no_ipv6_gateway":{"type":"bool","description":"If set to `true`, the network doesn't have a gateway.","description_kind":"plain","optional":true},"project_id":{"type":"string","description":"STACKIT project ID to which the network is associated.","description_kind":"plain","required":true},"public_ip":{"type":"string","description":"The public IP of the network.","description_kind":"plain","computed":true},"region":{"type":"string","description":"The resource region. If not defined, the provider region is used.","description_kind":"plain","optional":true,"computed":true},"routed":{"type":"bool","description":"If set to `true`, the network is routed and therefore accessible from other networks.","description_kind":"plain","optional":true,"computed":true},"routing_table_id":{"type":"string","description":"The ID of the routing table associated with the network.","description_kind":"plain","optional":true,"computed":true}},"description":"Network resource schema. Must have a `region` specified in the provider configuration.\n~\u003e Behavior of not configured `ipv4_nameservers` has changed. When `ipv4_nameservers` is not set, it will be set to the network area's `default_nameservers`.\nTo prevent any nameserver configuration, the `ipv4_nameservers` attribute should be explicitly set to an empty list `[]`.\nIn cases where `ipv4_nameservers` are defined within the resource, the existing behavior will remain unchanged.","description_kind":"markdown"}},"stackit_network_area":{"version":0,"block":{"attributes":{"default_nameservers":{"type":["list","string"],"description":"List of DNS Servers/Nameservers for configuration of network area for region `eu01`.","description_kind":"plain","deprecated":true,"optional":true},"default_prefix_length":{"type":"number","description":"The default prefix length for networks in the network area for region `eu01`.","description_kind":"plain","deprecated":true,"optional":true,"computed":true},"id":{"type":"string","description":"Terraform's internal resource ID. It is structured as \"`organization_id`,`network_area_id`\".","description_kind":"plain","computed":true},"labels":{"type":["map","string"],"description":"Labels are key-value string pairs which can be attached to a resource container","description_kind":"plain","optional":true},"max_prefix_length":{"type":"number","description":"The maximal prefix length for networks in the network area for region `eu01`.","description_kind":"plain","deprecated":true,"optional":true,"computed":true},"min_prefix_length":{"type":"number","description":"The minimal prefix length for networks in the network area for region `eu01`.","description_kind":"plain","deprecated":true,"optional":true,"computed":true},"name":{"type":"string","description":"The name of the network area.","description_kind":"plain","required":true},"network_area_id":{"type":"string","description":"The network area ID.","description_kind":"plain","computed":true},"network_ranges":{"nested_type":{"attributes":{"network_range_id":{"type":"string","description_kind":"plain","deprecated":true,"computed":true},"prefix":{"type":"string","description":"Classless Inter-Domain Routing (CIDR).","description_kind":"plain","deprecated":true,"required":true}},"nesting_mode":"list"},"description":"List of Network ranges for configuration of network area for region `eu01`.","description_kind":"plain","deprecated":true,"optional":true},"organization_id":{"type":"string","description":"STACKIT organization ID to which the network area is associated.","description_kind":"plain","required":true},"project_count":{"type":"number","description":"The amount of projects currently referencing this area.","description_kind":"plain","computed":true},"transfer_network":{"type":"string","description":"Classless Inter-Domain Routing (CIDR) for configuration of network area for region `eu01`.","description_kind":"plain","deprecated":true,"optional":true}},"description":"Network area resource schema.","description_kind":"markdown"}},"stackit_network_area_region":{"version":0,"block":{"attributes":{"id":{"type":"string","description":"Terraform's internal resource ID. It is structured as \"`organization_id`,`network_area_id`,`region`\".","description_kind":"plain","computed":true},"ipv4":{"nested_type":{"attributes":{"default_nameservers":{"type":["list","string"],"description":"List of DNS Servers/Nameservers.","description_kind":"plain","optional":true},"default_prefix_length":{"type":"number","description":"The default prefix length for networks in the network area.","description_kind":"plain","optional":true,"computed":true},"max_prefix_length":{"type":"number","description":"The maximal prefix length for networks in the network area.","description_kind":"plain","optional":true,"computed":true},"min_prefix_length":{"type":"number","description":"The minimal prefix length for networks in the network area.","description_kind":"plain","optional":true,"computed":true},"network_ranges":{"nested_type":{"attributes":{"network_range_id":{"type":"string","description_kind":"plain","computed":true},"prefix":{"type":"string","description":"Classless Inter-Domain Routing (CIDR).","description_kind":"plain","required":true}},"nesting_mode":"list"},"description":"List of Network ranges.","description_kind":"plain","required":true},"transfer_network":{"type":"string","description":"IPv4 Classless Inter-Domain Routing (CIDR).","description_kind":"plain","required":true}},"nesting_mode":"single"},"description":"The regional IPv4 config of a network area.","description_kind":"plain","required":true},"network_area_id":{"type":"string","description":"The network area ID.","description_kind":"plain","required":true},"organization_id":{"type":"string","description":"STACKIT organization ID to which the network area is associated.","description_kind":"plain","required":true},"region":{"type":"string","description":"The resource region. If not defined, the provider region is used.","description_kind":"plain","optional":true,"computed":true}},"description":"Network area region resource schema.","description_kind":"plain"}},"stackit_network_area_route":{"version":1,"block":{"attributes":{"destination":{"nested_type":{"attributes":{"type":{"type":"string","description":"CIDRV type. Possible values are: `cidrv4`, `cidrv6`. Only `cidrv4` is supported currently.","description_kind":"plain","required":true},"value":{"type":"string","description":"An CIDR string.","description_kind":"plain","required":true}},"nesting_mode":"single"},"description":"Destination of the route.","description_kind":"plain","required":true},"id":{"type":"string","description":"Terraform's internal resource ID. It is structured as \"`organization_id`,`network_area_id`,`region`,`network_area_route_id`\".","description_kind":"plain","computed":true},"labels":{"type":["map","string"],"description":"Labels are key-value string pairs which can be attached to a resource container","description_kind":"plain","optional":true},"network_area_id":{"type":"string","description":"The network area ID to which the network area route is associated.","description_kind":"plain","required":true},"network_area_route_id":{"type":"string","description":"The network area route ID.","description_kind":"plain","computed":true},"next_hop":{"nested_type":{"attributes":{"type":{"type":"string","description":"Type of the next hop. Possible values are: `blackhole`, `internet`, `ipv4`, `ipv6`. Only `ipv4` supported currently.","description_kind":"plain","required":true},"value":{"type":"string","description":"Either IPv4 or IPv6 (not set for blackhole and internet). Only IPv4 supported currently.","description_kind":"plain","optional":true}},"nesting_mode":"single"},"description":"Next hop destination.","description_kind":"plain","required":true},"organization_id":{"type":"string","description":"STACKIT organization ID to which the network area is associated.","description_kind":"plain","required":true},"region":{"type":"string","description":"The resource region. If not defined, the provider region is used.","description_kind":"plain","optional":true,"computed":true}},"description":"Network area route resource schema. Must have a `region` specified in the provider configuration.","description_kind":"markdown"}},"stackit_network_interface":{"version":0,"block":{"attributes":{"allowed_addresses":{"type":["list","string"],"description":"The list of CIDR (Classless Inter-Domain Routing) notations.","description_kind":"plain","optional":true,"computed":true},"device":{"type":"string","description":"The device UUID of the network interface.","description_kind":"plain","computed":true},"id":{"type":"string","description":"Terraform's internal resource ID. It is structured as \"`project_id`,`region`,`network_id`,`network_interface_id`\".","description_kind":"plain","computed":true},"ipv4":{"type":"string","description":"The IPv4 address.","description_kind":"plain","optional":true,"computed":true},"labels":{"type":["map","string"],"description":"Labels are key-value string pairs which can be attached to a network interface.","description_kind":"plain","optional":true},"mac":{"type":"string","description":"The MAC address of network interface.","description_kind":"plain","computed":true},"name":{"type":"string","description":"The name of the network interface.","description_kind":"plain","optional":true,"computed":true},"network_id":{"type":"string","description":"The network ID to which the network interface is associated.","description_kind":"plain","required":true},"network_interface_id":{"type":"string","description":"The network interface ID.","description_kind":"plain","computed":true},"project_id":{"type":"string","description":"STACKIT project ID to which the network is associated.","description_kind":"plain","required":true},"region":{"type":"string","description":"The resource region. If not defined, the provider region is used.","description_kind":"plain","optional":true,"computed":true},"security":{"type":"bool","description":"The Network Interface Security. If set to false, then no security groups will apply to this network interface.","description_kind":"plain","optional":true,"computed":true},"security_group_ids":{"type":["list","string"],"description":"The list of security group UUIDs. If security is set to false, setting this field will lead to an error.","description_kind":"plain","optional":true,"computed":true},"type":{"type":"string","description":"Type of network interface. Some of the possible values are: Possible values are: `server`, `metadata`, `gateway`.","description_kind":"plain","computed":true}},"description":"Network interface resource schema. Must have a `region` specified in the provider configuration.","description_kind":"markdown"}},"stackit_objectstorage_bucket":{"version":0,"block":{"attributes":{"id":{"type":"string","description":"Terraform's internal resource identifier. It is structured as \"`project_id`,`region`,`name`\".","description_kind":"plain","computed":true},"name":{"type":"string","description":"The bucket name. It must be DNS conform.","description_kind":"plain","required":true},"object_lock":{"type":"bool","description":"Enable Object Lock on this bucket. Can only be set at creation time. Requires an active project-level compliance lock.","description_kind":"plain","optional":true,"computed":true},"project_id":{"type":"string","description":"STACKIT Project ID to which the bucket is associated.","description_kind":"plain","required":true},"region":{"type":"string","description":"The resource region. If not defined, the provider region is used.","description_kind":"plain","optional":true,"computed":true},"url_path_style":{"type":"string","description_kind":"plain","computed":true},"url_virtual_hosted_style":{"type":"string","description_kind":"plain","computed":true}},"description":"ObjectStorage bucket resource schema. Must have a `region` specified in the provider configuration. If you are creating `credentialsgroup` and `bucket` resources simultaneously, please include the `depends_on` field so that they are created sequentially. This prevents errors from concurrent calls to the service enablement that is done in the background.","description_kind":"plain"}},"stackit_objectstorage_compliance_lock":{"version":0,"block":{"attributes":{"id":{"type":"string","description":"Terraform's internal resource identifier. It is structured as \"`project_id`,`region`\".","description_kind":"plain","computed":true},"max_retention_days":{"type":"number","description":"Maximum retention period in days.","description_kind":"plain","computed":true},"project_id":{"type":"string","description":"STACKIT Project ID to which the compliance lock is associated.","description_kind":"plain","required":true},"region":{"type":"string","description":"The resource region. If not defined, the provider region is used.","description_kind":"plain","optional":true,"computed":true}},"description":"ObjectStorage compliance lock resource schema. Must have a `region` specified in the provider configuration. Always use only one compliance lock per project.","description_kind":"plain"}},"stackit_objectstorage_credential":{"version":0,"block":{"attributes":{"access_key":{"type":"string","description_kind":"plain","computed":true},"credential_id":{"type":"string","description":"The credential ID.","description_kind":"plain","computed":true},"credentials_group_id":{"type":"string","description":"The credential group ID.","description_kind":"plain","required":true},"expiration_timestamp":{"type":"string","description":"Expiration timestamp, in RFC339 format without fractional seconds. Example: \"2025-01-01T00:00:00Z\". If not set, the credential never expires.","description_kind":"plain","optional":true,"computed":true},"id":{"type":"string","description":"Terraform's internal resource identifier. It is structured as \"`project_id`,`region`,`credentials_group_id`,`credential_id`\".","description_kind":"plain","computed":true},"name":{"type":"string","description_kind":"plain","computed":true},"project_id":{"type":"string","description":"STACKIT Project ID to which the credential group is associated.","description_kind":"plain","required":true},"region":{"type":"string","description":"The resource region. If not defined, the provider region is used.","description_kind":"plain","optional":true,"computed":true},"secret_access_key":{"type":"string","description_kind":"plain","computed":true,"sensitive":true}},"description":"ObjectStorage credential resource schema. Must have a `region` specified in the provider configuration.","description_kind":"plain"}},"stackit_objectstorage_credentials_group":{"version":0,"block":{"attributes":{"credentials_group_id":{"type":"string","description":"The credentials group ID","description_kind":"plain","computed":true},"id":{"type":"string","description":"Terraform's internal data source identifier. It is structured as \"`project_id`,`region`,`credentials_group_id`\".","description_kind":"plain","computed":true},"name":{"type":"string","description":"The credentials group's display name.","description_kind":"plain","required":true},"project_id":{"type":"string","description":"Project ID to which the credentials group is associated.","description_kind":"plain","required":true},"region":{"type":"string","description":"The resource region. If not defined, the provider region is used.","description_kind":"plain","optional":true,"computed":true},"urn":{"type":"string","description":"Credentials group uniform resource name (URN)","description_kind":"plain","computed":true}},"description":"ObjectStorage credentials group resource schema. Must have a `region` specified in the provider configuration. If you are creating `credentialsgroup` and `bucket` resources simultaneously, please include the `depends_on` field so that they are created sequentially. This prevents errors from concurrent calls to the service enablement that is done in the background.","description_kind":"plain"}},"stackit_observability_alertgroup":{"version":0,"block":{"attributes":{"id":{"type":"string","description":"Terraform's internal resource ID. It is structured as \"`project_id`,`instance_id`,`name`\".","description_kind":"plain","computed":true},"instance_id":{"type":"string","description":"Observability instance ID to which the alert group is associated.","description_kind":"plain","required":true},"interval":{"type":"string","description":"Specifies the frequency at which rules within the group are evaluated. The interval must be at least 60 seconds and defaults to 60 seconds if not set. Supported formats include hours, minutes, and seconds, either singly or in combination. Examples of valid formats are: '5h30m40s', '5h', '5h30m', '60m', and '60s'.","description_kind":"plain","optional":true,"computed":true},"name":{"type":"string","description":"The name of the alert group. Is the identifier and must be unique in the group.","description_kind":"plain","required":true},"project_id":{"type":"string","description":"STACKIT project ID to which the alert group is associated.","description_kind":"plain","required":true},"rules":{"nested_type":{"attributes":{"alert":{"type":"string","description":"The name of the alert rule. Is the identifier and must be unique in the group.","description_kind":"plain","optional":true},"annotations":{"type":["map","string"],"description":"A map of key:value. Annotations to add or overwrite for each alert","description_kind":"plain","optional":true},"expression":{"type":"string","description":"The PromQL expression to evaluate. Every evaluation cycle this is evaluated at the current time, and all resultant time series become pending/firing alerts.","description_kind":"plain","required":true},"for":{"type":"string","description":"Alerts are considered firing once they have been returned for this long. Alerts which have not yet fired for long enough are considered pending. Default is 0s","description_kind":"plain","optional":true},"labels":{"type":["map","string"],"description":"A map of key:value. Labels to add or overwrite for each alert","description_kind":"plain","optional":true},"record":{"type":"string","description":"The name of the metric. It's the identifier and must be unique in the group.","description_kind":"plain","optional":true}},"nesting_mode":"list"},"description":"Rules for the alert group","description_kind":"plain","required":true}},"description":"Observability alert group resource schema. Used to create alerts based on metrics (Thanos). Must have a `region` specified in the provider configuration.","description_kind":"plain"}},"stackit_observability_credential":{"version":0,"block":{"attributes":{"description":{"type":"string","description":"A description of the credential.","description_kind":"plain","optional":true},"id":{"type":"string","description":"Terraform's internal resource ID. It is structured as \"`project_id`,`instance_id`,`username`\".","description_kind":"plain","computed":true},"instance_id":{"type":"string","description":"The Observability Instance ID the credential belongs to.","description_kind":"plain","required":true},"password":{"type":"string","description":"Credential password","description_kind":"plain","computed":true,"sensitive":true},"project_id":{"type":"string","description":"STACKIT project ID to which the credential is associated.","description_kind":"plain","required":true},"username":{"type":"string","description":"Credential username","description_kind":"plain","computed":true}},"description":"Observability credential resource schema. Must have a `region` specified in the provider configuration.","description_kind":"plain"}},"stackit_observability_instance":{"version":0,"block":{"attributes":{"acl":{"type":["set","string"],"description":"The access control list for this instance. Each entry is an IP address range that is permitted to access, in CIDR notation.","description_kind":"plain","optional":true},"alert_config":{"nested_type":{"attributes":{"global":{"nested_type":{"attributes":{"opsgenie_api_key":{"type":"string","description":"The API key for OpsGenie.","description_kind":"plain","optional":true,"computed":true,"sensitive":true},"opsgenie_api_url":{"type":"string","description":"The host to send OpsGenie API requests to. Must be a valid URL","description_kind":"plain","optional":true,"computed":true},"resolve_timeout":{"type":"string","description":"The default value used by alertmanager if the alert does not include EndsAt. After this time passes, it can declare the alert as resolved if it has not been updated. This has no impact on alerts from Prometheus, as they always include EndsAt.","description_kind":"plain","optional":true,"computed":true},"smtp_auth_identity":{"type":"string","description":"SMTP authentication information. Must be a valid email address","description_kind":"plain","optional":true,"computed":true},"smtp_auth_password":{"type":"string","description":"SMTP Auth using LOGIN and PLAIN.","description_kind":"plain","optional":true,"computed":true,"sensitive":true},"smtp_auth_username":{"type":"string","description":"SMTP Auth using CRAM-MD5, LOGIN and PLAIN. If empty, Alertmanager doesn't authenticate to the SMTP server.","description_kind":"plain","optional":true,"computed":true},"smtp_from":{"type":"string","description":"The default SMTP From header field. Must be a valid email address","description_kind":"plain","optional":true,"computed":true},"smtp_smart_host":{"type":"string","description":"The default SMTP smarthost used for sending emails, including port number in format `host:port` (eg. `smtp.example.com:587`). Port number usually is 25, or 587 for SMTP over TLS (sometimes referred to as STARTTLS).","description_kind":"plain","optional":true,"computed":true}},"nesting_mode":"single"},"description":"Global configuration for the alerts. If nothing passed the default argus config will be used. It is only possible to update the entire global part, not individual attributes.","description_kind":"plain","optional":true,"computed":true},"receivers":{"nested_type":{"attributes":{"email_configs":{"nested_type":{"attributes":{"auth_identity":{"type":"string","description":"SMTP authentication information. Must be a valid email address","description_kind":"plain","optional":true},"auth_password":{"type":"string","description":"SMTP authentication password.","description_kind":"plain","optional":true,"sensitive":true},"auth_username":{"type":"string","description":"SMTP authentication username.","description_kind":"plain","optional":true},"from":{"type":"string","description":"The sender email address. Must be a valid email address","description_kind":"plain","optional":true},"send_resolved":{"type":"bool","description":"Whether to notify about resolved alerts.","description_kind":"plain","optional":true,"computed":true},"smart_host":{"type":"string","description":"The SMTP host through which emails are sent.","description_kind":"plain","optional":true},"to":{"type":"string","description":"The email address to send notifications to. Must be a valid email address","description_kind":"plain","optional":true}},"nesting_mode":"list"},"description":"List of email configurations.","description_kind":"plain","optional":true},"name":{"type":"string","description":"Name of the receiver.","description_kind":"plain","required":true},"opsgenie_configs":{"nested_type":{"attributes":{"api_key":{"type":"string","description":"The API key for OpsGenie.","description_kind":"plain","optional":true},"api_url":{"type":"string","description":"The host to send OpsGenie API requests to. Must be a valid URL","description_kind":"plain","optional":true},"priority":{"type":"string","description":"Priority of the alert. Possible values are: `P1`, `P2`, `P3`, `P4`, `P5`.","description_kind":"plain","optional":true},"send_resolved":{"type":"bool","description":"Whether to notify about resolved alerts.","description_kind":"plain","optional":true,"computed":true},"tags":{"type":"string","description":"Comma separated list of tags attached to the notifications.","description_kind":"plain","optional":true}},"nesting_mode":"list"},"description":"List of OpsGenie configurations.","description_kind":"plain","optional":true},"webhooks_configs":{"nested_type":{"attributes":{"google_chat":{"type":"bool","description":"Google Chat webhooks require special handling, set this to true if the webhook is for Google Chat.","description_kind":"plain","optional":true,"computed":true},"ms_teams":{"type":"bool","description":"Microsoft Teams webhooks require special handling, set this to true if the webhook is for Microsoft Teams.","description_kind":"plain","optional":true,"computed":true},"send_resolved":{"type":"bool","description":"Whether to notify about resolved alerts.","description_kind":"plain","optional":true,"computed":true},"url":{"type":"string","description":"The endpoint to send HTTP POST requests to. Must be a valid URL","description_kind":"plain","optional":true,"sensitive":true}},"nesting_mode":"list"},"description":"List of Webhooks configurations.","description_kind":"plain","optional":true}},"nesting_mode":"list"},"description":"List of alert receivers.","description_kind":"plain","required":true},"route":{"nested_type":{"attributes":{"continue":{"type":"bool","description":"Whether an alert should continue matching subsequent sibling nodes.","description_kind":"plain","computed":true},"group_by":{"type":["list","string"],"description":"The labels by which incoming alerts are grouped together. For example, multiple alerts coming in for cluster=A and alertname=LatencyHigh would be batched into a single group. To aggregate by all possible labels use the special value '...' as the sole label name, for example: group_by: ['...']. This effectively disables aggregation entirely, passing through all alerts as-is. This is unlikely to be what you want, unless you have a very low alert volume or your upstream notification system performs its own grouping.","description_kind":"plain","optional":true},"group_interval":{"type":"string","description":"How long to wait before sending a notification about new alerts that are added to a group of alerts for which an initial notification has already been sent. (Usually ~5m or more.)","description_kind":"plain","optional":true,"computed":true},"group_wait":{"type":"string","description":"How long to initially wait to send a notification for a group of alerts. Allows to wait for an inhibiting alert to arrive or collect more initial alerts for the same group. (Usually ~0s to few minutes.)","description_kind":"plain","optional":true,"computed":true},"receiver":{"type":"string","description":"The name of the receiver to route the alerts to.","description_kind":"plain","required":true},"repeat_interval":{"type":"string","description":"How long to wait before sending a notification again if it has already been sent successfully for an alert. (Usually ~3h or more).","description_kind":"plain","optional":true,"computed":true},"routes":{"nested_type":{"attributes":{"continue":{"type":"bool","description":"Whether an alert should continue matching subsequent sibling nodes.","description_kind":"plain","optional":true,"computed":true},"group_by":{"type":["list","string"],"description":"The labels by which incoming alerts are grouped together. For example, multiple alerts coming in for cluster=A and alertname=LatencyHigh would be batched into a single group. To aggregate by all possible labels use the special value '...' as the sole label name, for example: group_by: ['...']. This effectively disables aggregation entirely, passing through all alerts as-is. This is unlikely to be what you want, unless you have a very low alert volume or your upstream notification system performs its own grouping.","description_kind":"plain","optional":true},"group_interval":{"type":"string","description":"How long to wait before sending a notification about new alerts that are added to a group of alerts for which an initial notification has already been sent. (Usually ~5m or more.)","description_kind":"plain","optional":true,"computed":true},"group_wait":{"type":"string","description":"How long to initially wait to send a notification for a group of alerts. Allows to wait for an inhibiting alert to arrive or collect more initial alerts for the same group. (Usually ~0s to few minutes.)","description_kind":"plain","optional":true,"computed":true},"match":{"type":["map","string"],"description":"A set of equality matchers an alert has to fulfill to match the node. This field is deprecated and will be removed after 10th March 2026, use `matchers` in the `routes` instead","description_kind":"plain","deprecated":true,"optional":true},"match_regex":{"type":["map","string"],"description":"A set of regex-matchers an alert has to fulfill to match the node. This field is deprecated and will be removed after 10th March 2026, use `matchers` in the `routes` instead","description_kind":"plain","deprecated":true,"optional":true},"matchers":{"type":["list","string"],"description":"A list of matchers that an alert has to fulfill to match the node. A matcher is a string with a syntax inspired by PromQL and OpenMetrics.","description_kind":"plain","optional":true},"receiver":{"type":"string","description":"The name of the receiver to route the alerts to.","description_kind":"plain","required":true},"repeat_interval":{"type":"string","description":"How long to wait before sending a notification again if it has already been sent successfully for an alert. (Usually ~3h or more).","description_kind":"plain","optional":true,"computed":true}},"nesting_mode":"list"},"description":"List of child routes.","description_kind":"plain","optional":true}},"nesting_mode":"single"},"description":"Route configuration for the alerts.","description_kind":"plain","required":true}},"nesting_mode":"single"},"description":"Alert configuration for the instance.","description_kind":"plain","optional":true},"alerting_url":{"type":"string","description":"Specifies Alerting URL.","description_kind":"plain","computed":true},"dashboard_url":{"type":"string","description":"Specifies Observability instance dashboard URL.","description_kind":"plain","computed":true},"grafana_admin_enabled":{"type":"bool","description":"If true, a default Grafana server admin user is created. It's recommended to set this to false and use STACKIT SSO (Owner or Observability Grafana Server Admin role) instead. It is still possible to manually create a new Grafana admin user via the Grafana UI later.","description_kind":"plain","optional":true,"computed":true},"grafana_initial_admin_password":{"type":"string","description":"Specifies an initial Grafana admin password.","description_kind":"plain","deprecated":true,"computed":true,"sensitive":true},"grafana_initial_admin_user":{"type":"string","description":"Specifies an initial Grafana admin username.","description_kind":"plain","deprecated":true,"computed":true},"grafana_public_read_access":{"type":"bool","description":"If true, anyone can access Grafana dashboards without logging in.","description_kind":"plain","computed":true},"grafana_url":{"type":"string","description":"Specifies Grafana URL.","description_kind":"plain","computed":true},"id":{"type":"string","description":"Terraform's internal resource ID. It is structured as \"`project_id`,`instance_id`\".","description_kind":"plain","computed":true},"instance_id":{"type":"string","description":"The Observability instance ID.","description_kind":"plain","computed":true},"is_updatable":{"type":"bool","description":"Specifies if the instance can be updated.","description_kind":"plain","computed":true},"jaeger_traces_url":{"type":"string","description_kind":"plain","computed":true},"jaeger_ui_url":{"type":"string","description_kind":"plain","computed":true},"logs_push_url":{"type":"string","description":"Specifies URL for pushing logs.","description_kind":"plain","computed":true},"logs_retention_days":{"type":"number","description":"Specifies for how many days the logs are kept. Default is set to `7`.","description_kind":"plain","optional":true,"computed":true},"logs_url":{"type":"string","description":"Specifies Logs URL.","description_kind":"plain","computed":true},"metrics_push_url":{"type":"string","description":"Specifies URL for pushing metrics.","description_kind":"plain","computed":true},"metrics_retention_days":{"type":"number","description":"Specifies for how many days the raw metrics are kept. Default is set to `90`.","description_kind":"plain","optional":true,"computed":true},"metrics_retention_days_1h_downsampling":{"type":"number","description":"Specifies for how many days the 1h downsampled metrics are kept. must be less than the value of the 5m downsampling retention. Default is set to `90`.","description_kind":"plain","optional":true,"computed":true},"metrics_retention_days_5m_downsampling":{"type":"number","description":"Specifies for how many days the 5m downsampled metrics are kept. must be less than the value of the general retention. Default is set to `90`.","description_kind":"plain","optional":true,"computed":true},"metrics_url":{"type":"string","description":"Specifies metrics URL.","description_kind":"plain","computed":true},"name":{"type":"string","description":"The name of the Observability instance.","description_kind":"plain","required":true},"otlp_grpc_traces_url":{"type":"string","description_kind":"plain","computed":true},"otlp_http_logs_url":{"type":"string","description_kind":"plain","computed":true},"otlp_http_traces_url":{"type":"string","description_kind":"plain","computed":true},"otlp_traces_url":{"type":"string","description_kind":"plain","computed":true},"parameters":{"type":["map","string"],"description":"Additional parameters.","description_kind":"plain","optional":true,"computed":true},"plan_id":{"type":"string","description":"The Observability plan ID.","description_kind":"plain","computed":true},"plan_name":{"type":"string","description":"Specifies the Observability plan. E.g. `Observability-Monitoring-Medium-EU01`.","description_kind":"plain","required":true},"project_id":{"type":"string","description":"STACKIT project ID to which the instance is associated.","description_kind":"plain","required":true},"targets_url":{"type":"string","description":"Specifies Targets URL.","description_kind":"plain","computed":true},"traces_retention_days":{"type":"number","description":"Specifies for how many days the traces are kept. Default is set to `7`.","description_kind":"plain","optional":true,"computed":true},"zipkin_spans_url":{"type":"string","description_kind":"plain","computed":true}},"description":"Observability instance resource schema. Must have a `region` specified in the provider configuration.","description_kind":"plain"}},"stackit_observability_logalertgroup":{"version":0,"block":{"attributes":{"id":{"type":"string","description":"Terraform's internal resource ID. It is structured as \"`project_id`,`instance_id`,`name`\".","description_kind":"plain","computed":true},"instance_id":{"type":"string","description":"Observability instance ID to which the log alert group is associated.","description_kind":"plain","required":true},"interval":{"type":"string","description":"Specifies the frequency at which rules within the group are evaluated. The interval must be at least 60 seconds and defaults to 60 seconds if not set. Supported formats include hours, minutes, and seconds, either singly or in combination. Examples of valid formats are: '5h30m40s', '5h', '5h30m', '60m', and '60s'.","description_kind":"plain","optional":true,"computed":true},"name":{"type":"string","description":"The name of the log alert group. Is the identifier and must be unique in the group.","description_kind":"plain","required":true},"project_id":{"type":"string","description":"STACKIT project ID to which the log alert group is associated.","description_kind":"plain","required":true},"rules":{"nested_type":{"attributes":{"alert":{"type":"string","description":"The name of the alert rule. Is the identifier and must be unique in the group.","description_kind":"plain","required":true},"annotations":{"type":["map","string"],"description":"A map of key:value. Annotations to add or overwrite for each alert","description_kind":"plain","optional":true},"expression":{"type":"string","description":"The LogQL expression to evaluate. Every evaluation cycle this is evaluated at the current time, and all resultant time series become pending/firing alerts.","description_kind":"plain","required":true},"for":{"type":"string","description":"Alerts are considered firing once they have been returned for this long. Alerts which have not yet fired for long enough are considered pending. Default is 0s","description_kind":"plain","optional":true},"labels":{"type":["map","string"],"description":"A map of key:value. Labels to add or overwrite for each alert","description_kind":"plain","optional":true}},"nesting_mode":"list"},"description":"Rules for the log alert group","description_kind":"plain","required":true}},"description":"Observability log alert group resource schema. Used to create alerts based on logs (Loki). Must have a `region` specified in the provider configuration.","description_kind":"plain"}},"stackit_observability_scrapeconfig":{"version":0,"block":{"attributes":{"basic_auth":{"nested_type":{"attributes":{"password":{"type":"string","description":"Specifies basic auth password.","description_kind":"plain","required":true,"sensitive":true},"username":{"type":"string","description":"Specifies basic auth username.","description_kind":"plain","required":true}},"nesting_mode":"single"},"description":"A basic authentication block.","description_kind":"plain","optional":true,"computed":true},"id":{"type":"string","description":"Terraform's internal resource ID. It is structured as \"`project_id`,`instance_id`,`name`\".","description_kind":"plain","computed":true},"instance_id":{"type":"string","description":"Observability instance ID to which the scraping job is associated.","description_kind":"plain","required":true},"metrics_path":{"type":"string","description":"Specifies the job scraping url path. E.g. `/metrics`.","description_kind":"plain","required":true},"name":{"type":"string","description":"Specifies the name of the scraping job.","description_kind":"plain","required":true},"project_id":{"type":"string","description":"STACKIT project ID to which the scraping job is associated.","description_kind":"plain","required":true},"saml2":{"nested_type":{"attributes":{"enable_url_parameters":{"type":"bool","description":"Specifies if URL parameters are enabled. Defaults to `true`","description_kind":"plain","optional":true,"computed":true}},"nesting_mode":"single"},"description":"A SAML2 configuration block.","description_kind":"plain","optional":true,"computed":true},"sample_limit":{"type":"number","description":"Specifies the scrape sample limit. Upper limit depends on the service plan. Defaults to `5000`.","description_kind":"plain","optional":true,"computed":true},"scheme":{"type":"string","description":"Specifies the http scheme. Defaults to `https`.","description_kind":"plain","optional":true,"computed":true},"scrape_interval":{"type":"string","description":"Specifies the scrape interval as duration string. Defaults to `5m`.","description_kind":"plain","optional":true,"computed":true},"scrape_timeout":{"type":"string","description":"Specifies the scrape timeout as duration string. Defaults to `2m`.","description_kind":"plain","optional":true,"computed":true},"targets":{"nested_type":{"attributes":{"labels":{"type":["map","string"],"description":"Specifies labels.","description_kind":"plain","optional":true},"urls":{"type":["list","string"],"description":"Specifies target URLs.","description_kind":"plain","required":true}},"nesting_mode":"list"},"description":"The targets list (specified by the static config).","description_kind":"plain","required":true}},"description":"Observability scrape config resource schema. Must have a `region` specified in the provider configuration.","description_kind":"plain"}},"stackit_opensearch_credential":{"version":0,"block":{"attributes":{"credential_id":{"type":"string","description":"The credential's ID.","description_kind":"plain","computed":true},"host":{"type":"string","description_kind":"plain","computed":true},"hosts":{"type":["list","string"],"description_kind":"plain","computed":true},"id":{"type":"string","description":"Terraform's internal resource identifier. It is structured as \"`project_id`,`instance_id`,`credential_id`\".","description_kind":"plain","computed":true},"instance_id":{"type":"string","description":"ID of the OpenSearch instance.","description_kind":"plain","required":true},"password":{"type":"string","description_kind":"plain","computed":true,"sensitive":true},"port":{"type":"number","description_kind":"plain","computed":true},"project_id":{"type":"string","description":"STACKIT Project ID to which the instance is associated.","description_kind":"plain","required":true},"scheme":{"type":"string","description_kind":"plain","computed":true},"uri":{"type":"string","description_kind":"plain","computed":true,"sensitive":true},"username":{"type":"string","description_kind":"plain","computed":true}},"description":"OpenSearch credential resource schema. Must have a `region` specified in the provider configuration.","description_kind":"plain"}},"stackit_opensearch_instance":{"version":0,"block":{"attributes":{"cf_guid":{"type":"string","description_kind":"plain","computed":true},"cf_organization_guid":{"type":"string","description_kind":"plain","computed":true},"cf_space_guid":{"type":"string","description_kind":"plain","computed":true},"dashboard_url":{"type":"string","description_kind":"plain","computed":true},"id":{"type":"string","description":"Terraform's internal resource ID. It is structured as \"`project_id`,`instance_id`\".","description_kind":"plain","computed":true},"image_url":{"type":"string","description_kind":"plain","computed":true},"instance_id":{"type":"string","description":"ID of the OpenSearch instance.","description_kind":"plain","computed":true},"name":{"type":"string","description":"Instance name.","description_kind":"plain","required":true},"parameters":{"nested_type":{"attributes":{"enable_monitoring":{"type":"bool","description":"Enable monitoring.","description_kind":"plain","optional":true,"computed":true},"graphite":{"type":"string","description":"If set, monitoring with Graphite will be enabled. Expects the host and port where the Graphite metrics should be sent to (host:port).","description_kind":"plain","optional":true,"computed":true},"java_garbage_collector":{"type":"string","description":"The garbage collector to use for OpenSearch.","description_kind":"plain","optional":true,"computed":true},"java_heapspace":{"type":"number","description":"The amount of memory (in MB) allocated as heap by the JVM for OpenSearch.","description_kind":"plain","optional":true,"computed":true},"java_maxmetaspace":{"type":"number","description":"The amount of memory (in MB) used by the JVM to store metadata for OpenSearch.","description_kind":"plain","optional":true,"computed":true},"max_disk_threshold":{"type":"number","description":"The maximum disk threshold in MB. If the disk usage exceeds this threshold, the instance will be stopped.","description_kind":"plain","optional":true,"computed":true},"metrics_frequency":{"type":"number","description":"The frequency in seconds at which metrics are emitted (in seconds).","description_kind":"plain","optional":true,"computed":true},"metrics_prefix":{"type":"string","description":"The prefix for the metrics. Could be useful when using Graphite monitoring to prefix the metrics with a certain value, like an API key.","description_kind":"plain","optional":true,"computed":true},"monitoring_instance_id":{"type":"string","description":"The ID of the STACKIT monitoring instance.","description_kind":"plain","optional":true,"computed":true},"plugins":{"type":["list","string"],"description":"List of plugins to install. Must be a supported plugin name. The plugins `repository-s3` and `repository-azure` are enabled by default and cannot be disabled.","description_kind":"plain","optional":true,"computed":true},"sgw_acl":{"type":"string","description":"Comma separated list of IP networks in CIDR notation which are allowed to access this instance.","description_kind":"plain","optional":true,"computed":true},"syslog":{"type":["list","string"],"description":"List of syslog servers to send logs to.","description_kind":"plain","optional":true,"computed":true},"tls_ciphers":{"type":["list","string"],"description":"List of TLS ciphers to use.","description_kind":"plain","optional":true,"computed":true},"tls_protocols":{"type":["list","string"],"description":"The TLS protocol to use.","description_kind":"plain","optional":true,"computed":true}},"nesting_mode":"single"},"description":"Configuration parameters. Please note that removing a previously configured field from your Terraform configuration won't replace its value in the API. To update a previously configured field, explicitly set a new value for it.","description_kind":"plain","optional":true,"computed":true},"plan_id":{"type":"string","description":"The selected plan ID.","description_kind":"plain","computed":true},"plan_name":{"type":"string","description":"The selected plan name.","description_kind":"plain","required":true},"project_id":{"type":"string","description":"STACKIT project ID to which the instance is associated.","description_kind":"plain","required":true},"version":{"type":"string","description":"The service version.","description_kind":"plain","required":true}},"description":"OpenSearch instance resource schema. Must have a `region` specified in the provider configuration.","description_kind":"plain"}},"stackit_postgresflex_database":{"version":0,"block":{"attributes":{"database_id":{"type":"string","description":"Database ID.","description_kind":"plain","computed":true},"id":{"type":"string","description":"Terraform's internal resource ID. It is structured as \"`project_id`,`region`,`instance_id`,`database_id`\".","description_kind":"plain","computed":true},"instance_id":{"type":"string","description":"ID of the Postgres Flex instance.","description_kind":"plain","required":true},"name":{"type":"string","description":"Database name.","description_kind":"plain","required":true},"owner":{"type":"string","description":"Username of the database owner.","description_kind":"plain","required":true},"project_id":{"type":"string","description":"STACKIT project ID to which the instance is associated.","description_kind":"plain","required":true},"region":{"type":"string","description":"The resource region. If not defined, the provider region is used.","description_kind":"plain","optional":true,"computed":true}},"description":"Postgres Flex database resource schema. Must have a `region` specified in the provider configuration.","description_kind":"plain"}},"stackit_postgresflex_instance":{"version":0,"block":{"attributes":{"acl":{"type":["list","string"],"description":"The Access Control List (ACL) for the PostgresFlex instance.","description_kind":"plain","required":true},"backup_schedule":{"type":"string","description":"The schedule for on what time and how often the database backup will be created. Must be a valid cron expression using numeric minute and hour values, e.g: '0 2 * * *'.","description_kind":"plain","required":true},"flavor":{"nested_type":{"attributes":{"cpu":{"type":"number","description_kind":"plain","required":true},"description":{"type":"string","description_kind":"plain","computed":true},"id":{"type":"string","description_kind":"plain","computed":true},"ram":{"type":"number","description_kind":"plain","required":true}},"nesting_mode":"single"},"description_kind":"plain","required":true},"id":{"type":"string","description":"Terraform's internal resource ID. It is structured as \"`project_id`,`region`,`instance_id`\".","description_kind":"plain","computed":true},"instance_id":{"type":"string","description":"ID of the PostgresFlex instance.","description_kind":"plain","computed":true},"name":{"type":"string","description":"Instance name.","description_kind":"plain","required":true},"project_id":{"type":"string","description":"STACKIT project ID to which the instance is associated.","description_kind":"plain","required":true},"region":{"type":"string","description":"The resource region. If not defined, the provider region is used.","description_kind":"plain","optional":true,"computed":true},"replicas":{"type":"number","description":"How many replicas the instance should have. Valid values are 1 for single mode or 3 for replication.","description_kind":"plain","required":true},"storage":{"nested_type":{"attributes":{"class":{"type":"string","description_kind":"plain","required":true},"size":{"type":"number","description_kind":"plain","required":true}},"nesting_mode":"single"},"description_kind":"plain","required":true},"version":{"type":"string","description_kind":"plain","required":true}},"description":"Postgres Flex instance resource schema. Must have a `region` specified in the provider configuration.","description_kind":"plain"}},"stackit_postgresflex_user":{"version":0,"block":{"attributes":{"host":{"type":"string","description_kind":"plain","computed":true},"id":{"type":"string","description":"Terraform's internal resource ID. It is structured as \"`project_id`,`region`,`instance_id`,`user_id`\".","description_kind":"plain","computed":true},"instance_id":{"type":"string","description":"ID of the PostgresFlex instance.","description_kind":"plain","required":true},"password":{"type":"string","description_kind":"plain","computed":true,"sensitive":true},"port":{"type":"number","description_kind":"plain","computed":true},"project_id":{"type":"string","description":"STACKIT project ID to which the instance is associated.","description_kind":"plain","required":true},"region":{"type":"string","description":"The resource region. If not defined, the provider region is used.","description_kind":"plain","optional":true,"computed":true},"roles":{"type":["set","string"],"description":"Database access levels for the user.","description_kind":"plain","required":true},"uri":{"type":"string","description_kind":"plain","computed":true,"sensitive":true},"user_id":{"type":"string","description":"User ID.","description_kind":"plain","computed":true},"username":{"type":"string","description_kind":"plain","required":true}},"description":"Postgres Flex user resource schema. Must have a `region` specified in the provider configuration.","description_kind":"plain"}},"stackit_public_ip":{"version":0,"block":{"attributes":{"id":{"type":"string","description":"Terraform's internal resource ID. It is structured as \"`project_id`,`region`,`public_ip_id`\".","description_kind":"plain","computed":true},"ip":{"type":"string","description":"The IP address.","description_kind":"plain","computed":true},"labels":{"type":["map","string"],"description":"Labels are key-value string pairs which can be attached to a resource container","description_kind":"plain","optional":true},"network_interface_id":{"type":"string","description":"Associates the public IP with a network interface or a virtual IP (ID). If you are using this resource with a Kubernetes Load Balancer or any other resource which associates a network interface implicitly, use the lifecycle `ignore_changes` property in this field to prevent unintentional removal of the network interface due to drift in the Terraform state","description_kind":"plain","optional":true,"computed":true},"project_id":{"type":"string","description":"STACKIT project ID to which the public IP is associated.","description_kind":"plain","required":true},"public_ip_id":{"type":"string","description":"The public IP ID.","description_kind":"plain","computed":true},"region":{"type":"string","description":"The resource region. If not defined, the provider region is used.","description_kind":"plain","optional":true,"computed":true}},"description":"Public IP resource schema. Must have a `region` specified in the provider configuration.","description_kind":"markdown"}},"stackit_public_ip_associate":{"version":0,"block":{"attributes":{"id":{"type":"string","description":"Terraform's internal resource ID. It is structured as \"`project_id`,`region`,`public_ip_id`,`network_interface_id`\".","description_kind":"plain","computed":true},"ip":{"type":"string","description":"The IP address.","description_kind":"plain","computed":true},"network_interface_id":{"type":"string","description":"The ID of the network interface (or virtual IP) to which the public IP should be attached to.","description_kind":"plain","required":true},"project_id":{"type":"string","description":"STACKIT project ID to which the public IP is associated.","description_kind":"plain","required":true},"public_ip_id":{"type":"string","description":"The public IP ID.","description_kind":"plain","required":true},"region":{"type":"string","description":"The resource region. If not defined, the provider region is used.","description_kind":"plain","optional":true,"computed":true}},"description":"Associates an existing public IP to a network interface. This is useful for situations where you have a pre-allocated public IP or unable to use the `stackit_public_ip` resource to create a new public IP. Must have a `region` specified in the provider configuration.\n\n!\u003e The `stackit_public_ip_associate` resource should not be used together with the `stackit_public_ip` resource for the same public IP or for the same network interface. \nUsing both resources together for the same public IP or network interface WILL lead to conflicts, as they both have control of the public IP and network interface association.","description_kind":"markdown"}},"stackit_rabbitmq_credential":{"version":0,"block":{"attributes":{"credential_id":{"type":"string","description":"The credential's ID.","description_kind":"plain","computed":true},"host":{"type":"string","description_kind":"plain","computed":true},"hosts":{"type":["list","string"],"description_kind":"plain","computed":true},"http_api_uri":{"type":"string","description_kind":"plain","computed":true},"http_api_uris":{"type":["list","string"],"description_kind":"plain","computed":true},"id":{"type":"string","description":"Terraform's internal resource identifier. It is structured as \"`project_id`,`instance_id`,`credential_id`\".","description_kind":"plain","computed":true},"instance_id":{"type":"string","description":"ID of the RabbitMQ instance.","description_kind":"plain","required":true},"management":{"type":"string","description_kind":"plain","computed":true},"password":{"type":"string","description_kind":"plain","computed":true,"sensitive":true},"port":{"type":"number","description_kind":"plain","computed":true},"project_id":{"type":"string","description":"STACKIT Project ID to which the instance is associated.","description_kind":"plain","required":true},"uri":{"type":"string","description_kind":"plain","computed":true,"sensitive":true},"uris":{"type":["list","string"],"description_kind":"plain","computed":true},"username":{"type":"string","description_kind":"plain","computed":true}},"description":"RabbitMQ credential resource schema. Must have a `region` specified in the provider configuration.","description_kind":"plain"}},"stackit_rabbitmq_instance":{"version":0,"block":{"attributes":{"cf_guid":{"type":"string","description_kind":"plain","computed":true},"cf_organization_guid":{"type":"string","description_kind":"plain","computed":true},"cf_space_guid":{"type":"string","description_kind":"plain","computed":true},"dashboard_url":{"type":"string","description_kind":"plain","computed":true},"id":{"type":"string","description":"Terraform's internal resource ID. It is structured as \"`project_id`,`instance_id`\".","description_kind":"plain","computed":true},"image_url":{"type":"string","description_kind":"plain","computed":true},"instance_id":{"type":"string","description":"ID of the RabbitMQ instance.","description_kind":"plain","computed":true},"name":{"type":"string","description":"Instance name.","description_kind":"plain","required":true},"parameters":{"nested_type":{"attributes":{"consumer_timeout":{"type":"number","description":"The timeout in milliseconds for the consumer.","description_kind":"plain","optional":true,"computed":true},"enable_monitoring":{"type":"bool","description":"Enable monitoring.","description_kind":"plain","optional":true,"computed":true},"graphite":{"type":"string","description":"Graphite server URL (host and port). If set, monitoring with Graphite will be enabled.","description_kind":"plain","optional":true,"computed":true},"max_disk_threshold":{"type":"number","description":"The maximum disk threshold in MB. If the disk usage exceeds this threshold, the instance will be stopped.","description_kind":"plain","optional":true,"computed":true},"metrics_frequency":{"type":"number","description":"The frequency in seconds at which metrics are emitted.","description_kind":"plain","optional":true,"computed":true},"metrics_prefix":{"type":"string","description":"The prefix for the metrics. Could be useful when using Graphite monitoring to prefix the metrics with a certain value, like an API key","description_kind":"plain","optional":true,"computed":true},"monitoring_instance_id":{"type":"string","description":"The ID of the STACKIT monitoring instance.","description_kind":"plain","optional":true,"computed":true},"plugins":{"type":["list","string"],"description":"List of plugins to install. Must be a supported plugin name.","description_kind":"plain","optional":true,"computed":true},"roles":{"type":["list","string"],"description":"List of roles to assign to the instance.","description_kind":"plain","optional":true,"computed":true},"sgw_acl":{"type":"string","description":"Comma separated list of IP networks in CIDR notation which are allowed to access this instance.","description_kind":"plain","optional":true,"computed":true},"syslog":{"type":["list","string"],"description":"List of syslog servers to send logs to.","description_kind":"plain","optional":true,"computed":true},"tls_ciphers":{"type":["list","string"],"description":"List of TLS ciphers to use.","description_kind":"plain","optional":true,"computed":true},"tls_protocols":{"type":["list","string"],"description":"TLS protocol versions to use.","description_kind":"plain","optional":true,"computed":true}},"nesting_mode":"single"},"description":"Configuration parameters. Please note that removing a previously configured field from your Terraform configuration won't replace its value in the API. To update a previously configured field, explicitly set a new value for it.","description_kind":"plain","optional":true,"computed":true},"plan_id":{"type":"string","description":"The selected plan ID.","description_kind":"plain","computed":true},"plan_name":{"type":"string","description":"The selected plan name.","description_kind":"plain","required":true},"project_id":{"type":"string","description":"STACKIT project ID to which the instance is associated.","description_kind":"plain","required":true},"version":{"type":"string","description":"The service version.","description_kind":"plain","required":true}},"description":"RabbitMQ instance resource schema. Must have a `region` specified in the provider configuration.","description_kind":"plain"}},"stackit_redis_credential":{"version":0,"block":{"attributes":{"credential_id":{"type":"string","description":"The credential's ID.","description_kind":"plain","computed":true},"host":{"type":"string","description_kind":"plain","computed":true},"hosts":{"type":["list","string"],"description_kind":"plain","computed":true},"id":{"type":"string","description":"Terraform's internal resource identifier. It is structured as \"`project_id`,`instance_id`,`credential_id`\".","description_kind":"plain","computed":true},"instance_id":{"type":"string","description":"ID of the Redis instance.","description_kind":"plain","required":true},"load_balanced_host":{"type":"string","description_kind":"plain","computed":true},"password":{"type":"string","description_kind":"plain","computed":true,"sensitive":true},"port":{"type":"number","description_kind":"plain","computed":true},"project_id":{"type":"string","description":"STACKIT Project ID to which the instance is associated.","description_kind":"plain","required":true},"uri":{"type":"string","description":"Connection URI.","description_kind":"plain","computed":true,"sensitive":true},"username":{"type":"string","description_kind":"plain","computed":true}},"description":"Redis credential resource schema. Must have a `region` specified in the provider configuration.","description_kind":"plain"}},"stackit_redis_instance":{"version":0,"block":{"attributes":{"cf_guid":{"type":"string","description_kind":"plain","computed":true},"cf_organization_guid":{"type":"string","description_kind":"plain","computed":true},"cf_space_guid":{"type":"string","description_kind":"plain","computed":true},"dashboard_url":{"type":"string","description_kind":"plain","computed":true},"id":{"type":"string","description":"Terraform's internal resource ID. It is structured as \"`project_id`,`instance_id`\".","description_kind":"plain","computed":true},"image_url":{"type":"string","description_kind":"plain","computed":true},"instance_id":{"type":"string","description":"ID of the Redis instance.","description_kind":"plain","computed":true},"name":{"type":"string","description":"Instance name.","description_kind":"plain","required":true},"parameters":{"nested_type":{"attributes":{"down_after_milliseconds":{"type":"number","description":"The number of milliseconds after which the instance is considered down.","description_kind":"plain","optional":true,"computed":true},"enable_monitoring":{"type":"bool","description":"Enable monitoring.","description_kind":"plain","optional":true,"computed":true},"failover_timeout":{"type":"number","description":"The failover timeout in milliseconds.","description_kind":"plain","optional":true,"computed":true},"graphite":{"type":"string","description":"Graphite server URL (host and port). If set, monitoring with Graphite will be enabled.","description_kind":"plain","optional":true,"computed":true},"lazyfree_lazy_eviction":{"type":"string","description":"The lazy eviction enablement (yes or no).","description_kind":"plain","optional":true,"computed":true},"lazyfree_lazy_expire":{"type":"string","description":"The lazy expire enablement (yes or no).","description_kind":"plain","optional":true,"computed":true},"lua_time_limit":{"type":"number","description":"The Lua time limit.","description_kind":"plain","optional":true,"computed":true},"max_disk_threshold":{"type":"number","description":"The maximum disk threshold in MB. If the disk usage exceeds this threshold, the instance will be stopped.","description_kind":"plain","optional":true,"computed":true},"maxclients":{"type":"number","description":"The maximum number of clients.","description_kind":"plain","optional":true,"computed":true},"maxmemory_policy":{"type":"string","description":"The policy to handle the maximum memory (volatile-lru, noeviction, etc).","description_kind":"plain","optional":true,"computed":true},"maxmemory_samples":{"type":"number","description":"The maximum memory samples.","description_kind":"plain","optional":true,"computed":true},"metrics_frequency":{"type":"number","description":"The frequency in seconds at which metrics are emitted.","description_kind":"plain","optional":true,"computed":true},"metrics_prefix":{"type":"string","description":"The prefix for the metrics. Could be useful when using Graphite monitoring to prefix the metrics with a certain value, like an API key","description_kind":"plain","optional":true,"computed":true},"min_replicas_max_lag":{"type":"number","description":"The minimum replicas maximum lag.","description_kind":"plain","optional":true,"computed":true},"monitoring_instance_id":{"type":"string","description":"The ID of the STACKIT monitoring instance.","description_kind":"plain","optional":true,"computed":true},"notify_keyspace_events":{"type":"string","description":"The notify keyspace events.","description_kind":"plain","optional":true,"computed":true},"sgw_acl":{"type":"string","description":"Comma separated list of IP networks in CIDR notation which are allowed to access this instance.","description_kind":"plain","optional":true,"computed":true},"snapshot":{"type":"string","description":"The snapshot configuration.","description_kind":"plain","optional":true,"computed":true},"syslog":{"type":["list","string"],"description":"List of syslog servers to send logs to.","description_kind":"plain","optional":true,"computed":true},"tls_ciphers":{"type":["list","string"],"description":"List of TLS ciphers to use.","description_kind":"plain","optional":true,"computed":true},"tls_ciphersuites":{"type":"string","description":"TLS cipher suites to use.","description_kind":"plain","optional":true,"computed":true},"tls_protocols":{"type":"string","description":"TLS protocol to use.","description_kind":"plain","optional":true,"computed":true}},"nesting_mode":"single"},"description":"Configuration parameters. Please note that removing a previously configured field from your Terraform configuration won't replace its value in the API. To update a previously configured field, explicitly set a new value for it.","description_kind":"plain","optional":true,"computed":true},"plan_id":{"type":"string","description":"The selected plan ID.","description_kind":"plain","computed":true},"plan_name":{"type":"string","description":"The selected plan name.","description_kind":"plain","required":true},"project_id":{"type":"string","description":"STACKIT project ID to which the instance is associated.","description_kind":"plain","required":true},"version":{"type":"string","description":"The service version.","description_kind":"plain","required":true}},"description":"Redis instance resource schema. Must have a `region` specified in the provider configuration.","description_kind":"plain"}},"stackit_resourcemanager_folder":{"version":0,"block":{"attributes":{"container_id":{"type":"string","description":"Folder container ID. Globally unique, user-friendly identifier.","description_kind":"plain","computed":true},"creation_time":{"type":"string","description":"Date-time at which the folder was created.","description_kind":"plain","computed":true},"folder_id":{"type":"string","description":"Folder UUID identifier. Globally unique folder identifier","description_kind":"plain","computed":true},"id":{"type":"string","description":"Terraform's internal resource ID. It is structured as \"`container_id`\".","description_kind":"plain","computed":true},"labels":{"type":["map","string"],"description":"Labels are key-value string pairs which can be attached to a resource container. A label key must match the regex [A-ZÄÜÖa-zäüöß0-9_-]{1,64}. A label value must match the regex ^$|[A-ZÄÜÖa-zäüöß0-9_-]{1,64}.","description_kind":"plain","optional":true},"name":{"type":"string","description":"The name of the folder.","description_kind":"plain","required":true},"owner_email":{"type":"string","description":"Email address of the owner of the folder. This value is only considered during creation. Changing it afterwards will have no effect.","description_kind":"plain","required":true},"parent_container_id":{"type":"string","description":"Parent resource identifier. Both container ID (user-friendly) and UUID are supported.","description_kind":"plain","required":true},"update_time":{"type":"string","description":"Date-time at which the folder was last modified.","description_kind":"plain","computed":true}},"description":"Resource Manager folder resource schema.","description_kind":"plain"}},"stackit_resourcemanager_project":{"version":0,"block":{"attributes":{"container_id":{"type":"string","description":"Project container ID. Globally unique, user-friendly identifier.","description_kind":"plain","computed":true},"creation_time":{"type":"string","description":"Date-time at which the project was created.","description_kind":"plain","computed":true},"id":{"type":"string","description":"Terraform's internal resource ID. It is structured as \"`container_id`\".","description_kind":"plain","computed":true},"labels":{"type":["map","string"],"description":"Labels are key-value string pairs which can be attached to a resource container. A label key must match the regex [A-ZÄÜÖa-zäüöß0-9_-]{1,64}. A label value must match the regex ^$|[A-ZÄÜÖa-zäüöß0-9_-]{1,64}.  \nTo create a project within a STACKIT Network Area, setting the label `networkArea=\u003cnetworkAreaID\u003e` is required. This can not be changed after project creation.","description_kind":"plain","optional":true},"name":{"type":"string","description":"Project name.","description_kind":"plain","required":true},"owner_email":{"type":"string","description":"Email address of the owner of the project. This value is only considered during creation. Changing it afterwards will have no effect.","description_kind":"plain","required":true},"parent_container_id":{"type":"string","description":"Parent resource identifier. Both container ID (user-friendly) and UUID are supported","description_kind":"plain","required":true},"project_id":{"type":"string","description":"Project UUID identifier. This is the ID that can be used in most of the other resources to identify the project.","description_kind":"plain","computed":true},"update_time":{"type":"string","description":"Date-time at which the project was last modified.","description_kind":"plain","computed":true}},"description":"Resource Manager project resource schema.\n\n-\u003e In case you're getting started with an empty STACKIT organization and want to use this resource to create projects in it, check out [this guide](https://registry.terraform.io/providers/stackitcloud/stackit/latest/docs/guides/stackit_org_service_account) for how to create a service account which you can use for authentication in the STACKIT Terraform provider.","description_kind":"plain"}},"stackit_routing_table":{"version":0,"block":{"attributes":{"created_at":{"type":"string","description":"Date-time when the routing table was created","description_kind":"plain","computed":true},"description":{"type":"string","description":"Description of the routing table.","description_kind":"plain","optional":true,"computed":true},"dynamic_routes":{"type":"bool","description":"This controls whether dynamic routes are propagated to this routing table","description_kind":"plain","optional":true,"computed":true},"id":{"type":"string","description":"Terraform's internal resource ID. It is structured as \"`organization_id`,`region`,`network_area_id`,`routing_table_id`\".","description_kind":"plain","computed":true},"labels":{"type":["map","string"],"description":"Labels are key-value string pairs which can be attached to a resource container","description_kind":"plain","optional":true},"name":{"type":"string","description":"The name of the routing table.","description_kind":"plain","required":true},"network_area_id":{"type":"string","description":"The network area ID to which the routing table is associated.","description_kind":"plain","required":true},"organization_id":{"type":"string","description":"STACKIT organization ID to which the routing table is associated.","description_kind":"plain","required":true},"region":{"type":"string","description":"The resource region. If not defined, the provider region is used.","description_kind":"plain","optional":true,"computed":true},"routing_table_id":{"type":"string","description":"The routing tables ID.","description_kind":"plain","computed":true},"system_routes":{"type":"bool","description":"This controls whether the routes for project-to-project communication are created automatically or not.","description_kind":"plain","optional":true,"computed":true},"updated_at":{"type":"string","description":"Date-time when the routing table was updated","description_kind":"plain","computed":true}},"description":"Routing table resource schema. Must have a `region` specified in the provider configuration.\n\n~\u003e This resource is part of the routing-tables experiment and is likely going to undergo significant changes or be removed in the future. Use it at your own discretion.","description_kind":"markdown"}},"stackit_routing_table_route":{"version":0,"block":{"attributes":{"created_at":{"type":"string","description":"Date-time when the route was created.","description_kind":"plain","computed":true},"destination":{"nested_type":{"attributes":{"type":{"type":"string","description":"CIDRV type. Possible values are: `cidrv4`, `cidrv6`. Only `cidrv4` is supported during experimental stage.","description_kind":"plain","required":true},"value":{"type":"string","description":"An CIDR string.","description_kind":"plain","required":true}},"nesting_mode":"single"},"description":"Destination of the route.","description_kind":"plain","required":true},"id":{"type":"string","description":"Terraform's internal resource ID. It is structured as \"`organization_id`,`region`,`network_area_id`,`routing_table_id`,`route_id`\".","description_kind":"plain","computed":true},"labels":{"type":["map","string"],"description":"Labels are key-value string pairs which can be attached to a resource container","description_kind":"plain","optional":true},"network_area_id":{"type":"string","description":"The network area ID to which the routing table is associated.","description_kind":"plain","required":true},"next_hop":{"nested_type":{"attributes":{"type":{"type":"string","description":"Type of the next hop. Possible values are: `blackhole`, `internet`, `ipv4`, `ipv6`.","description_kind":"plain","required":true},"value":{"type":"string","description":"Either IPv4 or IPv6 (not set for blackhole and internet). Only IPv4 supported during experimental stage.","description_kind":"plain","optional":true}},"nesting_mode":"single"},"description":"Next hop destination.","description_kind":"plain","required":true},"organization_id":{"type":"string","description":"STACKIT organization ID to which the routing table is associated.","description_kind":"plain","required":true},"region":{"type":"string","description":"The resource region. If not defined, the provider region is used.","description_kind":"plain","optional":true,"computed":true},"route_id":{"type":"string","description":"The ID of the route.","description_kind":"plain","computed":true},"routing_table_id":{"type":"string","description":"The routing tables ID.","description_kind":"plain","required":true},"updated_at":{"type":"string","description":"Date-time when the route was updated.","description_kind":"plain","computed":true}},"description":"Routing table route resource schema. Must have a `region` specified in the provider configuration.\n\n~\u003e This resource is part of the routing-tables experiment and is likely going to undergo significant changes or be removed in the future. Use it at your own discretion.","description_kind":"markdown"}},"stackit_scf_organization":{"version":0,"block":{"attributes":{"created_at":{"type":"string","description":"The time when the organization was created","description_kind":"plain","computed":true},"id":{"type":"string","description":"Terraform's internal resource ID, structured as \"`project_id`,`region`,`org_id`\".","description_kind":"plain","computed":true},"name":{"type":"string","description":"The name of the organization","description_kind":"plain","required":true},"org_id":{"type":"string","description":"The ID of the Cloud Foundry Organization","description_kind":"plain","computed":true},"platform_id":{"type":"string","description":"The ID of the platform associated with the organization","description_kind":"plain","optional":true,"computed":true},"project_id":{"type":"string","description":"The ID of the project associated with the organization","description_kind":"plain","required":true},"quota_id":{"type":"string","description":"The ID of the quota associated with the organization","description_kind":"plain","optional":true,"computed":true},"region":{"type":"string","description":"The resource region. If not defined, the provider region is used","description_kind":"plain","optional":true,"computed":true},"status":{"type":"string","description":"The status of the organization (e.g., deleting, delete_failed)","description_kind":"plain","computed":true},"suspended":{"type":"bool","description":"A boolean indicating whether the organization is suspended","description_kind":"plain","optional":true,"computed":true},"updated_at":{"type":"string","description":"The time when the organization was last updated","description_kind":"plain","computed":true}},"description":"STACKIT Cloud Foundry organization resource schema. Must have a `region` specified in the provider configuration.","description_kind":"plain"}},"stackit_scf_organization_manager":{"version":0,"block":{"attributes":{"created_at":{"type":"string","description":"The time when the organization manager was created","description_kind":"plain","computed":true},"id":{"type":"string","description":"Terraform's internal resource ID, structured as \"`project_id`,`region`,`org_id`,`user_id`\".","description_kind":"plain","computed":true},"org_id":{"type":"string","description":"The ID of the Cloud Foundry Organization","description_kind":"plain","required":true},"password":{"type":"string","description":"An auto-generated password","description_kind":"plain","computed":true,"sensitive":true},"platform_id":{"type":"string","description":"The ID of the platform associated with the organization of the organization manager","description_kind":"plain","computed":true},"project_id":{"type":"string","description":"The ID of the project associated with the organization of the organization manager","description_kind":"plain","required":true},"region":{"type":"string","description":"The region where the organization of the organization manager is located. If not defined, the provider region is used","description_kind":"plain","optional":true,"computed":true},"updated_at":{"type":"string","description":"The time when the organization manager was last updated","description_kind":"plain","computed":true},"user_id":{"type":"string","description":"The ID of the organization manager user","description_kind":"plain","computed":true},"username":{"type":"string","description":"An auto-generated organization manager user name","description_kind":"plain","computed":true}},"description":"STACKIT Cloud Foundry organization manager resource schema.","description_kind":"plain"}},"stackit_secretsmanager_instance":{"version":0,"block":{"attributes":{"acls":{"type":["set","string"],"description":"The access control list for this instance. Each entry is an IP or IP range that is permitted to access, in CIDR notation","description_kind":"plain","optional":true},"id":{"type":"string","description":"Terraform's internal resource ID. It is structured as \"`project_id`,`instance_id`\".","description_kind":"plain","computed":true},"instance_id":{"type":"string","description":"ID of the Secrets Manager instance.","description_kind":"plain","computed":true},"kms_key":{"nested_type":{"attributes":{"key_id":{"type":"string","description":"UUID of the key within the STACKIT-KMS to use for the encryption.","description_kind":"plain","required":true},"key_ring_id":{"type":"string","description":"UUID of the keyring where the key is located within the STACKTI-KMS.","description_kind":"plain","required":true},"key_version":{"type":"number","description":"Version of the key within the STACKIT-KMS to use for the encryption.","description_kind":"plain","required":true},"service_account_email":{"type":"string","description":"Service-Account linked to the Key within the STACKIT-KMS.","description_kind":"plain","required":true}},"nesting_mode":"single"},"description":"The STACKIT-KMS key for secret encryption and decryption.","description_kind":"plain","optional":true},"name":{"type":"string","description":"Instance name.","description_kind":"plain","required":true},"project_id":{"type":"string","description":"STACKIT project ID to which the instance is associated.","description_kind":"plain","required":true}},"description":"Secrets Manager instance resource schema. Must have a `region` specified in the provider configuration.","description_kind":"plain"}},"stackit_secretsmanager_instance_role_binding_v1":{"version":0,"block":{"attributes":{"id":{"type":"string","description":"Terraform's internal resource identifier. It is structured as \"`region`,`resource_id`,`role`,`subject`\".","description_kind":"plain","computed":true},"region":{"type":"string","description":"The resource region. If not defined, the provider region is used.","description_kind":"plain","optional":true,"computed":true},"resource_id":{"type":"string","description":"The identifier of the resource to apply this role binding to.","description_kind":"plain","required":true},"role":{"type":"string","description":"A valid role defined for the resource.","description_kind":"plain","required":true},"subject":{"type":"string","description":"Identifier of user, service account or client. Usually email address or name in case of clients.","description_kind":"plain","required":true}},"description":"IAM role binding resource schema.\n\n~\u003e This resource is part of the iam experiment and is likely going to undergo significant changes or be removed in the future. Use it at your own discretion.","description_kind":"plain"}},"stackit_secretsmanager_secret_group_role_binding_v1":{"version":0,"block":{"attributes":{"id":{"type":"string","description":"Terraform's internal resource identifier. It is structured as \"`region`,`resource_id`,`role`,`subject`\".","description_kind":"plain","computed":true},"region":{"type":"string","description":"The resource region. If not defined, the provider region is used.","description_kind":"plain","optional":true,"computed":true},"resource_id":{"type":"string","description":"The identifier of the resource to apply this role binding to.","description_kind":"plain","required":true},"role":{"type":"string","description":"A valid role defined for the resource.","description_kind":"plain","required":true},"subject":{"type":"string","description":"Identifier of user, service account or client. Usually email address or name in case of clients.","description_kind":"plain","required":true}},"description":"IAM role binding resource schema.\n\n~\u003e This resource is part of the iam experiment and is likely going to undergo significant changes or be removed in the future. Use it at your own discretion.","description_kind":"plain"}},"stackit_secretsmanager_user":{"version":0,"block":{"attributes":{"description":{"type":"string","description":"A user chosen description to differentiate between multiple users. Can't be changed after creation.","description_kind":"plain","required":true},"id":{"type":"string","description":"Terraform's internal resource identifier. It is structured as \"`project_id`,`instance_id`,`user_id`\".","description_kind":"plain","computed":true},"instance_id":{"type":"string","description":"ID of the Secrets Manager instance.","description_kind":"plain","required":true},"password":{"type":"string","description":"An auto-generated password.","description_kind":"plain","computed":true,"sensitive":true},"project_id":{"type":"string","description":"STACKIT Project ID to which the instance is associated.","description_kind":"plain","required":true},"user_id":{"type":"string","description":"The user's ID.","description_kind":"plain","computed":true},"username":{"type":"string","description":"An auto-generated user name.","description_kind":"plain","computed":true},"write_enabled":{"type":"bool","description":"If true, the user has writeaccess to the secrets engine.","description_kind":"plain","required":true}},"description":"Secrets Manager user resource schema. Must have a `region` specified in the provider configuration.","description_kind":"plain"}},"stackit_security_group":{"version":0,"block":{"attributes":{"description":{"type":"string","description":"The description of the security group.","description_kind":"plain","optional":true,"computed":true},"id":{"type":"string","description":"Terraform's internal resource ID. It is structured as \"`project_id`,`region`,`security_group_id`\".","description_kind":"plain","computed":true},"labels":{"type":["map","string"],"description":"Labels are key-value string pairs which can be attached to a resource container","description_kind":"plain","optional":true},"name":{"type":"string","description":"The name of the security group.","description_kind":"plain","required":true},"project_id":{"type":"string","description":"STACKIT project ID to which the security group is associated.","description_kind":"plain","required":true},"region":{"type":"string","description":"The resource region. If not defined, the provider region is used.","description_kind":"plain","optional":true,"computed":true},"security_group_id":{"type":"string","description":"The security group ID.","description_kind":"plain","computed":true},"stateful":{"type":"bool","description":"Configures if a security group is stateful or stateless. There can only be one type of security groups per network interface/server.","description_kind":"plain","optional":true,"computed":true}},"description":"Security group resource schema. Must have a `region` specified in the provider configuration.","description_kind":"markdown"}},"stackit_security_group_rule":{"version":0,"block":{"attributes":{"description":{"type":"string","description":"The rule description.","description_kind":"plain","optional":true},"direction":{"type":"string","description":"The direction of the traffic which the rule should match. Some of the possible values are: Possible values are: `ingress`, `egress`.","description_kind":"plain","required":true},"ether_type":{"type":"string","description":"The ethertype which the rule should match.","description_kind":"plain","optional":true,"computed":true},"icmp_parameters":{"nested_type":{"attributes":{"code":{"type":"number","description":"ICMP code. Can be set if the protocol is ICMP.","description_kind":"plain","required":true},"type":{"type":"number","description":"ICMP type. Can be set if the protocol is ICMP.","description_kind":"plain","required":true}},"nesting_mode":"single"},"description":"ICMP Parameters. These parameters should only be provided if the protocol is ICMP.","description_kind":"plain","optional":true,"computed":true},"id":{"type":"string","description":"Terraform's internal resource ID. It is structured as \"`project_id`,`region`,`security_group_id`,`security_group_rule_id`\".","description_kind":"plain","computed":true},"ip_range":{"type":"string","description":"The remote IP range which the rule should match.","description_kind":"plain","optional":true},"port_range":{"nested_type":{"attributes":{"max":{"type":"number","description":"The maximum port number. Should be greater or equal to the minimum.","description_kind":"plain","required":true},"min":{"type":"number","description":"The minimum port number. Should be less or equal to the maximum.","description_kind":"plain","required":true}},"nesting_mode":"single"},"description":"The range of ports. This should only be provided if the protocol is not ICMP.","description_kind":"plain","optional":true,"computed":true},"project_id":{"type":"string","description":"STACKIT project ID to which the security group rule is associated.","description_kind":"plain","required":true},"protocol":{"nested_type":{"attributes":{"name":{"type":"string","description":"The protocol name which the rule should match. Either `name` or `number` must be provided. Possible values are: `ah`, `dccp`, `egp`, `esp`, `gre`, `icmp`, `igmp`, `ipip`, `ipv6-encap`, `ipv6-frag`, `ipv6-icmp`, `ipv6-nonxt`, `ipv6-opts`, `ipv6-route`, `ospf`, `pgm`, `rsvp`, `sctp`, `tcp`, `udp`, `udplite`, `vrrp`.","description_kind":"plain","optional":true,"computed":true},"number":{"type":"number","description":"The protocol number which the rule should match. Either `name` or `number` must be provided.","description_kind":"plain","optional":true,"computed":true}},"nesting_mode":"single"},"description":"The internet protocol which the rule should match.","description_kind":"plain","optional":true,"computed":true},"region":{"type":"string","description":"The resource region. If not defined, the provider region is used.","description_kind":"plain","optional":true,"computed":true},"remote_security_group_id":{"type":"string","description":"The remote security group which the rule should match.","description_kind":"plain","optional":true},"security_group_id":{"type":"string","description":"The security group ID.","description_kind":"plain","required":true},"security_group_rule_id":{"type":"string","description":"The security group rule ID.","description_kind":"plain","computed":true}},"description":"Security group rule resource schema. Must have a `region` specified in the provider configuration.","description_kind":"markdown"}},"stackit_server":{"version":0,"block":{"attributes":{"affinity_group":{"type":"string","description":"The affinity group the server is assigned to.","description_kind":"plain","optional":true},"agent":{"nested_type":{"attributes":{"provisioned":{"type":"bool","description":"Whether a STACKIT Server Agent is provisioned at the server","description_kind":"plain","computed":true},"provisioning_policy":{"type":"string","description":"Agent provisioning policy: `ALWAYS`, `NEVER`, or `INHERIT`. `INHERIT` follows the image default value.","description_kind":"plain","optional":true,"computed":true}},"nesting_mode":"single"},"description":"The STACKIT Server Agent configured for the server","description_kind":"plain","optional":true,"computed":true},"availability_zone":{"type":"string","description":"The availability zone of the server.","description_kind":"plain","optional":true,"computed":true},"boot_volume":{"nested_type":{"attributes":{"delete_on_termination":{"type":"bool","description":"Delete the volume during the termination of the server. Only allowed when `source_type` is `image`.","description_kind":"plain","optional":true,"computed":true},"id":{"type":"string","description":"The ID of the boot volume","description_kind":"plain","computed":true},"performance_class":{"type":"string","description":"The performance class of the server.","description_kind":"plain","optional":true},"size":{"type":"number","description":"The size of the boot volume in GB. Must be provided when `source_type` is `image`.","description_kind":"plain","optional":true},"source_id":{"type":"string","description":"The ID of the source, either image ID or volume ID","description_kind":"plain","required":true},"source_type":{"type":"string","description":"The type of the source. Possible values are: `volume`, `image`.","description_kind":"plain","required":true}},"nesting_mode":"single"},"description":"The boot volume for the server","description_kind":"plain","optional":true},"created_at":{"type":"string","description":"Date-time when the server was created","description_kind":"plain","computed":true},"desired_status":{"type":"string","description":"The desired status of the server resource. Possible values are: `active`, `inactive`, `deallocated`.","description_kind":"plain","optional":true},"id":{"type":"string","description":"Terraform's internal resource ID. It is structured as \"`project_id`,`region`,`server_id`\".","description_kind":"plain","computed":true},"image_id":{"type":"string","description":"The image ID to be used for an ephemeral disk on the server.","description_kind":"plain","optional":true},"keypair_name":{"type":"string","description":"The name of the keypair used during server creation.","description_kind":"plain","optional":true},"labels":{"type":["map","string"],"description":"Labels are key-value string pairs which can be attached to a resource container","description_kind":"plain","optional":true},"launched_at":{"type":"string","description":"Date-time when the server was launched","description_kind":"plain","computed":true},"machine_type":{"type":"string","description":"Name of the type of the machine for the server. Possible values are documented in [Virtual machine flavors](https://docs.stackit.cloud/products/compute-engine/server/basics/machine-types/)","description_kind":"markdown","required":true},"name":{"type":"string","description":"The name of the server.","description_kind":"plain","required":true},"network_interfaces":{"type":["list","string"],"description":"The IDs of network interfaces which should be attached to the server. Updating it will recreate the server. **Required when (re-)creating servers. Still marked as optional in the schema to not introduce breaking changes. There will be a migration path for this field soon.**","description_kind":"plain","optional":true},"project_id":{"type":"string","description":"STACKIT project ID to which the server is associated.","description_kind":"plain","required":true},"region":{"type":"string","description":"The resource region. If not defined, the provider region is used.","description_kind":"plain","optional":true,"computed":true},"server_id":{"type":"string","description":"The server ID.","description_kind":"plain","computed":true},"updated_at":{"type":"string","description":"Date-time when the server was updated","description_kind":"plain","computed":true},"user_data":{"type":"string","description":"User data that is passed via cloud-init to the server.","description_kind":"plain","optional":true}},"description":"\nServer resource schema. Must have a region specified in the provider configuration.\n\n## Example Usage\n\n\n### With key pair\n```terraform\nresource \"stackit_key_pair\" \"keypair\" {\n  name       = \"example-key-pair\"\n  public_key = chomp(file(\"path/to/id_rsa.pub\"))\n}\n\nresource \"stackit_server\" \"user-data-from-file\" {\n  project_id   = \"xxxxxxxx-xxxx-xxxx-xxxx-xxxxxxxxxxxx\"\n  boot_volume = {\n    size        = 64\n    source_type = \"image\"\n    source_id   = \"xxxxxxxx-xxxx-xxxx-xxxx-xxxxxxxxxxxx\"\n  }\n  name         = \"example-server\"\n  machine_type = \"g2i.1\"\n  keypair_name = stackit_key_pair.keypair.name\n  user_data    = file(\"${path.module}/cloud-init.yaml\")\n}\n\n```\n\n### Boot from volume\n```terraform\nresource \"stackit_server\" \"boot-from-volume\" {\n  project_id = \"xxxxxxxx-xxxx-xxxx-xxxx-xxxxxxxxxxxx\"\n  name       = \"example-server\"\n  boot_volume = {\n    size        = 64\n    source_type = \"image\"\n    source_id   = \"xxxxxxxx-xxxx-xxxx-xxxx-xxxxxxxxxxxx\"\n  }\n  availability_zone = \"eu01-1\"\n  machine_type      = \"g2i.1\"\n  keypair_name      = \"example-keypair\"\n}\n\n```\n\n### Boot from existing volume\n```terraform\nresource \"stackit_volume\" \"example-volume\" {\n  project_id = \"xxxxxxxx-xxxx-xxxx-xxxx-xxxxxxxxxxxx\"\n  size       = 12\n  source = {\n    type = \"image\"\n    id   = \"xxxxxxxx-xxxx-xxxx-xxxx-xxxxxxxxxxxx\"\n  }\n  name              = \"example-volume\"\n  availability_zone = \"eu01-1\"\n}\n\nresource \"stackit_server\" \"boot-from-volume\" {\n  project_id = \"xxxxxxxx-xxxx-xxxx-xxxx-xxxxxxxxxxxx\"\n  name       = \"example-server\"\n  boot_volume = {\n    source_type = \"volume\"\n    source_id   = stackit_volume.example-volume.volume_id\n  }\n  availability_zone = \"eu01-1\"\n  machine_type      = \"g2i.1\"\n  keypair_name = stackit_key_pair.keypair.name\n}\n\n```\n\n### Network setup\n```terraform\nresource \"stackit_network\" \"network\" {\n  project_id         = \"xxxxxxxx-xxxx-xxxx-xxxx-xxxxxxxxxxxx\"\n  name               = \"example-network\"\n  ipv4_nameservers   = [\"192.0.2.0\", \"198.51.100.0\", \"203.0.113.0\"]\n  ipv4_prefix_length = 24\n}\n\nresource \"stackit_security_group\" \"sec-group\" {\n  project_id = \"xxxxxxxx-xxxx-xxxx-xxxx-xxxxxxxxxxxx\"\n  name       = \"example-security-group\"\n  stateful   = true\n}\n\nresource \"stackit_security_group_rule\" \"rule\" {\n  project_id        = \"xxxxxxxx-xxxx-xxxx-xxxx-xxxxxxxxxxxx\"\n  security_group_id = stackit_security_group.sec-group.security_group_id\n  direction         = \"ingress\"\n  ether_type         = \"IPv4\"\n}\n\nresource \"stackit_network_interface\" \"nic\" {\n  project_id         = \"xxxxxxxx-xxxx-xxxx-xxxx-xxxxxxxxxxxx\"\n  network_id         = stackit_network.network.network_id\n  security_group_ids = [stackit_security_group.sec-group.security_group_id]\n}\n\nresource \"stackit_server\" \"server-with-network\" {\n  project_id   = \"xxxxxxxx-xxxx-xxxx-xxxx-xxxxxxxxxxxx\"\n  name         = \"example-server\"\n  boot_volume = {\n    size        = 64\n    source_type = \"image\"\n    source_id   = \"xxxxxxxx-xxxx-xxxx-xxxx-xxxxxxxxxxxx\"\n  }\n  machine_type = \"g2i.1\"\n  keypair_name = stackit_key_pair.keypair.name\n  network_interfaces = [\n    stackit_network_interface.nic.network_interface_id\n  ]\n}\n\nresource \"stackit_public_ip\" \"public-ip\" {\n  project_id           = \"xxxxxxxx-xxxx-xxxx-xxxx-xxxxxxxxxxxx\"\n  network_interface_id = stackit_network_interface.nic.network_interface_id\n}\n\n```\n\n### Server with attached volume\n```terraform\nresource \"stackit_volume\" \"example-volume\" {\n  project_id = \"xxxxxxxx-xxxx-xxxx-xxxx-xxxxxxxxxxxx\"\n  size       = 12\n  performance_class = \"storage_premium_perf6\"\n  name              = \"example-volume\"\n  availability_zone = \"eu01-1\"\n}\n\nresource \"stackit_server\" \"server-with-volume\" {\n  project_id        = \"xxxxxxxx-xxxx-xxxx-xxxx-xxxxxxxxxxxx\"\n  name              = \"example-server\"\n  boot_volume = {\n    size        = 64\n    source_type = \"image\"\n    source_id   = \"xxxxxxxx-xxxx-xxxx-xxxx-xxxxxxxxxxxx\"\n  }\n  availability_zone = \"eu01-1\"\n  machine_type      = \"g2i.1\"\n  keypair_name = stackit_key_pair.keypair.name\n}\n\nresource \"stackit_server_volume_attach\" \"attach_volume\" {\n  project_id = \"xxxxxxxx-xxxx-xxxx-xxxx-xxxxxxxxxxxx\"\n  server_id  = stackit_server.server-with-volume.server_id\n  volume_id  = stackit_volume.example-volume.volume_id\n}\n\n```\n\n### Server with user data (cloud-init)\n```terraform\nresource \"stackit_server\" \"user-data\" {\n  project_id   = \"xxxxxxxx-xxxx-xxxx-xxxx-xxxxxxxxxxxx\"\n  boot_volume = {\n    size        = 64\n    source_type = \"image\"\n    source_id   = \"xxxxxxxx-xxxx-xxxx-xxxx-xxxxxxxxxxxx\"\n  }\n  name         = \"example-server\"\n  machine_type = \"g2i.1\"\n  keypair_name = stackit_key_pair.keypair.name\n  user_data    = \"#!/bin/bash\\n/bin/su\"\n}\n\nresource \"stackit_server\" \"user-data-from-file\" {\n  project_id   = \"xxxxxxxx-xxxx-xxxx-xxxx-xxxxxxxxxxxx\"\n  boot_volume = {\n    size        = 64\n    source_type = \"image\"\n    source_id   = \"xxxxxxxx-xxxx-xxxx-xxxx-xxxxxxxxxxxx\"\n  }\n  name         = \"example-server\"\n  machine_type = \"g2i.1\"\n  keypair_name = stackit_key_pair.keypair.name\n  user_data    = file(\"${path.module}/cloud-init.yaml\")\n}\n\n```","description_kind":"markdown"}},"stackit_server_backup_enable":{"version":0,"block":{"attributes":{"backup_policy_id":{"type":"string","description":"The backup policy ID.","description_kind":"plain","optional":true},"enabled":{"type":"bool","description":"Set to true if the service is enabled.","description_kind":"plain","computed":true},"id":{"type":"string","description":"Terraform's internal resource identifier. It is structured as \"`project_id`,`server_id`,`region`\".","description_kind":"plain","computed":true},"project_id":{"type":"string","description":"STACKIT Project ID to which the server backup enable is associated.","description_kind":"plain","required":true},"region":{"type":"string","description":"The resource region. If not defined, the provider region is used.","description_kind":"plain","optional":true,"computed":true},"server_id":{"type":"string","description":"Server ID to which the server backup enable is associated.","description_kind":"plain","required":true}},"description":"Server backup enable resource schema. Must have a `region` specified in the provider configuration. Always use only one enable resource per server.","description_kind":"plain"}},"stackit_server_backup_schedule":{"version":0,"block":{"attributes":{"backup_properties":{"nested_type":{"attributes":{"name":{"type":"string","description_kind":"plain","required":true},"retention_period":{"type":"number","description_kind":"plain","required":true},"volume_ids":{"type":["list","string"],"description_kind":"plain","optional":true}},"nesting_mode":"single"},"description":"Backup schedule details for the backups.","description_kind":"plain","required":true},"backup_schedule_id":{"type":"number","description":"Backup schedule ID.","description_kind":"plain","computed":true},"enabled":{"type":"bool","description":"Is the backup schedule enabled or disabled.","description_kind":"plain","required":true},"id":{"type":"string","description":"Terraform's internal resource identifier. It is structured as \"`project_id`,`region`,`server_id`,`backup_schedule_id`\".","description_kind":"plain","computed":true},"name":{"type":"string","description":"The schedule name.","description_kind":"plain","required":true},"project_id":{"type":"string","description":"STACKIT Project ID to which the server is associated.","description_kind":"plain","required":true},"region":{"type":"string","description":"The resource region. If not defined, the provider region is used.","description_kind":"plain","optional":true,"computed":true},"rrule":{"type":"string","description":"An `rrule` (Recurrence Rule) is a standardized string format used in iCalendar (RFC 5545) to define repeating events, and you can generate one by using a dedicated library or by using online generator tools to specify parameters like frequency, interval, and end dates.","description_kind":"plain","required":true},"server_id":{"type":"string","description":"Server ID for the backup schedule.","description_kind":"plain","required":true}},"description":"Server backup schedule resource schema. Must have a `region` specified in the provider configuration.","description_kind":"plain"}},"stackit_server_network_interface_attach":{"version":0,"block":{"attributes":{"id":{"type":"string","description":"Terraform's internal resource ID. It is structured as \"`project_id`,`region`,`server_id`,`network_interface_id`\".","description_kind":"plain","computed":true},"network_interface_id":{"type":"string","description":"The network interface ID.","description_kind":"plain","required":true},"project_id":{"type":"string","description":"STACKIT project ID to which the network interface attachment is associated.","description_kind":"plain","required":true},"region":{"type":"string","description":"The resource region. If not defined, the provider region is used.","description_kind":"plain","optional":true,"computed":true},"server_id":{"type":"string","description":"The server ID.","description_kind":"plain","required":true}},"description":"Network interface attachment resource schema. Attaches a network interface to a server. The attachment only takes full effect after server reboot.","description_kind":"markdown"}},"stackit_server_service_account_attach":{"version":0,"block":{"attributes":{"id":{"type":"string","description":"Terraform's internal resource ID. It is structured as \"`project_id`,`region`,`server_id`,`service_account_email`\".","description_kind":"plain","computed":true},"project_id":{"type":"string","description":"STACKIT project ID to which the service account attachment is associated.","description_kind":"plain","required":true},"region":{"type":"string","description":"The resource region. If not defined, the provider region is used.","description_kind":"plain","optional":true,"computed":true},"server_id":{"type":"string","description":"The server ID.","description_kind":"plain","required":true},"service_account_email":{"type":"string","description":"The service account email.","description_kind":"plain","required":true}},"description":"Service account attachment resource schema. Attaches a service account to a server. Must have a `region` specified in the provider configuration.","description_kind":"markdown"}},"stackit_server_update_enable":{"version":0,"block":{"attributes":{"enabled":{"type":"bool","description":"Set to true if the service is enabled.","description_kind":"plain","computed":true},"id":{"type":"string","description":"Terraform's internal resource identifier. It is structured as \"`project_id`,`server_id`,`region`\".","description_kind":"plain","computed":true},"project_id":{"type":"string","description":"STACKIT Project ID to which the server update enable is associated.","description_kind":"plain","required":true},"region":{"type":"string","description":"The resource region. If not defined, the provider region is used.","description_kind":"plain","optional":true,"computed":true},"server_id":{"type":"string","description":"Server ID to which the server update enable is associated.","description_kind":"plain","required":true},"update_policy_id":{"type":"string","description":"The update policy ID.","description_kind":"plain","optional":true}},"description":"Server update enable resource schema. Must have a `region` specified in the provider configuration. Always use only one enable resource per server.","description_kind":"plain"}},"stackit_server_update_schedule":{"version":0,"block":{"attributes":{"enabled":{"type":"bool","description":"Is the update schedule enabled or disabled.","description_kind":"plain","required":true},"id":{"type":"string","description":"Terraform's internal resource identifier. It is structured as \"`project_id`,`region`,`server_id`,`update_schedule_id`\".","description_kind":"plain","computed":true},"maintenance_window":{"type":"number","description":"Maintenance window [1..24]. Updates start within the defined hourly window. Depending on the updates, the process may exceed this timeframe and require an automatic restart.","description_kind":"plain","required":true},"name":{"type":"string","description":"The schedule name.","description_kind":"plain","required":true},"project_id":{"type":"string","description":"STACKIT Project ID to which the server is associated.","description_kind":"plain","required":true},"region":{"type":"string","description":"The resource region. If not defined, the provider region is used.","description_kind":"plain","optional":true,"computed":true},"rrule":{"type":"string","description":"An `rrule` (Recurrence Rule) is a standardized string format used in iCalendar (RFC 5545) to define repeating events, and you can generate one by using a dedicated library or by using online generator tools to specify parameters like frequency, interval, and end dates.","description_kind":"plain","required":true},"server_id":{"type":"string","description":"Server ID for the update schedule.","description_kind":"plain","required":true},"update_schedule_id":{"type":"number","description":"Update schedule ID.","description_kind":"plain","computed":true}},"description":"Server update schedule resource schema. Must have a `region` specified in the provider configuration.","description_kind":"plain"}},"stackit_server_volume_attach":{"version":0,"block":{"attributes":{"id":{"type":"string","description":"Terraform's internal resource ID. It is structured as \"`project_id`,`region`,`server_id`,`volume_id`\".","description_kind":"plain","computed":true},"project_id":{"type":"string","description":"STACKIT project ID to which the volume attachment is associated.","description_kind":"plain","required":true},"region":{"type":"string","description":"The resource region. If not defined, the provider region is used.","description_kind":"plain","optional":true,"computed":true},"server_id":{"type":"string","description":"The server ID.","description_kind":"plain","required":true},"volume_id":{"type":"string","description":"The volume ID.","description_kind":"plain","required":true}},"description":"Volume attachment resource schema. Attaches a volume to a server. Must have a `region` specified in the provider configuration.","description_kind":"markdown"}},"stackit_service_account":{"version":0,"block":{"attributes":{"email":{"type":"string","description":"Email of the service account.","description_kind":"plain","computed":true},"id":{"type":"string","description":"Terraform's internal resource ID, structured as \"`project_id`,`email`\".","description_kind":"plain","computed":true},"name":{"type":"string","description":"Name of the service account.","description_kind":"plain","required":true},"project_id":{"type":"string","description":"STACKIT project ID to which the service account is associated.","description_kind":"plain","required":true},"service_account_id":{"type":"string","description":"The internal UUID of the service account.","description_kind":"plain","computed":true}},"description":"Service account resource schema.","description_kind":"markdown"}},"stackit_service_account_federated_identity_provider":{"version":0,"block":{"attributes":{"assertions":{"nested_type":{"attributes":{"item":{"type":"string","description":"The assertion claim. At least one assertion with the claim \"aud\" is required for security reasons.","description_kind":"plain","required":true},"operator":{"type":"string","description":"The assertion operator. Currently, the only supported operator is \"equals\".","description_kind":"plain","required":true},"value":{"type":"string","description":"The assertion value.","description_kind":"plain","required":true}},"nesting_mode":"list"},"description":"The assertions for the federated identity provider.","description_kind":"plain","required":true},"federation_id":{"type":"string","description":"The unique identifier for the federated identity provider associated with the service account.","description_kind":"plain","computed":true},"id":{"type":"string","description":"Terraform's internal resource identifier. It is structured as \"`project_id`,`service_account_email`,`federation_id`\".","description_kind":"plain","computed":true},"issuer":{"type":"string","description":"The issuer URL.","description_kind":"plain","required":true},"name":{"type":"string","description":"The name of the federated identity provider.","description_kind":"plain","required":true},"project_id":{"type":"string","description":"The STACKIT project ID associated with the service account.","description_kind":"plain","required":true},"service_account_email":{"type":"string","description":"The email address associated with the service account, used for account identification and communication.","description_kind":"plain","required":true}},"description":"Service account federated identity provider schema.\n## Example Usage\n\n\n### Create a federated identity provider\n```terraform\nresource \"stackit_service_account\" \"sa\" {\n  project_id = \"xxxxxxxx-xxxx-xxxx-xxxx-xxxxxxxxxxxx\"\n  name       = \"my-service-account\"\n}\n\nresource \"stackit_service_account_federated_identity_provider\" \"provider\" {\n  project_id            = stackit_service_account.sa.project_id\n  service_account_email = stackit_service_account.sa.email\n  name                  = \"my-provider\"\n  issuer                = \"https://auth.example.com\"\n\n  assertions = [\n    {\n      item     = \"aud\" # Including the audience check is mandatory for security reasons, the value is free to choose\n      operator = \"equals\"\n      value    = \"sts.accounts.stackit.cloud\"\n    },\n    {\n      item     = \"email\"\n      operator = \"equals\"\n      value    = \"terraform@example.com\"\n    }\n  ]\n}\n\n```","description_kind":"markdown"}},"stackit_service_account_key":{"version":0,"block":{"attributes":{"id":{"type":"string","description":"Terraform's internal resource identifier. It is structured as \"`project_id`,`service_account_email`,`key_id`\".","description_kind":"plain","computed":true},"json":{"type":"string","description":"The raw JSON representation of the service account key json, available for direct use.","description_kind":"plain","computed":true,"sensitive":true},"key_id":{"type":"string","description":"The unique identifier for the key associated with the service account.","description_kind":"plain","computed":true},"project_id":{"type":"string","description":"The STACKIT project ID associated with the service account key.","description_kind":"plain","required":true},"public_key":{"type":"string","description":"Specifies the public_key (RSA2048 key-pair). If not provided, a certificate from STACKIT will be used to generate a private_key.","description_kind":"plain","optional":true},"rotate_when_changed":{"type":["map","string"],"description":"A map of arbitrary key/value pairs designed to force key recreation when they change, facilitating key rotation based on external factors such as a changing timestamp. Modifying this map triggers the creation of a new resource.","description_kind":"plain","optional":true},"service_account_email":{"type":"string","description":"The email address associated with the service account, used for account identification and communication.","description_kind":"plain","required":true},"ttl_days":{"type":"number","description":"Specifies the key's validity duration in days. If left unspecified, the key is considered valid until it is deleted","description_kind":"plain","optional":true}},"description":"Service account key schema.\n## Example Usage\n\n\n### Automatically rotate service account keys\n```terraform\nresource \"stackit_service_account\" \"sa\" {\n  project_id = \"xxxxxxxx-xxxx-xxxx-xxxx-xxxxxxxxxxxx\"\n  name       = \"sa01\"\n}\n\nresource \"time_rotating\" \"rotate\" {\n  rotation_days = 80\n}\n\nresource \"stackit_service_account_key\" \"sa_key\" {\n  project_id            = \"xxxxxxxx-xxxx-xxxx-xxxx-xxxxxxxxxxxx\"\n  service_account_email = stackit_service_account.sa.email\n  ttl_days              = 90\n\n  rotate_when_changed = {\n    rotation = time_rotating.rotate.id\n  }\t\n}\n\n```","description_kind":"markdown"}},"stackit_sfs_export_policy":{"version":0,"block":{"attributes":{"id":{"type":"string","description":"Terraform's internal resource ID. It is structured as \"`project_id`,`region`,`policy_id`\".","description_kind":"plain","computed":true},"name":{"type":"string","description":"Name of the export policy.","description_kind":"plain","required":true},"policy_id":{"type":"string","description":"Export policy ID","description_kind":"plain","computed":true},"project_id":{"type":"string","description":"STACKIT project ID to which the export policy is associated.","description_kind":"plain","required":true},"region":{"type":"string","description":"The resource region. If not defined, the provider region is used.","description_kind":"plain","optional":true,"computed":true},"rules":{"nested_type":{"attributes":{"description":{"type":"string","description":"Description of the Rule","description_kind":"plain","optional":true},"ip_acl":{"type":["list","string"],"description":"IP access control list; IPs must have a subnet mask (e.g. \"172.16.0.0/24\" for a range of IPs, or \"172.16.0.250/32\" for a specific IP).","description_kind":"plain","required":true},"order":{"type":"number","description":"Order of the rule within a Share Export Policy. The order is used so that when a client IP matches multiple rules, the first rule is applied","description_kind":"plain","required":true},"read_only":{"type":"bool","description":"Flag to indicate if client IPs matching this rule can only mount the share in read only mode","description_kind":"plain","optional":true,"computed":true},"set_uuid":{"type":"bool","description":"Flag to honor set UUID","description_kind":"plain","optional":true,"computed":true},"super_user":{"type":"bool","description":"Flag to indicate if client IPs matching this rule have root access on the Share","description_kind":"plain","optional":true,"computed":true}},"nesting_mode":"list"},"description_kind":"plain","optional":true,"computed":true}},"description":"SFS export policy resource schema. Must have a `region` specified in the provider configuration.\n\n~\u003e This resource is in beta and may be subject to breaking changes in the future. Use with caution. See our [guide](https://registry.terraform.io/providers/stackitcloud/stackit/latest/docs/guides/opting_into_beta_resources) for how to opt-in to use beta resources.","description_kind":"markdown"}},"stackit_sfs_project_lock":{"version":0,"block":{"attributes":{"id":{"type":"string","description":"Terraform's internal resource identifier. It is structured as \"`project_id`,`region`\".","description_kind":"plain","computed":true},"lock_id":{"type":"string","description":"ID of the lock.","description_kind":"plain","computed":true},"project_id":{"type":"string","description":"STACKIT Project ID to which the project lock is associated.","description_kind":"plain","required":true},"region":{"type":"string","description":"The resource region. If not defined, the provider region is used.","description_kind":"plain","optional":true,"computed":true}},"description":"SFS project lock resource schema. Must have a `region` specified in the provider configuration. Always use only one project lock per project.","description_kind":"plain"}},"stackit_sfs_resource_pool":{"version":0,"block":{"attributes":{"availability_zone":{"type":"string","description":"Availability zone.","description_kind":"plain","required":true},"id":{"type":"string","description":"Terraform's internal resource ID. It is structured as \"`project_id`,`region`,`resource_pool_id`\".","description_kind":"plain","computed":true},"ip_acl":{"type":["list","string"],"description":"List of IPs that can mount the resource pool in read-only; IPs must have a subnet mask (e.g. \"172.16.0.0/24\" for a range of IPs, or \"172.16.0.250/32\" for a specific IP).","description_kind":"plain","required":true},"name":{"type":"string","description":"Name of the resource pool.","description_kind":"plain","required":true},"performance_class":{"type":"string","description":"Name of the performance class.","description_kind":"plain","required":true},"project_id":{"type":"string","description":"STACKIT project ID to which the resource pool is associated.","description_kind":"plain","required":true},"region":{"type":"string","description":"The resource region. If not defined, the provider region is used.","description_kind":"plain","optional":true,"computed":true},"resource_pool_id":{"type":"string","description":"Resource pool ID","description_kind":"plain","computed":true},"size_gigabytes":{"type":"number","description":"Size of the resource pool (unit: gigabytes)","description_kind":"plain","required":true},"snapshot_policy":{"nested_type":{"attributes":{"id":{"type":"string","description":"ID of the snapshot policy.","description_kind":"plain","required":true},"name":{"type":"string","description":"Name of the snapshot policy.","description_kind":"plain","computed":true}},"nesting_mode":"single"},"description":"Name of the snapshot policy.","description_kind":"plain","optional":true},"snapshots_are_visible":{"type":"bool","description":"If set to true, snapshots are visible and accessible to users. (default: false)","description_kind":"plain","optional":true,"computed":true}},"description":"Resource-pool resource schema. Must have a `region` specified in the provider configuration.\n\n~\u003e This resource is in beta and may be subject to breaking changes in the future. Use with caution. See our [guide](https://registry.terraform.io/providers/stackitcloud/stackit/latest/docs/guides/opting_into_beta_resources) for how to opt-in to use beta resources.","description_kind":"markdown"}},"stackit_sfs_share":{"version":0,"block":{"attributes":{"export_policy":{"type":"string","description":"Name of the Share Export Policy to use in the Share.\nNote that if this is set to an empty string, the Share can only be mounted in read only by\nclients with IPs matching the IP ACL of the Resource Pool hosting this Share.\nYou can also assign a Share Export Policy after creating the Share","description_kind":"plain","optional":true},"id":{"type":"string","description":"Terraform's internal resource ID. It is structured as \"`project_id`,`region`,`resource_pool_id`,`share_id`\".","description_kind":"plain","computed":true},"mount_path":{"type":"string","description":"Mount path of the Share, used to mount the Share","description_kind":"plain","computed":true},"name":{"type":"string","description":"Name of the share.","description_kind":"plain","required":true},"project_id":{"type":"string","description":"STACKIT project ID to which the share is associated.","description_kind":"plain","required":true},"region":{"type":"string","description":"The resource region. If not defined, the provider region is used.","description_kind":"plain","optional":true,"computed":true},"resource_pool_id":{"type":"string","description":"The ID of the resource pool for the SFS share.","description_kind":"plain","required":true},"share_id":{"type":"string","description":"share ID","description_kind":"plain","computed":true},"space_hard_limit_gigabytes":{"type":"number","description":"Space hard limit for the Share.\n\t\t\t\tIf zero, the Share will have access to the full space of the Resource Pool it lives in.\n\t\t\t\t(unit: gigabytes)","description_kind":"plain","required":true}},"description":"SFS Share schema. Must have a `region` specified in the provider configuration.\n\n~\u003e This resource is in beta and may be subject to breaking changes in the future. Use with caution. See our [guide](https://registry.terraform.io/providers/stackitcloud/stackit/latest/docs/guides/opting_into_beta_resources) for how to opt-in to use beta resources.","description_kind":"markdown"}},"stackit_ske_cluster":{"version":0,"block":{"attributes":{"egress_address_ranges":{"type":["list","string"],"description":"The outgoing network ranges (in CIDR notation) of traffic originating from workload on the cluster.","description_kind":"plain","computed":true},"extensions":{"nested_type":{"attributes":{"acl":{"nested_type":{"attributes":{"allowed_cidrs":{"type":["list","string"],"description":"Specify a list of CIDRs to whitelist.","description_kind":"plain","required":true},"enabled":{"type":"bool","description":"Is ACL enabled?","description_kind":"plain","required":true}},"nesting_mode":"single"},"description":"Cluster access control configuration.","description_kind":"plain","optional":true},"argus":{"nested_type":{"attributes":{"argus_instance_id":{"type":"string","description":"Argus instance ID to choose which Argus instance is used. Required when enabled is set to `true`.","description_kind":"plain","optional":true},"enabled":{"type":"bool","description":"Flag to enable/disable Argus extensions.","description_kind":"plain","required":true}},"nesting_mode":"single"},"description":"A single argus block as defined below. This field is deprecated and will be removed 06 January 2026.","description_kind":"plain","deprecated":true,"optional":true},"dns":{"nested_type":{"attributes":{"enabled":{"type":"bool","description":"Flag to enable/disable DNS extensions","description_kind":"plain","required":true},"zones":{"type":["list","string"],"description":"Specify a list of domain filters for externalDNS (e.g., `foo.runs.onstackit.cloud`)","description_kind":"plain","optional":true,"computed":true}},"nesting_mode":"single"},"description":"DNS extension configuration","description_kind":"plain","optional":true},"observability":{"nested_type":{"attributes":{"enabled":{"type":"bool","description":"Flag to enable/disable Observability extensions.","description_kind":"plain","required":true},"instance_id":{"type":"string","description":"Observability instance ID to choose which Observability instance is used. Required when enabled is set to `true`.","description_kind":"plain","optional":true}},"nesting_mode":"single"},"description":"A single observability block as defined below.","description_kind":"plain","optional":true}},"nesting_mode":"single"},"description":"A single extensions block as defined below.","description_kind":"plain","optional":true},"hibernations":{"nested_type":{"attributes":{"end":{"type":"string","description":"End time of hibernation in crontab syntax. E.g. `0 8 * * *` for waking up the cluster at 8am.","description_kind":"plain","required":true},"start":{"type":"string","description":"Start time of cluster hibernation in crontab syntax. E.g. `0 18 * * *` for starting everyday at 6pm.","description_kind":"plain","required":true},"timezone":{"type":"string","description":"Timezone name corresponding to a file in the IANA Time Zone database. i.e. `Europe/Berlin`.","description_kind":"plain","optional":true,"computed":true}},"nesting_mode":"list"},"description":"One or more hibernation block as defined below.","description_kind":"plain","optional":true},"id":{"type":"string","description":"Terraform's internal resource ID. It is structured as \"`project_id`,`region`,`name`\".","description_kind":"plain","computed":true},"kubernetes_version_min":{"type":"string","description":"The minimum Kubernetes version. This field will be used to set the minimum kubernetes version on creation/update of the cluster. If unset, the latest supported Kubernetes version will be used. SKE automatically updates the cluster Kubernetes version if you have set `maintenance.enable_kubernetes_version_updates` to true or if there is a mandatory update, as described in [General information for Kubernetes \u0026 OS updates](https://docs.stackit.cloud/products/runtime/kubernetes-engine/basics/version-updates/). To get the current kubernetes version being used for your cluster, use the read-only `kubernetes_version_used` field.","description_kind":"plain","optional":true},"kubernetes_version_used":{"type":"string","description":"Full Kubernetes version used. For example, if 1.22 was set in `kubernetes_version_min`, this value may result to 1.22.15. SKE automatically updates the cluster Kubernetes version if you have set `maintenance.enable_kubernetes_version_updates` to true or if there is a mandatory update, as described in [General information for Kubernetes \u0026 OS updates](https://docs.stackit.cloud/products/runtime/kubernetes-engine/basics/version-updates/).","description_kind":"plain","computed":true},"maintenance":{"nested_type":{"attributes":{"enable_kubernetes_version_updates":{"type":"bool","description":"Flag to enable/disable auto-updates of the Kubernetes version. Defaults to `true`. SKE automatically updates the cluster Kubernetes version if you have set `maintenance.enable_kubernetes_version_updates` to true or if there is a mandatory update, as described in [General information for Kubernetes \u0026 OS updates](https://docs.stackit.cloud/products/runtime/kubernetes-engine/basics/version-updates/).","description_kind":"plain","optional":true,"computed":true},"enable_machine_image_version_updates":{"type":"bool","description":"Flag to enable/disable auto-updates of the OS image version. Defaults to `true`. SKE automatically updates the cluster Kubernetes version if you have set `maintenance.enable_kubernetes_version_updates` to true or if there is a mandatory update, as described in [General information for Kubernetes \u0026 OS updates](https://docs.stackit.cloud/products/runtime/kubernetes-engine/basics/version-updates/).","description_kind":"plain","optional":true,"computed":true},"end":{"type":"string","description":"Time for maintenance window end. E.g. `01:23:45Z`, `05:00:00+02:00`.","description_kind":"plain","optional":true,"computed":true},"start":{"type":"string","description":"Time for maintenance window start. E.g. `01:23:45Z`, `05:00:00+02:00`.","description_kind":"plain","optional":true,"computed":true}},"nesting_mode":"single"},"description":"A single maintenance block as defined below.","description_kind":"plain","optional":true,"computed":true},"name":{"type":"string","description":"The cluster name.","description_kind":"plain","required":true},"network":{"nested_type":{"attributes":{"control_plane":{"nested_type":{"attributes":{"access_scope":{"type":"string","description":"Access scope of the control plane. It defines if the Kubernetes control plane is public or only available inside a STACKIT Network Area.Possible values are: `PUBLIC`, `SNA`. The field is immutable!","description_kind":"plain","optional":true,"computed":true}},"nesting_mode":"single"},"description":"Control plane for the cluster.","description_kind":"plain","optional":true,"computed":true},"id":{"type":"string","description":"ID of the STACKIT Network Area (SNA) network into which the cluster will be deployed.","description_kind":"plain","optional":true,"computed":true}},"nesting_mode":"single"},"description":"Network block as defined below.","description_kind":"plain","optional":true,"computed":true},"node_pools":{"nested_type":{"attributes":{"allow_system_components":{"type":"bool","description":"Allow system components to run on this node pool.","description_kind":"plain","optional":true,"computed":true},"availability_zones":{"type":["list","string"],"description":"Specify a list of availability zones. E.g. `eu01-m`","description_kind":"plain","required":true},"cri":{"type":"string","description":"Specifies the container runtime. Defaults to `containerd`","description_kind":"plain","optional":true,"computed":true},"labels":{"type":["map","string"],"description":"Labels to add to each node.","description_kind":"plain","optional":true,"computed":true},"machine_type":{"type":"string","description":"The machine type.","description_kind":"plain","required":true},"max_surge":{"type":"number","description":"Maximum number of additional VMs that are created during an update. If set (larger than 0), then it must be at least the amount of zones configured for the nodepool. The `max_surge` and `max_unavailable` fields cannot both be unset at the same time.","description_kind":"plain","optional":true,"computed":true},"max_unavailable":{"type":"number","description":"Maximum number of VMs that that can be unavailable during an update. If set (larger than 0), then it must be at least the amount of zones configured for the nodepool. The `max_surge` and `max_unavailable` fields cannot both be unset at the same time.","description_kind":"plain","optional":true,"computed":true},"maximum":{"type":"number","description":"Maximum number of nodes in the pool.","description_kind":"plain","required":true},"minimum":{"type":"number","description":"Minimum number of nodes in the pool.","description_kind":"plain","required":true},"name":{"type":"string","description":"Specifies the name of the node pool.","description_kind":"plain","required":true},"os_name":{"type":"string","description":"The name of the OS image. Defaults to `flatcar`.","description_kind":"plain","optional":true,"computed":true},"os_version":{"type":"string","description":"This field is deprecated, use `os_version_min` to configure the version and `os_version_used` to get the currently used version instead.","description_kind":"plain","deprecated":true,"optional":true},"os_version_min":{"type":"string","description":"The minimum OS image version. This field will be used to set the minimum OS image version on creation/update of the cluster. If unset, the latest supported OS image version will be used. SKE automatically updates the cluster Kubernetes version if you have set `maintenance.enable_kubernetes_version_updates` to true or if there is a mandatory update, as described in [General information for Kubernetes \u0026 OS updates](https://docs.stackit.cloud/products/runtime/kubernetes-engine/basics/version-updates/). To get the current OS image version being used for the node pool, use the read-only `os_version_used` field.","description_kind":"plain","optional":true},"os_version_used":{"type":"string","description":"Full OS image version used. For example, if 3815.2 was set in `os_version_min`, this value may result to 3815.2.2. SKE automatically updates the cluster Kubernetes version if you have set `maintenance.enable_kubernetes_version_updates` to true or if there is a mandatory update, as described in [General information for Kubernetes \u0026 OS updates](https://docs.stackit.cloud/products/runtime/kubernetes-engine/basics/version-updates/).","description_kind":"plain","computed":true},"taints":{"nested_type":{"attributes":{"effect":{"type":"string","description":"The taint effect. E.g `PreferNoSchedule`.","description_kind":"plain","required":true},"key":{"type":"string","description":"Taint key to be applied to a node.","description_kind":"plain","required":true},"value":{"type":"string","description":"Taint value corresponding to the taint key.","description_kind":"plain","optional":true,"computed":true}},"nesting_mode":"list"},"description":"Specifies a taint list as defined below.","description_kind":"plain","optional":true},"volume_size":{"type":"number","description":"The volume size in GB. Defaults to `20`","description_kind":"plain","optional":true,"computed":true},"volume_type":{"type":"string","description":"Specifies the volume type. Defaults to `storage_premium_perf1`.","description_kind":"plain","optional":true,"computed":true}},"nesting_mode":"list"},"description":"One or more `node_pool` block as defined below.\nTo keep your Terraform plans clean and readable, always append new node pools to the end of the list.","description_kind":"plain","required":true},"pod_address_ranges":{"type":["list","string"],"description":"The network ranges (in CIDR notation) used by pods of the cluster.","description_kind":"plain","computed":true},"project_id":{"type":"string","description":"STACKIT project ID to which the cluster is associated.","description_kind":"plain","required":true},"region":{"type":"string","description":"The resource region. If not defined, the provider region is used.","description_kind":"plain","optional":true,"computed":true}},"description":"SKE Cluster Resource schema. Must have a `region` specified in the provider configuration.\n\n-\u003e When updating `node_pools` of a `stackit_ske_cluster`, the Terraform plan might appear incorrect as it matches the node pools by index rather than by name. However, the SKE API correctly identifies node pools by name and applies the intended changes. Please review your changes carefully to ensure the correct configuration will be applied.","description_kind":"markdown"}},"stackit_ske_kubeconfig":{"version":0,"block":{"attributes":{"cluster_name":{"type":"string","description":"Name of the SKE cluster.","description_kind":"plain","required":true},"creation_time":{"type":"string","description":"Date-time when the kubeconfig was created","description_kind":"plain","computed":true},"expiration":{"type":"number","description":"Expiration time of the kubeconfig, in seconds. Defaults to `3600`","description_kind":"plain","optional":true,"computed":true},"expires_at":{"type":"string","description":"Timestamp when the kubeconfig expires","description_kind":"plain","computed":true},"id":{"type":"string","description":"Terraform's internal resource ID. It is structured as \"`project_id`,`cluster_name`,`kube_config_id`\".","description_kind":"plain","computed":true},"kube_config":{"type":"string","description":"Raw short-lived admin kubeconfig.","description_kind":"plain","computed":true,"sensitive":true},"kube_config_id":{"type":"string","description":"Internally generated UUID to identify a kubeconfig resource in Terraform, since the SKE API doesnt return a kubeconfig identifier","description_kind":"plain","computed":true},"project_id":{"type":"string","description":"STACKIT project ID to which the cluster is associated.","description_kind":"plain","required":true},"refresh":{"type":"bool","description":"If set to true, the provider will check if the kubeconfig has expired and will generated a new valid one in-place","description_kind":"plain","optional":true},"refresh_before":{"type":"number","description":"Number of seconds before expiration to trigger refresh of the kubeconfig at. Only used if refresh is set to true.","description_kind":"plain","optional":true},"region":{"type":"string","description":"The resource region. If not defined, the provider region is used.","description_kind":"plain","optional":true,"computed":true}},"description":"SKE kubeconfig resource schema. Must have a `region` specified in the provider configuration.","description_kind":"plain"}},"stackit_sqlserverflex_instance":{"version":0,"block":{"attributes":{"acl":{"type":["list","string"],"description":"The Access Control List (ACL) for the SQLServer Flex instance.","description_kind":"plain","optional":true,"computed":true},"backup_schedule":{"type":"string","description":"The backup schedule. Should follow the cron scheduling system format (e.g. \"0 0 * * *\")","description_kind":"plain","optional":true,"computed":true},"flavor":{"nested_type":{"attributes":{"cpu":{"type":"number","description_kind":"plain","required":true},"description":{"type":"string","description_kind":"plain","computed":true},"id":{"type":"string","description_kind":"plain","computed":true},"ram":{"type":"number","description_kind":"plain","required":true}},"nesting_mode":"single"},"description_kind":"plain","required":true},"id":{"type":"string","description":"Terraform's internal resource ID. It is structured as \"`project_id`,`region`,`instance_id`\".","description_kind":"plain","computed":true},"instance_id":{"type":"string","description":"ID of the SQLServer Flex instance.","description_kind":"plain","computed":true},"name":{"type":"string","description":"Instance name.","description_kind":"plain","required":true},"options":{"nested_type":{"attributes":{"edition":{"type":"string","description_kind":"plain","computed":true},"retention_days":{"type":"number","description_kind":"plain","optional":true,"computed":true}},"nesting_mode":"single"},"description_kind":"plain","optional":true,"computed":true},"project_id":{"type":"string","description":"STACKIT project ID to which the instance is associated.","description_kind":"plain","required":true},"region":{"type":"string","description":"The resource region. If not defined, the provider region is used.","description_kind":"plain","optional":true,"computed":true},"replicas":{"type":"number","description_kind":"plain","computed":true},"storage":{"nested_type":{"attributes":{"class":{"type":"string","description_kind":"plain","optional":true,"computed":true},"size":{"type":"number","description_kind":"plain","optional":true,"computed":true}},"nesting_mode":"single"},"description_kind":"plain","optional":true,"computed":true},"version":{"type":"string","description_kind":"plain","optional":true,"computed":true}},"description":"SQLServer Flex instance resource schema. Must have a `region` specified in the provider configuration.","description_kind":"plain"}},"stackit_sqlserverflex_user":{"version":0,"block":{"attributes":{"host":{"type":"string","description_kind":"plain","computed":true},"id":{"type":"string","description":"Terraform's internal resource ID. It is structured as \"`project_id`,`region`,`instance_id`,`user_id`\".","description_kind":"plain","computed":true},"instance_id":{"type":"string","description":"ID of the SQLServer Flex instance.","description_kind":"plain","required":true},"password":{"type":"string","description":"Password of the user account.","description_kind":"plain","computed":true,"sensitive":true},"port":{"type":"number","description_kind":"plain","computed":true},"project_id":{"type":"string","description":"STACKIT project ID to which the instance is associated.","description_kind":"plain","required":true},"region":{"type":"string","description_kind":"plain","optional":true,"computed":true},"roles":{"type":["set","string"],"description":"Database access levels for the user. The values for the default roles are: `##STACKIT_DatabaseManager##`, `##STACKIT_LoginManager##`, `##STACKIT_ProcessManager##`, `##STACKIT_ServerManager##`, `##STACKIT_SQLAgentManager##`, `##STACKIT_SQLAgentUser##`","description_kind":"plain","required":true},"user_id":{"type":"string","description":"User ID.","description_kind":"plain","computed":true},"username":{"type":"string","description":"Username of the SQLServer Flex instance.","description_kind":"plain","required":true}},"description":"SQLServer Flex user resource schema. Must have a `region` specified in the provider configuration.","description_kind":"plain"}},"stackit_volume":{"version":0,"block":{"attributes":{"availability_zone":{"type":"string","description":"The availability zone of the volume.","description_kind":"plain","required":true},"description":{"type":"string","description":"The description of the volume.","description_kind":"plain","optional":true,"computed":true},"encrypted":{"type":"bool","description":"Indicates if the volume is encrypted.","description_kind":"plain","computed":true},"encryption_parameters":{"nested_type":{"attributes":{"kek_key_id":{"type":"string","description":"UUID of the key within the STACKIT-KMS to use for the encryption.","description_kind":"plain","required":true},"kek_key_version":{"type":"number","description":"Version of the key within the STACKIT-KMS to use for the encryption.","description_kind":"plain","required":true},"kek_keyring_id":{"type":"string","description":"UUID of the keyring where the key is located within the STACKTI-KMS.","description_kind":"plain","required":true},"key_payload_base64":{"type":"string","description":"Optional predefined secret, which will be encrypted against the key-encryption-key within the STACKIT-KMS. If not defined, a random secret will be generated by the API and encrypted against the STACKIT-KMS. If a key-payload is provided here, it must be base64 encoded.","description_kind":"plain","optional":true,"sensitive":true},"key_payload_base64_wo":{"type":"string","description":"Optional predefined secret, which will be encrypted against the key-encryption-key within the STACKIT-KMS. If not defined, a random secret will be generated by the API and encrypted against the STACKIT-KMS. If a key-payload is provided here, it must be base64 encoded.","description_kind":"plain","optional":true,"sensitive":true},"key_payload_base64_wo_version":{"type":"number","description":"Used together with `key_payload_base64_wo` to trigger an re-create. Increment this value when an update to `key_payload_base64_wo` is required.","description_kind":"plain","optional":true},"service_account":{"type":"string","description":"Service-Account linked to the Key within the STACKIT-KMS.","description_kind":"plain","required":true}},"nesting_mode":"single"},"description":"Parameter to connect to a key-encryption-key within the STACKIT-KMS to create encrypted volumes. These parameters never leave the backend again. So these parameters are not present on imports or in the datasource. They live only in your Terraform state after creation of the resource.","description_kind":"plain","optional":true},"id":{"type":"string","description":"Terraform's internal resource ID. It is structured as \"`project_id`,`region`,`volume_id`\".","description_kind":"plain","computed":true},"labels":{"type":["map","string"],"description":"Labels are key-value string pairs which can be attached to a resource container","description_kind":"plain","optional":true},"name":{"type":"string","description":"The name of the volume.","description_kind":"plain","optional":true,"computed":true},"performance_class":{"type":"string","description":"The performance class of the volume. Possible values are documented in [Service plans BlockStorage](https://docs.stackit.cloud/products/storage/block-storage/basics/service-plans/#currently-available-service-plans-performance-classes)","description_kind":"markdown","optional":true,"computed":true},"project_id":{"type":"string","description":"STACKIT project ID to which the volume is associated.","description_kind":"plain","required":true},"region":{"type":"string","description":"The resource region. If not defined, the provider region is used.","description_kind":"plain","optional":true,"computed":true},"server_id":{"type":"string","description":"The server ID of the server to which the volume is attached to.","description_kind":"plain","computed":true},"size":{"type":"number","description":"The size of the volume in GB. It can only be updated to a larger value than the current size. Either `size` or `source` must be provided","description_kind":"plain","optional":true,"computed":true},"source":{"nested_type":{"attributes":{"id":{"type":"string","description":"The ID of the source, e.g. image ID","description_kind":"plain","required":true},"type":{"type":"string","description":"The type of the source. Possible values are: `volume`, `image`, `snapshot`, `backup`.","description_kind":"plain","required":true}},"nesting_mode":"single"},"description":"The source of the volume. It can be either a volume, an image, a snapshot or a backup. Either `size` or `source` must be provided","description_kind":"plain","optional":true},"volume_id":{"type":"string","description":"The volume ID.","description_kind":"plain","computed":true}},"description":"Volume resource schema. Must have a `region` specified in the provider configuration. \n\n-\u003e **Note:** Write-Only argument `key_payload_base64_wo` is available to use in place of `key_payload_base64`. Write-Only arguments are supported in HashiCorp Terraform 1.11.0 and later. [Learn more](https://developer.hashicorp.com/terraform/language/resources/ephemeral#write-only-arguments).","description_kind":"markdown"}}},"data_source_schemas":{"stackit_affinity_group":{"version":0,"block":{"attributes":{"affinity_group_id":{"type":"string","description":"The affinity group ID.","description_kind":"plain","required":true},"id":{"type":"string","description":"Terraform's internal resource identifier. It is structured as \"`project_id`,`region`,`affinity_group_id`\".","description_kind":"plain","computed":true},"members":{"type":["list","string"],"description":"Affinity Group schema. Must have a `region` specified in the provider configuration.","description_kind":"plain","computed":true},"name":{"type":"string","description":"The name of the affinity group.","description_kind":"plain","computed":true},"policy":{"type":"string","description":"The policy of the affinity group.","description_kind":"plain","computed":true},"project_id":{"type":"string","description":"STACKIT Project ID to which the affinity group is associated.","description_kind":"plain","required":true},"region":{"type":"string","description":"The resource region. If not defined, the provider region is used.","description_kind":"plain","optional":true}},"description":"Affinity Group schema. Must have a `region` specified in the provider configuration.","description_kind":"markdown"}},"stackit_alb_certificate":{"version":0,"block":{"attributes":{"cert_id":{"type":"string","description":"The ID of the certificate.","description_kind":"plain","required":true},"id":{"type":"string","description":"Terraform's internal resource ID. It is structured as \"`project_id`,`region`,`cert_id`\".","description_kind":"plain","computed":true},"name":{"type":"string","description":"Certificate name.","description_kind":"plain","computed":true},"project_id":{"type":"string","description":"STACKIT project ID to which the certificate is associated.","description_kind":"plain","required":true},"public_key":{"type":"string","description":"The PEM encoded public key part","description_kind":"plain","computed":true},"region":{"type":"string","description":"The resource region (e.g. eu01). If not defined, the provider region is used.","description_kind":"plain","computed":true}},"description":"ALB TLS Certificate data source schema. Must have a region specified in the provider configuration.\n","description_kind":"markdown"}},"stackit_application_load_balancer":{"version":0,"block":{"attributes":{"disable_target_security_group_assignment":{"type":"bool","description":"Disable target security group assignemt to allow targets outside of the given network. Connectivity to targets need to be ensured by the customer, including routing and Security Groups (targetSecurityGroup can be assigned). Not changeable after creation.","description_kind":"plain","computed":true},"errors":{"nested_type":{"attributes":{"description":{"type":"string","description":"The error description contains additional helpful user information to fix the error state of the Application Load Balancer. For example the IP 45.135.247.139 does not exist in the project, then the description will report: Floating IP \"45.135.247.139\" could not be found.","description_kind":"plain","computed":true},"type":{"type":"string","description":"The error type specifies which part of the Application Load Balancer encountered the error. I.e. the API will not check if a provided public IP is actually available in the project. Instead the Application Load Balancer with try to use the provided IP and if not available reports TYPE_FIP_NOT_CONFIGURED error. Possible values are: `TYPE_UNSPECIFIED`, `TYPE_INTERNAL`, `TYPE_QUOTA_SECGROUP_EXCEEDED`, `TYPE_QUOTA_SECGROUPRULE_EXCEEDED`, `TYPE_PORT_NOT_CONFIGURED`, `TYPE_FIP_NOT_CONFIGURED`, `TYPE_TARGET_NOT_ACTIVE`, `TYPE_METRICS_MISCONFIGURED`, `TYPE_LOGS_MISCONFIGURED`.","description_kind":"plain","computed":true}},"nesting_mode":"set"},"description":"Reports all errors a Application Load Balancer has.","description_kind":"plain","computed":true},"external_address":{"type":"string","description":"The external IP address where this Application Load Balancer is exposed. Not changeable after creation.","description_kind":"plain","computed":true},"id":{"type":"string","description":"Terraform's internal resource ID. It is structured as `project_id`,`region`,`name`.","description_kind":"plain","computed":true},"labels":{"type":["map","string"],"description":"Labels represent user-defined metadata as key-value pairs. Label count cannot exceed 64 per ALB.","description_kind":"plain","computed":true},"listeners":{"nested_type":{"attributes":{"http":{"nested_type":{"attributes":{"hosts":{"nested_type":{"attributes":{"host":{"type":"string","description":"Hostname to match. Supports wildcards (e.g. *.example.com).","description_kind":"plain","computed":true},"rules":{"nested_type":{"attributes":{"cookie_persistence":{"nested_type":{"attributes":{"name":{"type":"string","description":"The name of the cookie to use.","description_kind":"plain","computed":true},"ttl":{"type":"string","description":"TTL specifies the time-to-live for the cookie. The default value is 0s, and it acts as a session cookie, expiring when the client session ends.","description_kind":"plain","computed":true}},"nesting_mode":"single"},"description":"Routing persistence via cookies.","description_kind":"plain","computed":true},"headers":{"nested_type":{"attributes":{"exact_match":{"type":"string","description":"Exact match for the header value.","description_kind":"plain","computed":true},"name":{"type":"string","description":"Header name.","description_kind":"plain","computed":true}},"nesting_mode":"set"},"description":"Headers for the rule.","description_kind":"plain","computed":true},"path":{"nested_type":{"attributes":{"exact_match":{"type":"string","description":"Exact path match. Only a request path exactly equal to the value will match, e.g. '/foo' matches only '/foo', not '/foo/bar' or '/foobar'.","description_kind":"plain","computed":true},"prefix":{"type":"string","description":"Prefix path match. Only matches on full segment boundaries, e.g. '/foo' matches '/foo' and '/foo/bar' but NOT '/foobar'.","description_kind":"plain","computed":true}},"nesting_mode":"single"},"description":"Routing via path.","description_kind":"plain","computed":true},"query_parameters":{"nested_type":{"attributes":{"exact_match":{"type":"string","description":"Exact match for the query parameters value.","description_kind":"plain","computed":true},"name":{"type":"string","description":"Query parameter name.","description_kind":"plain","computed":true}},"nesting_mode":"set"},"description":"Query parameters for the rule.","description_kind":"plain","computed":true},"target_pool":{"type":"string","description":"Reference target pool by target pool name.","description_kind":"plain","computed":true},"web_socket":{"type":"bool","description":"If enabled, when client sends an HTTP request with and Upgrade header, indicating the desire to establish a Websocket connection, if backend server supports WebSocket, it responds with HTTP 101 status code, switching protocols from HTTP to WebSocket. Hence the client and the server can exchange data in real-time using one long-lived TCP connection.","description_kind":"plain","computed":true}},"nesting_mode":"list"},"description":"Routing rules under the specified host, matched by path prefix.","description_kind":"plain","computed":true}},"nesting_mode":"list"},"description":"Defines routing rules grouped by hostname.","description_kind":"plain","computed":true}},"nesting_mode":"single"},"description":"Configuration for HTTP traffic.","description_kind":"plain","computed":true},"https":{"nested_type":{"attributes":{"certificate_config":{"nested_type":{"attributes":{"certificate_ids":{"type":["set","string"],"description":"Certificate IDs for TLS termination.","description_kind":"plain","computed":true}},"nesting_mode":"single"},"description":"TLS termination certificate configuration.","description_kind":"plain","computed":true}},"nesting_mode":"single"},"description":"Configuration for handling HTTPS traffic on this listener.","description_kind":"plain","computed":true},"name":{"type":"string","description":"Unique name for the listener","description_kind":"plain","computed":true},"port":{"type":"number","description":"Port number on which the listener receives incoming traffic.","description_kind":"plain","computed":true},"protocol":{"type":"string","description":"Protocol is the highest network protocol we understand to load balance. Possible values are: `PROTOCOL_UNSPECIFIED`, `PROTOCOL_HTTP`, `PROTOCOL_HTTPS`.","description_kind":"plain","computed":true},"waf_config_name":{"type":"string","description":"Enable Web Application Firewall (WAF), referenced by name. See \"Application Load Balancer - Web Application Firewall API\" for more information.","description_kind":"plain","computed":true}},"nesting_mode":"list"},"description":"List of all listeners which will accept traffic. Limited to 20.","description_kind":"plain","computed":true},"load_balancer_security_group":{"nested_type":{"attributes":{"id":{"type":"string","description":"ID of the security Group","description_kind":"plain","computed":true},"name":{"type":"string","description":"Name of the security Group","description_kind":"plain","computed":true}},"nesting_mode":"single"},"description":"Security Group permitting network traffic from the LoadBalancer to the targets. Useful when disableTargetSecurityGroupAssignment=true to manually assign target security groups to targets.","description_kind":"plain","computed":true},"name":{"type":"string","description":"Application Load balancer name.","description_kind":"plain","required":true},"networks":{"nested_type":{"attributes":{"network_id":{"type":"string","description":"STACKIT network ID the Application Load Balancer and/or targets are in.","description_kind":"plain","computed":true},"role":{"type":"string","description":"The role defines how the Application Load Balancer is using the network. Possible values are: `ROLE_UNSPECIFIED`, `ROLE_LISTENERS_AND_TARGETS`, `ROLE_LISTENERS`, `ROLE_TARGETS`.","description_kind":"plain","computed":true}},"nesting_mode":"set"},"description":"List of networks that listeners and targets reside in.","description_kind":"plain","computed":true},"options":{"nested_type":{"attributes":{"access_control":{"nested_type":{"attributes":{"allowed_source_ranges":{"type":["set","string"],"description":"Application Load Balancer is accessible only from an IP address in this range.","description_kind":"plain","computed":true}},"nesting_mode":"single"},"description":"Use this option to limit the IP ranges that can use the Application Load Balancer.","description_kind":"plain","computed":true},"ephemeral_address":{"type":"bool","description":"This option automates the handling of the external IP address for an Application Load Balancer. If set to true a new IP address will be automatically created. It will also be automatically deleted when the Load Balancer is deleted.","description_kind":"plain","computed":true},"observability":{"nested_type":{"attributes":{"logs":{"nested_type":{"attributes":{"credentials_ref":{"type":"string","description":"Credentials reference for logging. This reference is created via the observability create endpoint and the credential needs to contain the basic auth username and password for the logging solution the push URL points to. Then this enables monitoring via remote write for the Application Load Balancer.","description_kind":"plain","computed":true},"push_url":{"type":"string","description":"Credentials reference for logging. This reference is created via the observability create endpoint and the credential needs to contain the basic auth username and password for the logging solution the push URL points to. Then this enables monitoring via remote write for the Application Load Balancer.","description_kind":"plain","computed":true}},"nesting_mode":"single"},"description":"Observability logs configuration.","description_kind":"plain","computed":true},"metrics":{"nested_type":{"attributes":{"credentials_ref":{"type":"string","description":"Credentials reference for metrics. This reference is created via the observability create endpoint and the credential needs to contain the basic auth username and password for the metrics solution the push URL points to. Then this enables monitoring via remote write for the Application Load Balancer.","description_kind":"plain","computed":true},"push_url":{"type":"string","description":"Credentials reference for metrics. This reference is created via the observability create endpoint and the credential needs to contain the basic auth username and password for the metrics solution the push URL points to. Then this enables monitoring via remote write for the Application Load Balancer.","description_kind":"plain","computed":true}},"nesting_mode":"single"},"description":"Observability metrics configuration.","description_kind":"plain","computed":true}},"nesting_mode":"single"},"description":"We offer Load Balancer observability via STACKIT Observability or external solutions.","description_kind":"plain","computed":true},"private_network_only":{"type":"bool","description":"Application Load Balancer is accessible only via a private network ip address. Not changeable after creation.","description_kind":"plain","computed":true}},"nesting_mode":"single"},"description":"Defines any optional functionality you want to have enabled on your Application Load Balancer.","description_kind":"plain","computed":true},"plan_id":{"type":"string","description":"Service Plan configures the size of the Application Load Balancer.","description_kind":"plain","computed":true},"private_address":{"type":"string","description_kind":"plain","computed":true},"project_id":{"type":"string","description":"STACKIT project ID to which the Application Load Balancer is associated.","description_kind":"plain","required":true},"region":{"type":"string","description":"The resource region. If not defined, the provider region is used.","description_kind":"plain","computed":true},"target_pools":{"nested_type":{"attributes":{"active_health_check":{"nested_type":{"attributes":{"healthy_threshold":{"type":"number","description":"Healthy threshold of the health checking.","description_kind":"plain","computed":true},"http_health_checks":{"nested_type":{"attributes":{"ok_status":{"type":["set","string"],"description":"List of HTTP status codes that indicate a healthy response.","description_kind":"plain","computed":true},"path":{"type":"string","description":"Path to send the health check request to.","description_kind":"plain","computed":true}},"nesting_mode":"single"},"description":"Options for the HTTP health checking.","description_kind":"plain","computed":true},"interval":{"type":"string","description":"Interval duration of health checking in seconds.","description_kind":"plain","computed":true},"interval_jitter":{"type":"string","description":"Interval duration threshold of the health checking in seconds.","description_kind":"plain","computed":true},"timeout":{"type":"string","description":"Active health checking timeout duration in seconds.","description_kind":"plain","computed":true},"unhealthy_threshold":{"type":"number","description":"Unhealthy threshold of the health checking.","description_kind":"plain","computed":true}},"nesting_mode":"single"},"description_kind":"plain","computed":true},"name":{"type":"string","description":"Target pool name.","description_kind":"plain","computed":true},"target_port":{"type":"number","description":"The number identifying the port where each target listens for traffic.","description_kind":"plain","computed":true},"targets":{"nested_type":{"attributes":{"display_name":{"type":"string","description":"Target display name","description_kind":"plain","computed":true},"ip":{"type":"string","description":"Private target IP, which must by unique within a target pool.","description_kind":"plain","computed":true}},"nesting_mode":"set"},"description":"List of all targets which will be used in the pool. Limited to 250.","description_kind":"plain","computed":true},"tls_config":{"nested_type":{"attributes":{"custom_ca":{"type":"string","description":"Specifies a custom Certificate Authority (CA). When provided, the target pool will trust certificates signed by this CA, in addition to any system-trusted CAs. This is useful for scenarios where the target pool needs to communicate with servers using self-signed or internally-issued certificates. Enabled needs to be set to true and skip validation to false for this option.","description_kind":"plain","computed":true},"enabled":{"type":"bool","description":"Enable TLS (Transport Layer Security) bridging for the connection between Application Load Balancer and targets in this pool. When enabled, public CAs are trusted. Can be used in tandem with the options either custom CA or skip validation or alone.","description_kind":"plain","computed":true},"skip_certificate_validation":{"type":"bool","description":"Bypass certificate validation for TLS bridging in this target pool. This option is insecure and can only be used with public CAs by setting enabled true. Meant to be used for testing purposes only!","description_kind":"plain","computed":true}},"nesting_mode":"single"},"description":"Configuration for TLS bridging.","description_kind":"plain","computed":true}},"nesting_mode":"list"},"description":"List of all target pools which will be used in the Application Load Balancer. Limited to 20.","description_kind":"plain","computed":true},"target_security_group":{"nested_type":{"attributes":{"id":{"type":"string","description":"ID of the security Group","description_kind":"plain","computed":true},"name":{"type":"string","description":"Name of the security Group","description_kind":"plain","computed":true}},"nesting_mode":"single"},"description":"Security Group that allows the targets to receive traffic from the LoadBalancer. Useful when disableTargetSecurityGroupAssignment=true to manually assign target security groups to targets.","description_kind":"plain","computed":true},"version":{"type":"string","description":"Application Load Balancer resource version. Used for concurrency safe updates.","description_kind":"plain","computed":true}},"description":"Application Load Balancer data source schema. Must have a region specified in the provider configuration.\n","description_kind":"markdown"}},"stackit_authorization_folder_custom_role":{"version":0,"block":{"attributes":{"description":{"type":"string","description":"A human readable description of the role.","description_kind":"plain","computed":true},"id":{"type":"string","description":"Terraform's internal resource identifier. It is structured as \"[resource_id],[role_id]\".","description_kind":"plain","computed":true},"name":{"type":"string","description":"Name of the role","description_kind":"plain","computed":true},"permissions":{"type":["list","string"],"description":"Permissions for the role","description_kind":"plain","computed":true},"resource_id":{"type":"string","description":"Resource to add the custom role to.","description_kind":"plain","required":true},"role_id":{"type":"string","description":"The ID of the role.","description_kind":"plain","required":true}},"description":"Custom Role resource schema.","description_kind":"plain"}},"stackit_authorization_organization_custom_role":{"version":0,"block":{"attributes":{"description":{"type":"string","description":"A human readable description of the role.","description_kind":"plain","computed":true},"id":{"type":"string","description":"Terraform's internal resource identifier. It is structured as \"[resource_id],[role_id]\".","description_kind":"plain","computed":true},"name":{"type":"string","description":"Name of the role","description_kind":"plain","computed":true},"permissions":{"type":["list","string"],"description":"Permissions for the role","description_kind":"plain","computed":true},"resource_id":{"type":"string","description":"Resource to add the custom role to.","description_kind":"plain","required":true},"role_id":{"type":"string","description":"The ID of the role.","description_kind":"plain","required":true}},"description":"Custom Role resource schema.","description_kind":"plain"}},"stackit_authorization_project_custom_role":{"version":0,"block":{"attributes":{"description":{"type":"string","description":"A human readable description of the role.","description_kind":"plain","computed":true},"id":{"type":"string","description":"Terraform's internal resource identifier. It is structured as \"[resource_id],[role_id]\".","description_kind":"plain","computed":true},"name":{"type":"string","description":"Name of the role","description_kind":"plain","computed":true},"permissions":{"type":["list","string"],"description":"Permissions for the role","description_kind":"plain","computed":true},"resource_id":{"type":"string","description":"Resource to add the custom role to.","description_kind":"plain","required":true},"role_id":{"type":"string","description":"The ID of the role.","description_kind":"plain","required":true}},"description":"Custom Role resource schema.","description_kind":"plain"}},"stackit_cdn_custom_domain":{"version":0,"block":{"attributes":{"certificate":{"nested_type":{"attributes":{"version":{"type":"number","description":"A version identifier for the certificate. Required for custom certificates. The certificate will be updated if this field is changed.","description_kind":"plain","computed":true}},"nesting_mode":"single"},"description":"The TLS certificate for the custom domain. If omitted, a managed certificate will be used. If the block is specified, a custom certificate is used.","description_kind":"plain","optional":true},"distribution_id":{"type":"string","description":"CDN distribution ID","description_kind":"plain","required":true},"errors":{"type":["list","string"],"description":"List of distribution errors","description_kind":"plain","computed":true},"id":{"type":"string","description":"Terraform's internal resource identifier. It is structured as \"`project_id`,`distribution_id`\".","description_kind":"plain","computed":true},"name":{"type":"string","description_kind":"plain","required":true},"project_id":{"type":"string","description":"STACKIT project ID associated with the distribution","description_kind":"plain","required":true},"status":{"type":"string","description":"Status of the distribution","description_kind":"plain","computed":true}},"description":"CDN distribution data source schema.\n\n~\u003e This datasource is in beta and may be subject to breaking changes in the future. Use with caution. See our [guide](https://registry.terraform.io/providers/stackitcloud/stackit/latest/docs/guides/opting_into_beta_resources) for how to opt-in to use beta resources.","description_kind":"markdown"}},"stackit_cdn_distribution":{"version":0,"block":{"attributes":{"config":{"nested_type":{"attributes":{"backend":{"nested_type":{"attributes":{"bucket_url":{"type":"string","description":"The URL of the bucket (e.g. https://s3.example.com). Required if type is 'bucket'.","description_kind":"plain","computed":true},"geofencing":{"type":["map",["list","string"]],"description":"The configured type http to configure countries where content is allowed. A map of URLs to a list of countries","description_kind":"plain","computed":true},"origin_request_headers":{"type":["map","string"],"description":"The configured type http origin request headers for the backend","description_kind":"plain","computed":true},"origin_url":{"type":"string","description":"The configured backend type http for the distribution","description_kind":"plain","computed":true},"region":{"type":"string","description":"The region where the bucket is hosted. Required if type is 'bucket'.","description_kind":"plain","computed":true},"type":{"type":"string","description":"The configured backend type. Possible values are: `http`, `bucket`.","description_kind":"plain","computed":true}},"nesting_mode":"single"},"description":"The configured backend for the distribution","description_kind":"plain","computed":true},"blocked_countries":{"type":["list","string"],"description":"The configured countries where distribution of content is blocked","description_kind":"plain","optional":true},"optimizer":{"nested_type":{"attributes":{"enabled":{"type":"bool","description_kind":"plain","computed":true}},"nesting_mode":"single"},"description":"Configuration for the Image Optimizer. This is a paid feature that automatically optimizes images to reduce their file size for faster delivery, leading to improved website performance and a better user experience.","description_kind":"plain","computed":true},"redirects":{"nested_type":{"attributes":{"rules":{"nested_type":{"attributes":{"description":{"type":"string","description":"An optional description for the redirect rule","description_kind":"plain","computed":true},"enabled":{"type":"bool","description":"A toggle to enable or disable the redirect rule. Default to true","description_kind":"plain","computed":true},"matchers":{"nested_type":{"attributes":{"value_match_condition":{"type":"string","description":"Defines how multiple matchers within this rule are combined (ALL, ANY, NONE). Defaults to ANY.","description_kind":"plain","computed":true},"values":{"type":["list","string"],"description":"A list of glob patterns to match against the request path. At least one value is required. Examples: \"/shop/*\" or \"*/img/*\"","description_kind":"plain","computed":true}},"nesting_mode":"list"},"description":"A list of matchers that define when this rule should apply. At least one matcher is required","description_kind":"plain","computed":true},"rule_match_condition":{"type":"string","description":"Defines how multiple matchers within this rule are combined (ALL, ANY, NONE). Defaults to ANY.","description_kind":"plain","computed":true},"status_code":{"type":"number","description":"The HTTP status code for the redirect. Must be one of 301, 302, 303, 307, or 308.","description_kind":"plain","computed":true},"target_url":{"type":"string","description":"The target URL to redirect to. Must be a valid URI","description_kind":"plain","computed":true}},"nesting_mode":"list"},"description":"A list of redirect rules. The order of rules matters for evaluation","description_kind":"plain","computed":true}},"nesting_mode":"single"},"description":"A wrapper for a list of redirect rules that allows for redirect settings on a distribution","description_kind":"plain","computed":true},"regions":{"type":["list","string"],"description":"The configured regions where content will be hosted","description_kind":"plain","computed":true},"waf":{"nested_type":{"attributes":{"allowed_http_methods":{"type":["set","string"],"description":"Restricts which HTTP methods the distribution accepts. If provided, the set must contain at least one item. Case you removed waf will retain the last known state and if omitted, the API applies the following defaults: `GET`, `HEAD`, `POST`, `PUT`, `DELETE`, `CONNECT`, `OPTIONS`, `TRACE`, `PATCH`.","description_kind":"plain","computed":true},"allowed_http_versions":{"type":["set","string"],"description":"Restricts which HTTP protocol versions are accepted. If provided, the set must contain at least one item. If omitted, the API applies the following defaults: `HTTP/1.0`, `HTTP/1.1`, `HTTP/2`, `HTTP/2.0`.","description_kind":"plain","computed":true},"allowed_request_content_types":{"type":["set","string"],"description":"Restricts which Content-Type headers are accepted in request bodies. If provided, the set must contain at least one item. Case you removed waf will retain the last known state and if omitted, the API applies the following defaults: `application/x-www-form-urlencoded`, `multipart/form-data`, `multipart/related`, `text/xml`, `application/xml`, `application/soap+xml`, `application/x-amf`, `application/json`, `application/octet-stream`, `application/csp-report`, `application/xss-auditor-report`, `text/plain`.","description_kind":"plain","computed":true},"disabled_rule_collection_ids":{"type":["set","string"],"description":"Set of WAF Collection IDs explicitly disabled. Can be set to an empty set to clear previously set rules. Case you removed waf will retain the last known state. To view available rule collections, please consult the API documentation: https://docs.api.eu01.stackit.cloud/documentation/cdn/version/v1#tag/WAF/operation/ListWafCollections","description_kind":"plain","computed":true},"disabled_rule_group_ids":{"type":["set","string"],"description":"Set of WAF Rule Group IDs explicitly disabled. Can be set to an empty set to clear previously set rules. Case you removed waf will retain the last known state. Precedence hierarchy: Groups override Collections. To view available rule groups, please consult the API documentation: https://docs.api.eu01.stackit.cloud/documentation/cdn/version/v1#tag/WAF/operation/ListWafCollections","description_kind":"plain","computed":true},"disabled_rule_ids":{"type":["set","string"],"description":"Set of WAF rule IDs explicitly disabled. Can be set to an empty set to clear previously set rules. Case you removed waf will retain the last known state. Precedence hierarchy: Specific Rules override Groups. For example, an explicitly disabled Rule ID takes precedence over an enabled Group ID. To view available rules, please consult the API documentation: https://docs.api.eu01.stackit.cloud/documentation/cdn/version/v1#tag/WAF/operation/ListWafCollections","description_kind":"plain","computed":true},"enabled_rule_collection_ids":{"type":["set","string"],"description":"Set of WAF Collection IDs explicitly enabled. Can be set to an empty set to clear previously set rules. Case you removed waf will retain the last known state. To view available rule collections, please consult the API documentation: https://docs.api.eu01.stackit.cloud/documentation/cdn/version/v1#tag/WAF/operation/ListWafCollections","description_kind":"plain","computed":true},"enabled_rule_group_ids":{"type":["set","string"],"description":"Set of WAF Rule Group IDs explicitly enabled. Can be set to an empty set to clear previously set rules. Case you removed waf will retain the last known state. Precedence hierarchy: Groups override Collections. To view available rule groups, please consult the API documentation: https://docs.api.eu01.stackit.cloud/documentation/cdn/version/v1#tag/WAF/operation/ListWafCollections","description_kind":"plain","computed":true},"enabled_rule_ids":{"type":["set","string"],"description":"Set of WAF rule IDs explicitly enabled. Can be set to an empty set to clear previously set rules. Case you removed waf will retain the last known state. Precedence hierarchy: Specific Rules override Groups. For example, an explicitly enabled Rule ID takes precedence over a disabled Group ID. To view available rules, please consult the API documentation: https://docs.api.eu01.stackit.cloud/documentation/cdn/version/v1#tag/WAF/operation/ListWafCollections","description_kind":"plain","computed":true},"log_only_rule_collection_ids":{"type":["set","string"],"description":"Set of WAF Collection IDs explicitly marked as Log Only. Can be set to an empty set to clear previously set rules. Case you removed waf will retain the last known state. To view available rule collections, please consult the API documentation: https://docs.api.eu01.stackit.cloud/documentation/cdn/version/v1#tag/WAF/operation/ListWafCollections","description_kind":"plain","computed":true},"log_only_rule_group_ids":{"type":["set","string"],"description":"Set of WAF Rule Group IDs explicitly marked as Log Only. Can be set to an empty set to clear previously set rules. Case you removed waf will retain the last known state. Precedence hierarchy: Groups override Collections. To view available rule groups, please consult the API documentation: https://docs.api.eu01.stackit.cloud/documentation/cdn/version/v1#tag/WAF/operation/ListWafCollections","description_kind":"plain","computed":true},"log_only_rule_ids":{"type":["set","string"],"description":"Set of WAF rule IDs explicitly marked as Log Only. Can be set to an empty set to clear previously set rules. Case you removed waf will retain the last known state. Precedence hierarchy: Specific Rules override Groups. To view available rules, please consult the API documentation: https://docs.api.eu01.stackit.cloud/documentation/cdn/version/v1#tag/WAF/operation/ListWafCollections","description_kind":"plain","computed":true},"mode":{"type":"string","description":"The operating mode of the WAF. 'ENABLED' actively blocks threats, 'LOG_ONLY' logs matches without blocking, and 'DISABLED' completely turns off inspection. Defaults to 'DISABLED'.","description_kind":"plain","computed":true},"paranoia_level":{"type":"string","description":"Defines how aggressively the WAF should act on requests. Valid values are 'L1' to 'L4'. Case you removed waf will retain the last known state and if omitted, The API applies the following default 'L1'.","description_kind":"plain","computed":true},"type":{"type":"string","description":"The tier of the WAF. Valid values are 'FREE' or 'PREMIUM'. Defaults to 'FREE'.","description_kind":"plain","computed":true}},"nesting_mode":"single"},"description":"Configures the Web Application Firewall (WAF) for the distribution. If this block is undefined or removed from your configuration, the WAF mode will default to DISABLED and the type to FREE. All other WAF properties will retain their last known state in the API; if they were never defined, the API will apply its default settings.","description_kind":"plain","computed":true}},"nesting_mode":"single"},"description":"The distribution configuration","description_kind":"plain","computed":true},"created_at":{"type":"string","description":"Time when the distribution was created","description_kind":"plain","computed":true},"distribution_id":{"type":"string","description":"CDN distribution ID","description_kind":"plain","required":true},"domains":{"nested_type":{"attributes":{"errors":{"type":["list","string"],"description":"List of domain errors","description_kind":"plain","computed":true},"name":{"type":"string","description":"The name of the domain","description_kind":"plain","computed":true},"status":{"type":"string","description":"The status of the domain","description_kind":"plain","computed":true},"type":{"type":"string","description":"The type of the domain. Each distribution has one domain of type \"managed\", and domains of type \"custom\" may be additionally created by the user","description_kind":"plain","computed":true}},"nesting_mode":"list"},"description":"List of configured domains for the distribution","description_kind":"plain","computed":true},"errors":{"type":["list","string"],"description":"List of distribution errors","description_kind":"plain","computed":true},"id":{"type":"string","description":"Terraform's internal resource identifier. It is structured as \"`project_id`,`distribution_id`\".","description_kind":"plain","computed":true},"project_id":{"type":"string","description":"STACKIT project ID associated with the distribution","description_kind":"plain","required":true},"status":{"type":"string","description":"Status of the distribution","description_kind":"plain","computed":true},"updated_at":{"type":"string","description":"Time when the distribution was last updated","description_kind":"plain","computed":true}},"description":"CDN distribution data source schema.\n\n~\u003e This datasource is in beta and may be subject to breaking changes in the future. Use with caution. See our [guide](https://registry.terraform.io/providers/stackitcloud/stackit/latest/docs/guides/opting_into_beta_resources) for how to opt-in to use beta resources.","description_kind":"markdown"}},"stackit_dns_record_set":{"version":0,"block":{"attributes":{"active":{"type":"bool","description":"Specifies if the record set is active or not.","description_kind":"plain","computed":true},"comment":{"type":"string","description":"Comment.","description_kind":"plain","computed":true},"error":{"type":"string","description":"Error shows error in case create/update/delete failed.","description_kind":"plain","computed":true},"fqdn":{"type":"string","description":"Fully qualified domain name (FQDN) of the record set.","description_kind":"plain","computed":true},"id":{"type":"string","description":"Terraform's internal data source. ID. It is structured as \"`project_id`,`zone_id`,`record_set_id`\".","description_kind":"plain","computed":true},"name":{"type":"string","description":"Name of the record which should be a valid domain according to rfc1035 Section 2.3.4. E.g. `example.com`","description_kind":"plain","computed":true},"project_id":{"type":"string","description":"STACKIT project ID to which the dns record set is associated.","description_kind":"plain","required":true},"record_set_id":{"type":"string","description":"The rr set id.","description_kind":"plain","required":true},"records":{"type":["list","string"],"description":"Records.","description_kind":"plain","computed":true},"state":{"type":"string","description":"Record set state.","description_kind":"plain","computed":true},"timeouts":{"nested_type":{"attributes":{"read":{"type":"string","description":"A string that can be [parsed as a duration](https://pkg.go.dev/time#ParseDuration) consisting of numbers and unit suffixes, such as \"30s\" or \"2h45m\". Valid time units are \"s\" (seconds), \"m\" (minutes), \"h\" (hours).","description_kind":"plain","optional":true}},"nesting_mode":"single"},"description_kind":"plain","optional":true},"ttl":{"type":"number","description":"Time to live. E.g. 3600","description_kind":"plain","computed":true},"type":{"type":"string","description":"The record set type. E.g. `A` or `CNAME`","description_kind":"plain","computed":true},"zone_id":{"type":"string","description":"The zone ID to which is dns record set is associated.","description_kind":"plain","required":true}},"description":"DNS Record Set Resource schema.","description_kind":"plain"}},"stackit_dns_zone":{"version":0,"block":{"attributes":{"acl":{"type":"string","description":"The access control list.","description_kind":"plain","computed":true},"active":{"type":"bool","description_kind":"plain","computed":true},"contact_email":{"type":"string","description":"A contact e-mail for the zone.","description_kind":"plain","computed":true},"default_ttl":{"type":"number","description":"Default time to live.","description_kind":"plain","computed":true},"description":{"type":"string","description":"Description of the zone.","description_kind":"plain","computed":true},"dns_name":{"type":"string","description":"The zone name. E.g. `example.com` (must not end with a trailing dot).","description_kind":"plain","optional":true},"expire_time":{"type":"number","description":"Expire time.","description_kind":"plain","computed":true},"id":{"type":"string","description":"Terraform's internal data source. ID. It is structured as \"`project_id`,`zone_id`\".","description_kind":"plain","computed":true},"is_reverse_zone":{"type":"bool","description":"Specifies, if the zone is a reverse zone or not.","description_kind":"plain","computed":true},"name":{"type":"string","description":"The user given name of the zone.","description_kind":"plain","computed":true},"negative_cache":{"type":"number","description":"Negative caching.","description_kind":"plain","computed":true},"primaries":{"type":["list","string"],"description":"Primary name server for secondary zone.","description_kind":"plain","computed":true},"primary_name_server":{"type":"string","description":"Primary name server. FQDN.","description_kind":"plain","computed":true},"project_id":{"type":"string","description":"STACKIT project ID to which the dns zone is associated.","description_kind":"plain","required":true},"record_count":{"type":"number","description":"Record count how many records are in the zone.","description_kind":"plain","computed":true},"refresh_time":{"type":"number","description":"Refresh time.","description_kind":"plain","computed":true},"retry_time":{"type":"number","description":"Retry time.","description_kind":"plain","computed":true},"serial_number":{"type":"number","description":"Serial number.","description_kind":"plain","computed":true},"state":{"type":"string","description":"Zone state.","description_kind":"plain","computed":true},"timeouts":{"nested_type":{"attributes":{"read":{"type":"string","description":"A string that can be [parsed as a duration](https://pkg.go.dev/time#ParseDuration) consisting of numbers and unit suffixes, such as \"30s\" or \"2h45m\". Valid time units are \"s\" (seconds), \"m\" (minutes), \"h\" (hours).","description_kind":"plain","optional":true}},"nesting_mode":"single"},"description_kind":"plain","optional":true},"type":{"type":"string","description":"Zone type.","description_kind":"plain","computed":true},"visibility":{"type":"string","description":"Visibility of the zone.","description_kind":"plain","computed":true},"zone_id":{"type":"string","description":"The zone ID.","description_kind":"plain","optional":true}},"description":"DNS Zone resource schema.","description_kind":"plain"}},"stackit_edgecloud_instances":{"version":0,"block":{"attributes":{"id":{"type":"string","description":"Terraform's internal data source ID, structured as `project_id`,`region`.","description_kind":"plain","computed":true},"instances":{"nested_type":{"attributes":{"created":{"type":"string","description":"The date and time the instance was created.","description_kind":"plain","computed":true},"description":{"type":"string","description":"Description of the instance.","description_kind":"plain","computed":true},"display_name":{"type":"string","description":"The display name of the instance.","description_kind":"plain","computed":true},"frontend_url":{"type":"string","description":"Frontend URL for the Edge Cloud instance.","description_kind":"plain","computed":true},"instance_id":{"type":"string","description":"The ID of the instance.","description_kind":"plain","computed":true},"plan_id":{"type":"string","description":"The plan ID for the instance.","description_kind":"plain","computed":true},"region":{"type":"string","description":"The region where the instance is located.","description_kind":"plain","computed":true},"status":{"type":"string","description":"The status of the instance.","description_kind":"plain","computed":true}},"nesting_mode":"list"},"description":"A list of Edge Cloud instances.","description_kind":"plain","computed":true},"project_id":{"type":"string","description":"STACKIT project ID to which the Edge Cloud instances are associated.","description_kind":"plain","required":true},"region":{"type":"string","description":"The resource region. If not defined, the provider region is used.","description_kind":"plain","optional":true}},"description":"Edge Cloud is in private Beta and not generally available.\n You can contact support if you are interested in trying it out.\n\n~\u003e This datasource is in beta and may be subject to breaking changes in the future. Use with caution. See our [guide](https://registry.terraform.io/providers/stackitcloud/stackit/latest/docs/guides/opting_into_beta_resources) for how to opt-in to use beta resources.","description_kind":"markdown"}},"stackit_edgecloud_plans":{"version":0,"block":{"attributes":{"id":{"type":"string","description":"Terraform's internal data source ID, `project_id` is used here.","description_kind":"plain","computed":true},"plans":{"nested_type":{"attributes":{"description":{"type":"string","description":"Description of the plan.","description_kind":"plain","computed":true},"id":{"type":"string","description":"The ID of the plan.","description_kind":"plain","computed":true},"max_edge_hosts":{"type":"number","description":"Maximum number of Edge Cloud hosts that can be used.","description_kind":"plain","computed":true},"min_edge_hosts":{"type":"number","description":"Minimum number of Edge Cloud hosts charged.","description_kind":"plain","computed":true},"name":{"type":"string","description":"The name of the plan.","description_kind":"plain","computed":true}},"nesting_mode":"list"},"description":"A list of Edge Cloud Plans.","description_kind":"plain","computed":true},"project_id":{"type":"string","description":"STACKIT project ID the Plans belongs to.","description_kind":"plain","required":true}},"description":"Edge Cloud is in private Beta and not generally available.\n You can contact support if you are interested in trying it out.\n\n~\u003e This datasource is in beta and may be subject to breaking changes in the future. Use with caution. See our [guide](https://registry.terraform.io/providers/stackitcloud/stackit/latest/docs/guides/opting_into_beta_resources) for how to opt-in to use beta resources.","description_kind":"markdown"}},"stackit_git":{"version":0,"block":{"attributes":{"acl":{"type":["list","string"],"description":"Restricted ACL for instance access.","description_kind":"plain","computed":true},"consumed_disk":{"type":"string","description":"How many bytes of disk space is consumed.","description_kind":"plain","computed":true},"consumed_object_storage":{"type":"string","description":"How many bytes of Object Storage is consumed.","description_kind":"plain","computed":true},"created":{"type":"string","description":"Instance creation timestamp in RFC3339 format.","description_kind":"plain","computed":true},"flavor":{"type":"string","description":"Instance flavor. If not provided, defaults to git-100. For a list of available flavors, refer to our API documentation: `https://docs.api.stackit.cloud/documentation/git/version/v1beta`","description_kind":"plain","computed":true},"id":{"type":"string","description":"Terraform's internal resource ID, structured as \"`project_id`,`instance_id`\".","description_kind":"plain","computed":true},"instance_id":{"type":"string","description":"ID linked to the git instance.","description_kind":"plain","required":true},"name":{"type":"string","description":"Unique name linked to the git instance.","description_kind":"plain","computed":true},"project_id":{"type":"string","description":"STACKIT project ID to which the git instance is associated.","description_kind":"plain","required":true},"url":{"type":"string","description":"Url linked to the git instance.","description_kind":"plain","computed":true},"version":{"type":"string","description":"Version linked to the git instance.","description_kind":"plain","computed":true}},"description":"Git Instance datasource schema.\n\n~\u003e This datasource is in beta and may be subject to breaking changes in the future. Use with caution. See our [guide](https://registry.terraform.io/providers/stackitcloud/stackit/latest/docs/guides/opting_into_beta_resources) for how to opt-in to use beta resources.","description_kind":"markdown"}},"stackit_iaas_project":{"version":0,"block":{"attributes":{"area_id":{"type":"string","description":"The area ID to which the project belongs to.","description_kind":"plain","computed":true},"created_at":{"type":"string","description":"Date-time when the project was created.","description_kind":"plain","computed":true},"id":{"type":"string","description":"Terraform's internal resource ID. It is structured as \"`project_id`\".","description_kind":"plain","computed":true},"internet_access":{"type":"bool","description":"Specifies if the project has internet_access","description_kind":"plain","computed":true},"project_id":{"type":"string","description":"STACKIT project ID.","description_kind":"plain","required":true},"state":{"type":"string","description":"Specifies the status of the project.","description_kind":"plain","deprecated":true,"computed":true},"status":{"type":"string","description":"Specifies the status of the project.","description_kind":"plain","computed":true},"updated_at":{"type":"string","description":"Date-time when the project was last updated.","description_kind":"plain","computed":true}},"description":"Project details. Must have a `region` specified in the provider configuration.","description_kind":"markdown"}},"stackit_image":{"version":0,"block":{"attributes":{"checksum":{"nested_type":{"attributes":{"algorithm":{"type":"string","description":"Algorithm for the checksum of the image data.","description_kind":"plain","computed":true},"digest":{"type":"string","description":"Hexdigest of the checksum of the image data.","description_kind":"plain","computed":true}},"nesting_mode":"single"},"description":"Representation of an image checksum.","description_kind":"plain","computed":true},"config":{"nested_type":{"attributes":{"boot_menu":{"type":"bool","description":"Enables the BIOS bootmenu.","description_kind":"plain","computed":true},"cdrom_bus":{"type":"string","description":"Sets CDROM bus controller type.","description_kind":"plain","computed":true},"disk_bus":{"type":"string","description":"Sets Disk bus controller type.","description_kind":"plain","computed":true},"nic_model":{"type":"string","description":"Sets virtual network interface model.","description_kind":"plain","computed":true},"operating_system":{"type":"string","description":"Enables operating system specific optimizations.","description_kind":"plain","computed":true},"operating_system_distro":{"type":"string","description":"Operating system distribution.","description_kind":"plain","computed":true},"operating_system_version":{"type":"string","description":"Version of the operating system.","description_kind":"plain","computed":true},"rescue_bus":{"type":"string","description":"Sets the device bus when the image is used as a rescue image.","description_kind":"plain","computed":true},"rescue_device":{"type":"string","description":"Sets the device when the image is used as a rescue image.","description_kind":"plain","computed":true},"secure_boot":{"type":"bool","description":"Enables Secure Boot.","description_kind":"plain","computed":true},"uefi":{"type":"bool","description":"Enables UEFI boot.","description_kind":"plain","computed":true},"video_model":{"type":"string","description":"Sets Graphic device model.","description_kind":"plain","computed":true},"virtio_scsi":{"type":"bool","description":"Enables the use of VirtIO SCSI to provide block device access. By default instances use VirtIO Block.","description_kind":"plain","computed":true}},"nesting_mode":"single"},"description":"Properties to set hardware and scheduling settings for an image.","description_kind":"plain","computed":true},"disk_format":{"type":"string","description":"The disk format of the image.","description_kind":"plain","computed":true},"id":{"type":"string","description":"Terraform's internal resource ID. It is structured as \"`project_id`,`region`,`image_id`\".","description_kind":"plain","computed":true},"image_id":{"type":"string","description":"The image ID.","description_kind":"plain","required":true},"labels":{"type":["map","string"],"description":"Labels are key-value string pairs which can be attached to a resource container","description_kind":"plain","computed":true},"min_disk_size":{"type":"number","description":"The minimum disk size of the image in GB.","description_kind":"plain","computed":true},"min_ram":{"type":"number","description":"The minimum RAM of the image in MB.","description_kind":"plain","computed":true},"name":{"type":"string","description":"The name of the image.","description_kind":"plain","computed":true},"project_id":{"type":"string","description":"STACKIT project ID to which the image is associated.","description_kind":"plain","required":true},"protected":{"type":"bool","description":"Whether the image is protected.","description_kind":"plain","computed":true},"region":{"type":"string","description":"The resource region. If not defined, the provider region is used.","description_kind":"plain","optional":true},"scope":{"type":"string","description":"The scope of the image.","description_kind":"plain","computed":true}},"description":"Image datasource schema. Must have a `region` specified in the provider configuration.","description_kind":"markdown"}},"stackit_image_v2":{"version":0,"block":{"attributes":{"checksum":{"nested_type":{"attributes":{"algorithm":{"type":"string","description":"Algorithm for the checksum of the image data.","description_kind":"plain","computed":true},"digest":{"type":"string","description":"Hexdigest of the checksum of the image data.","description_kind":"plain","computed":true}},"nesting_mode":"single"},"description":"Representation of an image checksum.","description_kind":"plain","computed":true},"config":{"nested_type":{"attributes":{"boot_menu":{"type":"bool","description":"Enables the BIOS bootmenu.","description_kind":"plain","computed":true},"cdrom_bus":{"type":"string","description":"Sets CDROM bus controller type.","description_kind":"plain","computed":true},"disk_bus":{"type":"string","description":"Sets Disk bus controller type.","description_kind":"plain","computed":true},"nic_model":{"type":"string","description":"Sets virtual network interface model.","description_kind":"plain","computed":true},"operating_system":{"type":"string","description":"Enables operating system specific optimizations.","description_kind":"plain","computed":true},"operating_system_distro":{"type":"string","description":"Operating system distribution.","description_kind":"plain","computed":true},"operating_system_version":{"type":"string","description":"Version of the operating system.","description_kind":"plain","computed":true},"rescue_bus":{"type":"string","description":"Sets the device bus when the image is used as a rescue image.","description_kind":"plain","computed":true},"rescue_device":{"type":"string","description":"Sets the device when the image is used as a rescue image.","description_kind":"plain","computed":true},"secure_boot":{"type":"bool","description":"Enables Secure Boot.","description_kind":"plain","computed":true},"uefi":{"type":"bool","description":"Enables UEFI boot.","description_kind":"plain","computed":true},"video_model":{"type":"string","description":"Sets Graphic device model.","description_kind":"plain","computed":true},"virtio_scsi":{"type":"bool","description":"Enables the use of VirtIO SCSI to provide block device access. By default instances use VirtIO Block.","description_kind":"plain","computed":true}},"nesting_mode":"single"},"description":"Properties to set hardware and scheduling settings for an image.","description_kind":"plain","computed":true},"disk_format":{"type":"string","description":"The disk format of the image.","description_kind":"plain","computed":true},"filter":{"nested_type":{"attributes":{"distro":{"type":"string","description":"Filter images by operating system distribution. For example: `ubuntu`, `ubuntu-arm64`, `debian`, `rhel`, etc.","description_kind":"plain","optional":true},"os":{"type":"string","description":"Filter images by operating system type, such as `linux` or `windows`.","description_kind":"plain","optional":true},"secure_boot":{"type":"bool","description":"Filter images with Secure Boot support. Set to `true` to match images that support Secure Boot.","description_kind":"plain","optional":true},"uefi":{"type":"bool","description":"Filter images based on UEFI support. Set to `true` to match images that support UEFI.","description_kind":"plain","optional":true},"version":{"type":"string","description":"Filter images by OS distribution version, such as `22.04`, `11`, or `9.1`.","description_kind":"plain","optional":true}},"nesting_mode":"single"},"description":"Additional filtering options based on image properties. Can be used independently or in conjunction with `name` or `name_regex`.","description_kind":"plain","optional":true},"id":{"type":"string","description":"Terraform's internal resource ID. It is structured as \"`project_id`,`region`,`image_id`\".","description_kind":"plain","computed":true},"image_id":{"type":"string","description":"Image ID to fetch directly","description_kind":"plain","optional":true},"labels":{"type":["map","string"],"description":"Labels are key-value string pairs which can be attached to a resource container","description_kind":"plain","computed":true},"min_disk_size":{"type":"number","description":"The minimum disk size of the image in GB.","description_kind":"plain","computed":true},"min_ram":{"type":"number","description":"The minimum RAM of the image in MB.","description_kind":"plain","computed":true},"name":{"type":"string","description":"Exact image name to match. Optionally applies a `filter` block to further refine results in case multiple images share the same name. The first match is returned, optionally sorted by name in ascending order. Cannot be used together with `name_regex`.","description_kind":"plain","optional":true},"name_regex":{"type":"string","description":"Regular expression to match against image names. Optionally applies a `filter` block to narrow down results when multiple image names match the regex. The first match is returned, optionally sorted by name in ascending order. Cannot be used together with `name`.","description_kind":"plain","optional":true},"project_id":{"type":"string","description":"STACKIT project ID to which the image is associated.","description_kind":"plain","required":true},"protected":{"type":"bool","description":"Whether the image is protected.","description_kind":"plain","computed":true},"region":{"type":"string","description":"The resource region. If not defined, the provider region is used.","description_kind":"plain","optional":true},"scope":{"type":"string","description":"The scope of the image.","description_kind":"plain","computed":true},"sort_ascending":{"type":"bool","description":"If set to `true`, images are sorted in ascending lexicographical order by image name (such as `Ubuntu 18.04`, `Ubuntu 20.04`, `Ubuntu 22.04`) before selecting the first match. Defaults to `false` (descending such as `Ubuntu 22.04`, `Ubuntu 20.04`, `Ubuntu 18.04`).","description_kind":"plain","optional":true}},"description":"Image datasource schema. Must have a `region` specified in the provider configuration.\n\n~\u003e Important: When using the `name`, `name_regex`, or `filter` attributes to select images dynamically, be aware that image IDs may change frequently. Each OS patch or update results in a new unique image ID. If this data source is used to populate fields like `boot_volume.source_id` in a server resource, it may cause Terraform to detect changes and recreate the associated resource.\n\nTo avoid unintended updates or resource replacements:\n - Prefer using a static `image_id` to pin a specific image version.\n - If you accept automatic image updates but wish to suppress resource changes, use a `lifecycle` block to ignore relevant changes. For example:\n\n```hcl\nresource \"stackit_server\" \"example\" {\n  boot_volume = {\n    size        = 64\n    source_type = \"image\"\n    source_id   = data.stackit_image.latest.id\n  }\n\n  lifecycle {\n    ignore_changes = [boot_volume[0].source_id]\n  }\n}\n```\n\nYou can also list available images using the [STACKIT CLI](https://github.com/stackitcloud/stackit-cli):\n\n```bash\nstackit image list\n```\n\n~\u003e This datasource is in beta and may be subject to breaking changes in the future. Use with caution. See our [guide](https://registry.terraform.io/providers/stackitcloud/stackit/latest/docs/guides/opting_into_beta_resources) for how to opt-in to use beta resources.","description_kind":"markdown"}},"stackit_intake_runner":{"version":0,"block":{"attributes":{"description":{"type":"string","description":"The description of the runner.","description_kind":"plain","computed":true},"id":{"type":"string","description":"Terraform's internal resource identifier. It is structured as \"`project_id`,`region`,`runner_id`\".","description_kind":"plain","computed":true},"labels":{"type":["map","string"],"description":"User-defined labels.","description_kind":"plain","computed":true},"max_message_size_kib":{"type":"number","description":"The maximum message size in KiB.","description_kind":"plain","computed":true},"max_messages_per_hour":{"type":"number","description":"The maximum number of messages per hour.","description_kind":"plain","computed":true},"name":{"type":"string","description":"The name of the runner.","description_kind":"plain","computed":true},"project_id":{"type":"string","description":"STACKIT Project ID to which the runner is associated.","description_kind":"plain","required":true},"region":{"type":"string","description":"The resource region. If not defined, the provider region is used.","description_kind":"plain","optional":true},"runner_id":{"type":"string","description":"The runner ID.","description_kind":"plain","required":true}},"description":"Datasource for STACKIT Intake Runner.","description_kind":"plain"}},"stackit_key_pair":{"version":0,"block":{"attributes":{"fingerprint":{"type":"string","description":"The fingerprint of the public SSH key.","description_kind":"plain","computed":true},"id":{"type":"string","description":"Terraform's internal resource ID. It takes the value of the key pair \"`name`\".","description_kind":"plain","computed":true},"labels":{"type":["map","string"],"description":"Labels are key-value string pairs which can be attached to a resource container.","description_kind":"plain","computed":true},"name":{"type":"string","description":"The name of the SSH key pair.","description_kind":"plain","required":true},"public_key":{"type":"string","description":"A string representation of the public SSH key. E.g., `ssh-rsa \u003ckey_data\u003e` or `ssh-ed25519 \u003ckey-data\u003e`.","description_kind":"plain","computed":true}},"description":"Key pair resource schema. Must have a `region` specified in the provider configuration.","description_kind":"markdown"}},"stackit_kms_key":{"version":0,"block":{"attributes":{"access_scope":{"type":"string","description":"The access scope of the key. Default is `PUBLIC`. Possible values are: `PUBLIC`, `SNA`.","description_kind":"plain","computed":true},"algorithm":{"type":"string","description":"The encryption algorithm that the key will use to encrypt data. Possible values are: `aes_256_gcm`, `rsa_2048_oaep_sha256`, `rsa_3072_oaep_sha256`, `rsa_4096_oaep_sha256`, `rsa_4096_oaep_sha512`, `hmac_sha256`, `hmac_sha384`, `hmac_sha512`, `ecdsa_p256_sha256`, `ecdsa_p384_sha384`, `ecdsa_p521_sha512`.","description_kind":"plain","computed":true},"description":{"type":"string","description":"A user chosen description to distinguish multiple keys","description_kind":"plain","computed":true},"display_name":{"type":"string","description":"The display name to distinguish multiple keys","description_kind":"plain","computed":true},"id":{"type":"string","description":"Terraform's internal resource ID. It is structured as \"`project_id`,`region`,`keyring_id`,`key_id`\".","description_kind":"plain","computed":true},"import_only":{"type":"bool","description":"States whether versions can be created or only imported.","description_kind":"plain","computed":true},"key_id":{"type":"string","description":"The ID of the key","description_kind":"plain","required":true},"keyring_id":{"type":"string","description":"The ID of the associated key ring","description_kind":"plain","required":true},"project_id":{"type":"string","description":"STACKIT project ID to which the key is associated.","description_kind":"plain","required":true},"protection":{"type":"string","description":"The underlying system that is responsible for protecting the key material. Possible values are: `software`.","description_kind":"plain","computed":true},"purpose":{"type":"string","description":"The purpose for which the key will be used. Possible values are: `symmetric_encrypt_decrypt`, `asymmetric_encrypt_decrypt`, `message_authentication_code`, `asymmetric_sign_verify`.","description_kind":"plain","computed":true},"region":{"type":"string","description":"The resource region. If not defined, the provider region is used.","description_kind":"plain","optional":true,"computed":true}},"description":"KMS Key datasource schema. Uses the `default_region` specified in the provider configuration as a fallback in case no `region` is defined on datasource level.","description_kind":"plain"}},"stackit_kms_keyring":{"version":0,"block":{"attributes":{"description":{"type":"string","description":"A user chosen description to distinguish multiple keyrings.","description_kind":"plain","computed":true},"display_name":{"type":"string","description":"The display name to distinguish multiple keyrings.","description_kind":"plain","computed":true},"id":{"type":"string","description":"Terraform's internal resource ID. It is structured as \"`project_id`,`region`,`keyring_id`\".","description_kind":"plain","computed":true},"keyring_id":{"type":"string","description":"An auto generated unique id which identifies the keyring.","description_kind":"plain","required":true},"project_id":{"type":"string","description":"STACKIT project ID to which the keyring is associated.","description_kind":"plain","required":true},"region":{"type":"string","description":"The resource region. If not defined, the provider region is used.","description_kind":"plain","optional":true,"computed":true}},"description":"KMS Keyring datasource schema. Uses the `default_region` specified in the provider configuration as a fallback in case no `region` is defined on datasource level.","description_kind":"plain"}},"stackit_kms_wrapping_key":{"version":0,"block":{"attributes":{"access_scope":{"type":"string","description":"The access scope of the key. Default is `PUBLIC`. Possible values are: `PUBLIC`, `SNA`.","description_kind":"plain","computed":true},"algorithm":{"type":"string","description":"The wrapping algorithm used to wrap the key to import. Possible values are: `rsa_2048_oaep_sha256`, `rsa_3072_oaep_sha256`, `rsa_4096_oaep_sha256`, `rsa_4096_oaep_sha512`, `rsa_2048_oaep_sha256_aes_256_key_wrap`, `rsa_3072_oaep_sha256_aes_256_key_wrap`, `rsa_4096_oaep_sha256_aes_256_key_wrap`, `rsa_4096_oaep_sha512_aes_256_key_wrap`.","description_kind":"plain","computed":true},"created_at":{"type":"string","description":"The date and time the creation of the wrapping key was triggered.","description_kind":"plain","computed":true},"description":{"type":"string","description":"A user chosen description to distinguish multiple wrapping keys.","description_kind":"plain","computed":true},"display_name":{"type":"string","description":"The display name to distinguish multiple wrapping keys.","description_kind":"plain","computed":true},"expires_at":{"type":"string","description":"The date and time the wrapping key will expire.","description_kind":"plain","computed":true},"id":{"type":"string","description":"Terraform's internal resource ID. It is structured as \"`project_id`,`region`,`keyring_id`,`wrapping_key_id`\".","description_kind":"plain","computed":true},"keyring_id":{"type":"string","description":"The ID of the associated keyring","description_kind":"plain","required":true},"project_id":{"type":"string","description":"STACKIT project ID to which the keyring is associated.","description_kind":"plain","required":true},"protection":{"type":"string","description":"The underlying system that is responsible for protecting the key material. Possible values are: `software`.","description_kind":"plain","computed":true},"public_key":{"type":"string","description":"The public key of the wrapping key.","description_kind":"plain","computed":true},"purpose":{"type":"string","description":"The purpose for which the key will be used. Possible values are: `wrap_symmetric_key`, `wrap_asymmetric_key`.","description_kind":"plain","computed":true},"region":{"type":"string","description":"The resource region. If not defined, the provider region is used.","description_kind":"plain","optional":true,"computed":true},"wrapping_key_id":{"type":"string","description":"The ID of the wrapping key","description_kind":"plain","required":true}},"description":"KMS wrapping key datasource schema.","description_kind":"plain"}},"stackit_loadbalancer":{"version":0,"block":{"attributes":{"disable_security_group_assignment":{"type":"bool","description":"If set to true, this will disable the automatic assignment of a security group to the load balancer's targets. This option is primarily used to allow targets that are not within the load balancer's own network or SNA (STACKIT Network area). When this is enabled, you are fully responsible for ensuring network connectivity to the targets, including managing all routing and security group rules manually. This setting cannot be changed after the load balancer is created.","description_kind":"plain","computed":true},"external_address":{"type":"string","description":"External Load Balancer IP address where this Load Balancer is exposed.","description_kind":"plain","computed":true},"id":{"type":"string","description":"Terraform's internal resource ID. It is structured as \"`project_id`\",\"region\",\"`name`\".","description_kind":"plain","computed":true},"listeners":{"nested_type":{"attributes":{"display_name":{"type":"string","description_kind":"plain","computed":true},"port":{"type":"number","description":"Port number where we listen for traffic.","description_kind":"plain","computed":true},"protocol":{"type":"string","description":"Protocol is the highest network protocol we understand to load balance.","description_kind":"plain","computed":true},"server_name_indicators":{"nested_type":{"attributes":{"name":{"type":"string","description":"A domain name to match in order to pass TLS traffic to the target pool in the current listener","description_kind":"plain","optional":true}},"nesting_mode":"list"},"description":"A list of domain names to match in order to pass TLS traffic to the target pool in the current listener","description_kind":"plain","deprecated":true,"optional":true},"target_pool":{"type":"string","description":"Reference target pool by target pool name.","description_kind":"plain","computed":true},"tcp":{"nested_type":{"attributes":{"idle_timeout":{"type":"string","description":"Time after which an idle connection is closed. The default value is set to 5 minutes, and the maximum value is one hour.","description_kind":"plain","computed":true}},"nesting_mode":"single"},"description":"Options that are specific to the TCP protocol.","description_kind":"plain","computed":true},"udp":{"nested_type":{"attributes":{"idle_timeout":{"type":"string","description":"Time after which an idle session is closed. The default value is set to 1 minute, and the maximum value is 2 minutes.","description_kind":"plain","computed":true}},"nesting_mode":"single"},"description":"Options that are specific to the UDP protocol.","description_kind":"plain","computed":true}},"nesting_mode":"list"},"description":"List of all listeners which will accept traffic. Limited to 20.","description_kind":"plain","computed":true},"name":{"type":"string","description":"Load balancer name.","description_kind":"plain","required":true},"networks":{"nested_type":{"attributes":{"network_id":{"type":"string","description":"Openstack network ID.","description_kind":"plain","computed":true},"role":{"type":"string","description":"The role defines how the load balancer is using the network.","description_kind":"plain","computed":true}},"nesting_mode":"list"},"description":"List of networks that listeners and targets reside in.","description_kind":"plain","computed":true},"options":{"nested_type":{"attributes":{"acl":{"type":["set","string"],"description":"Load Balancer is accessible only from an IP address in this range.","description_kind":"plain","computed":true},"observability":{"nested_type":{"attributes":{"logs":{"nested_type":{"attributes":{"credentials_ref":{"type":"string","description":"Credentials reference for logs.","description_kind":"plain","computed":true},"push_url":{"type":"string","description":"Credentials reference for logs.","description_kind":"plain","computed":true}},"nesting_mode":"single"},"description":"Observability logs configuration.","description_kind":"plain","computed":true},"metrics":{"nested_type":{"attributes":{"credentials_ref":{"type":"string","description":"Credentials reference for metrics.","description_kind":"plain","computed":true},"push_url":{"type":"string","description":"Credentials reference for metrics.","description_kind":"plain","computed":true}},"nesting_mode":"single"},"description":"Observability metrics configuration.","description_kind":"plain","computed":true}},"nesting_mode":"single"},"description":"We offer Load Balancer metrics observability via ARGUS or external solutions.","description_kind":"plain","computed":true},"private_network_only":{"type":"bool","description":"If true, Load Balancer is accessible only via a private network IP address.","description_kind":"plain","computed":true}},"nesting_mode":"single"},"description":"Defines any optional functionality you want to have enabled on your load balancer.","description_kind":"plain","computed":true},"plan_id":{"type":"string","description":"The service plan ID. If not defined, the default service plan is `p10`. Possible values are: `p10`, `p50`, `p250`, `p750`.","description_kind":"plain","computed":true},"private_address":{"type":"string","description":"Transient private Load Balancer IP address. It can change any time.","description_kind":"plain","computed":true},"project_id":{"type":"string","description":"STACKIT project ID to which the Load Balancer is associated.","description_kind":"plain","required":true},"region":{"type":"string","description":"The resource region. If not defined, the provider region is used.","description_kind":"plain","optional":true},"security_group_id":{"type":"string","description":"The ID of the egress security group assigned to the Load Balancer's internal machines. This ID is essential for allowing traffic from the Load Balancer to targets in different networks or STACKIT Network areas (SNA). To enable this, create a security group rule for your target VMs and set the `remote_security_group_id` of that rule to this value. This is typically used when `disable_security_group_assignment` is set to `true`.","description_kind":"plain","computed":true},"target_pools":{"nested_type":{"attributes":{"active_health_check":{"nested_type":{"attributes":{"healthy_threshold":{"type":"number","description":"Healthy threshold of the health checking.","description_kind":"plain","computed":true},"interval":{"type":"string","description":"Interval duration of health checking in seconds.","description_kind":"plain","computed":true},"interval_jitter":{"type":"string","description":"Interval duration threshold of the health checking in seconds.","description_kind":"plain","computed":true},"timeout":{"type":"string","description":"Active health checking timeout duration in seconds.","description_kind":"plain","computed":true},"unhealthy_threshold":{"type":"number","description":"Unhealthy threshold of the health checking.","description_kind":"plain","computed":true}},"nesting_mode":"single"},"description_kind":"plain","computed":true},"name":{"type":"string","description":"Target pool name.","description_kind":"plain","computed":true},"session_persistence":{"nested_type":{"attributes":{"use_source_ip_address":{"type":"bool","description":"If true then all connections from one source IP address are redirected to the same target. This setting changes the load balancing algorithm to Maglev.","description_kind":"plain","computed":true}},"nesting_mode":"single"},"description":"Here you can setup various session persistence options, so far only \"`use_source_ip_address`\" is supported.","description_kind":"plain","computed":true},"target_port":{"type":"number","description":"Identical port number where each target listens for traffic.","description_kind":"plain","computed":true},"targets":{"nested_type":{"attributes":{"display_name":{"type":"string","description":"Target display name","description_kind":"plain","computed":true},"ip":{"type":"string","description":"Target IP","description_kind":"plain","computed":true}},"nesting_mode":"list"},"description":"List of all targets which will be used in the pool. Limited to 1000.","description_kind":"plain","computed":true}},"nesting_mode":"list"},"description":"List of all target pools which will be used in the Load Balancer. Limited to 20.","description_kind":"plain","computed":true},"version":{"type":"string","description":"Load balancer resource version.","description_kind":"plain","computed":true}},"description":"Load Balancer data source schema. Must have a `region` specified in the provider configuration.","description_kind":"plain"}},"stackit_logme_credential":{"version":0,"block":{"attributes":{"credential_id":{"type":"string","description":"The credential's ID.","description_kind":"plain","required":true},"host":{"type":"string","description_kind":"plain","computed":true},"id":{"type":"string","description":"Terraform's internal data source. identifier. It is structured as \"`project_id`,`instance_id`,`credential_id`\".","description_kind":"plain","computed":true},"instance_id":{"type":"string","description":"ID of the LogMe instance.","description_kind":"plain","required":true},"password":{"type":"string","description_kind":"plain","computed":true,"sensitive":true},"port":{"type":"number","description_kind":"plain","computed":true},"project_id":{"type":"string","description":"STACKIT project ID to which the instance is associated.","description_kind":"plain","required":true},"uri":{"type":"string","description_kind":"plain","computed":true,"sensitive":true},"username":{"type":"string","description_kind":"plain","computed":true}},"description":"LogMe credential data source schema. Must have a `region` specified in the provider configuration.","description_kind":"plain"}},"stackit_logme_instance":{"version":0,"block":{"attributes":{"cf_guid":{"type":"string","description_kind":"plain","computed":true},"cf_organization_guid":{"type":"string","description_kind":"plain","computed":true},"cf_space_guid":{"type":"string","description_kind":"plain","computed":true},"dashboard_url":{"type":"string","description_kind":"plain","computed":true},"id":{"type":"string","description":"Terraform's internal data source. identifier. It is structured as \"`project_id`,`instance_id`\".","description_kind":"plain","computed":true},"image_url":{"type":"string","description_kind":"plain","computed":true},"instance_id":{"type":"string","description":"ID of the LogMe instance.","description_kind":"plain","required":true},"name":{"type":"string","description":"Instance name.","description_kind":"plain","computed":true},"parameters":{"nested_type":{"attributes":{"enable_monitoring":{"type":"bool","description":"Enable monitoring.","description_kind":"plain","computed":true},"fluentd_tcp":{"type":"number","description_kind":"plain","computed":true},"fluentd_tls":{"type":"number","description_kind":"plain","computed":true},"fluentd_tls_ciphers":{"type":"string","description_kind":"plain","computed":true},"fluentd_tls_max_version":{"type":"string","description_kind":"plain","computed":true},"fluentd_tls_min_version":{"type":"string","description_kind":"plain","computed":true},"fluentd_tls_version":{"type":"string","description_kind":"plain","computed":true},"fluentd_udp":{"type":"number","description_kind":"plain","computed":true},"graphite":{"type":"string","description":"If set, monitoring with Graphite will be enabled. Expects the host and port where the Graphite metrics should be sent to (host:port).","description_kind":"plain","computed":true},"ism_deletion_after":{"type":"string","description":"Combination of an integer and a timerange when an index will be considered \"old\" and can be deleted. Possible values for the timerange are `s`, `m`, `h` and `d`.","description_kind":"plain","computed":true},"ism_jitter":{"type":"number","description_kind":"plain","computed":true},"ism_job_interval":{"type":"number","description":"Jitter of the execution time.","description_kind":"plain","computed":true},"java_heapspace":{"type":"number","description":"The amount of memory (in MB) allocated as heap by the JVM for OpenSearch.","description_kind":"plain","computed":true},"java_maxmetaspace":{"type":"number","description":"The amount of memory (in MB) used by the JVM to store metadata for OpenSearch.","description_kind":"plain","computed":true},"max_disk_threshold":{"type":"number","description":"The maximum disk threshold in MB. If the disk usage exceeds this threshold, the instance will be stopped.","description_kind":"plain","computed":true},"metrics_frequency":{"type":"number","description":"The frequency in seconds at which metrics are emitted (in seconds).","description_kind":"plain","computed":true},"metrics_prefix":{"type":"string","description":"The prefix for the metrics. Could be useful when using Graphite monitoring to prefix the metrics with a certain value, like an API key.","description_kind":"plain","computed":true},"monitoring_instance_id":{"type":"string","description":"The ID of the STACKIT monitoring instance.","description_kind":"plain","computed":true},"opensearch_tls_ciphers":{"type":["list","string"],"description_kind":"plain","computed":true},"opensearch_tls_protocols":{"type":["list","string"],"description_kind":"plain","computed":true},"sgw_acl":{"type":"string","description":"Comma separated list of IP networks in CIDR notation which are allowed to access this instance.","description_kind":"plain","computed":true},"syslog":{"type":["list","string"],"description":"List of syslog servers to send logs to.","description_kind":"plain","computed":true}},"nesting_mode":"single"},"description_kind":"plain","computed":true},"plan_id":{"type":"string","description":"The selected plan ID.","description_kind":"plain","computed":true},"plan_name":{"type":"string","description":"The selected plan name.","description_kind":"plain","computed":true},"project_id":{"type":"string","description":"STACKIT Project ID to which the instance is associated.","description_kind":"plain","required":true},"version":{"type":"string","description":"The service version.","description_kind":"plain","computed":true}},"description":"LogMe instance data source schema. Must have a `region` specified in the provider configuration.","description_kind":"plain"}},"stackit_logs_access_token":{"version":0,"block":{"attributes":{"access_token_id":{"type":"string","description":"The access token ID","description_kind":"plain","required":true},"creator":{"type":"string","description":"The user who created the access token","description_kind":"plain","computed":true},"description":{"type":"string","description":"The description of the access token","description_kind":"plain","computed":true},"display_name":{"type":"string","description":"The displayed name of the access token","description_kind":"plain","computed":true},"expires":{"type":"bool","description":"Indicates if the access token can expire","description_kind":"plain","computed":true},"id":{"type":"string","description":"Terraform's internal resource identifier. It is structured as \"`project_id`,`region`,`instance_id`,`access_token_id`\".","description_kind":"plain","computed":true},"instance_id":{"type":"string","description":"The Logs instance ID associated with the access token","description_kind":"plain","required":true},"permissions":{"type":["list","string"],"description":"The access permissions granted to the access token. Possible values: `read`, `write`.","description_kind":"plain","computed":true},"project_id":{"type":"string","description":"STACKIT project ID associated with the Logs access token","description_kind":"plain","required":true},"region":{"type":"string","description":"STACKIT region name the resource is located in. If not defined, the provider region is used.","description_kind":"plain","optional":true},"status":{"type":"string","description":"The status of the access token. Possible values are: `active`, `expired`.","description_kind":"plain","computed":true},"valid_until":{"type":"string","description":"The date and time until an access token is valid to (inclusively)","description_kind":"plain","computed":true}},"description":"Logs access token data source schema. Uses the `default_region` specified in the provider configuration as a fallback in case no `region` is defined on datasource level.","description_kind":"plain"}},"stackit_logs_instance":{"version":0,"block":{"attributes":{"acl":{"type":["list","string"],"description":"The access control list entries for the Logs instance","description_kind":"plain","computed":true},"created":{"type":"string","description":"The date and time the creation of the Logs instance was initiated","description_kind":"plain","computed":true},"datasource_url":{"type":"string","description":"Logs instance datasource URL, can be used in Grafana as datasource URL","description_kind":"plain","computed":true},"description":{"type":"string","description":"The description of the Logs instance","description_kind":"plain","computed":true},"display_name":{"type":"string","description":"The displayed name of the Logs instance","description_kind":"plain","computed":true},"id":{"type":"string","description":"Terraform's internal resource identifier. It is structured as \"`project_id`,`region`,`instance_id`\".","description_kind":"plain","computed":true},"ingest_otlp_url":{"type":"string","description":"The Logs instance's ingest logs via OTLP URL","description_kind":"plain","computed":true},"ingest_url":{"type":"string","description":"The logs instance's ingest logs URL","description_kind":"plain","computed":true},"instance_id":{"type":"string","description":"The Logs instance ID","description_kind":"plain","required":true},"project_id":{"type":"string","description":"STACKIT project ID associated with the Logs instance","description_kind":"plain","required":true},"query_range_url":{"type":"string","description":"The Logs instance's query range URL","description_kind":"plain","computed":true},"query_url":{"type":"string","description":"The Logs instance's query URL","description_kind":"plain","computed":true},"region":{"type":"string","description":"STACKIT region name the resource is located in. If not defined, the provider region is used.","description_kind":"plain","optional":true},"retention_days":{"type":"number","description":"The log retention time in days","description_kind":"plain","computed":true},"status":{"type":"string","description":"The status of the Logs instance, possible values: Possible values are: `active`, `deleting`, `reconciling`.","description_kind":"plain","computed":true}},"description":"Logs instance data source schema. Uses the `default_region` specified in the provider configuration as a fallback in case no `region` is defined on datasource level.","description_kind":"plain"}},"stackit_machine_type":{"version":0,"block":{"attributes":{"description":{"type":"string","description":"Machine type description.","description_kind":"plain","computed":true},"disk":{"type":"number","description":"Disk size in GB.","description_kind":"plain","computed":true},"extra_specs":{"type":["map","string"],"description":"Extra specs (e.g., CPU type, overcommit ratio).","description_kind":"plain","computed":true},"filter":{"type":"string","description":"Expr-lang filter for filtering machine types.\n\nExamples:\n- vcpus == 2\n- ram \u003e= 2048\n- extraSpecs.cpu == \"intel-icelake-generic\"\n- extraSpecs.cpu == \"intel-icelake-generic\" \u0026\u0026 vcpus == 2\n\nSyntax reference: https://expr-lang.org/docs/language-definition\n\nYou can also list available machine-types using the [STACKIT CLI](https://github.com/stackitcloud/stackit-cli):\n\n```bash\nstackit server machine-type list\n```","description_kind":"plain","required":true},"id":{"type":"string","description":"Terraform's internal resource ID. It is structured as \"`project_id`,`region`,`image_id`\".","description_kind":"plain","computed":true},"name":{"type":"string","description":"Name of the machine type (e.g. 's1.2').","description_kind":"plain","computed":true},"project_id":{"type":"string","description":"STACKIT Project ID.","description_kind":"plain","required":true},"ram":{"type":"number","description":"RAM size in MB.","description_kind":"plain","computed":true},"region":{"type":"string","description":"The resource region. If not defined, the provider region is used.","description_kind":"plain","optional":true},"sort_ascending":{"type":"bool","description":"Sort machine types by name ascending (`true`) or descending (`false`). Defaults to `false`","description_kind":"plain","optional":true},"vcpus":{"type":"number","description":"Number of vCPUs.","description_kind":"plain","computed":true}},"description":"Machine type data source.\n\n~\u003e This datasource is in beta and may be subject to breaking changes in the future. Use with caution. See our [guide](https://registry.terraform.io/providers/stackitcloud/stackit/latest/docs/guides/opting_into_beta_resources) for how to opt-in to use beta resources.","description_kind":"markdown"}},"stackit_mariadb_credential":{"version":0,"block":{"attributes":{"credential_id":{"type":"string","description":"The credential's ID.","description_kind":"plain","required":true},"host":{"type":"string","description_kind":"plain","computed":true},"hosts":{"type":["list","string"],"description_kind":"plain","computed":true},"id":{"type":"string","description":"Terraform's internal data source. identifier. It is structured as \"`project_id`,`instance_id`,`credential_id`\".","description_kind":"plain","computed":true},"instance_id":{"type":"string","description":"ID of the MariaDB instance.","description_kind":"plain","required":true},"name":{"type":"string","description_kind":"plain","computed":true},"password":{"type":"string","description_kind":"plain","computed":true,"sensitive":true},"port":{"type":"number","description_kind":"plain","computed":true},"project_id":{"type":"string","description":"STACKIT project ID to which the instance is associated.","description_kind":"plain","required":true},"uri":{"type":"string","description_kind":"plain","computed":true,"sensitive":true},"username":{"type":"string","description_kind":"plain","computed":true}},"description":"MariaDB credential data source schema. Must have a `region` specified in the provider configuration.","description_kind":"plain"}},"stackit_mariadb_instance":{"version":0,"block":{"attributes":{"cf_guid":{"type":"string","description_kind":"plain","computed":true},"cf_organization_guid":{"type":"string","description_kind":"plain","computed":true},"cf_space_guid":{"type":"string","description_kind":"plain","computed":true},"dashboard_url":{"type":"string","description_kind":"plain","computed":true},"id":{"type":"string","description":"Terraform's internal data source. identifier. It is structured as \"`project_id`,`instance_id`\".","description_kind":"plain","computed":true},"image_url":{"type":"string","description_kind":"plain","computed":true},"instance_id":{"type":"string","description":"ID of the MariaDB instance.","description_kind":"plain","required":true},"name":{"type":"string","description":"Instance name.","description_kind":"plain","computed":true},"parameters":{"nested_type":{"attributes":{"enable_monitoring":{"type":"bool","description":"Enable monitoring.","description_kind":"plain","computed":true},"graphite":{"type":"string","description_kind":"plain","computed":true},"max_disk_threshold":{"type":"number","description":"The maximum disk threshold in MB. If the disk usage exceeds this threshold, the instance will be stopped.","description_kind":"plain","computed":true},"metrics_frequency":{"type":"number","description":"The frequency in seconds at which metrics are emitted.","description_kind":"plain","computed":true},"metrics_prefix":{"type":"string","description":"The prefix for the metrics. Could be useful when using Graphite monitoring to prefix the metrics with a certain value, like an API key","description_kind":"plain","computed":true},"monitoring_instance_id":{"type":"string","description":"The ID of the STACKIT monitoring instance.","description_kind":"plain","computed":true},"sgw_acl":{"type":"string","description":"Comma separated list of IP networks in CIDR notation which are allowed to access this instance.","description_kind":"plain","computed":true},"syslog":{"type":["list","string"],"description":"List of syslog servers to send logs to.","description_kind":"plain","computed":true}},"nesting_mode":"single"},"description_kind":"plain","computed":true},"plan_id":{"type":"string","description":"The selected plan ID.","description_kind":"plain","computed":true},"plan_name":{"type":"string","description":"The selected plan name.","description_kind":"plain","computed":true},"project_id":{"type":"string","description":"STACKIT Project ID to which the instance is associated.","description_kind":"plain","required":true},"version":{"type":"string","description":"The service version.","description_kind":"plain","computed":true}},"description":"MariaDB instance data source schema. Must have a `region` specified in the provider configuration.","description_kind":"plain"}},"stackit_mongodbflex_instance":{"version":0,"block":{"attributes":{"acl":{"type":["list","string"],"description":"The Access Control List (ACL) for the MongoDB Flex instance.","description_kind":"plain","computed":true},"backup_schedule":{"type":"string","description":"The backup schedule. Should follow the cron scheduling system format (e.g. \"0 0 * * *\").","description_kind":"plain","computed":true},"flavor":{"nested_type":{"attributes":{"cpu":{"type":"number","description_kind":"plain","computed":true},"description":{"type":"string","description_kind":"plain","computed":true},"id":{"type":"string","description_kind":"plain","computed":true},"ram":{"type":"number","description_kind":"plain","computed":true}},"nesting_mode":"single"},"description_kind":"plain","computed":true},"id":{"type":"string","description":"Terraform's internal data source ID. It is structured as \"`project_id`,`region`,`instance_id`\".","description_kind":"plain","computed":true},"instance_id":{"type":"string","description":"ID of the MongoDB Flex instance.","description_kind":"plain","required":true},"name":{"type":"string","description":"Instance name.","description_kind":"plain","computed":true},"options":{"nested_type":{"attributes":{"daily_snapshot_retention_days":{"type":"number","description":"The number of days that daily backups will be retained.","description_kind":"plain","computed":true},"monthly_snapshot_retention_months":{"type":"number","description":"The number of months that monthly backups will be retained.","description_kind":"plain","computed":true},"point_in_time_window_hours":{"type":"number","description":"The number of hours back in time the point-in-time recovery feature will be able to recover.","description_kind":"plain","computed":true},"snapshot_retention_days":{"type":"number","description":"The number of days that continuous backups (controlled via the `backup_schedule`) will be retained.","description_kind":"plain","computed":true},"type":{"type":"string","description":"Type of the MongoDB Flex instance.","description_kind":"plain","computed":true},"weekly_snapshot_retention_weeks":{"type":"number","description":"The number of weeks that weekly backups will be retained.","description_kind":"plain","computed":true}},"nesting_mode":"single"},"description":"Custom parameters for the MongoDB Flex instance.","description_kind":"plain","computed":true},"project_id":{"type":"string","description":"STACKIT project ID to which the instance is associated.","description_kind":"plain","required":true},"region":{"type":"string","description":"The resource region. If not defined, the provider region is used.","description_kind":"plain","optional":true,"computed":true},"replicas":{"type":"number","description_kind":"plain","computed":true},"storage":{"nested_type":{"attributes":{"class":{"type":"string","description_kind":"plain","computed":true},"size":{"type":"number","description_kind":"plain","computed":true}},"nesting_mode":"single"},"description_kind":"plain","computed":true},"version":{"type":"string","description_kind":"plain","computed":true}},"description":"MongoDB Flex instance data source schema. Must have a `region` specified in the provider configuration.","description_kind":"plain"}},"stackit_mongodbflex_user":{"version":0,"block":{"attributes":{"database":{"type":"string","description_kind":"plain","computed":true},"host":{"type":"string","description_kind":"plain","computed":true},"id":{"type":"string","description":"Terraform's internal data source. ID. It is structured as \"`project_id`,`region`,`instance_id`,`user_id`\".","description_kind":"plain","computed":true},"instance_id":{"type":"string","description":"ID of the MongoDB Flex instance.","description_kind":"plain","required":true},"port":{"type":"number","description_kind":"plain","computed":true},"project_id":{"type":"string","description":"STACKIT project ID to which the instance is associated.","description_kind":"plain","required":true},"region":{"type":"string","description":"The resource region. If not defined, the provider region is used.","description_kind":"plain","optional":true,"computed":true},"roles":{"type":["set","string"],"description_kind":"plain","computed":true},"user_id":{"type":"string","description":"User ID.","description_kind":"plain","required":true},"username":{"type":"string","description_kind":"plain","computed":true}},"description":"MongoDB Flex user data source schema. Must have a `region` specified in the provider configuration.","description_kind":"plain"}},"stackit_network":{"version":0,"block":{"attributes":{"dhcp":{"type":"bool","description":"Shows if DHCP is enabled for the network.","description_kind":"plain","computed":true},"id":{"type":"string","description":"Terraform's internal resource ID. It is structured as \"`project_id`,`network_id`\".","description_kind":"plain","computed":true},"ipv4_gateway":{"type":"string","description":"The IPv4 gateway of a network. If not specified, the first IP of the network will be assigned as the gateway.","description_kind":"plain","computed":true},"ipv4_nameservers":{"type":["list","string"],"description":"The IPv4 nameservers of the network.","description_kind":"plain","computed":true},"ipv4_prefix":{"type":"string","description":"The IPv4 prefix of the network (CIDR).","description_kind":"plain","deprecated":true,"computed":true},"ipv4_prefix_length":{"type":"number","description":"The IPv4 prefix length of the network.","description_kind":"plain","computed":true},"ipv4_prefixes":{"type":["list","string"],"description":"The IPv4 prefixes of the network.","description_kind":"plain","computed":true},"ipv6_gateway":{"type":"string","description":"The IPv6 gateway of a network. If not specified, the first IP of the network will be assigned as the gateway.","description_kind":"plain","computed":true},"ipv6_nameservers":{"type":["list","string"],"description":"The IPv6 nameservers of the network.","description_kind":"plain","computed":true},"ipv6_prefix":{"type":"string","description":"The IPv6 prefix of the network (CIDR).","description_kind":"plain","deprecated":true,"computed":true},"ipv6_prefix_length":{"type":"number","description":"The IPv6 prefix length of the network.","description_kind":"plain","computed":true},"ipv6_prefixes":{"type":["list","string"],"description":"The IPv6 prefixes of the network.","description_kind":"plain","computed":true},"labels":{"type":["map","string"],"description":"Labels are key-value string pairs which can be attached to a resource container","description_kind":"plain","computed":true},"name":{"type":"string","description":"The name of the network.","description_kind":"plain","computed":true},"network_id":{"type":"string","description":"The network ID.","description_kind":"plain","required":true},"project_id":{"type":"string","description":"STACKIT project ID to which the network is associated.","description_kind":"plain","required":true},"public_ip":{"type":"string","description":"The public IP of the network.","description_kind":"plain","computed":true},"region":{"type":"string","description":"The resource region. If not defined, the provider region is used.","description_kind":"plain","optional":true},"routed":{"type":"bool","description":"Shows if the network is routed and therefore accessible from other networks.","description_kind":"plain","computed":true},"routing_table_id":{"type":"string","description":"The ID of the routing table associated with the network.","description_kind":"plain","computed":true}},"description":"Network resource schema. Must have a `region` specified in the provider configuration.","description_kind":"plain"}},"stackit_network_area":{"version":0,"block":{"attributes":{"default_nameservers":{"type":["list","string"],"description":"List of DNS Servers/Nameservers.","description_kind":"plain","deprecated":true,"computed":true},"default_prefix_length":{"type":"number","description":"The default prefix length for networks in the network area.","description_kind":"plain","deprecated":true,"computed":true},"id":{"type":"string","description":"Terraform's internal resource ID. It is structured as \"`organization_id`,`network_area_id`\".","description_kind":"plain","computed":true},"labels":{"type":["map","string"],"description":"Labels are key-value string pairs which can be attached to a resource container","description_kind":"plain","computed":true},"max_prefix_length":{"type":"number","description":"The maximal prefix length for networks in the network area.","description_kind":"plain","deprecated":true,"computed":true},"min_prefix_length":{"type":"number","description":"The minimal prefix length for networks in the network area.","description_kind":"plain","deprecated":true,"computed":true},"name":{"type":"string","description":"The name of the network area.","description_kind":"plain","computed":true},"network_area_id":{"type":"string","description":"The network area ID.","description_kind":"plain","required":true},"network_ranges":{"nested_type":{"attributes":{"network_range_id":{"type":"string","description_kind":"plain","computed":true},"prefix":{"type":"string","description_kind":"plain","computed":true}},"nesting_mode":"list"},"description":"List of Network ranges.","description_kind":"plain","deprecated":true,"computed":true},"organization_id":{"type":"string","description":"STACKIT organization ID to which the network area is associated.","description_kind":"plain","required":true},"project_count":{"type":"number","description":"The amount of projects currently referencing this area.","description_kind":"plain","computed":true},"transfer_network":{"type":"string","description":"Classless Inter-Domain Routing (CIDR).","description_kind":"plain","deprecated":true,"computed":true}},"description":"Network area datasource schema. Must have a `region` specified in the provider configuration.","description_kind":"markdown"}},"stackit_network_area_region":{"version":0,"block":{"attributes":{"id":{"type":"string","description":"Terraform's internal resource ID. It is structured as \"`organization_id`,`network_area_id`,`region`\".","description_kind":"plain","computed":true},"ipv4":{"nested_type":{"attributes":{"default_nameservers":{"type":["list","string"],"description":"List of DNS Servers/Nameservers.","description_kind":"plain","computed":true},"default_prefix_length":{"type":"number","description":"The default prefix length for networks in the network area.","description_kind":"plain","computed":true},"max_prefix_length":{"type":"number","description":"The maximal prefix length for networks in the network area.","description_kind":"plain","computed":true},"min_prefix_length":{"type":"number","description":"The minimal prefix length for networks in the network area.","description_kind":"plain","computed":true},"network_ranges":{"nested_type":{"attributes":{"network_range_id":{"type":"string","description_kind":"plain","computed":true},"prefix":{"type":"string","description":"Classless Inter-Domain Routing (CIDR).","description_kind":"plain","computed":true}},"nesting_mode":"list"},"description":"List of Network ranges.","description_kind":"plain","computed":true},"transfer_network":{"type":"string","description":"IPv4 Classless Inter-Domain Routing (CIDR).","description_kind":"plain","computed":true}},"nesting_mode":"single"},"description":"The regional IPv4 config of a network area.","description_kind":"plain","computed":true},"network_area_id":{"type":"string","description":"The network area ID.","description_kind":"plain","required":true},"organization_id":{"type":"string","description":"STACKIT organization ID to which the network area is associated.","description_kind":"plain","required":true},"region":{"type":"string","description":"The resource region. If not defined, the provider region is used.","description_kind":"plain","optional":true}},"description":"Network area region data source schema.","description_kind":"markdown"}},"stackit_network_area_route":{"version":1,"block":{"attributes":{"destination":{"nested_type":{"attributes":{"type":{"type":"string","description":"CIDRV type. Possible values are: `cidrv4`, `cidrv6`.","description_kind":"plain","computed":true},"value":{"type":"string","description":"An CIDR string.","description_kind":"plain","computed":true}},"nesting_mode":"single"},"description":"Destination of the route.","description_kind":"plain","computed":true},"id":{"type":"string","description":"Terraform's internal data source ID. It is structured as \"`organization_id`,`region`,`network_area_id`,`network_area_route_id`\".","description_kind":"plain","computed":true},"labels":{"type":["map","string"],"description":"Labels are key-value string pairs which can be attached to a resource container","description_kind":"plain","computed":true},"network_area_id":{"type":"string","description":"The network area ID to which the network area route is associated.","description_kind":"plain","required":true},"network_area_route_id":{"type":"string","description":"The network area route ID.","description_kind":"plain","required":true},"next_hop":{"nested_type":{"attributes":{"type":{"type":"string","description":"Type of the next hop. Possible values are: `blackhole`, `internet`, `ipv4`, `ipv6`.","description_kind":"plain","computed":true},"value":{"type":"string","description":"Either IPv4 or IPv6 (not set for blackhole and internet).","description_kind":"plain","computed":true}},"nesting_mode":"single"},"description":"Next hop destination.","description_kind":"plain","computed":true},"organization_id":{"type":"string","description":"STACKIT organization ID to which the network area is associated.","description_kind":"plain","required":true},"region":{"type":"string","description":"The resource region. If not defined, the provider region is used.","description_kind":"plain","optional":true}},"description":"Network area route data resource schema. Must have a `region` specified in the provider configuration.","description_kind":"markdown"}},"stackit_network_interface":{"version":0,"block":{"attributes":{"allowed_addresses":{"type":["list","string"],"description":"The list of CIDR (Classless Inter-Domain Routing) notations.","description_kind":"plain","computed":true},"device":{"type":"string","description":"The device UUID of the network interface.","description_kind":"plain","computed":true},"id":{"type":"string","description":"Terraform's internal data source ID. It is structured as \"`project_id`,`region`,`network_id`,`network_interface_id`\".","description_kind":"plain","computed":true},"ipv4":{"type":"string","description":"The IPv4 address.","description_kind":"plain","computed":true},"labels":{"type":["map","string"],"description":"Labels are key-value string pairs which can be attached to a network interface.","description_kind":"plain","computed":true},"mac":{"type":"string","description":"The MAC address of network interface.","description_kind":"plain","computed":true},"name":{"type":"string","description":"The name of the network interface.","description_kind":"plain","computed":true},"network_id":{"type":"string","description":"The network ID to which the network interface is associated.","description_kind":"plain","required":true},"network_interface_id":{"type":"string","description":"The network interface ID.","description_kind":"plain","required":true},"project_id":{"type":"string","description":"STACKIT project ID to which the network interface is associated.","description_kind":"plain","required":true},"region":{"type":"string","description":"The resource region. If not defined, the provider region is used.","description_kind":"plain","optional":true},"security":{"type":"bool","description":"The Network Interface Security. If set to false, then no security groups will apply to this network interface.","description_kind":"plain","computed":true},"security_group_ids":{"type":["list","string"],"description":"The list of security group UUIDs. If security is set to false, setting this field will lead to an error.","description_kind":"plain","computed":true},"type":{"type":"string","description":"Type of network interface. Some of the possible values are: Possible values are: `server`, `metadata`, `gateway`.","description_kind":"plain","computed":true}},"description":"Network interface datasource schema. Must have a `region` specified in the provider configuration.","description_kind":"markdown"}},"stackit_objectstorage_bucket":{"version":0,"block":{"attributes":{"id":{"type":"string","description":"Terraform's internal data source identifier. It is structured as \"`project_id`,`region`,`name`\".","description_kind":"plain","computed":true},"name":{"type":"string","description":"The bucket name. It must be DNS conform.","description_kind":"plain","required":true},"object_lock":{"type":"bool","description":"Enable Object Lock on this bucket. Can only be set at creation time. Requires an active project-level compliance lock.","description_kind":"plain","computed":true},"project_id":{"type":"string","description":"STACKIT Project ID to which the bucket is associated.","description_kind":"plain","required":true},"region":{"type":"string","description":"The resource region. If not defined, the provider region is used.","description_kind":"plain","optional":true},"url_path_style":{"type":"string","description_kind":"plain","computed":true},"url_virtual_hosted_style":{"type":"string","description_kind":"plain","computed":true}},"description":"ObjectStorage bucket data source schema. Must have a `region` specified in the provider configuration.","description_kind":"plain"}},"stackit_objectstorage_compliance_lock":{"version":0,"block":{"attributes":{"id":{"type":"string","description":"Terraform's internal resource identifier. It is structured as \"`project_id`,`region`\".","description_kind":"plain","computed":true},"max_retention_days":{"type":"number","description":"Maximum retention period in days.","description_kind":"plain","computed":true},"project_id":{"type":"string","description":"STACKIT Project ID to which the compliance lock is associated.","description_kind":"plain","required":true},"region":{"type":"string","description":"The resource region. If not defined, the provider region is used.","description_kind":"plain","optional":true}},"description":"ObjectStorage compliance lock resource schema. Must have a `region` specified in the provider configuration.","description_kind":"plain"}},"stackit_objectstorage_credential":{"version":0,"block":{"attributes":{"credential_id":{"type":"string","description":"The credential ID.","description_kind":"plain","required":true},"credentials_group_id":{"type":"string","description":"The credential group ID.","description_kind":"plain","required":true},"expiration_timestamp":{"type":"string","description_kind":"plain","computed":true},"id":{"type":"string","description":"Terraform's internal resource identifier. It is structured as \"`project_id`,`region`,`credentials_group_id`,`credential_id`\".","description_kind":"plain","computed":true},"name":{"type":"string","description_kind":"plain","computed":true},"project_id":{"type":"string","description":"STACKIT Project ID to which the credential group is associated.","description_kind":"plain","required":true},"region":{"type":"string","description":"The resource region. If not defined, the provider region is used.","description_kind":"plain","optional":true}},"description":"ObjectStorage credential data source schema. Must have a `region` specified in the provider configuration.","description_kind":"plain"}},"stackit_objectstorage_credentials_group":{"version":0,"block":{"attributes":{"credentials_group_id":{"type":"string","description":"The credentials group ID.","description_kind":"plain","required":true},"id":{"type":"string","description":"Terraform's internal data source identifier. It is structured as \"`project_id`,`region`,`credentials_group_id`\".","description_kind":"plain","computed":true},"name":{"type":"string","description":"The credentials group's display name.","description_kind":"plain","computed":true},"project_id":{"type":"string","description":"Object Storage Project ID to which the credentials group is associated.","description_kind":"plain","required":true},"region":{"type":"string","description":"The resource region. If not defined, the provider region is used.","description_kind":"plain","optional":true},"urn":{"type":"string","description":"Credentials group uniform resource name (URN)","description_kind":"plain","computed":true}},"description":"ObjectStorage credentials group data source schema. Must have a `region` specified in the provider configuration.","description_kind":"plain"}},"stackit_observability_alertgroup":{"version":0,"block":{"attributes":{"id":{"type":"string","description":"Terraform's internal resource ID. It is structured as \"`project_id`,`instance_id`,`name`\".","description_kind":"plain","computed":true},"instance_id":{"type":"string","description":"Observability instance ID to which the alert group is associated.","description_kind":"plain","required":true},"interval":{"type":"string","description":"Specifies the frequency at which rules within the group are evaluated. The interval must be at least 60 seconds and defaults to 60 seconds if not set. Supported formats include hours, minutes, and seconds, either singly or in combination. Examples of valid formats are: '5h30m40s', '5h', '5h30m', '60m', and '60s'.","description_kind":"plain","computed":true},"name":{"type":"string","description":"The name of the alert group. Is the identifier and must be unique in the group.","description_kind":"plain","required":true},"project_id":{"type":"string","description":"STACKIT project ID to which the alert group is associated.","description_kind":"plain","required":true},"rules":{"nested_type":{"attributes":{"alert":{"type":"string","description":"The name of the alert rule. Is the identifier and must be unique in the group.","description_kind":"plain","computed":true},"annotations":{"type":["map","string"],"description":"A map of key:value. Annotations to add or overwrite for each alert","description_kind":"plain","computed":true},"expression":{"type":"string","description":"The PromQL expression to evaluate. Every evaluation cycle this is evaluated at the current time, and all resultant time series become pending/firing alerts.","description_kind":"plain","computed":true},"for":{"type":"string","description":"Alerts are considered firing once they have been returned for this long. Alerts which have not yet fired for long enough are considered pending. Default is 0s","description_kind":"plain","computed":true},"labels":{"type":["map","string"],"description":"A map of key:value. Labels to add or overwrite for each alert","description_kind":"plain","computed":true},"record":{"type":"string","description":"The name of the metric. It's the identifier and must be unique in the group.","description_kind":"plain","computed":true}},"nesting_mode":"list"},"description_kind":"plain","computed":true}},"description":"Observability alert group datasource schema. Used to create alerts based on metrics (Thanos). Must have a `region` specified in the provider configuration.","description_kind":"plain"}},"stackit_observability_instance":{"version":0,"block":{"attributes":{"acl":{"type":["set","string"],"description":"The access control list for this instance. Each entry is an IP address range that is permitted to access, in CIDR notation.","description_kind":"plain","computed":true},"alert_config":{"nested_type":{"attributes":{"global":{"nested_type":{"attributes":{"opsgenie_api_key":{"type":"string","description":"The API key for OpsGenie.","description_kind":"plain","computed":true,"sensitive":true},"opsgenie_api_url":{"type":"string","description":"The host to send OpsGenie API requests to. Must be a valid URL","description_kind":"plain","computed":true},"resolve_timeout":{"type":"string","description":"The default value used by alertmanager if the alert does not include EndsAt. After this time passes, it can declare the alert as resolved if it has not been updated. This has no impact on alerts from Prometheus, as they always include EndsAt.","description_kind":"plain","computed":true},"smtp_auth_identity":{"type":"string","description":"SMTP authentication information. Must be a valid email address","description_kind":"plain","computed":true},"smtp_auth_password":{"type":"string","description":"SMTP Auth using LOGIN and PLAIN.","description_kind":"plain","computed":true,"sensitive":true},"smtp_auth_username":{"type":"string","description":"SMTP Auth using CRAM-MD5, LOGIN and PLAIN. If empty, Alertmanager doesn't authenticate to the SMTP server.","description_kind":"plain","computed":true},"smtp_from":{"type":"string","description":"The default SMTP From header field. Must be a valid email address","description_kind":"plain","computed":true},"smtp_smart_host":{"type":"string","description":"The default SMTP smarthost used for sending emails, including port number. Port number usually is 25, or 587 for SMTP over TLS (sometimes referred to as STARTTLS).","description_kind":"plain","computed":true}},"nesting_mode":"single"},"description":"Global configuration for the alerts.","description_kind":"plain","computed":true},"receivers":{"nested_type":{"attributes":{"email_configs":{"nested_type":{"attributes":{"auth_identity":{"type":"string","description":"SMTP authentication information. Must be a valid email address","description_kind":"plain","computed":true},"auth_password":{"type":"string","description":"SMTP authentication password.","description_kind":"plain","computed":true,"sensitive":true},"auth_username":{"type":"string","description":"SMTP authentication username.","description_kind":"plain","computed":true},"from":{"type":"string","description":"The sender email address. Must be a valid email address","description_kind":"plain","computed":true},"send_resolved":{"type":"bool","description":"Whether to notify about resolved alerts.","description_kind":"plain","computed":true},"smart_host":{"type":"string","description":"The SMTP host through which emails are sent.","description_kind":"plain","computed":true},"to":{"type":"string","description":"The email address to send notifications to. Must be a valid email address","description_kind":"plain","computed":true}},"nesting_mode":"list"},"description":"List of email configurations.","description_kind":"plain","computed":true},"name":{"type":"string","description":"Name of the receiver.","description_kind":"plain","computed":true},"opsgenie_configs":{"nested_type":{"attributes":{"api_key":{"type":"string","description":"The API key for OpsGenie.","description_kind":"plain","computed":true},"api_url":{"type":"string","description":"The host to send OpsGenie API requests to. Must be a valid URL","description_kind":"plain","computed":true},"priority":{"type":"string","description":"Priority of the alert. Possible values are: `P1`, `P2`, `P3`, `P4`, `P5`.","description_kind":"plain","computed":true},"send_resolved":{"type":"bool","description":"Whether to notify about resolved alerts.","description_kind":"plain","computed":true},"tags":{"type":"string","description":"Comma separated list of tags attached to the notifications.","description_kind":"plain","computed":true}},"nesting_mode":"list"},"description":"List of OpsGenie configurations.","description_kind":"plain","computed":true},"webhooks_configs":{"nested_type":{"attributes":{"google_chat":{"type":"bool","description":"Google Chat webhooks require special handling, set this to true if the webhook is for Google Chat.","description_kind":"plain","computed":true},"ms_teams":{"type":"bool","description":"Microsoft Teams webhooks require special handling, set this to true if the webhook is for Microsoft Teams.","description_kind":"plain","computed":true},"send_resolved":{"type":"bool","description":"Whether to notify about resolved alerts.","description_kind":"plain","computed":true},"url":{"type":"string","description":"The endpoint to send HTTP POST requests to. Must be a valid URL","description_kind":"plain","computed":true,"sensitive":true}},"nesting_mode":"list"},"description":"List of Webhooks configurations.","description_kind":"plain","computed":true}},"nesting_mode":"list"},"description":"List of alert receivers.","description_kind":"plain","computed":true},"route":{"nested_type":{"attributes":{"continue":{"type":"bool","description":"Whether an alert should continue matching subsequent sibling nodes.","description_kind":"plain","computed":true},"group_by":{"type":["list","string"],"description":"The labels by which incoming alerts are grouped together. For example, multiple alerts coming in for cluster=A and alertname=LatencyHigh would be batched into a single group. To aggregate by all possible labels use the special value '...' as the sole label name, for example: group_by: ['...']. This effectively disables aggregation entirely, passing through all alerts as-is. This is unlikely to be what you want, unless you have a very low alert volume or your upstream notification system performs its own grouping.","description_kind":"plain","computed":true},"group_interval":{"type":"string","description":"How long to wait before sending a notification about new alerts that are added to a group of alerts for which an initial notification has already been sent. (Usually ~5m or more.)","description_kind":"plain","computed":true},"group_wait":{"type":"string","description":"How long to initially wait to send a notification for a group of alerts. Allows to wait for an inhibiting alert to arrive or collect more initial alerts for the same group. (Usually ~0s to few minutes.) .","description_kind":"plain","computed":true},"receiver":{"type":"string","description":"The name of the receiver to route the alerts to.","description_kind":"plain","computed":true},"repeat_interval":{"type":"string","description":"How long to wait before sending a notification again if it has already been sent successfully for an alert. (Usually ~3h or more).","description_kind":"plain","computed":true},"routes":{"nested_type":{"attributes":{"continue":{"type":"bool","description":"Whether an alert should continue matching subsequent sibling nodes.","description_kind":"plain","computed":true},"group_by":{"type":["list","string"],"description":"The labels by which incoming alerts are grouped together. For example, multiple alerts coming in for cluster=A and alertname=LatencyHigh would be batched into a single group. To aggregate by all possible labels use the special value '...' as the sole label name, for example: group_by: ['...']. This effectively disables aggregation entirely, passing through all alerts as-is. This is unlikely to be what you want, unless you have a very low alert volume or your upstream notification system performs its own grouping.","description_kind":"plain","computed":true},"group_interval":{"type":"string","description":"How long to wait before sending a notification about new alerts that are added to a group of alerts for which an initial notification has already been sent. (Usually ~5m or more.)","description_kind":"plain","computed":true},"group_wait":{"type":"string","description":"How long to initially wait to send a notification for a group of alerts. Allows to wait for an inhibiting alert to arrive or collect more initial alerts for the same group. (Usually ~0s to few minutes.)","description_kind":"plain","computed":true},"match":{"type":["map","string"],"description":"A set of equality matchers an alert has to fulfill to match the node. This field is deprecated and will be removed after 10th March 2026, use `matchers` in the `routes` instead","description_kind":"plain","deprecated":true,"computed":true},"match_regex":{"type":["map","string"],"description":"A set of regex-matchers an alert has to fulfill to match the node. This field is deprecated and will be removed after 10th March 2026, use `matchers` in the `routes` instead","description_kind":"plain","deprecated":true,"computed":true},"matchers":{"type":["list","string"],"description":"A list of matchers that an alert has to fulfill to match the node. A matcher is a string with a syntax inspired by PromQL and OpenMetrics.","description_kind":"plain","computed":true},"receiver":{"type":"string","description":"The name of the receiver to route the alerts to.","description_kind":"plain","computed":true},"repeat_interval":{"type":"string","description":"How long to wait before sending a notification again if it has already been sent successfully for an alert. (Usually ~3h or more).","description_kind":"plain","computed":true}},"nesting_mode":"list"},"description":"List of child routes.","description_kind":"plain","computed":true}},"nesting_mode":"single"},"description":"The route for the alert.","description_kind":"plain","computed":true}},"nesting_mode":"single"},"description":"Alert configuration for the instance.","description_kind":"plain","computed":true},"alerting_url":{"type":"string","description":"Specifies Alerting URL.","description_kind":"plain","computed":true},"dashboard_url":{"type":"string","description":"Specifies Observability instance dashboard URL.","description_kind":"plain","computed":true},"grafana_admin_enabled":{"type":"bool","description":"If true, a default Grafana server admin user was created.","description_kind":"plain","computed":true},"grafana_initial_admin_password":{"type":"string","description":"Specifies an initial Grafana admin password.","description_kind":"plain","deprecated":true,"computed":true,"sensitive":true},"grafana_initial_admin_user":{"type":"string","description":"Specifies an initial Grafana admin username.","description_kind":"plain","deprecated":true,"computed":true},"grafana_public_read_access":{"type":"bool","description":"If true, anyone can access Grafana dashboards without logging in.","description_kind":"plain","computed":true},"grafana_url":{"type":"string","description":"Specifies Grafana URL.","description_kind":"plain","computed":true},"id":{"type":"string","description":"Terraform's internal data source. ID. It is structured as \"`project_id`,`instance_id`\".","description_kind":"plain","computed":true},"instance_id":{"type":"string","description":"The Observability instance ID.","description_kind":"plain","required":true},"is_updatable":{"type":"bool","description":"Specifies if the instance can be updated.","description_kind":"plain","computed":true},"jaeger_traces_url":{"type":"string","description_kind":"plain","computed":true},"jaeger_ui_url":{"type":"string","description_kind":"plain","computed":true},"logs_push_url":{"type":"string","description":"Specifies URL for pushing logs.","description_kind":"plain","computed":true},"logs_retention_days":{"type":"number","description":"Specifies for how many days the logs are kept. Default is set to `7`.","description_kind":"plain","computed":true},"logs_url":{"type":"string","description":"Specifies Logs URL.","description_kind":"plain","computed":true},"metrics_push_url":{"type":"string","description":"Specifies URL for pushing metrics.","description_kind":"plain","computed":true},"metrics_retention_days":{"type":"number","description":"Specifies for how many days the raw metrics are kept. Default is set to `90`.","description_kind":"plain","computed":true},"metrics_retention_days_1h_downsampling":{"type":"number","description":"Specifies for how many days the 1h downsampled metrics are kept. must be less than the value of the 5m downsampling retention. Default is set to `90`.","description_kind":"plain","computed":true},"metrics_retention_days_5m_downsampling":{"type":"number","description":"Specifies for how many days the 5m downsampled metrics are kept. must be less than the value of the general retention. Default is set to `90`.","description_kind":"plain","computed":true},"metrics_url":{"type":"string","description":"Specifies metrics URL.","description_kind":"plain","computed":true},"name":{"type":"string","description":"The name of the Observability instance.","description_kind":"plain","computed":true},"otlp_grpc_traces_url":{"type":"string","description_kind":"plain","computed":true},"otlp_http_logs_url":{"type":"string","description_kind":"plain","computed":true},"otlp_http_traces_url":{"type":"string","description_kind":"plain","computed":true},"otlp_traces_url":{"type":"string","description_kind":"plain","computed":true},"parameters":{"type":["map","string"],"description":"Additional parameters.","description_kind":"plain","computed":true},"plan_id":{"type":"string","description":"The Observability plan ID.","description_kind":"plain","computed":true},"plan_name":{"type":"string","description":"Specifies the Observability plan. E.g. `Observability-Monitoring-Medium-EU01`.","description_kind":"plain","computed":true},"project_id":{"type":"string","description":"STACKIT project ID to which the instance is associated.","description_kind":"plain","required":true},"targets_url":{"type":"string","description":"Specifies Targets URL.","description_kind":"plain","computed":true},"traces_retention_days":{"type":"number","description":"Specifies for how many days the traces are kept. Default is set to `7`.","description_kind":"plain","computed":true},"zipkin_spans_url":{"type":"string","description_kind":"plain","computed":true}},"description":"Observability instance data source schema. Must have a `region` specified in the provider configuration.","description_kind":"plain"}},"stackit_observability_logalertgroup":{"version":0,"block":{"attributes":{"id":{"type":"string","description":"Terraform's internal resource ID. It is structured as \"`project_id`,`instance_id`,`name`\".","description_kind":"plain","computed":true},"instance_id":{"type":"string","description":"Observability instance ID to which the log alert group is associated.","description_kind":"plain","required":true},"interval":{"type":"string","description":"Specifies the frequency at which rules within the group are evaluated. The interval must be at least 60 seconds and defaults to 60 seconds if not set. Supported formats include hours, minutes, and seconds, either singly or in combination. Examples of valid formats are: '5h30m40s', '5h', '5h30m', '60m', and '60s'.","description_kind":"plain","computed":true},"name":{"type":"string","description":"The name of the log alert group. Is the identifier and must be unique in the group.","description_kind":"plain","required":true},"project_id":{"type":"string","description":"STACKIT project ID to which the log alert group is associated.","description_kind":"plain","required":true},"rules":{"nested_type":{"attributes":{"alert":{"type":"string","description":"The name of the alert rule. Is the identifier and must be unique in the group.","description_kind":"plain","computed":true},"annotations":{"type":["map","string"],"description":"A map of key:value. Annotations to add or overwrite for each alert","description_kind":"plain","computed":true},"expression":{"type":"string","description":"The LogQL expression to evaluate. Every evaluation cycle this is evaluated at the current time, and all resultant time series become pending/firing alerts.","description_kind":"plain","computed":true},"for":{"type":"string","description":"Alerts are considered firing once they have been returned for this long. Alerts which have not yet fired for long enough are considered pending. Default is 0s","description_kind":"plain","computed":true},"labels":{"type":["map","string"],"description":"A map of key:value. Labels to add or overwrite for each alert","description_kind":"plain","computed":true}},"nesting_mode":"list"},"description_kind":"plain","computed":true}},"description":"Observability log alert group datasource schema. Used to create alerts based on logs (Loki). Must have a `region` specified in the provider configuration.","description_kind":"plain"}},"stackit_observability_scrapeconfig":{"version":0,"block":{"attributes":{"basic_auth":{"nested_type":{"attributes":{"password":{"type":"string","description":"Specifies basic auth password.","description_kind":"plain","computed":true,"sensitive":true},"username":{"type":"string","description":"Specifies basic auth username.","description_kind":"plain","computed":true}},"nesting_mode":"single"},"description":"A basic authentication block.","description_kind":"plain","computed":true},"id":{"type":"string","description":"Terraform's internal data source. ID. It is structured as \"`project_id`,`instance_id`,`name`\".","description_kind":"plain","computed":true},"instance_id":{"type":"string","description":"Observability instance ID to which the scraping job is associated.","description_kind":"plain","required":true},"metrics_path":{"type":"string","description":"Specifies the job scraping url path.","description_kind":"plain","computed":true},"name":{"type":"string","description":"Specifies the name of the scraping job","description_kind":"plain","required":true},"project_id":{"type":"string","description":"STACKIT project ID to which the scraping job is associated.","description_kind":"plain","required":true},"saml2":{"nested_type":{"attributes":{"enable_url_parameters":{"type":"bool","description":"Specifies if URL parameters are enabled","description_kind":"plain","computed":true}},"nesting_mode":"single"},"description":"A SAML2 configuration block.","description_kind":"plain","computed":true},"sample_limit":{"type":"number","description":"Specifies the scrape sample limit.","description_kind":"plain","computed":true},"scheme":{"type":"string","description":"Specifies the http scheme.","description_kind":"plain","computed":true},"scrape_interval":{"type":"string","description":"Specifies the scrape interval as duration string.","description_kind":"plain","computed":true},"scrape_timeout":{"type":"string","description":"Specifies the scrape timeout as duration string.","description_kind":"plain","computed":true},"targets":{"nested_type":{"attributes":{"labels":{"type":["map","string"],"description":"Specifies labels.","description_kind":"plain","computed":true},"urls":{"type":["list","string"],"description":"Specifies target URLs.","description_kind":"plain","computed":true}},"nesting_mode":"list"},"description":"The targets list (specified by the static config).","description_kind":"plain","computed":true}},"description":"Observability scrape config data source schema. Must have a `region` specified in the provider configuration.","description_kind":"plain"}},"stackit_opensearch_credential":{"version":0,"block":{"attributes":{"credential_id":{"type":"string","description":"The credential's ID.","description_kind":"plain","required":true},"host":{"type":"string","description_kind":"plain","computed":true},"hosts":{"type":["list","string"],"description_kind":"plain","computed":true},"id":{"type":"string","description":"Terraform's internal data source. identifier. It is structured as \"`project_id`,`instance_id`,`credential_id`\".","description_kind":"plain","computed":true},"instance_id":{"type":"string","description":"ID of the OpenSearch instance.","description_kind":"plain","required":true},"password":{"type":"string","description_kind":"plain","computed":true,"sensitive":true},"port":{"type":"number","description_kind":"plain","computed":true},"project_id":{"type":"string","description":"STACKIT project ID to which the instance is associated.","description_kind":"plain","required":true},"scheme":{"type":"string","description_kind":"plain","computed":true},"uri":{"type":"string","description_kind":"plain","computed":true,"sensitive":true},"username":{"type":"string","description_kind":"plain","computed":true}},"description":"OpenSearch credential data source schema. Must have a `region` specified in the provider configuration.","description_kind":"plain"}},"stackit_opensearch_instance":{"version":0,"block":{"attributes":{"cf_guid":{"type":"string","description_kind":"plain","computed":true},"cf_organization_guid":{"type":"string","description_kind":"plain","computed":true},"cf_space_guid":{"type":"string","description_kind":"plain","computed":true},"dashboard_url":{"type":"string","description_kind":"plain","computed":true},"id":{"type":"string","description":"Terraform's internal data source. identifier. It is structured as \"`project_id`,`instance_id`\".","description_kind":"plain","computed":true},"image_url":{"type":"string","description_kind":"plain","computed":true},"instance_id":{"type":"string","description":"ID of the OpenSearch instance.","description_kind":"plain","required":true},"name":{"type":"string","description":"Instance name.","description_kind":"plain","computed":true},"parameters":{"nested_type":{"attributes":{"enable_monitoring":{"type":"bool","description":"Enable monitoring.","description_kind":"plain","computed":true},"graphite":{"type":"string","description":"If set, monitoring with Graphite will be enabled. Expects the host and port where the Graphite metrics should be sent to (host:port).","description_kind":"plain","computed":true},"java_garbage_collector":{"type":"string","description":"The garbage collector to use for OpenSearch.","description_kind":"plain","computed":true},"java_heapspace":{"type":"number","description":"The amount of memory (in MB) allocated as heap by the JVM for OpenSearch.","description_kind":"plain","computed":true},"java_maxmetaspace":{"type":"number","description":"The amount of memory (in MB) used by the JVM to store metadata for OpenSearch.","description_kind":"plain","computed":true},"max_disk_threshold":{"type":"number","description":"The maximum disk threshold in MB. If the disk usage exceeds this threshold, the instance will be stopped.","description_kind":"plain","computed":true},"metrics_frequency":{"type":"number","description":"The frequency in seconds at which metrics are emitted (in seconds).","description_kind":"plain","computed":true},"metrics_prefix":{"type":"string","description":"The prefix for the metrics. Could be useful when using Graphite monitoring to prefix the metrics with a certain value, like an API key.","description_kind":"plain","computed":true},"monitoring_instance_id":{"type":"string","description":"The ID of the STACKIT monitoring instance.","description_kind":"plain","computed":true},"plugins":{"type":["list","string"],"description":"List of plugins to install. Must be a supported plugin name. The plugins `repository-s3` and `repository-azure` are enabled by default and cannot be disabled.","description_kind":"plain","computed":true},"sgw_acl":{"type":"string","description":"Comma separated list of IP networks in CIDR notation which are allowed to access this instance.","description_kind":"plain","computed":true},"syslog":{"type":["list","string"],"description":"List of syslog servers to send logs to.","description_kind":"plain","computed":true},"tls_ciphers":{"type":["list","string"],"description":"List of TLS ciphers to use.","description_kind":"plain","computed":true},"tls_protocols":{"type":["list","string"],"description":"List of TLS protocols to use.","description_kind":"plain","computed":true}},"nesting_mode":"single"},"description_kind":"plain","computed":true},"plan_id":{"type":"string","description":"The selected plan ID.","description_kind":"plain","computed":true},"plan_name":{"type":"string","description":"The selected plan name.","description_kind":"plain","computed":true},"project_id":{"type":"string","description":"STACKIT Project ID to which the instance is associated.","description_kind":"plain","required":true},"version":{"type":"string","description":"The service version.","description_kind":"plain","computed":true}},"description":"OpenSearch instance data source schema. Must have a `region` specified in the provider configuration.","description_kind":"plain"}},"stackit_postgresflex_database":{"version":0,"block":{"attributes":{"database_id":{"type":"string","description":"Database ID.","description_kind":"plain","required":true},"id":{"type":"string","description":"Terraform's internal resource ID. It is structured as \"`project_id`,`region`,`instance_id`,`database_id`\".","description_kind":"plain","computed":true},"instance_id":{"type":"string","description":"ID of the Postgres Flex instance.","description_kind":"plain","required":true},"name":{"type":"string","description":"Database name.","description_kind":"plain","computed":true},"owner":{"type":"string","description":"Username of the database owner.","description_kind":"plain","computed":true},"project_id":{"type":"string","description":"STACKIT project ID to which the instance is associated.","description_kind":"plain","required":true},"region":{"type":"string","description":"The resource region. If not defined, the provider region is used.","description_kind":"plain","optional":true}},"description":"Postgres Flex database resource schema. Must have a `region` specified in the provider configuration.","description_kind":"plain"}},"stackit_postgresflex_instance":{"version":0,"block":{"attributes":{"acl":{"type":["list","string"],"description":"The Access Control List (ACL) for the PostgresFlex instance.","description_kind":"plain","computed":true},"backup_schedule":{"type":"string","description_kind":"plain","computed":true},"flavor":{"nested_type":{"attributes":{"cpu":{"type":"number","description_kind":"plain","computed":true},"description":{"type":"string","description_kind":"plain","computed":true},"id":{"type":"string","description_kind":"plain","computed":true},"ram":{"type":"number","description_kind":"plain","computed":true}},"nesting_mode":"single"},"description_kind":"plain","computed":true},"id":{"type":"string","description":"Terraform's internal data source. ID. It is structured as \"`project_id`,`region`,`instance_id`\".","description_kind":"plain","computed":true},"instance_id":{"type":"string","description":"ID of the PostgresFlex instance.","description_kind":"plain","required":true},"name":{"type":"string","description":"Instance name.","description_kind":"plain","computed":true},"project_id":{"type":"string","description":"STACKIT project ID to which the instance is associated.","description_kind":"plain","required":true},"region":{"type":"string","description":"The resource region. If not defined, the provider region is used.","description_kind":"plain","optional":true},"replicas":{"type":"number","description_kind":"plain","computed":true},"storage":{"nested_type":{"attributes":{"class":{"type":"string","description_kind":"plain","computed":true},"size":{"type":"number","description_kind":"plain","computed":true}},"nesting_mode":"single"},"description_kind":"plain","computed":true},"version":{"type":"string","description_kind":"plain","computed":true}},"description":"Postgres Flex instance data source schema. Must have a `region` specified in the provider configuration.","description_kind":"plain"}},"stackit_postgresflex_user":{"version":0,"block":{"attributes":{"host":{"type":"string","description_kind":"plain","computed":true},"id":{"type":"string","description":"Terraform's internal data source. ID. It is structured as \"`project_id`,`region`,`instance_id`,`user_id`\".","description_kind":"plain","computed":true},"instance_id":{"type":"string","description":"ID of the PostgresFlex instance.","description_kind":"plain","required":true},"port":{"type":"number","description_kind":"plain","computed":true},"project_id":{"type":"string","description":"STACKIT project ID to which the instance is associated.","description_kind":"plain","required":true},"region":{"type":"string","description":"The resource region. If not defined, the provider region is used.","description_kind":"plain","optional":true},"roles":{"type":["set","string"],"description_kind":"plain","computed":true},"user_id":{"type":"string","description":"User ID.","description_kind":"plain","required":true},"username":{"type":"string","description_kind":"plain","computed":true}},"description":"Postgres Flex user data source schema. Must have a `region` specified in the provider configuration.","description_kind":"plain"}},"stackit_public_ip":{"version":0,"block":{"attributes":{"id":{"type":"string","description":"Terraform's internal datasource ID. It is structured as \"`project_id`,`region`,`public_ip_id`\".","description_kind":"plain","computed":true},"ip":{"type":"string","description":"The IP address.","description_kind":"plain","computed":true},"labels":{"type":["map","string"],"description":"Labels are key-value string pairs which can be attached to a resource container","description_kind":"plain","computed":true},"network_interface_id":{"type":"string","description":"Associates the public IP with a network interface or a virtual IP (ID).","description_kind":"plain","computed":true},"project_id":{"type":"string","description":"STACKIT project ID to which the public IP is associated.","description_kind":"plain","required":true},"public_ip_id":{"type":"string","description":"The public IP ID.","description_kind":"plain","required":true},"region":{"type":"string","description":"The resource region. If not defined, the provider region is used.","description_kind":"plain","optional":true}},"description":"Public IP resource schema. Must have a `region` specified in the provider configuration.","description_kind":"markdown"}},"stackit_public_ip_ranges":{"version":0,"block":{"attributes":{"cidr_list":{"type":["list","string"],"description":"A list of IP range strings (CIDRs) extracted from the public_ip_ranges for easy consumption.","description_kind":"plain","computed":true},"id":{"type":"string","description":"Terraform's internal resource ID. It takes the values of \"`public_ip_ranges.*.cidr`\".","description_kind":"plain","computed":true},"public_ip_ranges":{"nested_type":{"attributes":{"cidr":{"type":"string","description":"Classless Inter-Domain Routing (CIDR)","description_kind":"plain","computed":true}},"nesting_mode":"list"},"description":"A list of all public IP ranges.","description_kind":"plain","computed":true}},"description":"A list of all public IP ranges that STACKIT uses.","description_kind":"markdown"}},"stackit_rabbitmq_credential":{"version":0,"block":{"attributes":{"credential_id":{"type":"string","description":"The credential's ID.","description_kind":"plain","required":true},"host":{"type":"string","description_kind":"plain","computed":true},"hosts":{"type":["list","string"],"description_kind":"plain","computed":true},"http_api_uri":{"type":"string","description_kind":"plain","computed":true},"http_api_uris":{"type":["list","string"],"description_kind":"plain","computed":true},"id":{"type":"string","description":"Terraform's internal data source. identifier. It is structured as \"`project_id`,`instance_id`,`credential_id`\".","description_kind":"plain","computed":true},"instance_id":{"type":"string","description":"ID of the RabbitMQ instance.","description_kind":"plain","required":true},"management":{"type":"string","description_kind":"plain","computed":true},"password":{"type":"string","description_kind":"plain","computed":true,"sensitive":true},"port":{"type":"number","description_kind":"plain","computed":true},"project_id":{"type":"string","description":"STACKIT project ID to which the instance is associated.","description_kind":"plain","required":true},"uri":{"type":"string","description_kind":"plain","computed":true,"sensitive":true},"uris":{"type":["list","string"],"description_kind":"plain","computed":true},"username":{"type":"string","description_kind":"plain","computed":true}},"description":"RabbitMQ credential data source schema. Must have a `region` specified in the provider configuration.","description_kind":"plain"}},"stackit_rabbitmq_instance":{"version":0,"block":{"attributes":{"cf_guid":{"type":"string","description_kind":"plain","computed":true},"cf_organization_guid":{"type":"string","description_kind":"plain","computed":true},"cf_space_guid":{"type":"string","description_kind":"plain","computed":true},"dashboard_url":{"type":"string","description_kind":"plain","computed":true},"id":{"type":"string","description":"Terraform's internal data source. identifier. It is structured as \"`project_id`,`instance_id`\".","description_kind":"plain","computed":true},"image_url":{"type":"string","description_kind":"plain","computed":true},"instance_id":{"type":"string","description":"ID of the RabbitMQ instance.","description_kind":"plain","required":true},"name":{"type":"string","description":"Instance name.","description_kind":"plain","computed":true},"parameters":{"nested_type":{"attributes":{"consumer_timeout":{"type":"number","description":"The timeout in milliseconds for the consumer.","description_kind":"plain","computed":true},"enable_monitoring":{"type":"bool","description":"Enable monitoring.","description_kind":"plain","computed":true},"graphite":{"type":"string","description":"Graphite server URL (host and port). If set, monitoring with Graphite will be enabled.","description_kind":"plain","computed":true},"max_disk_threshold":{"type":"number","description":"The maximum disk threshold in MB. If the disk usage exceeds this threshold, the instance will be stopped.","description_kind":"plain","computed":true},"metrics_frequency":{"type":"number","description":"The frequency in seconds at which metrics are emitted.","description_kind":"plain","computed":true},"metrics_prefix":{"type":"string","description":"The prefix for the metrics. Could be useful when using Graphite monitoring to prefix the metrics with a certain value, like an API key","description_kind":"plain","computed":true},"monitoring_instance_id":{"type":"string","description":"The ID of the STACKIT monitoring instance.","description_kind":"plain","computed":true},"plugins":{"type":["list","string"],"description":"List of plugins to install. Must be a supported plugin name.","description_kind":"plain","computed":true},"roles":{"type":["list","string"],"description":"List of roles to assign to the instance.","description_kind":"plain","computed":true},"sgw_acl":{"type":"string","description":"Comma separated list of IP networks in CIDR notation which are allowed to access this instance.","description_kind":"plain","computed":true},"syslog":{"type":["list","string"],"description":"List of syslog servers to send logs to.","description_kind":"plain","computed":true},"tls_ciphers":{"type":["list","string"],"description":"List of TLS ciphers to use.","description_kind":"plain","computed":true},"tls_protocols":{"type":["list","string"],"description":"TLS protocol versions to use.","description_kind":"plain","computed":true}},"nesting_mode":"single"},"description_kind":"plain","computed":true},"plan_id":{"type":"string","description":"The selected plan ID.","description_kind":"plain","computed":true},"plan_name":{"type":"string","description":"The selected plan name.","description_kind":"plain","computed":true},"project_id":{"type":"string","description":"STACKIT Project ID to which the instance is associated.","description_kind":"plain","required":true},"version":{"type":"string","description":"The service version.","description_kind":"plain","computed":true}},"description":"RabbitMQ instance data source schema. Must have a `region` specified in the provider configuration.","description_kind":"plain"}},"stackit_redis_credential":{"version":0,"block":{"attributes":{"credential_id":{"type":"string","description":"The credential's ID.","description_kind":"plain","required":true},"host":{"type":"string","description_kind":"plain","computed":true},"hosts":{"type":["list","string"],"description_kind":"plain","computed":true},"id":{"type":"string","description":"Terraform's internal data source. identifier. It is structured as \"`project_id`,`instance_id`,`credential_id`\".","description_kind":"plain","computed":true},"instance_id":{"type":"string","description":"ID of the Redis instance.","description_kind":"plain","required":true},"load_balanced_host":{"type":"string","description_kind":"plain","computed":true},"password":{"type":"string","description_kind":"plain","computed":true,"sensitive":true},"port":{"type":"number","description_kind":"plain","computed":true},"project_id":{"type":"string","description":"STACKIT project ID to which the instance is associated.","description_kind":"plain","required":true},"uri":{"type":"string","description":"Connection URI.","description_kind":"plain","computed":true,"sensitive":true},"username":{"type":"string","description_kind":"plain","computed":true}},"description":"Redis credential data source schema. Must have a `region` specified in the provider configuration.","description_kind":"plain"}},"stackit_redis_instance":{"version":0,"block":{"attributes":{"cf_guid":{"type":"string","description_kind":"plain","computed":true},"cf_organization_guid":{"type":"string","description_kind":"plain","computed":true},"cf_space_guid":{"type":"string","description_kind":"plain","computed":true},"dashboard_url":{"type":"string","description_kind":"plain","computed":true},"id":{"type":"string","description":"Terraform's internal data source. identifier. It is structured as \"`project_id`,`instance_id`\".","description_kind":"plain","computed":true},"image_url":{"type":"string","description_kind":"plain","computed":true},"instance_id":{"type":"string","description":"ID of the Redis instance.","description_kind":"plain","required":true},"name":{"type":"string","description":"Instance name.","description_kind":"plain","computed":true},"parameters":{"nested_type":{"attributes":{"down_after_milliseconds":{"type":"number","description":"The number of milliseconds after which the instance is considered down.","description_kind":"plain","computed":true},"enable_monitoring":{"type":"bool","description":"Enable monitoring.","description_kind":"plain","computed":true},"failover_timeout":{"type":"number","description":"The failover timeout in milliseconds.","description_kind":"plain","computed":true},"graphite":{"type":"string","description":"Graphite server URL (host and port). If set, monitoring with Graphite will be enabled.","description_kind":"plain","computed":true},"lazyfree_lazy_eviction":{"type":"string","description":"The lazy eviction enablement (yes or no).","description_kind":"plain","computed":true},"lazyfree_lazy_expire":{"type":"string","description":"The lazy expire enablement (yes or no).","description_kind":"plain","computed":true},"lua_time_limit":{"type":"number","description":"The Lua time limit.","description_kind":"plain","computed":true},"max_disk_threshold":{"type":"number","description":"The maximum disk threshold in MB. If the disk usage exceeds this threshold, the instance will be stopped.","description_kind":"plain","computed":true},"maxclients":{"type":"number","description":"The maximum number of clients.","description_kind":"plain","computed":true},"maxmemory_policy":{"type":"string","description":"The policy to handle the maximum memory (volatile-lru, noeviction, etc).","description_kind":"plain","computed":true},"maxmemory_samples":{"type":"number","description":"The maximum memory samples.","description_kind":"plain","computed":true},"metrics_frequency":{"type":"number","description":"The frequency in seconds at which metrics are emitted.","description_kind":"plain","computed":true},"metrics_prefix":{"type":"string","description":"The prefix for the metrics. Could be useful when using Graphite monitoring to prefix the metrics with a certain value, like an API key","description_kind":"plain","computed":true},"min_replicas_max_lag":{"type":"number","description":"The minimum replicas maximum lag.","description_kind":"plain","computed":true},"monitoring_instance_id":{"type":"string","description":"The ID of the STACKIT monitoring instance.","description_kind":"plain","computed":true},"notify_keyspace_events":{"type":"string","description":"The notify keyspace events.","description_kind":"plain","computed":true},"sgw_acl":{"type":"string","description":"Comma separated list of IP networks in CIDR notation which are allowed to access this instance.","description_kind":"plain","computed":true},"snapshot":{"type":"string","description":"The snapshot configuration.","description_kind":"plain","computed":true},"syslog":{"type":["list","string"],"description":"List of syslog servers to send logs to.","description_kind":"plain","computed":true},"tls_ciphers":{"type":["list","string"],"description":"List of TLS ciphers to use.","description_kind":"plain","computed":true},"tls_ciphersuites":{"type":"string","description":"TLS cipher suites to use.","description_kind":"plain","computed":true},"tls_protocols":{"type":"string","description":"TLS protocol to use.","description_kind":"plain","computed":true}},"nesting_mode":"single"},"description_kind":"plain","computed":true},"plan_id":{"type":"string","description":"The selected plan ID.","description_kind":"plain","computed":true},"plan_name":{"type":"string","description":"The selected plan name.","description_kind":"plain","computed":true},"project_id":{"type":"string","description":"STACKIT Project ID to which the instance is associated.","description_kind":"plain","required":true},"version":{"type":"string","description":"The service version.","description_kind":"plain","computed":true}},"description":"Redis instance data source schema. Must have a `region` specified in the provider configuration.","description_kind":"plain"}},"stackit_resourcemanager_folder":{"version":0,"block":{"attributes":{"container_id":{"type":"string","description":"Folder container ID. Globally unique, user-friendly identifier.","description_kind":"plain","required":true},"creation_time":{"type":"string","description":"Date-time at which the folder was created.","description_kind":"plain","computed":true},"folder_id":{"type":"string","description":"Folder UUID identifier. Globally unique folder identifier","description_kind":"plain","computed":true},"id":{"type":"string","description":"Terraform's internal resource ID. It is structured as \"`container_id`\".","description_kind":"plain","computed":true},"labels":{"type":["map","string"],"description":"Labels are key-value string pairs which can be attached to a resource container. A label key must match the regex [A-ZÄÜÖa-zäüöß0-9_-]{1,64}. A label value must match the regex ^$|[A-ZÄÜÖa-zäüöß0-9_-]{1,64}.","description_kind":"plain","computed":true},"name":{"type":"string","description":"The name of the folder.","description_kind":"plain","computed":true},"parent_container_id":{"type":"string","description":"Parent resource identifier. Both container ID (user-friendly) and UUID are supported.","description_kind":"plain","computed":true},"update_time":{"type":"string","description":"Date-time at which the folder was last modified.","description_kind":"plain","computed":true}},"description":"Resource Manager folder data source schema. To identify the folder, you need to provide the container_id.","description_kind":"plain"}},"stackit_resourcemanager_project":{"version":0,"block":{"attributes":{"container_id":{"type":"string","description":"Project container ID. Globally unique, user-friendly identifier.","description_kind":"plain","optional":true},"creation_time":{"type":"string","description":"Date-time at which the project was created.","description_kind":"plain","computed":true},"id":{"type":"string","description":"Terraform's internal data source. ID. It is structured as \"`container_id`\".","description_kind":"plain","computed":true},"labels":{"type":["map","string"],"description":"Labels are key-value string pairs which can be attached to a resource container. A label key must match the regex [A-ZÄÜÖa-zäüöß0-9_-]{1,64}. A label value must match the regex ^$|[A-ZÄÜÖa-zäüöß0-9_-]{1,64}","description_kind":"plain","computed":true},"name":{"type":"string","description":"Project name.","description_kind":"plain","computed":true},"parent_container_id":{"type":"string","description":"Parent resource identifier. Both container ID (user-friendly) and UUID are supported","description_kind":"plain","computed":true},"project_id":{"type":"string","description":"Project UUID identifier. This is the ID that can be used in most of the other resources to identify the project.","description_kind":"plain","optional":true},"update_time":{"type":"string","description":"Date-time at which the project was last modified.","description_kind":"plain","computed":true}},"description":"Resource Manager project data source schema. To identify the project, you need to provider either project_id or container_id. If you provide both, project_id will be used.","description_kind":"plain"}},"stackit_routing_table":{"version":0,"block":{"attributes":{"created_at":{"type":"string","description":"Date-time when the routing table was created","description_kind":"plain","computed":true},"default":{"type":"bool","description":"When true this is the default routing table for this network area. It can't be deleted and is used if the user does not specify it otherwise.","description_kind":"plain","computed":true},"description":{"type":"string","description":"Description of the routing table.","description_kind":"plain","computed":true},"dynamic_routes":{"type":"bool","description":"This controls whether dynamic routes are propagated to this routing table","description_kind":"plain","computed":true},"id":{"type":"string","description":"Terraform's internal datasource ID. It is structured as \"`organization_id`,`region`,`network_area_id`,`routing_table_id`\".","description_kind":"plain","computed":true},"labels":{"type":["map","string"],"description":"Labels are key-value string pairs which can be attached to a resource container","description_kind":"plain","computed":true},"name":{"type":"string","description":"The name of the routing table.","description_kind":"plain","computed":true},"network_area_id":{"type":"string","description":"The network area ID to which the routing table is associated.","description_kind":"plain","required":true},"organization_id":{"type":"string","description":"STACKIT organization ID to which the routing table is associated.","description_kind":"plain","required":true},"region":{"type":"string","description":"The resource region. If not defined, the provider region is used.","description_kind":"plain","optional":true},"routing_table_id":{"type":"string","description":"The routing tables ID.","description_kind":"plain","required":true},"system_routes":{"type":"bool","description":"This controls whether the routes for project-to-project communication are created automatically or not.","description_kind":"plain","computed":true},"updated_at":{"type":"string","description":"Date-time when the routing table was updated","description_kind":"plain","computed":true}},"description":"Routing table datasource schema. Must have a `region` specified in the provider configuration.\n\n~\u003e This datasource is part of the routing-tables experiment and is likely going to undergo significant changes or be removed in the future. Use it at your own discretion.","description_kind":"markdown"}},"stackit_routing_table_route":{"version":0,"block":{"attributes":{"created_at":{"type":"string","description":"Date-time when the route was created","description_kind":"plain","computed":true},"destination":{"nested_type":{"attributes":{"type":{"type":"string","description":"CIDRV type. Possible values are: `cidrv4`, `cidrv6`. Only `cidrv4` is supported during experimental stage.","description_kind":"plain","computed":true},"value":{"type":"string","description":"An CIDR string.","description_kind":"plain","computed":true}},"nesting_mode":"single"},"description":"Destination of the route.","description_kind":"plain","computed":true},"id":{"type":"string","description":"Terraform's internal datasource ID. It is structured as \"`organization_id`,`region`,`network_area_id`,`routing_table_id`,`route_id`\".","description_kind":"plain","computed":true},"labels":{"type":["map","string"],"description":"Labels are key-value string pairs which can be attached to a resource container","description_kind":"plain","computed":true},"network_area_id":{"type":"string","description":"The network area ID to which the routing table is associated.","description_kind":"plain","required":true},"next_hop":{"nested_type":{"attributes":{"type":{"type":"string","description":"Type of the next hop. Possible values are: `blackhole`, `internet`, `ipv4`, `ipv6`.","description_kind":"plain","computed":true},"value":{"type":"string","description":"Either IPv4 or IPv6 (not set for blackhole and internet). Only IPv4 supported during experimental stage.","description_kind":"plain","computed":true}},"nesting_mode":"single"},"description":"Next hop destination.","description_kind":"plain","computed":true},"organization_id":{"type":"string","description":"STACKIT organization ID to which the routing table is associated.","description_kind":"plain","required":true},"region":{"type":"string","description":"The resource region. If not defined, the provider region is used.","description_kind":"plain","optional":true},"route_id":{"type":"string","description":"Route ID.","description_kind":"plain","required":true},"routing_table_id":{"type":"string","description":"The routing tables ID.","description_kind":"plain","required":true},"updated_at":{"type":"string","description":"Date-time when the route was updated","description_kind":"plain","computed":true}},"description":"Routing table route datasource schema. Must have a `region` specified in the provider configuration.\n\n~\u003e This datasource is part of the routing-tables experiment and is likely going to undergo significant changes or be removed in the future. Use it at your own discretion.","description_kind":"markdown"}},"stackit_routing_table_routes":{"version":0,"block":{"attributes":{"id":{"type":"string","description":"Terraform's internal datasource ID. It is structured as \"`organization_id`,`region`,`network_area_id`,`routing_table_id`,`route_id`\".","description_kind":"plain","computed":true},"network_area_id":{"type":"string","description":"The network area ID to which the routing table is associated.","description_kind":"plain","required":true},"organization_id":{"type":"string","description":"STACKIT organization ID to which the routing table is associated.","description_kind":"plain","required":true},"region":{"type":"string","description":"The datasource region. If not defined, the provider region is used.","description_kind":"plain","optional":true},"routes":{"nested_type":{"attributes":{"created_at":{"type":"string","description":"Date-time when the route was created","description_kind":"plain","computed":true},"destination":{"nested_type":{"attributes":{"type":{"type":"string","description":"CIDRV type. Possible values are: `cidrv4`, `cidrv6`. Only `cidrv4` is supported during experimental stage.","description_kind":"plain","computed":true},"value":{"type":"string","description":"An CIDR string.","description_kind":"plain","computed":true}},"nesting_mode":"single"},"description":"Destination of the route.","description_kind":"plain","computed":true},"labels":{"type":["map","string"],"description":"Labels are key-value string pairs which can be attached to a resource container","description_kind":"plain","computed":true},"next_hop":{"nested_type":{"attributes":{"type":{"type":"string","description":"Type of the next hop. Possible values are: `blackhole`, `internet`, `ipv4`, `ipv6`.","description_kind":"plain","computed":true},"value":{"type":"string","description":"Either IPv4 or IPv6 (not set for blackhole and internet). Only IPv4 supported during experimental stage.","description_kind":"plain","computed":true}},"nesting_mode":"single"},"description":"Next hop destination.","description_kind":"plain","computed":true},"route_id":{"type":"string","description":"Route ID.","description_kind":"plain","computed":true},"updated_at":{"type":"string","description":"Date-time when the route was updated","description_kind":"plain","computed":true}},"nesting_mode":"list"},"description":"List of routes.","description_kind":"plain","computed":true},"routing_table_id":{"type":"string","description":"The routing tables ID.","description_kind":"plain","required":true}},"description":"Routing table routes datasource schema. Must have a `region` specified in the provider configuration.\n\n~\u003e This datasource is part of the routing-tables experiment and is likely going to undergo significant changes or be removed in the future. Use it at your own discretion.","description_kind":"markdown"}},"stackit_routing_tables":{"version":0,"block":{"attributes":{"id":{"type":"string","description":"Terraform's internal datasource ID. It is structured as \"`organization_id`,`region`,`network_area_id`\".","description_kind":"plain","computed":true},"items":{"nested_type":{"attributes":{"created_at":{"type":"string","description":"Date-time when the routing table was created","description_kind":"plain","computed":true},"default":{"type":"bool","description":"When true this is the default routing table for this network area. It can't be deleted and is used if the user does not specify it otherwise.","description_kind":"plain","computed":true},"description":{"type":"string","description":"Description of the routing table.","description_kind":"plain","computed":true},"dynamic_routes":{"type":"bool","description":"This controls whether dynamic routes are propagated to this routing table","description_kind":"plain","computed":true},"labels":{"type":["map","string"],"description":"Labels are key-value string pairs which can be attached to a resource container","description_kind":"plain","computed":true},"name":{"type":"string","description":"The name of the routing table.","description_kind":"plain","computed":true},"routing_table_id":{"type":"string","description":"The routing tables ID.","description_kind":"plain","computed":true},"system_routes":{"type":"bool","description":"This controls whether the routes for project-to-project communication are created automatically or not.","description_kind":"plain","computed":true},"updated_at":{"type":"string","description":"Date-time when the routing table was updated","description_kind":"plain","computed":true}},"nesting_mode":"list"},"description":"List of routing tables.","description_kind":"plain","computed":true},"network_area_id":{"type":"string","description":"The network area ID to which the routing table is associated.","description_kind":"plain","required":true},"organization_id":{"type":"string","description":"STACKIT organization ID to which the routing table is associated.","description_kind":"plain","required":true},"region":{"type":"string","description":"The resource region. If not defined, the provider region is used.","description_kind":"plain","optional":true}},"description":"Routing table datasource schema. Must have a `region` specified in the provider configuration.\n\n~\u003e This datasource is part of the routing-tables experiment and is likely going to undergo significant changes or be removed in the future. Use it at your own discretion.","description_kind":"markdown"}},"stackit_scf_organization":{"version":0,"block":{"attributes":{"created_at":{"type":"string","description":"The time when the organization was created","description_kind":"plain","computed":true},"id":{"type":"string","description":"Terraform's internal resource ID, structured as \"`project_id`,`region`,`org_id`\".","description_kind":"plain","computed":true},"name":{"type":"string","description":"The name of the organization","description_kind":"plain","computed":true},"org_id":{"type":"string","description":"The ID of the Cloud Foundry Organization","description_kind":"plain","required":true},"platform_id":{"type":"string","description":"The ID of the platform associated with the organization","description_kind":"plain","computed":true},"project_id":{"type":"string","description":"The ID of the project associated with the organization","description_kind":"plain","required":true},"quota_id":{"type":"string","description":"The ID of the quota associated with the organization","description_kind":"plain","computed":true},"region":{"type":"string","description":"The resource region. If not defined, the provider region is used","description_kind":"plain","optional":true,"computed":true},"status":{"type":"string","description":"The status of the organization (e.g., deleting, delete_failed)","description_kind":"plain","computed":true},"suspended":{"type":"bool","description":"A boolean indicating whether the organization is suspended","description_kind":"plain","computed":true},"updated_at":{"type":"string","description":"The time when the organization was last updated","description_kind":"plain","computed":true}},"description":"STACKIT Cloud Foundry organization datasource schema. Must have a `region` specified in the provider configuration.","description_kind":"plain"}},"stackit_scf_organization_manager":{"version":0,"block":{"attributes":{"created_at":{"type":"string","description":"The time when the organization manager was created","description_kind":"plain","computed":true},"id":{"type":"string","description":"Terraform's internal resource ID, structured as \"`project_id`,`region`,`org_id`,`user_id`\".","description_kind":"plain","computed":true},"org_id":{"type":"string","description":"The ID of the Cloud Foundry Organization","description_kind":"plain","required":true},"platform_id":{"type":"string","description":"The ID of the platform associated with the organization of the organization manager","description_kind":"plain","computed":true},"project_id":{"type":"string","description":"The ID of the project associated with the organization of the organization manager","description_kind":"plain","required":true},"region":{"type":"string","description":"The region where the organization of the organization manager is located. If not defined, the provider region is used","description_kind":"plain","optional":true,"computed":true},"updated_at":{"type":"string","description":"The time when the organization manager was last updated","description_kind":"plain","computed":true},"user_id":{"type":"string","description":"The ID of the organization manager user","description_kind":"plain","computed":true},"username":{"type":"string","description":"An auto-generated organization manager user name","description_kind":"plain","computed":true}},"description":"STACKIT Cloud Foundry organization manager datasource schema.","description_kind":"plain"}},"stackit_scf_platform":{"version":0,"block":{"attributes":{"api_url":{"type":"string","description":"The CF API Url of the platform","description_kind":"plain","computed":true},"console_url":{"type":"string","description":"The Stratos URL of the platform","description_kind":"plain","computed":true},"display_name":{"type":"string","description":"The name of the platform","description_kind":"plain","computed":true},"id":{"type":"string","description":"Terraform's internal resource ID, structured as \"`project_id`,`region`,`platform_id`\".","description_kind":"plain","computed":true},"platform_id":{"type":"string","description":"The unique id of the platform","description_kind":"plain","required":true},"project_id":{"type":"string","description":"The ID of the project associated with the platform","description_kind":"plain","required":true},"region":{"type":"string","description":"The region where the platform is located. If not defined, the provider region is used","description_kind":"plain","optional":true,"computed":true},"system_id":{"type":"string","description":"The ID of the platform System","description_kind":"plain","computed":true}},"description":"STACKIT Cloud Foundry Platform datasource schema.","description_kind":"plain"}},"stackit_secretsmanager_instance":{"version":0,"block":{"attributes":{"acls":{"type":["set","string"],"description":"The access control list for this instance. Each entry is an IP or IP range that is permitted to access, in CIDR notation","description_kind":"plain","computed":true},"id":{"type":"string","description":"Terraform's internal resource ID. It is structured as \"`project_id`,`instance_id`\".","description_kind":"plain","computed":true},"instance_id":{"type":"string","description":"ID of the Secrets Manager instance.","description_kind":"plain","required":true},"kms_key":{"nested_type":{"attributes":{"key_id":{"type":"string","description":"UUID of the key within the STACKIT-KMS to use for the encryption.","description_kind":"plain","computed":true},"key_ring_id":{"type":"string","description":"UUID of the keyring where the key is located within the STACKTI-KMS.","description_kind":"plain","computed":true},"key_version":{"type":"number","description":"Version of the key within the STACKIT-KMS to use for the encryption.","description_kind":"plain","computed":true},"service_account_email":{"type":"string","description":"Service-Account linked to the Key within the STACKIT-KMS.","description_kind":"plain","computed":true}},"nesting_mode":"single"},"description":"The STACKIT-KMS key for secret encryption and decryption.","description_kind":"plain","computed":true},"name":{"type":"string","description":"Instance name.","description_kind":"plain","computed":true},"project_id":{"type":"string","description":"STACKIT project ID to which the instance is associated.","description_kind":"plain","required":true}},"description":"Secrets Manager instance data source schema. Must have a `region` specified in the provider configuration.","description_kind":"plain"}},"stackit_secretsmanager_instance_role_bindings_v1":{"version":0,"block":{"attributes":{"id":{"type":"string","description":"Terraform's internal resource identifier. It is structured as \"`region`,`resource_id`\".","description_kind":"plain","computed":true},"region":{"type":"string","description":"The resource region. If not defined, the provider region is used.","description_kind":"plain","optional":true},"resource_id":{"type":"string","description":"The identifier of the resource to get the role bindings for.","description_kind":"plain","required":true},"role_bindings":{"nested_type":{"attributes":{"role":{"type":"string","description":"A valid role defined for the resource.","description_kind":"plain","computed":true},"subject":{"type":"string","description":"Identifier of user, service account or client. Usually email address or name in case of clients.","description_kind":"plain","computed":true}},"nesting_mode":"list"},"description":"List of role bindings.","description_kind":"plain","computed":true}},"description":"IAM role binding datasource schema.\n\n~\u003e This datasource is part of the iam experiment and is likely going to undergo significant changes or be removed in the future. Use it at your own discretion.","description_kind":"plain"}},"stackit_secretsmanager_secret_group_role_bindings_v1":{"version":0,"block":{"attributes":{"id":{"type":"string","description":"Terraform's internal resource identifier. It is structured as \"`region`,`resource_id`\".","description_kind":"plain","computed":true},"region":{"type":"string","description":"The resource region. If not defined, the provider region is used.","description_kind":"plain","optional":true},"resource_id":{"type":"string","description":"The identifier of the resource to get the role bindings for.","description_kind":"plain","required":true},"role_bindings":{"nested_type":{"attributes":{"role":{"type":"string","description":"A valid role defined for the resource.","description_kind":"plain","computed":true},"subject":{"type":"string","description":"Identifier of user, service account or client. Usually email address or name in case of clients.","description_kind":"plain","computed":true}},"nesting_mode":"list"},"description":"List of role bindings.","description_kind":"plain","computed":true}},"description":"IAM role binding datasource schema.\n\n~\u003e This datasource is part of the iam experiment and is likely going to undergo significant changes or be removed in the future. Use it at your own discretion.","description_kind":"plain"}},"stackit_secretsmanager_user":{"version":0,"block":{"attributes":{"description":{"type":"string","description":"A user chosen description to differentiate between multiple users. Can't be changed after creation.","description_kind":"plain","computed":true},"id":{"type":"string","description":"Terraform's internal data source identifier. It is structured as \"`project_id`,`instance_id`,`user_id`\".","description_kind":"plain","computed":true},"instance_id":{"type":"string","description":"ID of the Secrets Manager instance.","description_kind":"plain","required":true},"project_id":{"type":"string","description":"STACKIT Project ID to which the instance is associated.","description_kind":"plain","required":true},"user_id":{"type":"string","description":"The user's ID.","description_kind":"plain","required":true},"username":{"type":"string","description":"An auto-generated user name.","description_kind":"plain","computed":true},"write_enabled":{"type":"bool","description":"If true, the user has writeaccess to the secrets engine.","description_kind":"plain","computed":true}},"description":"Secrets Manager user data source schema. Must have a `region` specified in the provider configuration.","description_kind":"plain"}},"stackit_security_group":{"version":0,"block":{"attributes":{"description":{"type":"string","description":"The description of the security group.","description_kind":"plain","computed":true},"id":{"type":"string","description":"Terraform's internal resource ID. It is structured as \"`project_id`,`region`,`security_group_id`\".","description_kind":"plain","computed":true},"labels":{"type":["map","string"],"description":"Labels are key-value string pairs which can be attached to a resource container","description_kind":"plain","computed":true},"name":{"type":"string","description":"The name of the security group.","description_kind":"plain","computed":true},"project_id":{"type":"string","description":"STACKIT project ID to which the security group is associated.","description_kind":"plain","required":true},"region":{"type":"string","description":"The resource region. If not defined, the provider region is used.","description_kind":"plain","optional":true},"security_group_id":{"type":"string","description":"The security group ID.","description_kind":"plain","required":true},"stateful":{"type":"bool","description":"Configures if a security group is stateful or stateless. There can only be one type of security groups per network interface/server.","description_kind":"plain","computed":true}},"description":"Security group datasource schema. Must have a `region` specified in the provider configuration.","description_kind":"markdown"}},"stackit_security_group_rule":{"version":0,"block":{"attributes":{"description":{"type":"string","description":"The description of the security group rule.","description_kind":"plain","computed":true},"direction":{"type":"string","description":"The direction of the traffic which the rule should match. Some of the possible values are: Possible values are: `ingress`, `egress`.","description_kind":"plain","computed":true},"ether_type":{"type":"string","description":"The ethertype which the rule should match.","description_kind":"plain","computed":true},"icmp_parameters":{"nested_type":{"attributes":{"code":{"type":"number","description":"ICMP code. Can be set if the protocol is ICMP.","description_kind":"plain","computed":true},"type":{"type":"number","description":"ICMP type. Can be set if the protocol is ICMP.","description_kind":"plain","computed":true}},"nesting_mode":"single"},"description":"ICMP Parameters.","description_kind":"plain","computed":true},"id":{"type":"string","description":"Terraform's internal datasource ID. It is structured as \"`project_id`,`region`,`security_group_id`,`security_group_rule_id`\".","description_kind":"plain","computed":true},"ip_range":{"type":"string","description":"The remote IP range which the rule should match.","description_kind":"plain","computed":true},"port_range":{"nested_type":{"attributes":{"max":{"type":"number","description":"The maximum port number. Should be greater or equal to the minimum.","description_kind":"plain","computed":true},"min":{"type":"number","description":"The minimum port number. Should be less or equal to the minimum.","description_kind":"plain","computed":true}},"nesting_mode":"single"},"description":"The range of ports.","description_kind":"plain","computed":true},"project_id":{"type":"string","description":"STACKIT project ID to which the security group rule is associated.","description_kind":"plain","required":true},"protocol":{"nested_type":{"attributes":{"name":{"type":"string","description":"The protocol name which the rule should match.","description_kind":"plain","computed":true},"number":{"type":"number","description":"The protocol number which the rule should match.","description_kind":"plain","computed":true}},"nesting_mode":"single"},"description":"The internet protocol which the rule should match.","description_kind":"plain","computed":true},"region":{"type":"string","description":"The resource region. If not defined, the provider region is used.","description_kind":"plain","optional":true},"remote_security_group_id":{"type":"string","description":"The remote security group which the rule should match.","description_kind":"plain","computed":true},"security_group_id":{"type":"string","description":"The security group ID.","description_kind":"plain","required":true},"security_group_rule_id":{"type":"string","description":"The security group rule ID.","description_kind":"plain","required":true}},"description":"Security group datasource schema. Must have a `region` specified in the provider configuration.","description_kind":"markdown"}},"stackit_server":{"version":0,"block":{"attributes":{"affinity_group":{"type":"string","description":"The affinity group the server is assigned to.","description_kind":"plain","computed":true},"agent":{"nested_type":{"attributes":{"provisioned":{"type":"bool","description":"Whether a STACKIT Server Agent is provisioned at the server","description_kind":"plain","computed":true}},"nesting_mode":"single"},"description":"STACKIT Server Agent as setup on the server","description_kind":"plain","computed":true},"availability_zone":{"type":"string","description":"The availability zone of the server.","description_kind":"plain","computed":true},"boot_volume":{"nested_type":{"attributes":{"delete_on_termination":{"type":"bool","description":"Delete the volume during the termination of the server.","description_kind":"plain","computed":true},"id":{"type":"string","description":"The ID of the boot volume","description_kind":"plain","computed":true}},"nesting_mode":"single"},"description":"The boot volume for the server","description_kind":"plain","computed":true},"created_at":{"type":"string","description":"Date-time when the server was created","description_kind":"plain","computed":true},"id":{"type":"string","description":"Terraform's internal resource ID. It is structured as \"`project_id`,`region`,`server_id`\".","description_kind":"plain","computed":true},"image_id":{"type":"string","description":"The image ID to be used for an ephemeral disk on the server.","description_kind":"plain","computed":true},"keypair_name":{"type":"string","description":"The name of the keypair used during server creation.","description_kind":"plain","computed":true},"labels":{"type":["map","string"],"description":"Labels are key-value string pairs which can be attached to a resource container","description_kind":"plain","computed":true},"launched_at":{"type":"string","description":"Date-time when the server was launched","description_kind":"plain","computed":true},"machine_type":{"type":"string","description":"Name of the type of the machine for the server. Possible values are documented in [Virtual machine flavors](https://docs.stackit.cloud/products/compute-engine/server/basics/machine-types/)","description_kind":"markdown","computed":true},"name":{"type":"string","description":"The name of the server.","description_kind":"plain","computed":true},"network_interfaces":{"type":["list","string"],"description":"The IDs of network interfaces which should be attached to the server. Updating it will recreate the server.","description_kind":"plain","computed":true},"project_id":{"type":"string","description":"STACKIT project ID to which the server is associated.","description_kind":"plain","required":true},"region":{"type":"string","description":"The resource region. If not defined, the provider region is used.","description_kind":"plain","optional":true},"server_id":{"type":"string","description":"The server ID.","description_kind":"plain","required":true},"updated_at":{"type":"string","description":"Date-time when the server was updated","description_kind":"plain","computed":true},"user_data":{"type":"string","description":"User data that is passed via cloud-init to the server.","description_kind":"plain","computed":true}},"description":"Server datasource schema. Must have a `region` specified in the provider configuration.","description_kind":"markdown"}},"stackit_server_backup_enable":{"version":0,"block":{"attributes":{"enabled":{"type":"bool","description":"Set to true if the service is enabled.","description_kind":"plain","computed":true},"id":{"type":"string","description":"Terraform's internal resource identifier. It is structured as \"`project_id`,`server_id`,`region`\".","description_kind":"plain","computed":true},"project_id":{"type":"string","description":"STACKIT Project ID to which the server backup enable is associated.","description_kind":"plain","required":true},"region":{"type":"string","description":"The resource region. If not defined, the provider region is used.","description_kind":"plain","optional":true},"server_id":{"type":"string","description":"Server ID to which the server backup enable is associated.","description_kind":"plain","required":true}},"description":"Server backup enable datasource schema. Must have a `region` specified in the provider configuration.","description_kind":"plain"}},"stackit_server_backup_schedule":{"version":0,"block":{"attributes":{"backup_properties":{"nested_type":{"attributes":{"name":{"type":"string","description_kind":"plain","computed":true},"retention_period":{"type":"number","description_kind":"plain","computed":true},"volume_ids":{"type":["list","string"],"description_kind":"plain","computed":true}},"nesting_mode":"single"},"description":"Backup schedule details for the backups.","description_kind":"plain","computed":true},"backup_schedule_id":{"type":"number","description":"Backup schedule ID.","description_kind":"plain","required":true},"enabled":{"type":"bool","description":"Is the backup schedule enabled or disabled.","description_kind":"plain","computed":true},"id":{"type":"string","description":"Terraform's internal resource identifier. It is structured as \"`project_id`,`server_id`,`backup_schedule_id`\".","description_kind":"plain","computed":true},"name":{"type":"string","description":"The schedule name.","description_kind":"plain","computed":true},"project_id":{"type":"string","description":"STACKIT Project ID to which the server is associated.","description_kind":"plain","required":true},"region":{"type":"string","description":"The resource region. If not defined, the provider region is used.","description_kind":"plain","optional":true},"rrule":{"type":"string","description":"An `rrule` (Recurrence Rule) is a standardized string format used in iCalendar (RFC 5545) to define repeating events, and you can generate one by using a dedicated library or by using online generator tools to specify parameters like frequency, interval, and end dates.","description_kind":"plain","computed":true},"server_id":{"type":"string","description":"Server ID for the backup schedule.","description_kind":"plain","required":true}},"description":"Server backup schedule datasource schema. Must have a `region` specified in the provider configuration.","description_kind":"plain"}},"stackit_server_backup_schedules":{"version":0,"block":{"attributes":{"id":{"type":"string","description":"Terraform's internal data source identifier. It is structured as \"`project_id`,`server_id`\".","description_kind":"plain","computed":true},"items":{"nested_type":{"attributes":{"backup_properties":{"nested_type":{"attributes":{"name":{"type":"string","description_kind":"plain","computed":true},"retention_period":{"type":"number","description_kind":"plain","computed":true},"volume_ids":{"type":["list","string"],"description_kind":"plain","computed":true}},"nesting_mode":"single"},"description":"Backup schedule details for the backups.","description_kind":"plain","computed":true},"backup_schedule_id":{"type":"number","description_kind":"plain","computed":true},"enabled":{"type":"bool","description":"Is the backup schedule enabled or disabled.","description_kind":"plain","computed":true},"name":{"type":"string","description":"The backup schedule name.","description_kind":"plain","computed":true},"rrule":{"type":"string","description":"An `rrule` (Recurrence Rule) is a standardized string format used in iCalendar (RFC 5545) to define repeating events, and you can generate one by using a dedicated library or by using online generator tools to specify parameters like frequency, interval, and end dates.","description_kind":"plain","computed":true}},"nesting_mode":"list"},"description_kind":"plain","computed":true},"project_id":{"type":"string","description":"STACKIT Project ID (UUID) to which the server is associated.","description_kind":"plain","required":true},"region":{"type":"string","description":"The resource region. If not defined, the provider region is used.","description_kind":"plain","optional":true},"server_id":{"type":"string","description":"Server ID (UUID) to which the backup schedule is associated.","description_kind":"plain","required":true}},"description":"Server backup schedules datasource schema. Must have a `region` specified in the provider configuration.","description_kind":"plain"}},"stackit_server_update_enable":{"version":0,"block":{"attributes":{"enabled":{"type":"bool","description":"Set to true if the service is enabled.","description_kind":"plain","computed":true},"id":{"type":"string","description":"Terraform's internal resource identifier. It is structured as \"`project_id`,`server_id`,`region`\".","description_kind":"plain","computed":true},"project_id":{"type":"string","description":"STACKIT Project ID to which the server update enable is associated.","description_kind":"plain","required":true},"region":{"type":"string","description":"The resource region. If not defined, the provider region is used.","description_kind":"plain","optional":true},"server_id":{"type":"string","description":"Server ID to which the server update enable is associated.","description_kind":"plain","required":true}},"description":"Server update enable datasource schema. Must have a `region` specified in the provider configuration.","description_kind":"plain"}},"stackit_server_update_schedule":{"version":0,"block":{"attributes":{"enabled":{"type":"bool","description":"Is the update schedule enabled or disabled.","description_kind":"plain","computed":true},"id":{"type":"string","description":"Terraform's internal resource identifier. It is structured as \"`project_id`,`region`,`server_id`,`update_schedule_id`\".","description_kind":"plain","computed":true},"maintenance_window":{"type":"number","description":"Maintenance window [1..24]. Updates start within the defined hourly window. Depending on the updates, the process may exceed this timeframe and require an automatic restart.","description_kind":"plain","computed":true},"name":{"type":"string","description":"The schedule name.","description_kind":"plain","computed":true},"project_id":{"type":"string","description":"STACKIT Project ID to which the server is associated.","description_kind":"plain","required":true},"region":{"type":"string","description":"The resource region. If not defined, the provider region is used.","description_kind":"plain","optional":true},"rrule":{"type":"string","description":"An `rrule` (Recurrence Rule) is a standardized string format used in iCalendar (RFC 5545) to define repeating events, and you can generate one by using a dedicated library or by using online generator tools to specify parameters like frequency, interval, and end dates.","description_kind":"plain","computed":true},"server_id":{"type":"string","description":"Server ID for the update schedule.","description_kind":"plain","required":true},"update_schedule_id":{"type":"number","description":"Update schedule ID.","description_kind":"plain","required":true}},"description":"Server update schedule datasource schema. Must have a `region` specified in the provider configuration.","description_kind":"plain"}},"stackit_server_update_schedules":{"version":0,"block":{"attributes":{"id":{"type":"string","description":"Terraform's internal data source identifier. It is structured as \"`project_id`,`region`,`server_id`\".","description_kind":"plain","computed":true},"items":{"nested_type":{"attributes":{"enabled":{"type":"bool","description":"Is the update schedule enabled or disabled.","description_kind":"plain","computed":true},"maintenance_window":{"type":"number","description":"Maintenance window [1..24]. Updates start within the defined hourly window. Depending on the updates, the process may exceed this timeframe and require an automatic restart.","description_kind":"plain","computed":true},"name":{"type":"string","description":"The update schedule name.","description_kind":"plain","computed":true},"rrule":{"type":"string","description":"An `rrule` (Recurrence Rule) is a standardized string format used in iCalendar (RFC 5545) to define repeating events, and you can generate one by using a dedicated library or by using online generator tools to specify parameters like frequency, interval, and end dates.","description_kind":"plain","computed":true},"update_schedule_id":{"type":"number","description_kind":"plain","computed":true}},"nesting_mode":"list"},"description_kind":"plain","computed":true},"project_id":{"type":"string","description":"STACKIT Project ID (UUID) to which the server is associated.","description_kind":"plain","required":true},"region":{"type":"string","description":"The resource region. If not defined, the provider region is used.","description_kind":"plain","optional":true},"server_id":{"type":"string","description":"Server ID (UUID) to which the update schedule is associated.","description_kind":"plain","required":true}},"description":"Server update schedules datasource schema. Must have a `region` specified in the provider configuration.","description_kind":"plain"}},"stackit_service_account":{"version":0,"block":{"attributes":{"email":{"type":"string","description":"Email of the service account.","description_kind":"plain","required":true},"id":{"type":"string","description":"Terraform's internal resource ID, structured as \"`project_id`,`email`\".","description_kind":"plain","computed":true},"name":{"type":"string","description":"Name of the service account.","description_kind":"plain","computed":true},"project_id":{"type":"string","description":"STACKIT project ID to which the service account is associated.","description_kind":"plain","required":true},"service_account_id":{"type":"string","description":"The internal UUID of the service account.","description_kind":"plain","computed":true}},"description":"Service account data source schema.","description_kind":"markdown"}},"stackit_service_account_federated_identity_provider":{"version":0,"block":{"attributes":{"assertions":{"nested_type":{"attributes":{"item":{"type":"string","description":"The assertion claim. At least one assertion with the claim \"aud\" is required for security reasons.","description_kind":"plain","computed":true},"operator":{"type":"string","description":"The assertion operator. Currently, the only supported operator is \"equals\".","description_kind":"plain","computed":true},"value":{"type":"string","description":"The assertion value.","description_kind":"plain","computed":true}},"nesting_mode":"list"},"description":"The assertions for the federated identity provider.","description_kind":"plain","computed":true},"federation_id":{"type":"string","description":"The unique identifier for the federated identity provider associated with the service account.","description_kind":"plain","required":true},"id":{"type":"string","description":"Terraform's internal resource identifier. It is structured as \"`project_id`,`service_account_email`,`federation_id`\".","description_kind":"plain","computed":true},"issuer":{"type":"string","description":"The issuer URL.","description_kind":"plain","computed":true},"name":{"type":"string","description":"The name of the federated identity provider.","description_kind":"plain","computed":true},"project_id":{"type":"string","description":"The STACKIT project ID associated with the service account.","description_kind":"plain","required":true},"service_account_email":{"type":"string","description":"The email address associated with the service account, used for account identification and communication.","description_kind":"plain","required":true}},"description":"Service account federated identity provider schema.","description_kind":"markdown"}},"stackit_service_accounts":{"version":0,"block":{"attributes":{"email_regex":{"type":"string","description":"Optional regular expression to filter service accounts by email.","description_kind":"plain","optional":true},"email_suffix":{"type":"string","description":"Optional suffix to filter service accounts by email (e.g.,`@sa.stackit.cloud`, `@ske.sa.stackit.cloud`).","description_kind":"plain","optional":true},"id":{"type":"string","description":"Terraform's internal resource ID, structured as \"`project_id`\".","description_kind":"plain","computed":true},"items":{"nested_type":{"attributes":{"email":{"type":"string","description":"Email of the service account.","description_kind":"plain","computed":true},"name":{"type":"string","description":"Name of the service account.","description_kind":"plain","computed":true},"service_account_id":{"type":"string","description":"The internal UUID of the service account.","description_kind":"plain","computed":true}},"nesting_mode":"list"},"description":"The list of service accounts matching the provided filters.","description_kind":"plain","computed":true},"project_id":{"type":"string","description":"STACKIT project ID.","description_kind":"plain","required":true},"sort_ascending":{"type":"bool","description":"If set to `true`, service accounts are sorted in ascending lexicographical order by email. Defaults to `false` (descending).","description_kind":"plain","optional":true}},"description":"Service accounts plural data source schema. Returns a list of all service accounts in a project, optionally filtered.","description_kind":"markdown"}},"stackit_sfs_export_policy":{"version":0,"block":{"attributes":{"id":{"type":"string","description":"Terraform's internal resource ID. It is structured as \"`project_id`,`region`,`policy_id`\".","description_kind":"plain","computed":true},"name":{"type":"string","description":"Name of the export policy.","description_kind":"plain","computed":true},"policy_id":{"type":"string","description":"Export policy ID","description_kind":"plain","required":true},"project_id":{"type":"string","description":"STACKIT project ID to which the export policy is associated.","description_kind":"plain","required":true},"region":{"type":"string","description":"The resource region. If not defined, the provider region is used.","description_kind":"plain","optional":true,"computed":true},"rules":{"nested_type":{"attributes":{"description":{"type":"string","description":"Description of the Rule","description_kind":"plain","optional":true},"ip_acl":{"type":["list","string"],"description":"IP access control list; IPs must have a subnet mask (e.g. \"172.16.0.0/24\" for a range of IPs, or \"172.16.0.250/32\" for a specific IP).","description_kind":"plain","computed":true},"order":{"type":"number","description":"Order of the rule within a Share Export Policy. The order is used so that when a client IP matches multiple rules, the first rule is applied","description_kind":"plain","computed":true},"read_only":{"type":"bool","description":"Flag to indicate if client IPs matching this rule can only mount the share in read only mode","description_kind":"plain","computed":true},"set_uuid":{"type":"bool","description":"Flag to honor set UUID","description_kind":"plain","computed":true},"super_user":{"type":"bool","description":"Flag to indicate if client IPs matching this rule have root access on the Share","description_kind":"plain","computed":true}},"nesting_mode":"list"},"description_kind":"plain","computed":true}},"description":"SFS export policy datasource schema. Must have a `region` specified in the provider configuration.\n\n~\u003e This datasource is in beta and may be subject to breaking changes in the future. Use with caution. See our [guide](https://registry.terraform.io/providers/stackitcloud/stackit/latest/docs/guides/opting_into_beta_resources) for how to opt-in to use beta resources.","description_kind":"markdown"}},"stackit_sfs_project_lock":{"version":0,"block":{"attributes":{"id":{"type":"string","description":"Terraform's internal resource identifier. It is structured as \"`project_id`,`region`\".","description_kind":"plain","computed":true},"lock_id":{"type":"string","description":"ID of the lock.","description_kind":"plain","computed":true},"project_id":{"type":"string","description":"STACKIT Project ID to which the project lock is associated.","description_kind":"plain","required":true},"region":{"type":"string","description":"The resource region. If not defined, the provider region is used.","description_kind":"plain","optional":true,"computed":true}},"description":"SFS project lock resource schema. Must have a `region` specified in the provider configuration. Always use only one project lock per project.","description_kind":"plain"}},"stackit_sfs_resource_pool":{"version":0,"block":{"attributes":{"availability_zone":{"type":"string","description":"Availability zone.","description_kind":"plain","computed":true},"id":{"type":"string","description":"Terraform's internal resource ID. It is structured as \"`project_id`,`resource_pool_id`\".","description_kind":"plain","computed":true},"ip_acl":{"type":["list","string"],"description":"List of IPs that can mount the resource pool in read-only; IPs must have a subnet mask (e.g. \"172.16.0.0/24\" for a range of IPs, or \"172.16.0.250/32\" for a specific IP).","description_kind":"plain","computed":true},"name":{"type":"string","description":"Name of the resource pool.","description_kind":"plain","computed":true},"performance_class":{"type":"string","description":"Name of the performance class.","description_kind":"plain","computed":true},"performance_class_downgradable_at":{"type":"string","description":"Time when the performance class can be downgraded again.","description_kind":"plain","computed":true},"project_id":{"type":"string","description":"STACKIT project ID to which the resource pool is associated.","description_kind":"plain","required":true},"region":{"type":"string","description":"The resource region. Read-only attribute that reflects the provider region.","description_kind":"plain","optional":true},"resource_pool_id":{"type":"string","description":"Resourcepool ID","description_kind":"plain","required":true},"size_gigabytes":{"type":"number","description":"Size of the resource pool (unit: gigabytes)","description_kind":"plain","computed":true},"size_reducible_at":{"type":"string","description":"Time when the size can be reduced again.","description_kind":"plain","computed":true},"snapshot_policy":{"nested_type":{"attributes":{"id":{"type":"string","description":"ID of the snapshot policy.","description_kind":"plain","computed":true},"name":{"type":"string","description":"Name of the snapshot policy.","description_kind":"plain","computed":true}},"nesting_mode":"single"},"description":"Name of the snapshot policy.","description_kind":"plain","computed":true},"snapshots_are_visible":{"type":"bool","description":"If set to true, snapshots are visible and accessible to users. (default: false)","description_kind":"plain","computed":true}},"description":"Resource-pool datasource schema. Must have a `region` specified in the provider configuration.\n\n~\u003e This datasource is in beta and may be subject to breaking changes in the future. Use with caution. See our [guide](https://registry.terraform.io/providers/stackitcloud/stackit/latest/docs/guides/opting_into_beta_resources) for how to opt-in to use beta resources.","description_kind":"markdown"}},"stackit_sfs_resource_pool_snapshot":{"version":0,"block":{"attributes":{"id":{"type":"string","description":"Terraform's internal resource ID. It is structured as \"`project_id`,`region`,`resource_pool_id`\".","description_kind":"plain","computed":true},"project_id":{"type":"string","description":"STACKIT project ID to which the resource pool snapshot is associated.","description_kind":"plain","required":true},"region":{"type":"string","description":"The resource region. Read-only attribute that reflects the provider region.","description_kind":"plain","optional":true},"resource_pool_id":{"type":"string","description":"Resource pool ID","description_kind":"plain","required":true},"snapshots":{"nested_type":{"attributes":{"comment":{"type":"string","description":"(optional) A comment to add more information about a snapshot","description_kind":"plain","computed":true},"created_at":{"type":"string","description":"creation date of the snapshot","description_kind":"plain","computed":true},"logical_size_gigabytes":{"type":"number","description":"Represents the user-visible data size at the time of the snapshot (e.g. what’s in the snapshot)","description_kind":"plain","computed":true},"resource_pool_id":{"type":"string","description":"ID of the Resource Pool of the Snapshot","description_kind":"plain","computed":true},"size_gigabytes":{"type":"number","description":"Reflects the actual storage footprint in the backend at snapshot time (e.g. how much storage from the Resource Pool does it use)","description_kind":"plain","computed":true},"snapshot_name":{"type":"string","description":"Name of the Resource Pool Snapshot","description_kind":"plain","computed":true}},"nesting_mode":"list"},"description":"Resource-pool datasource schema. Must have a `region` specified in the provider configuration.","description_kind":"plain","computed":true}},"description":"Resource-pool datasource schema. Must have a `region` specified in the provider configuration.\n\n~\u003e This datasource is in beta and may be subject to breaking changes in the future. Use with caution. See our [guide](https://registry.terraform.io/providers/stackitcloud/stackit/latest/docs/guides/opting_into_beta_resources) for how to opt-in to use beta resources.","description_kind":"markdown"}},"stackit_sfs_share":{"version":0,"block":{"attributes":{"export_policy":{"type":"string","description":"Name of the Share Export Policy to use in the Share.\nNote that if this is not set, the Share can only be mounted in read only by\nclients with IPs matching the IP ACL of the Resource Pool hosting this Share.\nYou can also assign a Share Export Policy after creating the Share","description_kind":"plain","computed":true},"id":{"type":"string","description":"Terraform's internal resource ID. It is structured as \"`project_id`,`share_id`\".","description_kind":"plain","computed":true},"mount_path":{"type":"string","description":"Mount path of the Share, used to mount the Share","description_kind":"plain","computed":true},"name":{"type":"string","description":"Name of the Share","description_kind":"plain","computed":true},"project_id":{"type":"string","description":"STACKIT project ID to which the share is associated.","description_kind":"plain","required":true},"region":{"type":"string","description":"The resource region. Read-only attribute that reflects the provider region.","description_kind":"plain","optional":true},"resource_pool_id":{"type":"string","description":"The ID of the resource pool for the SFS share.","description_kind":"plain","required":true},"share_id":{"type":"string","description":"share ID","description_kind":"plain","required":true},"space_hard_limit_gigabytes":{"type":"number","description":"Space hard limit for the Share.\n\t\t\t\tIf zero, the Share will have access to the full space of the Resource Pool it lives in.\n\t\t\t\t(unit: gigabytes)","description_kind":"plain","computed":true}},"description":"SFS Share schema. Must have a `region` specified in the provider configuration.\n\n~\u003e This datasource is in beta and may be subject to breaking changes in the future. Use with caution. See our [guide](https://registry.terraform.io/providers/stackitcloud/stackit/latest/docs/guides/opting_into_beta_resources) for how to opt-in to use beta resources.","description_kind":"markdown"}},"stackit_sfs_snapshot_policies":{"version":0,"block":{"attributes":{"id":{"type":"string","description":"Terraform's internal data source ID. It is structured as \"`project_id`\".","description_kind":"plain","computed":true},"immutable":{"type":"string","description":"Filter snapshot policies by immutability. Possible values are: `all`, `immutable-only`, `mutable-only`. Defaults to `all`. This attribute is in beta, may have breaking changes in the future.","description_kind":"plain","optional":true},"items":{"nested_type":{"attributes":{"comment":{"type":"string","description":"Comment of the Snapshot Policy.","description_kind":"plain","computed":true},"created_at":{"type":"string","description":"Created At timestamp.","description_kind":"plain","computed":true},"enabled":{"type":"bool","description":"Wether the Snapshot Policy is enabled.","description_kind":"plain","computed":true},"id":{"type":"string","description":"ID of the Snapshot Policy.","description_kind":"plain","computed":true},"name":{"type":"string","description":"Name of the Snapshot Policy.","description_kind":"plain","computed":true},"snapshot_schedules":{"nested_type":{"attributes":{"created_at":{"type":"string","description":"Created At timestamp.","description_kind":"plain","computed":true},"id":{"type":"string","description":"ID of the Snapshot Schedule.","description_kind":"plain","computed":true},"interval":{"type":"string","description":"Interval of the Snapshot Schedule (follows the cron schedule xpression in Unix-like systems).","description_kind":"plain","computed":true},"name":{"type":"string","description":"Name of the Snapshot Schedule.","description_kind":"plain","computed":true},"prefix":{"type":"string","description":"Prefix used for snapshots created by this policy.","description_kind":"plain","computed":true},"retention_count":{"type":"number","description":"Retention Count.","description_kind":"plain","computed":true},"retention_period":{"type":"string","description":"Retention Period (ISO 8601 format or 'infinite').","description_kind":"plain","computed":true}},"nesting_mode":"list"},"description_kind":"plain","computed":true}},"nesting_mode":"list"},"description_kind":"plain","computed":true},"project_id":{"type":"string","description":"STACKIT project ID to which the snapshot policy is associated.","description_kind":"plain","required":true}},"description":"SFS snapshot policies datasource schema\n\n~\u003e This datasource is in beta and may be subject to breaking changes in the future. Use with caution. See our [guide](https://registry.terraform.io/providers/stackitcloud/stackit/latest/docs/guides/opting_into_beta_resources) for how to opt-in to use beta resources.","description_kind":"markdown"}},"stackit_ske_cluster":{"version":0,"block":{"attributes":{"egress_address_ranges":{"type":["list","string"],"description":"The outgoing network ranges (in CIDR notation) of traffic originating from workload on the cluster.","description_kind":"plain","computed":true},"extensions":{"nested_type":{"attributes":{"acl":{"nested_type":{"attributes":{"allowed_cidrs":{"type":["list","string"],"description":"Specify a list of CIDRs to whitelist","description_kind":"plain","computed":true},"enabled":{"type":"bool","description":"Is ACL enabled?","description_kind":"plain","computed":true}},"nesting_mode":"single"},"description":"Cluster access control configuration","description_kind":"plain","computed":true},"argus":{"nested_type":{"attributes":{"argus_instance_id":{"type":"string","description":"Instance ID of argus","description_kind":"plain","computed":true},"enabled":{"type":"bool","description":"Flag to enable/disable argus extensions.","description_kind":"plain","computed":true}},"nesting_mode":"single"},"description":"A single argus block as defined below. This field is deprecated and will be removed 06 January 2026.","description_kind":"plain","deprecated":true,"computed":true},"dns":{"nested_type":{"attributes":{"enabled":{"type":"bool","description":"Flag to enable/disable DNS extensions","description_kind":"plain","computed":true},"zones":{"type":["list","string"],"description":"Specify a list of domain filters for externalDNS (e.g., `foo.runs.onstackit.cloud`)","description_kind":"plain","computed":true}},"nesting_mode":"single"},"description":"DNS extension configuration","description_kind":"plain","computed":true},"observability":{"nested_type":{"attributes":{"enabled":{"type":"bool","description":"Flag to enable/disable Observability extensions.","description_kind":"plain","computed":true},"instance_id":{"type":"string","description":"Observability instance ID to choose which Observability instance is used. Required when enabled is set to `true`.","description_kind":"plain","computed":true}},"nesting_mode":"single"},"description":"A single observability block as defined below.","description_kind":"plain","computed":true}},"nesting_mode":"single"},"description":"A single extensions block as defined below","description_kind":"plain","computed":true},"hibernations":{"nested_type":{"attributes":{"end":{"type":"string","description":"End time of hibernation, in crontab syntax.","description_kind":"plain","computed":true},"start":{"type":"string","description":"Start time of cluster hibernation in crontab syntax.","description_kind":"plain","computed":true},"timezone":{"type":"string","description":"Timezone name corresponding to a file in the IANA Time Zone database.","description_kind":"plain","computed":true}},"nesting_mode":"list"},"description":"One or more hibernation block as defined below.","description_kind":"plain","computed":true},"id":{"type":"string","description":"Terraform's internal data source. ID. It is structured as \"`project_id`,`name`\".","description_kind":"plain","computed":true},"kubernetes_version_min":{"type":"string","description":"The minimum Kubernetes version, this field is always nil. SKE automatically updates the cluster Kubernetes version if you have set `maintenance.enable_kubernetes_version_updates` to true or if there is a mandatory update, as described in [General information for Kubernetes \u0026 OS updates](https://docs.stackit.cloud/products/runtime/kubernetes-engine/basics/version-updates/). To get the current kubernetes version being used for your cluster, use the `kubernetes_version_used` field.","description_kind":"plain","computed":true},"kubernetes_version_used":{"type":"string","description":"Full Kubernetes version used. For example, if `1.22` was selected, this value may result to `1.22.15`","description_kind":"plain","computed":true},"maintenance":{"nested_type":{"attributes":{"enable_kubernetes_version_updates":{"type":"bool","description":"Flag to enable/disable auto-updates of the Kubernetes version.","description_kind":"plain","computed":true},"enable_machine_image_version_updates":{"type":"bool","description":"Flag to enable/disable auto-updates of the OS image version.","description_kind":"plain","computed":true},"end":{"type":"string","description":"Date time for maintenance window end.","description_kind":"plain","computed":true},"start":{"type":"string","description":"Date time for maintenance window start.","description_kind":"plain","computed":true}},"nesting_mode":"single"},"description":"A single maintenance block as defined below","description_kind":"plain","computed":true},"name":{"type":"string","description":"The cluster name.","description_kind":"plain","required":true},"network":{"nested_type":{"attributes":{"control_plane":{"nested_type":{"attributes":{"access_scope":{"type":"string","description":"Access scope of the control plane. It defines if the Kubernetes control plane is public or only available inside a STACKIT Network Area.Possible values are: `PUBLIC`, `SNA`. The field is immutable!","description_kind":"plain","computed":true}},"nesting_mode":"single"},"description":"Control plane for the cluster.","description_kind":"plain","computed":true},"id":{"type":"string","description":"ID of the STACKIT Network Area (SNA) network into which the cluster will be deployed.","description_kind":"plain","computed":true}},"nesting_mode":"single"},"description":"Network block as defined below.","description_kind":"plain","computed":true},"node_pools":{"nested_type":{"attributes":{"allow_system_components":{"type":"bool","description":"Allow system components to run on this node pool.","description_kind":"plain","computed":true},"availability_zones":{"type":["list","string"],"description":"Specify a list of availability zones.","description_kind":"plain","computed":true},"cri":{"type":"string","description":"Specifies the container runtime.","description_kind":"plain","computed":true},"labels":{"type":["map","string"],"description":"Labels to add to each node.","description_kind":"plain","computed":true},"machine_type":{"type":"string","description":"The machine type.","description_kind":"plain","computed":true},"max_surge":{"type":"number","description":"The maximum number of nodes upgraded simultaneously.","description_kind":"plain","computed":true},"max_unavailable":{"type":"number","description":"The maximum number of nodes unavailable during upgraded.","description_kind":"plain","computed":true},"maximum":{"type":"number","description":"Maximum number of nodes in the pool.","description_kind":"plain","computed":true},"minimum":{"type":"number","description":"Minimum number of nodes in the pool.","description_kind":"plain","computed":true},"name":{"type":"string","description":"Specifies the name of the node pool.","description_kind":"plain","computed":true},"os_name":{"type":"string","description":"The name of the OS image.","description_kind":"plain","computed":true},"os_version":{"type":"string","description":"The OS image version.","description_kind":"plain","computed":true},"os_version_min":{"type":"string","description":"The minimum OS image version, this field is always nil. SKE automatically updates the cluster Kubernetes version if you have set `maintenance.enable_kubernetes_version_updates` to true or if there is a mandatory update, as described in [General information for Kubernetes \u0026 OS updates](https://docs.stackit.cloud/products/runtime/kubernetes-engine/basics/version-updates/). To get the current OS image version being used for the node pool, use the read-only `os_version_used` field.","description_kind":"plain","computed":true},"os_version_used":{"type":"string","description":"Full OS image version used. For example, if 3815.2 was set in `os_version_min`, this value may result to 3815.2.2. SKE automatically updates the cluster Kubernetes version if you have set `maintenance.enable_kubernetes_version_updates` to true or if there is a mandatory update, as described in [General information for Kubernetes \u0026 OS updates](https://docs.stackit.cloud/products/runtime/kubernetes-engine/basics/version-updates/).","description_kind":"plain","computed":true},"taints":{"nested_type":{"attributes":{"effect":{"type":"string","description":"The taint effect.","description_kind":"plain","computed":true},"key":{"type":"string","description":"Taint key to be applied to a node.","description_kind":"plain","computed":true},"value":{"type":"string","description":"Taint value corresponding to the taint key.","description_kind":"plain","computed":true}},"nesting_mode":"list"},"description":"Specifies a taint list as defined below.","description_kind":"plain","computed":true},"volume_size":{"type":"number","description":"The volume size in GB.","description_kind":"plain","computed":true},"volume_type":{"type":"string","description":"Specifies the volume type.","description_kind":"plain","computed":true}},"nesting_mode":"list"},"description":"One or more `node_pool` block as defined below.","description_kind":"plain","computed":true},"pod_address_ranges":{"type":["list","string"],"description":"The network ranges (in CIDR notation) used by pods of the cluster.","description_kind":"plain","computed":true},"project_id":{"type":"string","description":"STACKIT project ID to which the cluster is associated.","description_kind":"plain","required":true},"region":{"type":"string","description":"The resource region. If not defined, the provider region is used.","description_kind":"plain","optional":true}},"description":"SKE Cluster data source schema. Must have a `region` specified in the provider configuration.","description_kind":"plain"}},"stackit_ske_kubernetes_versions":{"version":0,"block":{"attributes":{"kubernetes_versions":{"nested_type":{"attributes":{"expiration_date":{"type":"string","description":"Expiration date of the version in RFC3339 format.","description_kind":"plain","computed":true},"feature_gates":{"type":["map","string"],"description":"Map of available feature gates for this version.","description_kind":"plain","computed":true},"state":{"type":"string","description":"State of the kubernetes version.","description_kind":"plain","computed":true},"version":{"type":"string","description":"Kubernetes version string (e.g., `1.33.6`).","description_kind":"plain","computed":true}},"nesting_mode":"list"},"description":"Kubernetes versions and their metadata.","description_kind":"plain","computed":true},"region":{"type":"string","description":"Region override. If omitted, the provider’s region will be used.","description_kind":"plain","optional":true},"version_state":{"type":"string","description":"If specified, only returns Kubernetes versions with this version state. Possible values are: `SUPPORTED`.","description_kind":"plain","optional":true}},"description":"Returns Kubernetes versions as reported by the SKE provider options API for the given region.","description_kind":"plain"}},"stackit_ske_machine_image_versions":{"version":0,"block":{"attributes":{"machine_images":{"nested_type":{"attributes":{"name":{"type":"string","description":"Name of the OS image (e.g., `ubuntu` or `flatcar`).","description_kind":"plain","computed":true},"versions":{"nested_type":{"attributes":{"cri":{"type":["list","string"],"description":"Container runtimes supported (e.g., `containerd`).","description_kind":"plain","computed":true},"expiration_date":{"type":"string","description":"Expiration date of the version in RFC3339 format.","description_kind":"plain","computed":true},"state":{"type":"string","description":"State of the image version.","description_kind":"plain","computed":true},"version":{"type":"string","description":"Machine image version string.","description_kind":"plain","computed":true}},"nesting_mode":"list"},"description":"Supported versions of the image.","description_kind":"plain","computed":true}},"nesting_mode":"list"},"description":"Supported machine image types and versions.","description_kind":"plain","computed":true},"region":{"type":"string","description":"Region override. If omitted, the provider’s region will be used.","description_kind":"plain","optional":true},"version_state":{"type":"string","description":"Filter returned machine image versions by their state. Possible values are: `SUPPORTED`.","description_kind":"plain","optional":true}},"description":"Returns a list of supported Kubernetes machine image versions for the cluster nodes.","description_kind":"plain"}},"stackit_sqlserverflex_instance":{"version":0,"block":{"attributes":{"acl":{"type":["list","string"],"description":"The Access Control List (ACL) for the SQLServer Flex instance.","description_kind":"plain","computed":true},"backup_schedule":{"type":"string","description":"The backup schedule. Should follow the cron scheduling system format (e.g. \"0 0 * * *\").","description_kind":"plain","computed":true},"flavor":{"nested_type":{"attributes":{"cpu":{"type":"number","description_kind":"plain","computed":true},"description":{"type":"string","description_kind":"plain","computed":true},"id":{"type":"string","description_kind":"plain","computed":true},"ram":{"type":"number","description_kind":"plain","computed":true}},"nesting_mode":"single"},"description_kind":"plain","computed":true},"id":{"type":"string","description":"Terraform's internal data source. ID. It is structured as \"`project_id`,`region`,`instance_id`\".","description_kind":"plain","computed":true},"instance_id":{"type":"string","description":"ID of the SQLServer Flex instance.","description_kind":"plain","required":true},"name":{"type":"string","description":"Instance name.","description_kind":"plain","computed":true},"options":{"nested_type":{"attributes":{"edition":{"type":"string","description_kind":"plain","computed":true},"retention_days":{"type":"number","description_kind":"plain","computed":true}},"nesting_mode":"single"},"description":"Custom parameters for the SQLServer Flex instance.","description_kind":"plain","computed":true},"project_id":{"type":"string","description":"STACKIT project ID to which the instance is associated.","description_kind":"plain","required":true},"region":{"type":"string","description":"The resource region. If not defined, the provider region is used.","description_kind":"plain","optional":true},"replicas":{"type":"number","description_kind":"plain","computed":true},"storage":{"nested_type":{"attributes":{"class":{"type":"string","description_kind":"plain","computed":true},"size":{"type":"number","description_kind":"plain","computed":true}},"nesting_mode":"single"},"description_kind":"plain","computed":true},"version":{"type":"string","description_kind":"plain","computed":true}},"description":"SQLServer Flex instance data source schema. Must have a `region` specified in the provider configuration.","description_kind":"plain"}},"stackit_sqlserverflex_user":{"version":0,"block":{"attributes":{"host":{"type":"string","description_kind":"plain","computed":true},"id":{"type":"string","description":"Terraform's internal data source. ID. It is structured as \"`project_id`,`region`,`instance_id`,`user_id`\".","description_kind":"plain","computed":true},"instance_id":{"type":"string","description":"ID of the SQLServer Flex instance.","description_kind":"plain","required":true},"port":{"type":"number","description_kind":"plain","computed":true},"project_id":{"type":"string","description":"STACKIT project ID to which the instance is associated.","description_kind":"plain","required":true},"region":{"type":"string","description":"The resource region. If not defined, the provider region is used.","description_kind":"plain","optional":true},"roles":{"type":["set","string"],"description":"Database access levels for the user.","description_kind":"plain","computed":true},"user_id":{"type":"string","description":"User ID.","description_kind":"plain","required":true},"username":{"type":"string","description":"Username of the SQLServer Flex instance.","description_kind":"plain","computed":true}},"description":"SQLServer Flex user data source schema. Must have a `region` specified in the provider configuration.","description_kind":"plain"}},"stackit_volume":{"version":0,"block":{"attributes":{"availability_zone":{"type":"string","description":"The availability zone of the volume.","description_kind":"plain","computed":true},"description":{"type":"string","description":"The description of the volume.","description_kind":"plain","computed":true},"encrypted":{"type":"bool","description":"Indicates if the volume is encrypted.","description_kind":"plain","computed":true},"id":{"type":"string","description":"Terraform's internal resource ID. It is structured as \"`project_id`,`region`,`volume_id`\".","description_kind":"plain","computed":true},"labels":{"type":["map","string"],"description":"Labels are key-value string pairs which can be attached to a resource container","description_kind":"plain","computed":true},"name":{"type":"string","description":"The name of the volume.","description_kind":"plain","computed":true},"performance_class":{"type":"string","description":"The performance class of the volume. Possible values are documented in [Service plans BlockStorage](https://docs.stackit.cloud/products/storage/block-storage/basics/service-plans/#currently-available-service-plans-performance-classes)","description_kind":"markdown","computed":true},"project_id":{"type":"string","description":"STACKIT project ID to which the volume is associated.","description_kind":"plain","required":true},"region":{"type":"string","description":"The resource region. If not defined, the provider region is used.","description_kind":"plain","optional":true},"server_id":{"type":"string","description":"The server ID of the server to which the volume is attached to.","description_kind":"plain","computed":true},"size":{"type":"number","description":"The size of the volume in GB. It can only be updated to a larger value than the current size","description_kind":"plain","computed":true},"source":{"nested_type":{"attributes":{"id":{"type":"string","description":"The ID of the source, e.g. image ID","description_kind":"plain","computed":true},"type":{"type":"string","description":"The type of the source. Possible values are: `volume`, `image`, `snapshot`, `backup`.","description_kind":"plain","computed":true}},"nesting_mode":"single"},"description":"The source of the volume. It can be either a volume, an image, a snapshot or a backup","description_kind":"plain","computed":true},"volume_id":{"type":"string","description":"The volume ID.","description_kind":"plain","required":true}},"description":"Volume resource schema. Must have a `region` specified in the provider configuration.","description_kind":"markdown"}}}}}}
